[0m[1mmodule.vpc.data.aws_region.current[0]: Reading...[0m[0m
[0m[1mmodule.ebs_csi_driver_irsa[0].data.aws_region.current: Reading...[0m[0m
[0m[1mmodule.vpc.aws_vpc.this[0]: Refreshing state... [id=vpc-000a0bc71bfc8a387][0m
[0m[1mmodule.aws_load_balancer_controller_irsa[0].data.aws_caller_identity.current: Reading...[0m[0m
[0m[1mmodule.cluster_autoscaler_irsa[0].data.aws_partition.current: Reading...[0m[0m
[0m[1mmodule.aws_load_balancer_controller_irsa[0].data.aws_region.current: Reading...[0m[0m
[0m[1mmodule.aws_load_balancer_controller_irsa[0].data.aws_partition.current: Reading...[0m[0m
[0m[1mmodule.cluster_autoscaler_irsa[0].data.aws_region.current: Reading...[0m[0m
[0m[1maws_kms_key.eks: Refreshing state... [id=321868cc-6877-42fb-ba76-e00f676cfc5a][0m
[0m[1mdata.aws_caller_identity.current: Reading...[0m[0m
[0m[1mmodule.aws_load_balancer_controller_irsa[0].data.aws_region.current: Read complete after 0s [id=eu-west-1][0m
[0m[1mmodule.vpc.data.aws_region.current[0]: Read complete after 0s [id=eu-west-1][0m
[0m[1mmodule.cluster_autoscaler_irsa[0].data.aws_region.current: Read complete after 0s [id=eu-west-1][0m
[0m[1mmodule.aws_load_balancer_controller_irsa[0].data.aws_partition.current: Read complete after 0s [id=aws][0m
[0m[1mmodule.cluster_autoscaler_irsa[0].data.aws_partition.current: Read complete after 0s [id=aws][0m
[0m[1mmodule.ebs_csi_driver_irsa[0].data.aws_region.current: Read complete after 0s [id=eu-west-1][0m
[0m[1mmodule.cluster_autoscaler_irsa[0].data.aws_caller_identity.current: Reading...[0m[0m
[0m[1mmodule.ebs_csi_driver_irsa[0].data.aws_caller_identity.current: Reading...[0m[0m
[0m[1mdata.aws_availability_zones.available: Reading...[0m[0m
[0m[1mmodule.ebs_csi_driver_irsa[0].data.aws_partition.current: Reading...[0m[0m
[0m[1mmodule.vpc.data.aws_iam_policy_document.flow_log_cloudwatch_assume_role[0]: Reading...[0m[0m
[0m[1mmodule.ebs_csi_driver_irsa[0].data.aws_partition.current: Read complete after 0s [id=aws][0m
[0m[1mmodule.vpc.data.aws_iam_policy_document.flow_log_cloudwatch_assume_role[0]: Read complete after 0s [id=1021377347][0m
[0m[1mmodule.vpc.data.aws_partition.current[0]: Reading...[0m[0m
[0m[1mmodule.vpc.data.aws_caller_identity.current[0]: Reading...[0m[0m
[0m[1mmodule.vpc.data.aws_partition.current[0]: Read complete after 0s [id=aws][0m
[0m[1mmodule.vpc.aws_iam_role.vpc_flow_log_cloudwatch[0]: Refreshing state... [id=vpc-flow-log-role-20251220103415316500000001][0m
[0m[1mmodule.aws_load_balancer_controller_irsa[0].data.aws_iam_policy_document.load_balancer_controller[0]: Reading...[0m[0m
[0m[1mmodule.aws_load_balancer_controller_irsa[0].data.aws_iam_policy_document.load_balancer_controller[0]: Read complete after 0s [id=1541424006][0m
[0m[1mmodule.ebs_csi_driver_irsa[0].data.aws_iam_policy_document.ebs_csi[0]: Reading...[0m[0m
[0m[1mmodule.ebs_csi_driver_irsa[0].data.aws_iam_policy_document.ebs_csi[0]: Read complete after 0s [id=4189668531][0m
[0m[1mdata.aws_caller_identity.current: Read complete after 0s [id=715841344657][0m
[0m[1mmodule.aws_load_balancer_controller_irsa[0].data.aws_caller_identity.current: Read complete after 0s [id=715841344657][0m
[0m[1mmodule.cluster_autoscaler_irsa[0].data.aws_caller_identity.current: Read complete after 0s [id=715841344657][0m
[0m[1mmodule.ebs_csi_driver_irsa[0].data.aws_caller_identity.current: Read complete after 0s [id=715841344657][0m
[0m[1mmodule.vpc.data.aws_caller_identity.current[0]: Read complete after 0s [id=715841344657][0m
[0m[1mdata.aws_availability_zones.available: Read complete after 0s [id=eu-west-1][0m
[0m[1mmodule.vpc.aws_default_security_group.this[0]: Refreshing state... [id=sg-0977015cd2ad78d32][0m
[0m[1mmodule.vpc.aws_default_route_table.default[0]: Refreshing state... [id=rtb-06c5557624a4cac63][0m
[0m[1maws_security_group.vpc_endpoints: Refreshing state... [id=sg-0047d0109919211ef][0m
[0m[1mmodule.vpc.aws_default_network_acl.this[0]: Refreshing state... [id=acl-0960ca9849f341fba][0m
[0m[1mmodule.vpc.aws_route_table.private[0]: Refreshing state... [id=rtb-09df1eb5886be76a5][0m
[0m[1mmodule.vpc.aws_internet_gateway.this[0]: Refreshing state... [id=igw-03aa1fb4451f12017][0m
[0m[1mmodule.vpc.aws_route_table.public[0]: Refreshing state... [id=rtb-0ac0ecd3d45fb6da5][0m
[0m[1mmodule.vpc.aws_subnet.database[2]: Refreshing state... [id=subnet-0acdbebbcec0ad2ef][0m
[0m[1mmodule.vpc.aws_subnet.database[1]: Refreshing state... [id=subnet-059137a2c04a017a4][0m
[0m[1mmodule.vpc.aws_subnet.database[0]: Refreshing state... [id=subnet-02b5516b90ce2e29e][0m
[0m[1mmodule.vpc.aws_subnet.public[2]: Refreshing state... [id=subnet-06c57e0e36d6ef506][0m
[0m[1mmodule.vpc.aws_subnet.public[1]: Refreshing state... [id=subnet-0628ffb902e52bf9f][0m
[0m[1mmodule.vpc.aws_subnet.public[0]: Refreshing state... [id=subnet-089884572cac79d55][0m
[0m[1mmodule.vpc.aws_subnet.private[0]: Refreshing state... [id=subnet-05ca8068a70d84652][0m
[0m[1mmodule.vpc.aws_subnet.private[1]: Refreshing state... [id=subnet-0393bdbb3484ae441][0m
[0m[1mmodule.vpc.aws_subnet.private[2]: Refreshing state... [id=subnet-0336cce74954ce09e][0m
[0m[1mmodule.vpc.aws_cloudwatch_log_group.flow_log[0]: Refreshing state... [id=/aws/vpc-flow-log/vpc-000a0bc71bfc8a387][0m
[0m[1mmodule.vpc.aws_route.public_internet_gateway[0]: Refreshing state... [id=r-rtb-0ac0ecd3d45fb6da51080289494][0m
[0m[1mmodule.vpc.aws_eip.nat[0]: Refreshing state... [id=eipalloc-036d6fdccf45e5988][0m
[0m[1mmodule.vpc.aws_db_subnet_group.database[0]: Refreshing state... [id=infraforge-dev-vpc][0m
[0m[1mmodule.vpc.aws_route_table_association.database[0]: Refreshing state... [id=rtbassoc-0ad680e695e179a13][0m
[0m[1mmodule.vpc.aws_route_table_association.database[1]: Refreshing state... [id=rtbassoc-0741f36a614c53c98][0m
[0m[1mmodule.vpc.aws_route_table_association.database[2]: Refreshing state... [id=rtbassoc-032c4495512321fcb][0m
[0m[1mmodule.vpc.aws_route_table_association.public[0]: Refreshing state... [id=rtbassoc-0fe9bc4d41a695078][0m
[0m[1mmodule.vpc.aws_route_table_association.public[1]: Refreshing state... [id=rtbassoc-074a62c5ebfcaf00e][0m
[0m[1mmodule.vpc.aws_route_table_association.public[2]: Refreshing state... [id=rtbassoc-088dc850bb491b2c2][0m
[0m[1mmodule.vpc.aws_route_table_association.private[1]: Refreshing state... [id=rtbassoc-05385d87365945333][0m
[0m[1mmodule.vpc.aws_route_table_association.private[0]: Refreshing state... [id=rtbassoc-06520978208506386][0m
[0m[1mmodule.vpc.aws_route_table_association.private[2]: Refreshing state... [id=rtbassoc-00524bd1b02eded36][0m
[0m[1maws_vpc_endpoint.ec2: Refreshing state... [id=vpce-0aa807649f1473788][0m
[0m[1maws_vpc_endpoint.sts: Refreshing state... [id=vpce-0f5df43f469a1d674][0m
[0m[1maws_vpc_endpoint.ecr_api: Refreshing state... [id=vpce-0988ba292d83de596][0m
[0m[1maws_vpc_endpoint.ecr_dkr: Refreshing state... [id=vpce-00a1c1519cce146bf][0m
[0m[1mmodule.vpc.aws_nat_gateway.this[0]: Refreshing state... [id=nat-0532a51bd3d963254][0m
[0m[1mmodule.vpc.data.aws_iam_policy_document.vpc_flow_log_cloudwatch[0]: Reading...[0m[0m
[0m[1mmodule.vpc.data.aws_iam_policy_document.vpc_flow_log_cloudwatch[0]: Read complete after 0s [id=1289061590][0m
[0m[1mmodule.vpc.aws_iam_policy.vpc_flow_log_cloudwatch[0]: Refreshing state... [id=arn:aws:iam::715841344657:policy/vpc-flow-log-to-cloudwatch-20251220103430047200000006][0m
[0m[1mmodule.vpc.aws_route.private_nat_gateway[0]: Refreshing state... [id=r-rtb-09df1eb5886be76a51080289494][0m
[0m[1mmodule.vpc.aws_iam_role_policy_attachment.vpc_flow_log_cloudwatch[0]: Refreshing state... [id=vpc-flow-log-role-20251220103415316500000001-20251220103430915800000007][0m
[0m[1mmodule.vpc.aws_flow_log.this[0]: Refreshing state... [id=fl-089075a6a2cbdc607][0m
[0m[1mmodule.eks.data.aws_caller_identity.current: Reading...[0m[0m
[0m[1mmodule.eks.data.aws_partition.current: Reading...[0m[0m
[0m[1mmodule.eks.data.aws_partition.current: Read complete after 0s [id=aws][0m
[0m[1mmodule.eks.aws_cloudwatch_log_group.this[0]: Refreshing state... [id=/aws/eks/infraforge-dev/cluster][0m
[0m[1mmodule.eks.module.eks_managed_node_group["system"].data.aws_caller_identity.current: Reading...[0m[0m
[0m[1mmodule.eks.module.eks_managed_node_group["general"].data.aws_caller_identity.current: Reading...[0m[0m
[0m[1mmodule.eks.module.fargate_profile["system"].data.aws_caller_identity.current: Reading...[0m[0m
[0m[1mmodule.eks.aws_security_group.node[0]: Refreshing state... [id=sg-0ddb0e3e1200a8e90][0m
[0m[1mmodule.eks.aws_security_group.cluster[0]: Refreshing state... [id=sg-01f8d4c68799bbea8][0m
[0m[1mmodule.eks.module.eks_managed_node_group["system"].data.aws_partition.current: Reading...[0m[0m
[0m[1mmodule.eks.module.eks_managed_node_group["system"].data.aws_partition.current: Read complete after 0s [id=aws][0m
[0m[1mmodule.eks.module.fargate_profile["system"].data.aws_partition.current: Reading...[0m[0m
[0m[1mmodule.eks.module.fargate_profile["system"].data.aws_partition.current: Read complete after 0s [id=aws][0m
[0m[1mmodule.eks.module.eks_managed_node_group["general"].data.aws_partition.current: Reading...[0m[0m
[0m[1mmodule.eks.module.eks_managed_node_group["general"].data.aws_partition.current: Read complete after 0s [id=aws][0m
[0m[1mmodule.eks.data.aws_caller_identity.current: Read complete after 0s [id=715841344657][0m
[0m[1mmodule.eks.data.aws_iam_policy_document.assume_role_policy[0]: Reading...[0m[0m
[0m[1mmodule.eks.data.aws_iam_policy_document.assume_role_policy[0]: Read complete after 0s [id=2764486067][0m
[0m[1mmodule.eks.module.fargate_profile["system"].data.aws_iam_policy_document.assume_role_policy[0]: Reading...[0m[0m
[0m[1mmodule.eks.module.fargate_profile["system"].data.aws_iam_policy_document.assume_role_policy[0]: Read complete after 0s [id=3016102342][0m
[0m[1mmodule.eks.data.aws_iam_session_context.current: Reading...[0m[0m
[0m[1mmodule.eks.data.aws_iam_session_context.current: Read complete after 0s [id=arn:aws:iam::715841344657:user/gokhan][0m
[0m[1mmodule.eks.module.eks_managed_node_group["system"].data.aws_iam_policy_document.assume_role_policy[0]: Reading...[0m[0m
[0m[1mmodule.eks.module.eks_managed_node_group["general"].data.aws_iam_policy_document.assume_role_policy[0]: Reading...[0m[0m
[0m[1mmodule.eks.module.eks_managed_node_group["system"].data.aws_iam_policy_document.assume_role_policy[0]: Read complete after 0s [id=2560088296][0m
[0m[1mmodule.eks.module.eks_managed_node_group["general"].data.aws_iam_policy_document.assume_role_policy[0]: Read complete after 0s [id=2560088296][0m
[0m[1mmodule.eks.aws_iam_role.this[0]: Refreshing state... [id=infraforge-dev-cluster-20251220104000352700000008][0m
[0m[1mmodule.eks.module.eks_managed_node_group["general"].data.aws_caller_identity.current: Read complete after 0s [id=715841344657][0m
[0m[1mmodule.eks.module.eks_managed_node_group["general"].module.user_data.data.cloudinit_config.linux_eks_managed_node_group[0]: Reading...[0m[0m
[0m[1mmodule.eks.module.fargate_profile["system"].data.aws_caller_identity.current: Read complete after 0s [id=715841344657][0m
[0m[1mmodule.eks.module.eks_managed_node_group["general"].module.user_data.data.cloudinit_config.linux_eks_managed_node_group[0]: Read complete after 0s [id=302967155][0m
[0m[1mmodule.eks.module.eks_managed_node_group["system"].data.aws_caller_identity.current: Read complete after 0s [id=715841344657][0m
[0m[1mmodule.eks.aws_security_group_rule.node["ingress_cluster_6443_webhook"]: Refreshing state... [id=sgrule-2299034338][0m
[0m[1mmodule.eks.aws_security_group_rule.node["ingress_cluster_9443_webhook"]: Refreshing state... [id=sgrule-4277499144][0m
[0m[1mmodule.eks.aws_security_group_rule.node["ingress_cluster_4443_webhook"]: Refreshing state... [id=sgrule-1078599028][0m
[0m[1mmodule.eks.aws_security_group_rule.node["ingress_cluster_8443_webhook"]: Refreshing state... [id=sgrule-2589214403][0m
[0m[1mmodule.eks.aws_security_group_rule.node["ingress_self_coredns_tcp"]: Refreshing state... [id=sgrule-3457235764][0m
[0m[1mmodule.eks.aws_security_group_rule.node["ingress_cluster_443"]: Refreshing state... [id=sgrule-2298017224][0m
[0m[1mmodule.eks.aws_security_group_rule.node["ingress_cluster_kubelet"]: Refreshing state... [id=sgrule-495815094][0m
[0m[1mmodule.eks.aws_security_group_rule.node["ingress_nodes_ephemeral"]: Refreshing state... [id=sgrule-3595350531][0m
[0m[1mmodule.eks.aws_security_group_rule.node["egress_all"]: Refreshing state... [id=sgrule-3138552953][0m
[0m[1mmodule.eks.aws_security_group_rule.node["ingress_self_coredns_udp"]: Refreshing state... [id=sgrule-1783535835][0m
[0m[1mmodule.eks.aws_security_group_rule.cluster["ingress_nodes_443"]: Refreshing state... [id=sgrule-3183367494][0m
[0m[1mmodule.eks.aws_iam_role_policy_attachment.this["AmazonEKSClusterPolicy"]: Refreshing state... [id=infraforge-dev-cluster-20251220104000352700000008-2025122010400406510000000a][0m
[0m[1mmodule.eks.aws_iam_role_policy_attachment.this["AmazonEKSVPCResourceController"]: Refreshing state... [id=infraforge-dev-cluster-20251220104000352700000008-20251220104003648100000009][0m
[0m[1maws_kms_alias.eks: Refreshing state... [id=alias/infraforge-dev-eks][0m
[0m[1mmodule.eks.module.kms.data.aws_partition.current[0]: Reading...[0m[0m
[0m[1mmodule.eks.module.kms.data.aws_caller_identity.current[0]: Reading...[0m[0m
[0m[1mmodule.eks.module.kms.data.aws_partition.current[0]: Read complete after 0s [id=aws][0m
[0m[1mmodule.eks.module.kms.data.aws_caller_identity.current[0]: Read complete after 0s [id=715841344657][0m
[0m[1mmodule.eks.module.kms.data.aws_iam_policy_document.this[0]: Reading...[0m[0m
[0m[1mmodule.eks.module.kms.data.aws_iam_policy_document.this[0]: Read complete after 0s [id=4070697595][0m
[0m[1mmodule.eks.module.kms.aws_kms_key.this[0]: Refreshing state... [id=3c8f5b40-0689-4787-a62b-1d5254080c08][0m
[0m[1mmodule.eks.aws_eks_cluster.this[0]: Refreshing state... [id=infraforge-dev][0m
[0m[1mmodule.eks.data.tls_certificate.this[0]: Reading...[0m[0m
[0m[1mmodule.cluster_autoscaler_irsa[0].data.aws_iam_policy_document.cluster_autoscaler[0]: Reading...[0m[0m
[0m[1mmodule.cluster_autoscaler_irsa[0].data.aws_iam_policy_document.cluster_autoscaler[0]: Read complete after 0s [id=3691530538][0m
[0m[1mmodule.eks.data.tls_certificate.this[0]: Read complete after 0s [id=08332733484502a5c0ee4f44b59e6f9baaa72352][0m
[0m[1mmodule.eks.data.aws_eks_addon_version.this["kube-proxy"]: Reading...[0m[0m
[0m[1mmodule.eks.data.aws_eks_addon_version.this["vpc-cni"]: Reading...[0m[0m
[0m[1mmodule.eks.data.aws_eks_addon_version.this["coredns"]: Reading...[0m[0m
[0m[1mmodule.eks.data.aws_eks_addon_version.this["aws-ebs-csi-driver"]: Reading...[0m[0m
[0m[1mmodule.eks.data.aws_eks_addon_version.this["coredns"]: Read complete after 1s [id=coredns][0m
[0m[1mmodule.eks.data.aws_eks_addon_version.this["aws-ebs-csi-driver"]: Read complete after 1s [id=aws-ebs-csi-driver][0m
[0m[1mmodule.eks.data.aws_eks_addon_version.this["vpc-cni"]: Read complete after 1s [id=vpc-cni][0m
[0m[1mmodule.eks.data.aws_eks_addon_version.this["kube-proxy"]: Read complete after 1s [id=kube-proxy][0m

OpenTofu used the selected providers to generate the following execution
plan. Resource actions are indicated with the following symbols:
  [32m+[0m create[0m
 [36m<=[0m read (data resources)[0m

OpenTofu will perform the following actions:

[1m  # data.kubernetes_secret.backstage_sa_token[0m will be read during apply
  # (config refers to values not yet known)
[0m [36m<=[0m[0m data "kubernetes_secret" "backstage_sa_token" {
      [32m+[0m[0m data      = (sensitive value)
      [32m+[0m[0m id        = (known after apply)
      [32m+[0m[0m immutable = (known after apply)
      [32m+[0m[0m type      = (known after apply)

      [32m+[0m[0m metadata {
          [32m+[0m[0m generation       = (known after apply)
          [32m+[0m[0m name             = (known after apply)
          [32m+[0m[0m namespace        = "backstage"
          [32m+[0m[0m resource_version = (known after apply)
          [32m+[0m[0m uid              = (known after apply)
        }
    }

[1m  # aws_vpc_endpoint.s3[0m will be created
[0m  [32m+[0m[0m resource "aws_vpc_endpoint" "s3" {
      [32m+[0m[0m arn                   = (known after apply)
      [32m+[0m[0m cidr_blocks           = (known after apply)
      [32m+[0m[0m dns_entry             = (known after apply)
      [32m+[0m[0m id                    = (known after apply)
      [32m+[0m[0m ip_address_type       = (known after apply)
      [32m+[0m[0m network_interface_ids = (known after apply)
      [32m+[0m[0m owner_id              = (known after apply)
      [32m+[0m[0m policy                = (known after apply)
      [32m+[0m[0m prefix_list_id        = (known after apply)
      [32m+[0m[0m private_dns_enabled   = (known after apply)
      [32m+[0m[0m requester_managed     = (known after apply)
      [32m+[0m[0m route_table_ids       = (known after apply)
      [32m+[0m[0m security_group_ids    = (known after apply)
      [32m+[0m[0m service_name          = "com.amazonaws.eu-west-1.s3"
      [32m+[0m[0m service_region        = (known after apply)
      [32m+[0m[0m state                 = (known after apply)
      [32m+[0m[0m subnet_ids            = (known after apply)
      [32m+[0m[0m tags                  = {
          [32m+[0m[0m "Cluster"     = "infraforge-dev"
          [32m+[0m[0m "Environment" = "dev"
          [32m+[0m[0m "Name"        = "infraforge-dev-s3-endpoint"
          [32m+[0m[0m "Tenant"      = "platform"
        }
      [32m+[0m[0m tags_all              = {
          [32m+[0m[0m "Cluster"     = "infraforge-dev"
          [32m+[0m[0m "Environment" = "dev"
          [32m+[0m[0m "ManagedBy"   = "OpenTofu"
          [32m+[0m[0m "Name"        = "infraforge-dev-s3-endpoint"
          [32m+[0m[0m "Owner"       = "gokhan@infraforge.io"
          [32m+[0m[0m "Platform"    = "InfraForge"
          [32m+[0m[0m "Tenant"      = "platform"
        }
      [32m+[0m[0m vpc_endpoint_type     = "Gateway"
      [32m+[0m[0m vpc_id                = "vpc-000a0bc71bfc8a387"

      [32m+[0m[0m dns_options (known after apply)

      [32m+[0m[0m subnet_configuration (known after apply)
    }

[1m  # helm_release.argocd[0m will be created
[0m  [32m+[0m[0m resource "helm_release" "argocd" {
      [32m+[0m[0m atomic                     = false
      [32m+[0m[0m chart                      = "argo-cd"
      [32m+[0m[0m cleanup_on_fail            = false
      [32m+[0m[0m create_namespace           = true
      [32m+[0m[0m dependency_update          = false
      [32m+[0m[0m disable_crd_hooks          = false
      [32m+[0m[0m disable_openapi_validation = false
      [32m+[0m[0m disable_webhooks           = false
      [32m+[0m[0m force_update               = false
      [32m+[0m[0m id                         = (known after apply)
      [32m+[0m[0m lint                       = false
      [32m+[0m[0m manifest                   = (known after apply)
      [32m+[0m[0m max_history                = 0
      [32m+[0m[0m metadata                   = (known after apply)
      [32m+[0m[0m name                       = "argocd"
      [32m+[0m[0m namespace                  = "argocd"
      [32m+[0m[0m pass_credentials           = false
      [32m+[0m[0m recreate_pods              = false
      [32m+[0m[0m render_subchart_notes      = true
      [32m+[0m[0m replace                    = false
      [32m+[0m[0m repository                 = "https://argoproj.github.io/argo-helm"
      [32m+[0m[0m reset_values               = false
      [32m+[0m[0m reuse_values               = false
      [32m+[0m[0m skip_crds                  = false
      [32m+[0m[0m status                     = "deployed"
      [32m+[0m[0m timeout                    = 300
      [32m+[0m[0m values                     = [
          [32m+[0m[0m <<-EOT
                global:
                  image:
                    tag: "v2.9.3"
                
                server:
                  service:
                    type: LoadBalancer
                    annotations:
                      service.beta.kubernetes.io/aws-load-balancer-type: "nlb"
                
                  config:
                    url: "https://argocd.infraforge.io"
                
                    # OIDC Configuration (optional)
                    oidc.config: |
                      name: AWS SSO
                      issuer: https://oidc.eks.eu-west-1.amazonaws.com/id/https://oidc.eks.eu-west-1.amazonaws.com/id/BD9EBB4D4E1C3BC4655AA403ECDD2878
                      clientId: argocd
                      requestedScopes: ["openid", "profile", "email"]
                      requestedIdTokenClaims: {"groups": {"essential": true}}
                
                  rbacConfig:
                    policy.default: role:readonly
                    policy.csv: |
                      p, role:admin, applications, *, */*, allow
                      p, role:admin, clusters, *, *, allow
                      p, role:admin, repositories, *, *, allow
                      g, argocd-admins, role:admin
                
                controller:
                  replicas: 2
                  resources:
                    requests:
                      cpu: 250m
                      memory: 512Mi
                    limits:
                      cpu: 500m
                      memory: 1Gi
                
                repoServer:
                  replicas: 2
                  resources:
                    requests:
                      cpu: 250m
                      memory: 256Mi
                    limits:
                      cpu: 500m
                      memory: 512Mi
                
                redis:
                  resources:
                    requests:
                      cpu: 100m
                      memory: 128Mi
                    limits:
                      cpu: 200m
                      memory: 256Mi
            EOT,
        ]
      [32m+[0m[0m verify                     = false
      [32m+[0m[0m version                    = "5.51.4"
      [32m+[0m[0m wait                       = true
      [32m+[0m[0m wait_for_jobs              = false
    }

[1m  # helm_release.backstage[0m will be created
[0m  [32m+[0m[0m resource "helm_release" "backstage" {
      [32m+[0m[0m atomic                     = false
      [32m+[0m[0m chart                      = "backstage"
      [32m+[0m[0m cleanup_on_fail            = false
      [32m+[0m[0m create_namespace           = true
      [32m+[0m[0m dependency_update          = false
      [32m+[0m[0m disable_crd_hooks          = false
      [32m+[0m[0m disable_openapi_validation = false
      [32m+[0m[0m disable_webhooks           = false
      [32m+[0m[0m force_update               = false
      [32m+[0m[0m id                         = (known after apply)
      [32m+[0m[0m lint                       = false
      [32m+[0m[0m manifest                   = (known after apply)
      [32m+[0m[0m max_history                = 0
      [32m+[0m[0m metadata                   = (known after apply)
      [32m+[0m[0m name                       = "backstage"
      [32m+[0m[0m namespace                  = "backstage"
      [32m+[0m[0m pass_credentials           = false
      [32m+[0m[0m recreate_pods              = false
      [32m+[0m[0m render_subchart_notes      = true
      [32m+[0m[0m replace                    = false
      [32m+[0m[0m repository                 = "https://backstage.github.io/charts"
      [32m+[0m[0m reset_values               = false
      [32m+[0m[0m reuse_values               = false
      [32m+[0m[0m skip_crds                  = false
      [32m+[0m[0m status                     = "deployed"
      [32m+[0m[0m timeout                    = 300
      [32m+[0m[0m values                     = (known after apply)
      [32m+[0m[0m verify                     = false
      [32m+[0m[0m version                    = "1.9.0"
      [32m+[0m[0m wait                       = true
      [32m+[0m[0m wait_for_jobs              = false
    }

[1m  # helm_release.postgresql_backstage[0m will be created
[0m  [32m+[0m[0m resource "helm_release" "postgresql_backstage" {
      [32m+[0m[0m atomic                     = false
      [32m+[0m[0m chart                      = "postgresql"
      [32m+[0m[0m cleanup_on_fail            = false
      [32m+[0m[0m create_namespace           = true
      [32m+[0m[0m dependency_update          = false
      [32m+[0m[0m disable_crd_hooks          = false
      [32m+[0m[0m disable_openapi_validation = false
      [32m+[0m[0m disable_webhooks           = false
      [32m+[0m[0m force_update               = false
      [32m+[0m[0m id                         = (known after apply)
      [32m+[0m[0m lint                       = false
      [32m+[0m[0m manifest                   = (known after apply)
      [32m+[0m[0m max_history                = 0
      [32m+[0m[0m metadata                   = (known after apply)
      [32m+[0m[0m name                       = "backstage-postgresql"
      [32m+[0m[0m namespace                  = "backstage"
      [32m+[0m[0m pass_credentials           = false
      [32m+[0m[0m recreate_pods              = false
      [32m+[0m[0m render_subchart_notes      = true
      [32m+[0m[0m replace                    = false
      [32m+[0m[0m repository                 = "https://charts.bitnami.com/bitnami"
      [32m+[0m[0m reset_values               = false
      [32m+[0m[0m reuse_values               = false
      [32m+[0m[0m skip_crds                  = false
      [32m+[0m[0m status                     = "deployed"
      [32m+[0m[0m timeout                    = 300
      [32m+[0m[0m values                     = (known after apply)
      [32m+[0m[0m verify                     = false
      [32m+[0m[0m version                    = "11.9.13"
      [32m+[0m[0m wait                       = true
      [32m+[0m[0m wait_for_jobs              = false
    }

[1m  # kubectl_manifest.argocd_app_of_apps[0m will be created
[0m  [32m+[0m[0m resource "kubectl_manifest" "argocd_app_of_apps" {
      [32m+[0m[0m api_version             = "argoproj.io/v1alpha1"
      [32m+[0m[0m apply_only              = false
      [32m+[0m[0m field_manager           = "kubectl"
      [32m+[0m[0m force_conflicts         = false
      [32m+[0m[0m force_new               = false
      [32m+[0m[0m id                      = (known after apply)
      [32m+[0m[0m kind                    = "Application"
      [32m+[0m[0m live_manifest_incluster = (sensitive value)
      [32m+[0m[0m live_uid                = (known after apply)
      [32m+[0m[0m name                    = "app-of-apps"
      [32m+[0m[0m namespace               = "argocd"
      [32m+[0m[0m server_side_apply       = false
      [32m+[0m[0m uid                     = (known after apply)
      [32m+[0m[0m validate_schema         = true
      [32m+[0m[0m wait_for_rollout        = true
      [32m+[0m[0m yaml_body               = (sensitive value)
      [32m+[0m[0m yaml_body_parsed        = <<-EOT
            apiVersion: argoproj.io/v1alpha1
            kind: Application
            metadata:
              finalizers:
              - resources-finalizer.argocd.argoproj.io
              name: app-of-apps
              namespace: argocd
            spec:
              destination:
                namespace: argocd
                server: https://kubernetes.default.svc
              project: default
              source:
                path: applications
                repoURL: https://github.com/infraforge/platform-gitops
                targetRevision: main
              syncPolicy:
                automated:
                  allowEmpty: false
                  prune: true
                  selfHeal: true
                retry:
                  backoff:
                    duration: 5s
                    factor: 2
                    maxDuration: 3m
                  limit: 5
                syncOptions:
                - CreateNamespace=true
        EOT
      [32m+[0m[0m yaml_incluster          = (sensitive value)
    }

[1m  # kubernetes_cluster_role.backstage[0m will be created
[0m  [32m+[0m[0m resource "kubernetes_cluster_role" "backstage" {
      [32m+[0m[0m id = (known after apply)

      [32m+[0m[0m metadata {
          [32m+[0m[0m generation       = (known after apply)
          [32m+[0m[0m name             = "backstage-reader"
          [32m+[0m[0m resource_version = (known after apply)
          [32m+[0m[0m uid              = (known after apply)
        }

      [32m+[0m[0m rule {
          [32m+[0m[0m api_groups = [
              [32m+[0m[0m "",
              [32m+[0m[0m "apps",
              [32m+[0m[0m "batch",
              [32m+[0m[0m "networking.k8s.io",
            ]
          [32m+[0m[0m resources  = [
              [32m+[0m[0m "pods",
              [32m+[0m[0m "services",
              [32m+[0m[0m "deployments",
              [32m+[0m[0m "replicasets",
              [32m+[0m[0m "ingresses",
              [32m+[0m[0m "jobs",
              [32m+[0m[0m "cronjobs",
            ]
          [32m+[0m[0m verbs      = [
              [32m+[0m[0m "get",
              [32m+[0m[0m "list",
              [32m+[0m[0m "watch",
            ]
        }
      [32m+[0m[0m rule {
          [32m+[0m[0m api_groups = [
              [32m+[0m[0m "platform.kratix.io",
              [32m+[0m[0m "marketplace.kratix.io",
            ]
          [32m+[0m[0m resources  = [
              [32m+[0m[0m "*",
            ]
          [32m+[0m[0m verbs      = [
              [32m+[0m[0m "get",
              [32m+[0m[0m "list",
              [32m+[0m[0m "watch",
              [32m+[0m[0m "create",
              [32m+[0m[0m "update",
              [32m+[0m[0m "patch",
            ]
        }
    }

[1m  # kubernetes_cluster_role_binding.backstage[0m will be created
[0m  [32m+[0m[0m resource "kubernetes_cluster_role_binding" "backstage" {
      [32m+[0m[0m id = (known after apply)

      [32m+[0m[0m metadata {
          [32m+[0m[0m generation       = (known after apply)
          [32m+[0m[0m name             = "backstage-reader"
          [32m+[0m[0m resource_version = (known after apply)
          [32m+[0m[0m uid              = (known after apply)
        }

      [32m+[0m[0m role_ref {
          [32m+[0m[0m api_group = "rbac.authorization.k8s.io"
          [32m+[0m[0m kind      = "ClusterRole"
          [32m+[0m[0m name      = "backstage-reader"
        }

      [32m+[0m[0m subject {
          [32m+[0m[0m api_group = (known after apply)
          [32m+[0m[0m kind      = "ServiceAccount"
          [32m+[0m[0m name      = "backstage"
          [32m+[0m[0m namespace = "backstage"
        }
    }

[1m  # kubernetes_secret.argocd_admin_password[0m will be created
[0m  [32m+[0m[0m resource "kubernetes_secret" "argocd_admin_password" {
      [32m+[0m[0m data                           = (sensitive value)
      [32m+[0m[0m id                             = (known after apply)
      [32m+[0m[0m type                           = "Opaque"
      [32m+[0m[0m wait_for_service_account_token = true

      [32m+[0m[0m metadata {
          [32m+[0m[0m generation       = (known after apply)
          [32m+[0m[0m name             = "argocd-initial-admin-secret"
          [32m+[0m[0m namespace        = "argocd"
          [32m+[0m[0m resource_version = (known after apply)
          [32m+[0m[0m uid              = (known after apply)
        }
    }

[1m  # kubernetes_service_account.backstage[0m will be created
[0m  [32m+[0m[0m resource "kubernetes_service_account" "backstage" {
      [32m+[0m[0m automount_service_account_token = true
      [32m+[0m[0m default_secret_name             = (known after apply)
      [32m+[0m[0m id                              = (known after apply)

      [32m+[0m[0m metadata {
          [32m+[0m[0m generation       = (known after apply)
          [32m+[0m[0m name             = "backstage"
          [32m+[0m[0m namespace        = "backstage"
          [32m+[0m[0m resource_version = (known after apply)
          [32m+[0m[0m uid              = (known after apply)
        }
    }

[1m  # null_resource.configure_ebs_csi[0][0m will be created
[0m  [32m+[0m[0m resource "null_resource" "configure_ebs_csi" {
      [32m+[0m[0m id = (known after apply)
    }

[1m  # random_password.argocd_admin[0m will be created
[0m  [32m+[0m[0m resource "random_password" "argocd_admin" {
      [32m+[0m[0m bcrypt_hash = (sensitive value)
      [32m+[0m[0m id          = (known after apply)
      [32m+[0m[0m length      = 16
      [32m+[0m[0m lower       = true
      [32m+[0m[0m min_lower   = 0
      [32m+[0m[0m min_numeric = 0
      [32m+[0m[0m min_special = 0
      [32m+[0m[0m min_upper   = 0
      [32m+[0m[0m number      = true
      [32m+[0m[0m numeric     = true
      [32m+[0m[0m result      = (sensitive value)
      [32m+[0m[0m special     = true
      [32m+[0m[0m upper       = true
    }

[1m  # random_password.backstage_db_password[0m will be created
[0m  [32m+[0m[0m resource "random_password" "backstage_db_password" {
      [32m+[0m[0m bcrypt_hash = (sensitive value)
      [32m+[0m[0m id          = (known after apply)
      [32m+[0m[0m length      = 16
      [32m+[0m[0m lower       = true
      [32m+[0m[0m min_lower   = 0
      [32m+[0m[0m min_numeric = 0
      [32m+[0m[0m min_special = 0
      [32m+[0m[0m min_upper   = 0
      [32m+[0m[0m number      = true
      [32m+[0m[0m numeric     = true
      [32m+[0m[0m result      = (sensitive value)
      [32m+[0m[0m special     = false
      [32m+[0m[0m upper       = true
    }

[1m  # module.aws_load_balancer_controller_irsa[0].data.aws_iam_policy_document.this[0][0m will be read during apply
  # (config refers to values not yet known)
[0m [36m<=[0m[0m data "aws_iam_policy_document" "this" {
      [32m+[0m[0m id            = (known after apply)
      [32m+[0m[0m json          = (known after apply)
      [32m+[0m[0m minified_json = (known after apply)

      [32m+[0m[0m statement {
          [32m+[0m[0m actions = [
              [32m+[0m[0m "sts:AssumeRoleWithWebIdentity",
            ]
          [32m+[0m[0m effect  = "Allow"

          [32m+[0m[0m condition {
              [32m+[0m[0m test     = "StringEquals"
              [32m+[0m[0m values   = [
                  [32m+[0m[0m "sts.amazonaws.com",
                ]
              [32m+[0m[0m variable = (known after apply)
            }
          [32m+[0m[0m condition {
              [32m+[0m[0m test     = "StringEquals"
              [32m+[0m[0m values   = [
                  [32m+[0m[0m "system:serviceaccount:kube-system:aws-load-balancer-controller",
                ]
              [32m+[0m[0m variable = (known after apply)
            }

          [32m+[0m[0m principals {
              [32m+[0m[0m identifiers = [
                  [32m+[0m[0m (known after apply),
                ]
              [32m+[0m[0m type        = "Federated"
            }
        }
    }

[1m  # module.aws_load_balancer_controller_irsa[0].aws_iam_policy.load_balancer_controller[0][0m will be created
[0m  [32m+[0m[0m resource "aws_iam_policy" "load_balancer_controller" {
      [32m+[0m[0m arn              = (known after apply)
      [32m+[0m[0m attachment_count = (known after apply)
      [32m+[0m[0m description      = "Provides permissions for AWS Load Balancer Controller addon"
      [32m+[0m[0m id               = (known after apply)
      [32m+[0m[0m name             = (known after apply)
      [32m+[0m[0m name_prefix      = "AmazonEKS_AWS_Load_Balancer_Controller-"
      [32m+[0m[0m path             = "/"
      [32m+[0m[0m policy           = jsonencode(
            {
              [32m+[0m[0m Statement = [
                  [32m+[0m[0m {
                      [32m+[0m[0m Action    = "iam:CreateServiceLinkedRole"
                      [32m+[0m[0m Condition = {
                          [32m+[0m[0m StringEquals = {
                              [32m+[0m[0m "iam:AWSServiceName" = "elasticloadbalancing.amazonaws.com"
                            }
                        }
                      [32m+[0m[0m Effect    = "Allow"
                      [32m+[0m[0m Resource  = "*"
                    },
                  [32m+[0m[0m {
                      [32m+[0m[0m Action   = [
                          [32m+[0m[0m "elasticloadbalancing:DescribeTrustStores",
                          [32m+[0m[0m "elasticloadbalancing:DescribeTargetHealth",
                          [32m+[0m[0m "elasticloadbalancing:DescribeTargetGroups",
                          [32m+[0m[0m "elasticloadbalancing:DescribeTargetGroupAttributes",
                          [32m+[0m[0m "elasticloadbalancing:DescribeTags",
                          [32m+[0m[0m "elasticloadbalancing:DescribeSSLPolicies",
                          [32m+[0m[0m "elasticloadbalancing:DescribeRules",
                          [32m+[0m[0m "elasticloadbalancing:DescribeLoadBalancers",
                          [32m+[0m[0m "elasticloadbalancing:DescribeLoadBalancerAttributes",
                          [32m+[0m[0m "elasticloadbalancing:DescribeListeners",
                          [32m+[0m[0m "elasticloadbalancing:DescribeListenerCertificates",
                          [32m+[0m[0m "elasticloadbalancing:DescribeListenerAttributes",
                          [32m+[0m[0m "elasticloadbalancing:DescribeCapacityReservation",
                          [32m+[0m[0m "ec2:GetSecurityGroupsForVpc",
                          [32m+[0m[0m "ec2:GetCoipPoolUsage",
                          [32m+[0m[0m "ec2:DescribeVpcs",
                          [32m+[0m[0m "ec2:DescribeVpcPeeringConnections",
                          [32m+[0m[0m "ec2:DescribeTags",
                          [32m+[0m[0m "ec2:DescribeSubnets",
                          [32m+[0m[0m "ec2:DescribeSecurityGroups",
                          [32m+[0m[0m "ec2:DescribeRouteTables",
                          [32m+[0m[0m "ec2:DescribeNetworkInterfaces",
                          [32m+[0m[0m "ec2:DescribeIpamPools",
                          [32m+[0m[0m "ec2:DescribeInternetGateways",
                          [32m+[0m[0m "ec2:DescribeInstances",
                          [32m+[0m[0m "ec2:DescribeCoipPools",
                          [32m+[0m[0m "ec2:DescribeAvailabilityZones",
                          [32m+[0m[0m "ec2:DescribeAddresses",
                          [32m+[0m[0m "ec2:DescribeAccountAttributes",
                        ]
                      [32m+[0m[0m Effect   = "Allow"
                      [32m+[0m[0m Resource = "*"
                    },
                  [32m+[0m[0m {
                      [32m+[0m[0m Action   = [
                          [32m+[0m[0m "wafv2:GetWebACLForResource",
                          [32m+[0m[0m "wafv2:GetWebACL",
                          [32m+[0m[0m "wafv2:DisassociateWebACL",
                          [32m+[0m[0m "wafv2:AssociateWebACL",
                          [32m+[0m[0m "waf-regional:GetWebACLForResource",
                          [32m+[0m[0m "waf-regional:GetWebACL",
                          [32m+[0m[0m "waf-regional:DisassociateWebACL",
                          [32m+[0m[0m "waf-regional:AssociateWebACL",
                          [32m+[0m[0m "shield:GetSubscriptionState",
                          [32m+[0m[0m "shield:DescribeProtection",
                          [32m+[0m[0m "shield:DeleteProtection",
                          [32m+[0m[0m "shield:CreateProtection",
                          [32m+[0m[0m "iam:ListServerCertificates",
                          [32m+[0m[0m "iam:GetServerCertificate",
                          [32m+[0m[0m "cognito-idp:DescribeUserPoolClient",
                          [32m+[0m[0m "acm:ListCertificates",
                          [32m+[0m[0m "acm:DescribeCertificate",
                        ]
                      [32m+[0m[0m Effect   = "Allow"
                      [32m+[0m[0m Resource = "*"
                    },
                  [32m+[0m[0m {
                      [32m+[0m[0m Action   = [
                          [32m+[0m[0m "ec2:RevokeSecurityGroupIngress",
                          [32m+[0m[0m "ec2:AuthorizeSecurityGroupIngress",
                        ]
                      [32m+[0m[0m Effect   = "Allow"
                      [32m+[0m[0m Resource = "*"
                    },
                  [32m+[0m[0m {
                      [32m+[0m[0m Action   = "ec2:CreateSecurityGroup"
                      [32m+[0m[0m Effect   = "Allow"
                      [32m+[0m[0m Resource = "*"
                    },
                  [32m+[0m[0m {
                      [32m+[0m[0m Action    = "ec2:CreateTags"
                      [32m+[0m[0m Condition = {
                          [32m+[0m[0m Null         = {
                              [32m+[0m[0m "aws:RequestTag/elbv2.k8s.aws/cluster" = "false"
                            }
                          [32m+[0m[0m StringEquals = {
                              [32m+[0m[0m "ec2:CreateAction" = "CreateSecurityGroup"
                            }
                        }
                      [32m+[0m[0m Effect    = "Allow"
                      [32m+[0m[0m Resource  = "arn:aws:ec2:*:*:security-group/*"
                    },
                  [32m+[0m[0m {
                      [32m+[0m[0m Action    = [
                          [32m+[0m[0m "ec2:DeleteTags",
                          [32m+[0m[0m "ec2:CreateTags",
                        ]
                      [32m+[0m[0m Condition = {
                          [32m+[0m[0m Null = {
                              [32m+[0m[0m "aws:RequestTag/elbv2.k8s.aws/cluster"  = "true"
                              [32m+[0m[0m "aws:ResourceTag/elbv2.k8s.aws/cluster" = "false"
                            }
                        }
                      [32m+[0m[0m Effect    = "Allow"
                      [32m+[0m[0m Resource  = "arn:aws:ec2:*:*:security-group/*"
                    },
                  [32m+[0m[0m {
                      [32m+[0m[0m Action    = [
                          [32m+[0m[0m "ec2:RevokeSecurityGroupIngress",
                          [32m+[0m[0m "ec2:DeleteSecurityGroup",
                          [32m+[0m[0m "ec2:AuthorizeSecurityGroupIngress",
                        ]
                      [32m+[0m[0m Condition = {
                          [32m+[0m[0m Null = {
                              [32m+[0m[0m "aws:ResourceTag/elbv2.k8s.aws/cluster" = "false"
                            }
                        }
                      [32m+[0m[0m Effect    = "Allow"
                      [32m+[0m[0m Resource  = "*"
                    },
                  [32m+[0m[0m {
                      [32m+[0m[0m Action    = [
                          [32m+[0m[0m "elasticloadbalancing:CreateTargetGroup",
                          [32m+[0m[0m "elasticloadbalancing:CreateLoadBalancer",
                        ]
                      [32m+[0m[0m Condition = {
                          [32m+[0m[0m Null = {
                              [32m+[0m[0m "aws:RequestTag/elbv2.k8s.aws/cluster" = "false"
                            }
                        }
                      [32m+[0m[0m Effect    = "Allow"
                      [32m+[0m[0m Resource  = "*"
                    },
                  [32m+[0m[0m {
                      [32m+[0m[0m Action   = [
                          [32m+[0m[0m "elasticloadbalancing:DeleteRule",
                          [32m+[0m[0m "elasticloadbalancing:DeleteListener",
                          [32m+[0m[0m "elasticloadbalancing:CreateRule",
                          [32m+[0m[0m "elasticloadbalancing:CreateListener",
                        ]
                      [32m+[0m[0m Effect   = "Allow"
                      [32m+[0m[0m Resource = "*"
                    },
                  [32m+[0m[0m {
                      [32m+[0m[0m Action    = [
                          [32m+[0m[0m "elasticloadbalancing:RemoveTags",
                          [32m+[0m[0m "elasticloadbalancing:AddTags",
                        ]
                      [32m+[0m[0m Condition = {
                          [32m+[0m[0m Null = {
                              [32m+[0m[0m "aws:RequestTag/elbv2.k8s.aws/cluster"  = "true"
                              [32m+[0m[0m "aws:ResourceTag/elbv2.k8s.aws/cluster" = "false"
                            }
                        }
                      [32m+[0m[0m Effect    = "Allow"
                      [32m+[0m[0m Resource  = [
                          [32m+[0m[0m "arn:aws:elasticloadbalancing:*:*:targetgroup/*/*",
                          [32m+[0m[0m "arn:aws:elasticloadbalancing:*:*:loadbalancer/net/*/*",
                          [32m+[0m[0m "arn:aws:elasticloadbalancing:*:*:loadbalancer/app/*/*",
                        ]
                    },
                  [32m+[0m[0m {
                      [32m+[0m[0m Action   = [
                          [32m+[0m[0m "elasticloadbalancing:RemoveTags",
                          [32m+[0m[0m "elasticloadbalancing:AddTags",
                        ]
                      [32m+[0m[0m Effect   = "Allow"
                      [32m+[0m[0m Resource = [
                          [32m+[0m[0m "arn:aws:elasticloadbalancing:*:*:listener/net/*/*/*",
                          [32m+[0m[0m "arn:aws:elasticloadbalancing:*:*:listener/app/*/*/*",
                          [32m+[0m[0m "arn:aws:elasticloadbalancing:*:*:listener-rule/net/*/*/*",
                          [32m+[0m[0m "arn:aws:elasticloadbalancing:*:*:listener-rule/app/*/*/*",
                        ]
                    },
                  [32m+[0m[0m {
                      [32m+[0m[0m Action    = [
                          [32m+[0m[0m "elasticloadbalancing:SetSubnets",
                          [32m+[0m[0m "elasticloadbalancing:SetSecurityGroups",
                          [32m+[0m[0m "elasticloadbalancing:SetIpAddressType",
                          [32m+[0m[0m "elasticloadbalancing:ModifyTargetGroupAttributes",
                          [32m+[0m[0m "elasticloadbalancing:ModifyTargetGroup",
                          [32m+[0m[0m "elasticloadbalancing:ModifyLoadBalancerAttributes",
                          [32m+[0m[0m "elasticloadbalancing:ModifyListenerAttributes",
                          [32m+[0m[0m "elasticloadbalancing:ModifyIpPools",
                          [32m+[0m[0m "elasticloadbalancing:ModifyCapacityReservation",
                          [32m+[0m[0m "elasticloadbalancing:DeleteTargetGroup",
                          [32m+[0m[0m "elasticloadbalancing:DeleteLoadBalancer",
                        ]
                      [32m+[0m[0m Condition = {
                          [32m+[0m[0m Null = {
                              [32m+[0m[0m "aws:ResourceTag/elbv2.k8s.aws/cluster" = "false"
                            }
                        }
                      [32m+[0m[0m Effect    = "Allow"
                      [32m+[0m[0m Resource  = "*"
                    },
                  [32m+[0m[0m {
                      [32m+[0m[0m Action    = "elasticloadbalancing:AddTags"
                      [32m+[0m[0m Condition = {
                          [32m+[0m[0m Null         = {
                              [32m+[0m[0m "aws:RequestTag/elbv2.k8s.aws/cluster" = "false"
                            }
                          [32m+[0m[0m StringEquals = {
                              [32m+[0m[0m "elasticloadbalancing:CreateAction" = [
                                  [32m+[0m[0m "CreateTargetGroup",
                                  [32m+[0m[0m "CreateLoadBalancer",
                                ]
                            }
                        }
                      [32m+[0m[0m Effect    = "Allow"
                      [32m+[0m[0m Resource  = [
                          [32m+[0m[0m "arn:aws:elasticloadbalancing:*:*:targetgroup/*/*",
                          [32m+[0m[0m "arn:aws:elasticloadbalancing:*:*:loadbalancer/net/*/*",
                          [32m+[0m[0m "arn:aws:elasticloadbalancing:*:*:loadbalancer/app/*/*",
                        ]
                    },
                  [32m+[0m[0m {
                      [32m+[0m[0m Action   = [
                          [32m+[0m[0m "elasticloadbalancing:RegisterTargets",
                          [32m+[0m[0m "elasticloadbalancing:DeregisterTargets",
                        ]
                      [32m+[0m[0m Effect   = "Allow"
                      [32m+[0m[0m Resource = "arn:aws:elasticloadbalancing:*:*:targetgroup/*/*"
                    },
                  [32m+[0m[0m {
                      [32m+[0m[0m Action   = [
                          [32m+[0m[0m "elasticloadbalancing:SetWebAcl",
                          [32m+[0m[0m "elasticloadbalancing:SetRulePriorities",
                          [32m+[0m[0m "elasticloadbalancing:RemoveListenerCertificates",
                          [32m+[0m[0m "elasticloadbalancing:ModifyRule",
                          [32m+[0m[0m "elasticloadbalancing:ModifyListener",
                          [32m+[0m[0m "elasticloadbalancing:AddListenerCertificates",
                        ]
                      [32m+[0m[0m Effect   = "Allow"
                      [32m+[0m[0m Resource = "*"
                    },
                ]
              [32m+[0m[0m Version   = "2012-10-17"
            }
        )
      [32m+[0m[0m policy_id        = (known after apply)
      [32m+[0m[0m tags             = {
          [32m+[0m[0m "Cluster"     = "infraforge-dev"
          [32m+[0m[0m "Environment" = "dev"
          [32m+[0m[0m "Tenant"      = "platform"
        }
      [32m+[0m[0m tags_all         = {
          [32m+[0m[0m "Cluster"     = "infraforge-dev"
          [32m+[0m[0m "Environment" = "dev"
          [32m+[0m[0m "ManagedBy"   = "OpenTofu"
          [32m+[0m[0m "Owner"       = "gokhan@infraforge.io"
          [32m+[0m[0m "Platform"    = "InfraForge"
          [32m+[0m[0m "Tenant"      = "platform"
        }
    }

[1m  # module.aws_load_balancer_controller_irsa[0].aws_iam_role.this[0][0m will be created
[0m  [32m+[0m[0m resource "aws_iam_role" "this" {
      [32m+[0m[0m arn                   = (known after apply)
      [32m+[0m[0m assume_role_policy    = (known after apply)
      [32m+[0m[0m create_date           = (known after apply)
      [32m+[0m[0m force_detach_policies = true
      [32m+[0m[0m id                    = (known after apply)
      [32m+[0m[0m managed_policy_arns   = (known after apply)
      [32m+[0m[0m max_session_duration  = 3600
      [32m+[0m[0m name                  = "infraforge-dev-aws-load-balancer-controller"
      [32m+[0m[0m name_prefix           = (known after apply)
      [32m+[0m[0m path                  = "/"
      [32m+[0m[0m tags                  = {
          [32m+[0m[0m "Cluster"     = "infraforge-dev"
          [32m+[0m[0m "Environment" = "dev"
          [32m+[0m[0m "Tenant"      = "platform"
        }
      [32m+[0m[0m tags_all              = {
          [32m+[0m[0m "Cluster"     = "infraforge-dev"
          [32m+[0m[0m "Environment" = "dev"
          [32m+[0m[0m "ManagedBy"   = "OpenTofu"
          [32m+[0m[0m "Owner"       = "gokhan@infraforge.io"
          [32m+[0m[0m "Platform"    = "InfraForge"
          [32m+[0m[0m "Tenant"      = "platform"
        }
      [32m+[0m[0m unique_id             = (known after apply)

      [32m+[0m[0m inline_policy (known after apply)
    }

[1m  # module.aws_load_balancer_controller_irsa[0].aws_iam_role_policy_attachment.load_balancer_controller[0][0m will be created
[0m  [32m+[0m[0m resource "aws_iam_role_policy_attachment" "load_balancer_controller" {
      [32m+[0m[0m id         = (known after apply)
      [32m+[0m[0m policy_arn = (known after apply)
      [32m+[0m[0m role       = "infraforge-dev-aws-load-balancer-controller"
    }

[1m  # module.cluster_autoscaler_irsa[0].data.aws_iam_policy_document.this[0][0m will be read during apply
  # (config refers to values not yet known)
[0m [36m<=[0m[0m data "aws_iam_policy_document" "this" {
      [32m+[0m[0m id            = (known after apply)
      [32m+[0m[0m json          = (known after apply)
      [32m+[0m[0m minified_json = (known after apply)

      [32m+[0m[0m statement {
          [32m+[0m[0m actions = [
              [32m+[0m[0m "sts:AssumeRoleWithWebIdentity",
            ]
          [32m+[0m[0m effect  = "Allow"

          [32m+[0m[0m condition {
              [32m+[0m[0m test     = "StringEquals"
              [32m+[0m[0m values   = [
                  [32m+[0m[0m "sts.amazonaws.com",
                ]
              [32m+[0m[0m variable = (known after apply)
            }
          [32m+[0m[0m condition {
              [32m+[0m[0m test     = "StringEquals"
              [32m+[0m[0m values   = [
                  [32m+[0m[0m "system:serviceaccount:kube-system:cluster-autoscaler",
                ]
              [32m+[0m[0m variable = (known after apply)
            }

          [32m+[0m[0m principals {
              [32m+[0m[0m identifiers = [
                  [32m+[0m[0m (known after apply),
                ]
              [32m+[0m[0m type        = "Federated"
            }
        }
    }

[1m  # module.cluster_autoscaler_irsa[0].aws_iam_policy.cluster_autoscaler[0][0m will be created
[0m  [32m+[0m[0m resource "aws_iam_policy" "cluster_autoscaler" {
      [32m+[0m[0m arn              = (known after apply)
      [32m+[0m[0m attachment_count = (known after apply)
      [32m+[0m[0m description      = "Cluster autoscaler policy to allow examination and modification of EC2 Auto Scaling Groups"
      [32m+[0m[0m id               = (known after apply)
      [32m+[0m[0m name             = (known after apply)
      [32m+[0m[0m name_prefix      = "AmazonEKS_Cluster_Autoscaler_Policy-"
      [32m+[0m[0m path             = "/"
      [32m+[0m[0m policy           = jsonencode(
            {
              [32m+[0m[0m Statement = [
                  [32m+[0m[0m {
                      [32m+[0m[0m Action   = [
                          [32m+[0m[0m "eks:DescribeNodegroup",
                          [32m+[0m[0m "ec2:GetInstanceTypesFromInstanceRequirements",
                          [32m+[0m[0m "ec2:DescribeLaunchTemplateVersions",
                          [32m+[0m[0m "ec2:DescribeInstanceTypes",
                          [32m+[0m[0m "ec2:DescribeImages",
                          [32m+[0m[0m "autoscaling:DescribeTags",
                          [32m+[0m[0m "autoscaling:DescribeScalingActivities",
                          [32m+[0m[0m "autoscaling:DescribeLaunchConfigurations",
                          [32m+[0m[0m "autoscaling:DescribeAutoScalingInstances",
                          [32m+[0m[0m "autoscaling:DescribeAutoScalingGroups",
                        ]
                      [32m+[0m[0m Effect   = "Allow"
                      [32m+[0m[0m Resource = "*"
                    },
                  [32m+[0m[0m {
                      [32m+[0m[0m Action    = [
                          [32m+[0m[0m "autoscaling:TerminateInstanceInAutoScalingGroup",
                          [32m+[0m[0m "autoscaling:SetDesiredCapacity",
                        ]
                      [32m+[0m[0m Condition = {
                          [32m+[0m[0m StringEquals = {
                              [32m+[0m[0m "autoscaling:ResourceTag/kubernetes.io/cluster/infraforge-dev" = "owned"
                            }
                        }
                      [32m+[0m[0m Effect    = "Allow"
                      [32m+[0m[0m Resource  = "*"
                    },
                ]
              [32m+[0m[0m Version   = "2012-10-17"
            }
        )
      [32m+[0m[0m policy_id        = (known after apply)
      [32m+[0m[0m tags             = {
          [32m+[0m[0m "Cluster"     = "infraforge-dev"
          [32m+[0m[0m "Environment" = "dev"
          [32m+[0m[0m "Tenant"      = "platform"
        }
      [32m+[0m[0m tags_all         = {
          [32m+[0m[0m "Cluster"     = "infraforge-dev"
          [32m+[0m[0m "Environment" = "dev"
          [32m+[0m[0m "ManagedBy"   = "OpenTofu"
          [32m+[0m[0m "Owner"       = "gokhan@infraforge.io"
          [32m+[0m[0m "Platform"    = "InfraForge"
          [32m+[0m[0m "Tenant"      = "platform"
        }
    }

[1m  # module.cluster_autoscaler_irsa[0].aws_iam_role.this[0][0m will be created
[0m  [32m+[0m[0m resource "aws_iam_role" "this" {
      [32m+[0m[0m arn                   = (known after apply)
      [32m+[0m[0m assume_role_policy    = (known after apply)
      [32m+[0m[0m create_date           = (known after apply)
      [32m+[0m[0m force_detach_policies = true
      [32m+[0m[0m id                    = (known after apply)
      [32m+[0m[0m managed_policy_arns   = (known after apply)
      [32m+[0m[0m max_session_duration  = 3600
      [32m+[0m[0m name                  = "infraforge-dev-cluster-autoscaler"
      [32m+[0m[0m name_prefix           = (known after apply)
      [32m+[0m[0m path                  = "/"
      [32m+[0m[0m tags                  = {
          [32m+[0m[0m "Cluster"     = "infraforge-dev"
          [32m+[0m[0m "Environment" = "dev"
          [32m+[0m[0m "Tenant"      = "platform"
        }
      [32m+[0m[0m tags_all              = {
          [32m+[0m[0m "Cluster"     = "infraforge-dev"
          [32m+[0m[0m "Environment" = "dev"
          [32m+[0m[0m "ManagedBy"   = "OpenTofu"
          [32m+[0m[0m "Owner"       = "gokhan@infraforge.io"
          [32m+[0m[0m "Platform"    = "InfraForge"
          [32m+[0m[0m "Tenant"      = "platform"
        }
      [32m+[0m[0m unique_id             = (known after apply)

      [32m+[0m[0m inline_policy (known after apply)
    }

[1m  # module.cluster_autoscaler_irsa[0].aws_iam_role_policy_attachment.cluster_autoscaler[0][0m will be created
[0m  [32m+[0m[0m resource "aws_iam_role_policy_attachment" "cluster_autoscaler" {
      [32m+[0m[0m id         = (known after apply)
      [32m+[0m[0m policy_arn = (known after apply)
      [32m+[0m[0m role       = "infraforge-dev-cluster-autoscaler"
    }

[1m  # module.ebs_csi_driver_irsa[0].data.aws_iam_policy_document.this[0][0m will be read during apply
  # (config refers to values not yet known)
[0m [36m<=[0m[0m data "aws_iam_policy_document" "this" {
      [32m+[0m[0m id            = (known after apply)
      [32m+[0m[0m json          = (known after apply)
      [32m+[0m[0m minified_json = (known after apply)

      [32m+[0m[0m statement {
          [32m+[0m[0m actions = [
              [32m+[0m[0m "sts:AssumeRoleWithWebIdentity",
            ]
          [32m+[0m[0m effect  = "Allow"

          [32m+[0m[0m condition {
              [32m+[0m[0m test     = "StringEquals"
              [32m+[0m[0m values   = [
                  [32m+[0m[0m "sts.amazonaws.com",
                ]
              [32m+[0m[0m variable = (known after apply)
            }
          [32m+[0m[0m condition {
              [32m+[0m[0m test     = "StringEquals"
              [32m+[0m[0m values   = [
                  [32m+[0m[0m "system:serviceaccount:kube-system:ebs-csi-controller-sa",
                ]
              [32m+[0m[0m variable = (known after apply)
            }

          [32m+[0m[0m principals {
              [32m+[0m[0m identifiers = [
                  [32m+[0m[0m (known after apply),
                ]
              [32m+[0m[0m type        = "Federated"
            }
        }
    }

[1m  # module.ebs_csi_driver_irsa[0].aws_iam_policy.ebs_csi[0][0m will be created
[0m  [32m+[0m[0m resource "aws_iam_policy" "ebs_csi" {
      [32m+[0m[0m arn              = (known after apply)
      [32m+[0m[0m attachment_count = (known after apply)
      [32m+[0m[0m description      = "Provides permissions to manage EBS volumes via the container storage interface driver"
      [32m+[0m[0m id               = (known after apply)
      [32m+[0m[0m name             = (known after apply)
      [32m+[0m[0m name_prefix      = "AmazonEKS_EBS_CSI_Policy-"
      [32m+[0m[0m path             = "/"
      [32m+[0m[0m policy           = jsonencode(
            {
              [32m+[0m[0m Statement = [
                  [32m+[0m[0m {
                      [32m+[0m[0m Action   = [
                          [32m+[0m[0m "ec2:DescribeVolumesModifications",
                          [32m+[0m[0m "ec2:DescribeVolumes",
                          [32m+[0m[0m "ec2:DescribeTags",
                          [32m+[0m[0m "ec2:DescribeSnapshots",
                          [32m+[0m[0m "ec2:DescribeInstances",
                          [32m+[0m[0m "ec2:DescribeAvailabilityZones",
                        ]
                      [32m+[0m[0m Effect   = "Allow"
                      [32m+[0m[0m Resource = "*"
                    },
                  [32m+[0m[0m {
                      [32m+[0m[0m Action   = [
                          [32m+[0m[0m "ec2:ModifyVolume",
                          [32m+[0m[0m "ec2:CreateSnapshot",
                        ]
                      [32m+[0m[0m Effect   = "Allow"
                      [32m+[0m[0m Resource = "arn:aws:ec2:*:*:volume/*"
                    },
                  [32m+[0m[0m {
                      [32m+[0m[0m Action   = [
                          [32m+[0m[0m "ec2:DetachVolume",
                          [32m+[0m[0m "ec2:AttachVolume",
                        ]
                      [32m+[0m[0m Effect   = "Allow"
                      [32m+[0m[0m Resource = [
                          [32m+[0m[0m "arn:aws:ec2:*:*:volume/*",
                          [32m+[0m[0m "arn:aws:ec2:*:*:instance/*",
                        ]
                    },
                  [32m+[0m[0m {
                      [32m+[0m[0m Action   = [
                          [32m+[0m[0m "ec2:EnableFastSnapshotRestores",
                          [32m+[0m[0m "ec2:CreateVolume",
                        ]
                      [32m+[0m[0m Effect   = "Allow"
                      [32m+[0m[0m Resource = "arn:aws:ec2:*:*:snapshot/*"
                    },
                  [32m+[0m[0m {
                      [32m+[0m[0m Action    = "ec2:CreateTags"
                      [32m+[0m[0m Condition = {
                          [32m+[0m[0m StringEquals = {
                              [32m+[0m[0m "ec2:CreateAction" = [
                                  [32m+[0m[0m "CreateVolume",
                                  [32m+[0m[0m "CreateSnapshot",
                                ]
                            }
                        }
                      [32m+[0m[0m Effect    = "Allow"
                      [32m+[0m[0m Resource  = [
                          [32m+[0m[0m "arn:aws:ec2:*:*:volume/*",
                          [32m+[0m[0m "arn:aws:ec2:*:*:snapshot/*",
                        ]
                    },
                  [32m+[0m[0m {
                      [32m+[0m[0m Action   = "ec2:DeleteTags"
                      [32m+[0m[0m Effect   = "Allow"
                      [32m+[0m[0m Resource = [
                          [32m+[0m[0m "arn:aws:ec2:*:*:volume/*",
                          [32m+[0m[0m "arn:aws:ec2:*:*:snapshot/*",
                        ]
                    },
                  [32m+[0m[0m {
                      [32m+[0m[0m Action    = "ec2:CreateVolume"
                      [32m+[0m[0m Condition = {
                          [32m+[0m[0m StringLike = {
                              [32m+[0m[0m "aws:RequestTag/ebs.csi.aws.com/cluster" = "true"
                            }
                        }
                      [32m+[0m[0m Effect    = "Allow"
                      [32m+[0m[0m Resource  = "arn:aws:ec2:*:*:volume/*"
                    },
                  [32m+[0m[0m {
                      [32m+[0m[0m Action    = "ec2:CreateVolume"
                      [32m+[0m[0m Condition = {
                          [32m+[0m[0m StringLike = {
                              [32m+[0m[0m "aws:RequestTag/CSIVolumeName" = "*"
                            }
                        }
                      [32m+[0m[0m Effect    = "Allow"
                      [32m+[0m[0m Resource  = "arn:aws:ec2:*:*:volume/*"
                    },
                  [32m+[0m[0m {
                      [32m+[0m[0m Action    = "ec2:DeleteVolume"
                      [32m+[0m[0m Condition = {
                          [32m+[0m[0m StringLike = {
                              [32m+[0m[0m "aws:ResourceTag/ebs.csi.aws.com/cluster" = "true"
                            }
                        }
                      [32m+[0m[0m Effect    = "Allow"
                      [32m+[0m[0m Resource  = "arn:aws:ec2:*:*:volume/*"
                    },
                  [32m+[0m[0m {
                      [32m+[0m[0m Action    = "ec2:DeleteVolume"
                      [32m+[0m[0m Condition = {
                          [32m+[0m[0m StringLike = {
                              [32m+[0m[0m "aws:ResourceTag/CSIVolumeName" = "*"
                            }
                        }
                      [32m+[0m[0m Effect    = "Allow"
                      [32m+[0m[0m Resource  = "arn:aws:ec2:*:*:volume/*"
                    },
                  [32m+[0m[0m {
                      [32m+[0m[0m Action    = "ec2:DeleteVolume"
                      [32m+[0m[0m Condition = {
                          [32m+[0m[0m StringLike = {
                              [32m+[0m[0m "ec2:ResourceTag/kubernetes.io/created-for/pvc/name" = "*"
                            }
                        }
                      [32m+[0m[0m Effect    = "Allow"
                      [32m+[0m[0m Resource  = "arn:aws:ec2:*:*:volume/*"
                    },
                  [32m+[0m[0m {
                      [32m+[0m[0m Action    = "ec2:CreateSnapshot"
                      [32m+[0m[0m Condition = {
                          [32m+[0m[0m StringLike = {
                              [32m+[0m[0m "aws:RequestTag/CSIVolumeSnapshotName" = "*"
                            }
                        }
                      [32m+[0m[0m Effect    = "Allow"
                      [32m+[0m[0m Resource  = "arn:aws:ec2:*:*:snapshot/*"
                    },
                  [32m+[0m[0m {
                      [32m+[0m[0m Action    = "ec2:CreateSnapshot"
                      [32m+[0m[0m Condition = {
                          [32m+[0m[0m StringLike = {
                              [32m+[0m[0m "aws:RequestTag/ebs.csi.aws.com/cluster" = "true"
                            }
                        }
                      [32m+[0m[0m Effect    = "Allow"
                      [32m+[0m[0m Resource  = "arn:aws:ec2:*:*:snapshot/*"
                    },
                  [32m+[0m[0m {
                      [32m+[0m[0m Action    = "ec2:DeleteSnapshot"
                      [32m+[0m[0m Condition = {
                          [32m+[0m[0m StringLike = {
                              [32m+[0m[0m "aws:ResourceTag/CSIVolumeSnapshotName" = "*"
                            }
                        }
                      [32m+[0m[0m Effect    = "Allow"
                      [32m+[0m[0m Resource  = "arn:aws:ec2:*:*:snapshot/*"
                    },
                  [32m+[0m[0m {
                      [32m+[0m[0m Action    = "ec2:DeleteSnapshot"
                      [32m+[0m[0m Condition = {
                          [32m+[0m[0m StringLike = {
                              [32m+[0m[0m "aws:ResourceTag/ebs.csi.aws.com/cluster" = "true"
                            }
                        }
                      [32m+[0m[0m Effect    = "Allow"
                      [32m+[0m[0m Resource  = "arn:aws:ec2:*:*:snapshot/*"
                    },
                ]
              [32m+[0m[0m Version   = "2012-10-17"
            }
        )
      [32m+[0m[0m policy_id        = (known after apply)
      [32m+[0m[0m tags             = {
          [32m+[0m[0m "Cluster"     = "infraforge-dev"
          [32m+[0m[0m "Environment" = "dev"
          [32m+[0m[0m "Tenant"      = "platform"
        }
      [32m+[0m[0m tags_all         = {
          [32m+[0m[0m "Cluster"     = "infraforge-dev"
          [32m+[0m[0m "Environment" = "dev"
          [32m+[0m[0m "ManagedBy"   = "OpenTofu"
          [32m+[0m[0m "Owner"       = "gokhan@infraforge.io"
          [32m+[0m[0m "Platform"    = "InfraForge"
          [32m+[0m[0m "Tenant"      = "platform"
        }
    }

[1m  # module.ebs_csi_driver_irsa[0].aws_iam_role.this[0][0m will be created
[0m  [32m+[0m[0m resource "aws_iam_role" "this" {
      [32m+[0m[0m arn                   = (known after apply)
      [32m+[0m[0m assume_role_policy    = (known after apply)
      [32m+[0m[0m create_date           = (known after apply)
      [32m+[0m[0m force_detach_policies = true
      [32m+[0m[0m id                    = (known after apply)
      [32m+[0m[0m managed_policy_arns   = (known after apply)
      [32m+[0m[0m max_session_duration  = 3600
      [32m+[0m[0m name                  = "infraforge-dev-ebs-csi-driver"
      [32m+[0m[0m name_prefix           = (known after apply)
      [32m+[0m[0m path                  = "/"
      [32m+[0m[0m tags                  = {
          [32m+[0m[0m "Cluster"     = "infraforge-dev"
          [32m+[0m[0m "Environment" = "dev"
          [32m+[0m[0m "Tenant"      = "platform"
        }
      [32m+[0m[0m tags_all              = {
          [32m+[0m[0m "Cluster"     = "infraforge-dev"
          [32m+[0m[0m "Environment" = "dev"
          [32m+[0m[0m "ManagedBy"   = "OpenTofu"
          [32m+[0m[0m "Owner"       = "gokhan@infraforge.io"
          [32m+[0m[0m "Platform"    = "InfraForge"
          [32m+[0m[0m "Tenant"      = "platform"
        }
      [32m+[0m[0m unique_id             = (known after apply)

      [32m+[0m[0m inline_policy (known after apply)
    }

[1m  # module.ebs_csi_driver_irsa[0].aws_iam_role_policy_attachment.ebs_csi[0][0m will be created
[0m  [32m+[0m[0m resource "aws_iam_role_policy_attachment" "ebs_csi" {
      [32m+[0m[0m id         = (known after apply)
      [32m+[0m[0m policy_arn = (known after apply)
      [32m+[0m[0m role       = "infraforge-dev-ebs-csi-driver"
    }

[1m  # module.eks.aws_ec2_tag.cluster_primary_security_group["Cluster"][0m will be created
[0m  [32m+[0m[0m resource "aws_ec2_tag" "cluster_primary_security_group" {
      [32m+[0m[0m id          = (known after apply)
      [32m+[0m[0m key         = "Cluster"
      [32m+[0m[0m resource_id = "sg-0ca62bdfb3cca6057"
      [32m+[0m[0m value       = "infraforge-dev"
    }

[1m  # module.eks.aws_ec2_tag.cluster_primary_security_group["Environment"][0m will be created
[0m  [32m+[0m[0m resource "aws_ec2_tag" "cluster_primary_security_group" {
      [32m+[0m[0m id          = (known after apply)
      [32m+[0m[0m key         = "Environment"
      [32m+[0m[0m resource_id = "sg-0ca62bdfb3cca6057"
      [32m+[0m[0m value       = "dev"
    }

[1m  # module.eks.aws_ec2_tag.cluster_primary_security_group["Tenant"][0m will be created
[0m  [32m+[0m[0m resource "aws_ec2_tag" "cluster_primary_security_group" {
      [32m+[0m[0m id          = (known after apply)
      [32m+[0m[0m key         = "Tenant"
      [32m+[0m[0m resource_id = "sg-0ca62bdfb3cca6057"
      [32m+[0m[0m value       = "platform"
    }

[1m  # module.eks.aws_eks_addon.this["aws-ebs-csi-driver"][0m will be created
[0m  [32m+[0m[0m resource "aws_eks_addon" "this" {
      [32m+[0m[0m addon_name               = "aws-ebs-csi-driver"
      [32m+[0m[0m addon_version            = "v1.54.0-eksbuild.1"
      [32m+[0m[0m arn                      = (known after apply)
      [32m+[0m[0m cluster_name             = "infraforge-dev"
      [32m+[0m[0m configuration_values     = (known after apply)
      [32m+[0m[0m created_at               = (known after apply)
      [32m+[0m[0m id                       = (known after apply)
      [32m+[0m[0m modified_at              = (known after apply)
      [32m+[0m[0m resolve_conflicts        = "OVERWRITE"
      [32m+[0m[0m service_account_role_arn = (known after apply)
      [32m+[0m[0m tags                     = {
          [32m+[0m[0m "Cluster"     = "infraforge-dev"
          [32m+[0m[0m "Environment" = "dev"
          [32m+[0m[0m "Tenant"      = "platform"
        }
      [32m+[0m[0m tags_all                 = {
          [32m+[0m[0m "Cluster"     = "infraforge-dev"
          [32m+[0m[0m "Environment" = "dev"
          [32m+[0m[0m "ManagedBy"   = "OpenTofu"
          [32m+[0m[0m "Owner"       = "gokhan@infraforge.io"
          [32m+[0m[0m "Platform"    = "InfraForge"
          [32m+[0m[0m "Tenant"      = "platform"
        }

      [32m+[0m[0m timeouts {}
    }

[1m  # module.eks.aws_eks_addon.this["coredns"][0m will be created
[0m  [32m+[0m[0m resource "aws_eks_addon" "this" {
      [32m+[0m[0m addon_name           = "coredns"
      [32m+[0m[0m addon_version        = "v1.11.4-eksbuild.24"
      [32m+[0m[0m arn                  = (known after apply)
      [32m+[0m[0m cluster_name         = "infraforge-dev"
      [32m+[0m[0m configuration_values = jsonencode(
            {
              [32m+[0m[0m affinity     = {
                  [32m+[0m[0m nodeAffinity = {
                      [32m+[0m[0m requiredDuringSchedulingIgnoredDuringExecution = {
                          [32m+[0m[0m nodeSelectorTerms = [
                              [32m+[0m[0m {
                                  [32m+[0m[0m matchExpressions = [
                                      [32m+[0m[0m {
                                          [32m+[0m[0m key      = "eks.amazonaws.com/compute-type"
                                          [32m+[0m[0m operator = "NotIn"
                                          [32m+[0m[0m values   = [
                                              [32m+[0m[0m "fargate",
                                            ]
                                        },
                                    ]
                                },
                            ]
                        }
                    }
                }
              [32m+[0m[0m replicaCount = 2
              [32m+[0m[0m resources    = {
                  [32m+[0m[0m limits   = {
                      [32m+[0m[0m cpu    = "100m"
                      [32m+[0m[0m memory = "128Mi"
                    }
                  [32m+[0m[0m requests = {
                      [32m+[0m[0m cpu    = "100m"
                      [32m+[0m[0m memory = "70Mi"
                    }
                }
            }
        )
      [32m+[0m[0m created_at           = (known after apply)
      [32m+[0m[0m id                   = (known after apply)
      [32m+[0m[0m modified_at          = (known after apply)
      [32m+[0m[0m resolve_conflicts    = "OVERWRITE"
      [32m+[0m[0m tags                 = {
          [32m+[0m[0m "Cluster"     = "infraforge-dev"
          [32m+[0m[0m "Environment" = "dev"
          [32m+[0m[0m "Tenant"      = "platform"
        }
      [32m+[0m[0m tags_all             = {
          [32m+[0m[0m "Cluster"     = "infraforge-dev"
          [32m+[0m[0m "Environment" = "dev"
          [32m+[0m[0m "ManagedBy"   = "OpenTofu"
          [32m+[0m[0m "Owner"       = "gokhan@infraforge.io"
          [32m+[0m[0m "Platform"    = "InfraForge"
          [32m+[0m[0m "Tenant"      = "platform"
        }

      [32m+[0m[0m timeouts {}
    }

[1m  # module.eks.aws_eks_addon.this["kube-proxy"][0m will be created
[0m  [32m+[0m[0m resource "aws_eks_addon" "this" {
      [32m+[0m[0m addon_name           = "kube-proxy"
      [32m+[0m[0m addon_version        = "v1.29.15-eksbuild.26"
      [32m+[0m[0m arn                  = (known after apply)
      [32m+[0m[0m cluster_name         = "infraforge-dev"
      [32m+[0m[0m configuration_values = (known after apply)
      [32m+[0m[0m created_at           = (known after apply)
      [32m+[0m[0m id                   = (known after apply)
      [32m+[0m[0m modified_at          = (known after apply)
      [32m+[0m[0m resolve_conflicts    = "OVERWRITE"
      [32m+[0m[0m tags                 = {
          [32m+[0m[0m "Cluster"     = "infraforge-dev"
          [32m+[0m[0m "Environment" = "dev"
          [32m+[0m[0m "Tenant"      = "platform"
        }
      [32m+[0m[0m tags_all             = {
          [32m+[0m[0m "Cluster"     = "infraforge-dev"
          [32m+[0m[0m "Environment" = "dev"
          [32m+[0m[0m "ManagedBy"   = "OpenTofu"
          [32m+[0m[0m "Owner"       = "gokhan@infraforge.io"
          [32m+[0m[0m "Platform"    = "InfraForge"
          [32m+[0m[0m "Tenant"      = "platform"
        }

      [32m+[0m[0m timeouts {}
    }

[1m  # module.eks.aws_eks_addon.this["vpc-cni"][0m will be created
[0m  [32m+[0m[0m resource "aws_eks_addon" "this" {
      [32m+[0m[0m addon_name           = "vpc-cni"
      [32m+[0m[0m addon_version        = "v1.21.1-eksbuild.1"
      [32m+[0m[0m arn                  = (known after apply)
      [32m+[0m[0m cluster_name         = "infraforge-dev"
      [32m+[0m[0m configuration_values = jsonencode(
            {
              [32m+[0m[0m env = {
                  [32m+[0m[0m ENABLE_PREFIX_DELEGATION = "true"
                }
            }
        )
      [32m+[0m[0m created_at           = (known after apply)
      [32m+[0m[0m id                   = (known after apply)
      [32m+[0m[0m modified_at          = (known after apply)
      [32m+[0m[0m resolve_conflicts    = "OVERWRITE"
      [32m+[0m[0m tags                 = {
          [32m+[0m[0m "Cluster"     = "infraforge-dev"
          [32m+[0m[0m "Environment" = "dev"
          [32m+[0m[0m "Tenant"      = "platform"
        }
      [32m+[0m[0m tags_all             = {
          [32m+[0m[0m "Cluster"     = "infraforge-dev"
          [32m+[0m[0m "Environment" = "dev"
          [32m+[0m[0m "ManagedBy"   = "OpenTofu"
          [32m+[0m[0m "Owner"       = "gokhan@infraforge.io"
          [32m+[0m[0m "Platform"    = "InfraForge"
          [32m+[0m[0m "Tenant"      = "platform"
        }

      [32m+[0m[0m timeouts {}
    }

[1m  # module.eks.aws_iam_openid_connect_provider.oidc_provider[0][0m will be created
[0m  [32m+[0m[0m resource "aws_iam_openid_connect_provider" "oidc_provider" {
      [32m+[0m[0m arn             = (known after apply)
      [32m+[0m[0m client_id_list  = [
          [32m+[0m[0m "sts.amazonaws.com",
        ]
      [32m+[0m[0m id              = (known after apply)
      [32m+[0m[0m tags            = {
          [32m+[0m[0m "Cluster"     = "infraforge-dev"
          [32m+[0m[0m "Environment" = "dev"
          [32m+[0m[0m "Name"        = "infraforge-dev-eks-irsa"
          [32m+[0m[0m "Tenant"      = "platform"
        }
      [32m+[0m[0m tags_all        = {
          [32m+[0m[0m "Cluster"     = "infraforge-dev"
          [32m+[0m[0m "Environment" = "dev"
          [32m+[0m[0m "ManagedBy"   = "OpenTofu"
          [32m+[0m[0m "Name"        = "infraforge-dev-eks-irsa"
          [32m+[0m[0m "Owner"       = "gokhan@infraforge.io"
          [32m+[0m[0m "Platform"    = "InfraForge"
          [32m+[0m[0m "Tenant"      = "platform"
        }
      [32m+[0m[0m thumbprint_list = [
          [32m+[0m[0m "06b25927c42a721631c1efd9431e648fa62e1e39",
        ]
      [32m+[0m[0m url             = "https://oidc.eks.eu-west-1.amazonaws.com/id/BD9EBB4D4E1C3BC4655AA403ECDD2878"
    }

[1m  # module.eks.aws_iam_policy.cluster_encryption[0][0m will be created
[0m  [32m+[0m[0m resource "aws_iam_policy" "cluster_encryption" {
      [32m+[0m[0m arn              = (known after apply)
      [32m+[0m[0m attachment_count = (known after apply)
      [32m+[0m[0m description      = "Cluster encryption policy to allow cluster role to utilize CMK provided"
      [32m+[0m[0m id               = (known after apply)
      [32m+[0m[0m name             = (known after apply)
      [32m+[0m[0m name_prefix      = "infraforge-dev-cluster-ClusterEncryption"
      [32m+[0m[0m path             = "/"
      [32m+[0m[0m policy           = jsonencode(
            {
              [32m+[0m[0m Statement = [
                  [32m+[0m[0m {
                      [32m+[0m[0m Action   = [
                          [32m+[0m[0m "kms:Encrypt",
                          [32m+[0m[0m "kms:Decrypt",
                          [32m+[0m[0m "kms:ListGrants",
                          [32m+[0m[0m "kms:DescribeKey",
                        ]
                      [32m+[0m[0m Effect   = "Allow"
                      [32m+[0m[0m Resource = "arn:aws:kms:eu-west-1:715841344657:key/3c8f5b40-0689-4787-a62b-1d5254080c08"
                    },
                ]
              [32m+[0m[0m Version   = "2012-10-17"
            }
        )
      [32m+[0m[0m policy_id        = (known after apply)
      [32m+[0m[0m tags             = {
          [32m+[0m[0m "Cluster"     = "infraforge-dev"
          [32m+[0m[0m "Environment" = "dev"
          [32m+[0m[0m "Tenant"      = "platform"
        }
      [32m+[0m[0m tags_all         = {
          [32m+[0m[0m "Cluster"     = "infraforge-dev"
          [32m+[0m[0m "Environment" = "dev"
          [32m+[0m[0m "ManagedBy"   = "OpenTofu"
          [32m+[0m[0m "Owner"       = "gokhan@infraforge.io"
          [32m+[0m[0m "Platform"    = "InfraForge"
          [32m+[0m[0m "Tenant"      = "platform"
        }
    }

[1m  # module.eks.aws_iam_role_policy_attachment.cluster_encryption[0][0m will be created
[0m  [32m+[0m[0m resource "aws_iam_role_policy_attachment" "cluster_encryption" {
      [32m+[0m[0m id         = (known after apply)
      [32m+[0m[0m policy_arn = (known after apply)
      [32m+[0m[0m role       = "infraforge-dev-cluster-20251220104000352700000008"
    }

[1m  # module.eks.kubernetes_config_map_v1_data.aws_auth[0][0m will be created
[0m  [32m+[0m[0m resource "kubernetes_config_map_v1_data" "aws_auth" {
      [32m+[0m[0m data          = (known after apply)
      [32m+[0m[0m field_manager = "Terraform"
      [32m+[0m[0m force         = true
      [32m+[0m[0m id            = (known after apply)

      [32m+[0m[0m metadata {
          [32m+[0m[0m name      = "aws-auth"
          [32m+[0m[0m namespace = "kube-system"
        }
    }

[1m  # module.eks.time_sleep.this[0][0m will be created
[0m  [32m+[0m[0m resource "time_sleep" "this" {
      [32m+[0m[0m create_duration = "30s"
      [32m+[0m[0m id              = (known after apply)
      [32m+[0m[0m triggers        = {
          [32m+[0m[0m "cluster_certificate_authority_data" = "LS0tLS1CRUdJTiBDRVJUSUZJQ0FURS0tLS0tCk1JSURCVENDQWUyZ0F3SUJBZ0lJWko0YytKU3hSZTh3RFFZSktvWklodmNOQVFFTEJRQXdGVEVUTUJFR0ExVUUKQXhNS2EzVmlaWEp1WlhSbGN6QWVGdzB5TlRFeU1qQXhNRFF4TVRKYUZ3MHpOVEV5TVRneE1EUTJNVEphTUJVeApFekFSQmdOVkJBTVRDbXQxWW1WeWJtVjBaWE13Z2dFaU1BMEdDU3FHU0liM0RRRUJBUVVBQTRJQkR3QXdnZ0VLCkFvSUJBUUM5Ym1kSDJYOG1aWlloOFNkZlNOM253Wm5iOTZtVVdKMUhEWkwwL1N1WHFoMzhwMW56alhUTzlWM0sKUHVmZ0VFbDFkQTZZK3M0YjBJa0o1UVJqS2RnQmp4TStob25qMFRYRjNMM0RZcUtlYUw3WmJZRHpYTktabHV6VApyUW1lVXlxY0Znd3Uwc1ZQSXdHZkl1MGRqNmpxZlRGWU5YNDExRjd4OHNpbWtFbTVXRGVJUEJQQVZyTGVBWEpjClN0cXdmUktXZzRzL1R1eTRLeEwzc250MlVsMnJyd01kciswRSs1TXZjcE9keTlJRWRyanhGa2g2SVBGbWxrLzAKbitIa1pqRnM3MGxGdkFxK1dXSkRZVnhRcWZsUkNBYnFFL05Hc08xZlJQYytDVFlLVmhWLzRNNzdUbURZbXdiRgp4WWJsdE5OWFFUVnNsSmpsclhwY1hPU2lOT1R2QWdNQkFBR2pXVEJYTUE0R0ExVWREd0VCL3dRRUF3SUNwREFQCkJnTlZIUk1CQWY4RUJUQURBUUgvTUIwR0ExVWREZ1FXQkJUVzZpVUIyV1FFYUdmR291T0U3MHVjUTYydXlEQVYKQmdOVkhSRUVEakFNZ2dwcmRXSmxjbTVsZEdWek1BMEdDU3FHU0liM0RRRUJDd1VBQTRJQkFRQ0VXQ05tUS9pNwo5QWZiTlFmbFpwVUIvMEM0ekpKWnRJemptZC9kMXFYNVVBdFZIQ3BwUmRqRVh0SS9HSkhhdlBvcXJFR1JKRjJmCjBabEg3VXhqVE1iMUF0cG9tV2RHaUcxQjJJMTVuQzBNRDhzdWhWNXhjNDJuWWw3SnhyRUJDMXVsUGlaenZhOE0KUWhtcllUY2IzTzY5d1lNbCsyTExFTm5vampIamxzRktQQlhFUDNoS3BwdlZxUlIvRlBsSU0rWlVlNjlVZ0ZUSgp3bGdHcFV6WEtqT1dHdWs5Q1ZyVTNNMWlFdk1vYWYyL3pVemF5Nk1SWmdpMm40L3Y1T09NOVFrTWhkU3pJOWcxClpXa0FDM293RmdjWkk1TmVJdk53c2FFMFZ5K0NOWE9oZzEwNi8xd3RFS1R5cHphMHA3TWRha213ZmtXR1FuMVgKdFdCR2Zrb0h5aHNlCi0tLS0tRU5EIENFUlRJRklDQVRFLS0tLS0K"
          [32m+[0m[0m "cluster_endpoint"                   = "https://BD9EBB4D4E1C3BC4655AA403ECDD2878.gr7.eu-west-1.eks.amazonaws.com"
          [32m+[0m[0m "cluster_name"                       = "infraforge-dev"
          [32m+[0m[0m "cluster_version"                    = "1.29"
        }
    }

[1m  # module.eks.module.eks_managed_node_group["general"].aws_eks_node_group.this[0][0m will be created
[0m  [32m+[0m[0m resource "aws_eks_node_group" "this" {
      [32m+[0m[0m ami_type               = (known after apply)
      [32m+[0m[0m arn                    = (known after apply)
      [32m+[0m[0m capacity_type          = "SPOT"
      [32m+[0m[0m cluster_name           = "infraforge-dev"
      [32m+[0m[0m disk_size              = (known after apply)
      [32m+[0m[0m id                     = (known after apply)
      [32m+[0m[0m instance_types         = [
          [32m+[0m[0m "t3.medium",
        ]
      [32m+[0m[0m labels                 = {
          [32m+[0m[0m "node-type" = "general"
          [32m+[0m[0m "workload"  = "general"
        }
      [32m+[0m[0m node_group_name        = (known after apply)
      [32m+[0m[0m node_group_name_prefix = "infraforge-dev-general-"
      [32m+[0m[0m node_role_arn          = (known after apply)
      [32m+[0m[0m release_version        = (known after apply)
      [32m+[0m[0m resources              = (known after apply)
      [32m+[0m[0m status                 = (known after apply)
      [32m+[0m[0m subnet_ids             = [
          [32m+[0m[0m "subnet-0336cce74954ce09e",
          [32m+[0m[0m "subnet-0393bdbb3484ae441",
          [32m+[0m[0m "subnet-05ca8068a70d84652",
        ]
      [32m+[0m[0m tags                   = {
          [32m+[0m[0m "Cluster"     = "infraforge-dev"
          [32m+[0m[0m "Environment" = "dev"
          [32m+[0m[0m "Name"        = "infraforge-dev-general"
          [32m+[0m[0m "Tenant"      = "platform"
        }
      [32m+[0m[0m tags_all               = {
          [32m+[0m[0m "Cluster"     = "infraforge-dev"
          [32m+[0m[0m "Environment" = "dev"
          [32m+[0m[0m "ManagedBy"   = "OpenTofu"
          [32m+[0m[0m "Name"        = "infraforge-dev-general"
          [32m+[0m[0m "Owner"       = "gokhan@infraforge.io"
          [32m+[0m[0m "Platform"    = "InfraForge"
          [32m+[0m[0m "Tenant"      = "platform"
        }
      [32m+[0m[0m version                = "1.29"

      [32m+[0m[0m launch_template {
          [32m+[0m[0m id      = (known after apply)
          [32m+[0m[0m name    = (known after apply)
          [32m+[0m[0m version = (known after apply)
        }

      [32m+[0m[0m node_repair_config (known after apply)

      [32m+[0m[0m scaling_config {
          [32m+[0m[0m desired_size = 2
          [32m+[0m[0m max_size     = 5
          [32m+[0m[0m min_size     = 2
        }

      [32m+[0m[0m timeouts {}

      [32m+[0m[0m update_config {
          [32m+[0m[0m max_unavailable_percentage = 33
        }
    }

[1m  # module.eks.module.eks_managed_node_group["general"].aws_iam_role.this[0][0m will be created
[0m  [32m+[0m[0m resource "aws_iam_role" "this" {
      [32m+[0m[0m arn                   = (known after apply)
      [32m+[0m[0m assume_role_policy    = jsonencode(
            {
              [32m+[0m[0m Statement = [
                  [32m+[0m[0m {
                      [32m+[0m[0m Action    = "sts:AssumeRole"
                      [32m+[0m[0m Effect    = "Allow"
                      [32m+[0m[0m Principal = {
                          [32m+[0m[0m Service = "ec2.amazonaws.com"
                        }
                      [32m+[0m[0m Sid       = "EKSNodeAssumeRole"
                    },
                ]
              [32m+[0m[0m Version   = "2012-10-17"
            }
        )
      [32m+[0m[0m create_date           = (known after apply)
      [32m+[0m[0m description           = "EKS managed node group IAM role"
      [32m+[0m[0m force_detach_policies = true
      [32m+[0m[0m id                    = (known after apply)
      [32m+[0m[0m managed_policy_arns   = (known after apply)
      [32m+[0m[0m max_session_duration  = 3600
      [32m+[0m[0m name                  = (known after apply)
      [32m+[0m[0m name_prefix           = "infraforge-dev-general-eks-node-group-"
      [32m+[0m[0m path                  = "/"
      [32m+[0m[0m tags                  = {
          [32m+[0m[0m "Cluster"     = "infraforge-dev"
          [32m+[0m[0m "Environment" = "dev"
          [32m+[0m[0m "Tenant"      = "platform"
        }
      [32m+[0m[0m tags_all              = {
          [32m+[0m[0m "Cluster"     = "infraforge-dev"
          [32m+[0m[0m "Environment" = "dev"
          [32m+[0m[0m "ManagedBy"   = "OpenTofu"
          [32m+[0m[0m "Owner"       = "gokhan@infraforge.io"
          [32m+[0m[0m "Platform"    = "InfraForge"
          [32m+[0m[0m "Tenant"      = "platform"
        }
      [32m+[0m[0m unique_id             = (known after apply)

      [32m+[0m[0m inline_policy (known after apply)
    }

[1m  # module.eks.module.eks_managed_node_group["general"].aws_iam_role_policy_attachment.this["arn:aws:iam::aws:policy/AmazonEC2ContainerRegistryReadOnly"][0m will be created
[0m  [32m+[0m[0m resource "aws_iam_role_policy_attachment" "this" {
      [32m+[0m[0m id         = (known after apply)
      [32m+[0m[0m policy_arn = "arn:aws:iam::aws:policy/AmazonEC2ContainerRegistryReadOnly"
      [32m+[0m[0m role       = (known after apply)
    }

[1m  # module.eks.module.eks_managed_node_group["general"].aws_iam_role_policy_attachment.this["arn:aws:iam::aws:policy/AmazonEKSWorkerNodePolicy"][0m will be created
[0m  [32m+[0m[0m resource "aws_iam_role_policy_attachment" "this" {
      [32m+[0m[0m id         = (known after apply)
      [32m+[0m[0m policy_arn = "arn:aws:iam::aws:policy/AmazonEKSWorkerNodePolicy"
      [32m+[0m[0m role       = (known after apply)
    }

[1m  # module.eks.module.eks_managed_node_group["general"].aws_iam_role_policy_attachment.this["arn:aws:iam::aws:policy/AmazonEKS_CNI_Policy"][0m will be created
[0m  [32m+[0m[0m resource "aws_iam_role_policy_attachment" "this" {
      [32m+[0m[0m id         = (known after apply)
      [32m+[0m[0m policy_arn = "arn:aws:iam::aws:policy/AmazonEKS_CNI_Policy"
      [32m+[0m[0m role       = (known after apply)
    }

[1m  # module.eks.module.eks_managed_node_group["general"].aws_launch_template.this[0][0m will be created
[0m  [32m+[0m[0m resource "aws_launch_template" "this" {
      [32m+[0m[0m arn                    = (known after apply)
      [32m+[0m[0m default_version        = (known after apply)
      [32m+[0m[0m description            = "Custom launch template for infraforge-dev-general EKS managed node group"
      [32m+[0m[0m id                     = (known after apply)
      [32m+[0m[0m latest_version         = (known after apply)
      [32m+[0m[0m name                   = (known after apply)
      [32m+[0m[0m name_prefix            = "general-"
      [32m+[0m[0m tags                   = {
          [32m+[0m[0m "Cluster"     = "infraforge-dev"
          [32m+[0m[0m "Environment" = "dev"
          [32m+[0m[0m "Tenant"      = "platform"
        }
      [32m+[0m[0m tags_all               = {
          [32m+[0m[0m "Cluster"     = "infraforge-dev"
          [32m+[0m[0m "Environment" = "dev"
          [32m+[0m[0m "ManagedBy"   = "OpenTofu"
          [32m+[0m[0m "Owner"       = "gokhan@infraforge.io"
          [32m+[0m[0m "Platform"    = "InfraForge"
          [32m+[0m[0m "Tenant"      = "platform"
        }
      [32m+[0m[0m update_default_version = true
      [32m+[0m[0m user_data              = "Q29udGVudC1UeXBlOiBtdWx0aXBhcnQvbWl4ZWQ7IGJvdW5kYXJ5PSIvLyIKTUlNRS1WZXJzaW9uOiAxLjANCg0KLS0vLw0KQ29udGVudC1UcmFuc2Zlci1FbmNvZGluZzogN2JpdA0KQ29udGVudC1UeXBlOiB0ZXh0L3gtc2hlbGxzY3JpcHQNCk1pbWUtVmVyc2lvbjogMS4wDQoNCiMhL2Jpbi9iYXNoCiMgT3B0aW1pemUgRUJTIHBlcmZvcm1hbmNlCmVjaG8gInZtLmRpcnR5X3JhdGlvID0gNSIgPj4gL2V0Yy9zeXNjdGwuY29uZgplY2hvICJ2bS5kaXJ0eV9iYWNrZ3JvdW5kX3JhdGlvID0gMSIgPj4gL2V0Yy9zeXNjdGwuY29uZgpzeXNjdGwgLXAKDQotLS8vLS0NCg=="
      [32m+[0m[0m vpc_security_group_ids = [
          [32m+[0m[0m "sg-0ddb0e3e1200a8e90",
        ]

      [32m+[0m[0m metadata_options {
          [32m+[0m[0m http_endpoint               = "enabled"
          [32m+[0m[0m http_protocol_ipv6          = (known after apply)
          [32m+[0m[0m http_put_response_hop_limit = 2
          [32m+[0m[0m http_tokens                 = "required"
          [32m+[0m[0m instance_metadata_tags      = (known after apply)
        }

      [32m+[0m[0m monitoring {
          [32m+[0m[0m enabled = true
        }

      [32m+[0m[0m tag_specifications {
          [32m+[0m[0m resource_type = "instance"
          [32m+[0m[0m tags          = {
              [32m+[0m[0m "Cluster"     = "infraforge-dev"
              [32m+[0m[0m "Environment" = "dev"
              [32m+[0m[0m "Name"        = "infraforge-dev-general"
              [32m+[0m[0m "Tenant"      = "platform"
            }
        }
      [32m+[0m[0m tag_specifications {
          [32m+[0m[0m resource_type = "network-interface"
          [32m+[0m[0m tags          = {
              [32m+[0m[0m "Cluster"     = "infraforge-dev"
              [32m+[0m[0m "Environment" = "dev"
              [32m+[0m[0m "Name"        = "infraforge-dev-general"
              [32m+[0m[0m "Tenant"      = "platform"
            }
        }
      [32m+[0m[0m tag_specifications {
          [32m+[0m[0m resource_type = "volume"
          [32m+[0m[0m tags          = {
              [32m+[0m[0m "Cluster"     = "infraforge-dev"
              [32m+[0m[0m "Environment" = "dev"
              [32m+[0m[0m "Name"        = "infraforge-dev-general"
              [32m+[0m[0m "Tenant"      = "platform"
            }
        }
    }

[1m  # module.eks.module.eks_managed_node_group["system"].aws_eks_node_group.this[0][0m will be created
[0m  [32m+[0m[0m resource "aws_eks_node_group" "this" {
      [32m+[0m[0m ami_type               = (known after apply)
      [32m+[0m[0m arn                    = (known after apply)
      [32m+[0m[0m capacity_type          = "ON_DEMAND"
      [32m+[0m[0m cluster_name           = "infraforge-dev"
      [32m+[0m[0m disk_size              = (known after apply)
      [32m+[0m[0m id                     = (known after apply)
      [32m+[0m[0m instance_types         = [
          [32m+[0m[0m "t3.medium",
        ]
      [32m+[0m[0m labels                 = {
          [32m+[0m[0m "node-type" = "system"
          [32m+[0m[0m "workload"  = "core-services"
        }
      [32m+[0m[0m node_group_name        = (known after apply)
      [32m+[0m[0m node_group_name_prefix = "infraforge-dev-system-"
      [32m+[0m[0m node_role_arn          = (known after apply)
      [32m+[0m[0m release_version        = (known after apply)
      [32m+[0m[0m resources              = (known after apply)
      [32m+[0m[0m status                 = (known after apply)
      [32m+[0m[0m subnet_ids             = [
          [32m+[0m[0m "subnet-0336cce74954ce09e",
          [32m+[0m[0m "subnet-0393bdbb3484ae441",
          [32m+[0m[0m "subnet-05ca8068a70d84652",
        ]
      [32m+[0m[0m tags                   = {
          [32m+[0m[0m "Cluster"     = "infraforge-dev"
          [32m+[0m[0m "Environment" = "dev"
          [32m+[0m[0m "Name"        = "infraforge-dev-system"
          [32m+[0m[0m "Tenant"      = "platform"
        }
      [32m+[0m[0m tags_all               = {
          [32m+[0m[0m "Cluster"     = "infraforge-dev"
          [32m+[0m[0m "Environment" = "dev"
          [32m+[0m[0m "ManagedBy"   = "OpenTofu"
          [32m+[0m[0m "Name"        = "infraforge-dev-system"
          [32m+[0m[0m "Owner"       = "gokhan@infraforge.io"
          [32m+[0m[0m "Platform"    = "InfraForge"
          [32m+[0m[0m "Tenant"      = "platform"
        }
      [32m+[0m[0m version                = "1.29"

      [32m+[0m[0m launch_template {
          [32m+[0m[0m id      = (known after apply)
          [32m+[0m[0m name    = (known after apply)
          [32m+[0m[0m version = (known after apply)
        }

      [32m+[0m[0m node_repair_config (known after apply)

      [32m+[0m[0m scaling_config {
          [32m+[0m[0m desired_size = 2
          [32m+[0m[0m max_size     = 3
          [32m+[0m[0m min_size     = 2
        }

      [32m+[0m[0m taint {
          [32m+[0m[0m effect = "NO_SCHEDULE"
          [32m+[0m[0m key    = "CriticalAddonsOnly"
          [32m+[0m[0m value  = "true"
        }

      [32m+[0m[0m timeouts {}

      [32m+[0m[0m update_config {
          [32m+[0m[0m max_unavailable_percentage = 33
        }
    }

[1m  # module.eks.module.eks_managed_node_group["system"].aws_iam_role.this[0][0m will be created
[0m  [32m+[0m[0m resource "aws_iam_role" "this" {
      [32m+[0m[0m arn                   = (known after apply)
      [32m+[0m[0m assume_role_policy    = jsonencode(
            {
              [32m+[0m[0m Statement = [
                  [32m+[0m[0m {
                      [32m+[0m[0m Action    = "sts:AssumeRole"
                      [32m+[0m[0m Effect    = "Allow"
                      [32m+[0m[0m Principal = {
                          [32m+[0m[0m Service = "ec2.amazonaws.com"
                        }
                      [32m+[0m[0m Sid       = "EKSNodeAssumeRole"
                    },
                ]
              [32m+[0m[0m Version   = "2012-10-17"
            }
        )
      [32m+[0m[0m create_date           = (known after apply)
      [32m+[0m[0m description           = "EKS managed node group IAM role"
      [32m+[0m[0m force_detach_policies = true
      [32m+[0m[0m id                    = (known after apply)
      [32m+[0m[0m managed_policy_arns   = (known after apply)
      [32m+[0m[0m max_session_duration  = 3600
      [32m+[0m[0m name                  = (known after apply)
      [32m+[0m[0m name_prefix           = "infraforge-dev-system-eks-node-group-"
      [32m+[0m[0m path                  = "/"
      [32m+[0m[0m tags                  = {
          [32m+[0m[0m "Cluster"     = "infraforge-dev"
          [32m+[0m[0m "Environment" = "dev"
          [32m+[0m[0m "Tenant"      = "platform"
        }
      [32m+[0m[0m tags_all              = {
          [32m+[0m[0m "Cluster"     = "infraforge-dev"
          [32m+[0m[0m "Environment" = "dev"
          [32m+[0m[0m "ManagedBy"   = "OpenTofu"
          [32m+[0m[0m "Owner"       = "gokhan@infraforge.io"
          [32m+[0m[0m "Platform"    = "InfraForge"
          [32m+[0m[0m "Tenant"      = "platform"
        }
      [32m+[0m[0m unique_id             = (known after apply)

      [32m+[0m[0m inline_policy (known after apply)
    }

[1m  # module.eks.module.eks_managed_node_group["system"].aws_iam_role_policy_attachment.this["arn:aws:iam::aws:policy/AmazonEC2ContainerRegistryReadOnly"][0m will be created
[0m  [32m+[0m[0m resource "aws_iam_role_policy_attachment" "this" {
      [32m+[0m[0m id         = (known after apply)
      [32m+[0m[0m policy_arn = "arn:aws:iam::aws:policy/AmazonEC2ContainerRegistryReadOnly"
      [32m+[0m[0m role       = (known after apply)
    }

[1m  # module.eks.module.eks_managed_node_group["system"].aws_iam_role_policy_attachment.this["arn:aws:iam::aws:policy/AmazonEKSWorkerNodePolicy"][0m will be created
[0m  [32m+[0m[0m resource "aws_iam_role_policy_attachment" "this" {
      [32m+[0m[0m id         = (known after apply)
      [32m+[0m[0m policy_arn = "arn:aws:iam::aws:policy/AmazonEKSWorkerNodePolicy"
      [32m+[0m[0m role       = (known after apply)
    }

[1m  # module.eks.module.eks_managed_node_group["system"].aws_iam_role_policy_attachment.this["arn:aws:iam::aws:policy/AmazonEKS_CNI_Policy"][0m will be created
[0m  [32m+[0m[0m resource "aws_iam_role_policy_attachment" "this" {
      [32m+[0m[0m id         = (known after apply)
      [32m+[0m[0m policy_arn = "arn:aws:iam::aws:policy/AmazonEKS_CNI_Policy"
      [32m+[0m[0m role       = (known after apply)
    }

[1m  # module.eks.module.eks_managed_node_group["system"].aws_launch_template.this[0][0m will be created
[0m  [32m+[0m[0m resource "aws_launch_template" "this" {
      [32m+[0m[0m arn                    = (known after apply)
      [32m+[0m[0m default_version        = (known after apply)
      [32m+[0m[0m description            = "Custom launch template for infraforge-dev-system EKS managed node group"
      [32m+[0m[0m id                     = (known after apply)
      [32m+[0m[0m latest_version         = (known after apply)
      [32m+[0m[0m name                   = (known after apply)
      [32m+[0m[0m name_prefix            = "system-"
      [32m+[0m[0m tags                   = {
          [32m+[0m[0m "Cluster"     = "infraforge-dev"
          [32m+[0m[0m "Environment" = "dev"
          [32m+[0m[0m "Tenant"      = "platform"
        }
      [32m+[0m[0m tags_all               = {
          [32m+[0m[0m "Cluster"     = "infraforge-dev"
          [32m+[0m[0m "Environment" = "dev"
          [32m+[0m[0m "ManagedBy"   = "OpenTofu"
          [32m+[0m[0m "Owner"       = "gokhan@infraforge.io"
          [32m+[0m[0m "Platform"    = "InfraForge"
          [32m+[0m[0m "Tenant"      = "platform"
        }
      [32m+[0m[0m update_default_version = true
      [32m+[0m[0m vpc_security_group_ids = [
          [32m+[0m[0m "sg-0ddb0e3e1200a8e90",
        ]

      [32m+[0m[0m metadata_options {
          [32m+[0m[0m http_endpoint               = "enabled"
          [32m+[0m[0m http_protocol_ipv6          = (known after apply)
          [32m+[0m[0m http_put_response_hop_limit = 2
          [32m+[0m[0m http_tokens                 = "required"
          [32m+[0m[0m instance_metadata_tags      = (known after apply)
        }

      [32m+[0m[0m monitoring {
          [32m+[0m[0m enabled = true
        }

      [32m+[0m[0m tag_specifications {
          [32m+[0m[0m resource_type = "instance"
          [32m+[0m[0m tags          = {
              [32m+[0m[0m "Cluster"     = "infraforge-dev"
              [32m+[0m[0m "Environment" = "dev"
              [32m+[0m[0m "Name"        = "infraforge-dev-system"
              [32m+[0m[0m "Tenant"      = "platform"
            }
        }
      [32m+[0m[0m tag_specifications {
          [32m+[0m[0m resource_type = "network-interface"
          [32m+[0m[0m tags          = {
              [32m+[0m[0m "Cluster"     = "infraforge-dev"
              [32m+[0m[0m "Environment" = "dev"
              [32m+[0m[0m "Name"        = "infraforge-dev-system"
              [32m+[0m[0m "Tenant"      = "platform"
            }
        }
      [32m+[0m[0m tag_specifications {
          [32m+[0m[0m resource_type = "volume"
          [32m+[0m[0m tags          = {
              [32m+[0m[0m "Cluster"     = "infraforge-dev"
              [32m+[0m[0m "Environment" = "dev"
              [32m+[0m[0m "Name"        = "infraforge-dev-system"
              [32m+[0m[0m "Tenant"      = "platform"
            }
        }
    }

[1m  # module.eks.module.fargate_profile["system"].aws_eks_fargate_profile.this[0][0m will be created
[0m  [32m+[0m[0m resource "aws_eks_fargate_profile" "this" {
      [32m+[0m[0m arn                    = (known after apply)
      [32m+[0m[0m cluster_name           = "infraforge-dev"
      [32m+[0m[0m fargate_profile_name   = "system"
      [32m+[0m[0m id                     = (known after apply)
      [32m+[0m[0m pod_execution_role_arn = (known after apply)
      [32m+[0m[0m status                 = (known after apply)
      [32m+[0m[0m subnet_ids             = [
          [32m+[0m[0m "subnet-0336cce74954ce09e",
          [32m+[0m[0m "subnet-0393bdbb3484ae441",
          [32m+[0m[0m "subnet-05ca8068a70d84652",
        ]
      [32m+[0m[0m tags                   = {
          [32m+[0m[0m "Cluster"     = "infraforge-dev"
          [32m+[0m[0m "Environment" = "dev"
          [32m+[0m[0m "Tenant"      = "platform"
        }
      [32m+[0m[0m tags_all               = {
          [32m+[0m[0m "Cluster"     = "infraforge-dev"
          [32m+[0m[0m "Environment" = "dev"
          [32m+[0m[0m "ManagedBy"   = "OpenTofu"
          [32m+[0m[0m "Owner"       = "gokhan@infraforge.io"
          [32m+[0m[0m "Platform"    = "InfraForge"
          [32m+[0m[0m "Tenant"      = "platform"
        }

      [32m+[0m[0m selector {
          [32m+[0m[0m namespace = "cert-manager"
        }
      [32m+[0m[0m selector {
          [32m+[0m[0m namespace = "external-dns"
        }
      [32m+[0m[0m selector {
          [32m+[0m[0m namespace = "velero"
        }

      [32m+[0m[0m timeouts {}
    }

[1m  # module.eks.module.fargate_profile["system"].aws_iam_role.this[0][0m will be created
[0m  [32m+[0m[0m resource "aws_iam_role" "this" {
      [32m+[0m[0m arn                   = (known after apply)
      [32m+[0m[0m assume_role_policy    = jsonencode(
            {
              [32m+[0m[0m Statement = [
                  [32m+[0m[0m {
                      [32m+[0m[0m Action    = "sts:AssumeRole"
                      [32m+[0m[0m Effect    = "Allow"
                      [32m+[0m[0m Principal = {
                          [32m+[0m[0m Service = "eks-fargate-pods.amazonaws.com"
                        }
                    },
                ]
              [32m+[0m[0m Version   = "2012-10-17"
            }
        )
      [32m+[0m[0m create_date           = (known after apply)
      [32m+[0m[0m description           = "Fargate profile IAM role"
      [32m+[0m[0m force_detach_policies = true
      [32m+[0m[0m id                    = (known after apply)
      [32m+[0m[0m managed_policy_arns   = (known after apply)
      [32m+[0m[0m max_session_duration  = 3600
      [32m+[0m[0m name                  = (known after apply)
      [32m+[0m[0m name_prefix           = "system-"
      [32m+[0m[0m path                  = "/"
      [32m+[0m[0m tags                  = {
          [32m+[0m[0m "Cluster"     = "infraforge-dev"
          [32m+[0m[0m "Environment" = "dev"
          [32m+[0m[0m "Tenant"      = "platform"
        }
      [32m+[0m[0m tags_all              = {
          [32m+[0m[0m "Cluster"     = "infraforge-dev"
          [32m+[0m[0m "Environment" = "dev"
          [32m+[0m[0m "ManagedBy"   = "OpenTofu"
          [32m+[0m[0m "Owner"       = "gokhan@infraforge.io"
          [32m+[0m[0m "Platform"    = "InfraForge"
          [32m+[0m[0m "Tenant"      = "platform"
        }
      [32m+[0m[0m unique_id             = (known after apply)

      [32m+[0m[0m inline_policy (known after apply)
    }

[1m  # module.eks.module.fargate_profile["system"].aws_iam_role_policy_attachment.this["arn:aws:iam::aws:policy/AmazonEKSFargatePodExecutionRolePolicy"][0m will be created
[0m  [32m+[0m[0m resource "aws_iam_role_policy_attachment" "this" {
      [32m+[0m[0m id         = (known after apply)
      [32m+[0m[0m policy_arn = "arn:aws:iam::aws:policy/AmazonEKSFargatePodExecutionRolePolicy"
      [32m+[0m[0m role       = (known after apply)
    }

[1m  # module.eks.module.fargate_profile["system"].aws_iam_role_policy_attachment.this["arn:aws:iam::aws:policy/AmazonEKS_CNI_Policy"][0m will be created
[0m  [32m+[0m[0m resource "aws_iam_role_policy_attachment" "this" {
      [32m+[0m[0m id         = (known after apply)
      [32m+[0m[0m policy_arn = "arn:aws:iam::aws:policy/AmazonEKS_CNI_Policy"
      [32m+[0m[0m role       = (known after apply)
    }

[1m  # module.eks.module.kms.aws_kms_alias.this["cluster"][0m will be created
[0m  [32m+[0m[0m resource "aws_kms_alias" "this" {
      [32m+[0m[0m arn            = (known after apply)
      [32m+[0m[0m id             = (known after apply)
      [32m+[0m[0m name           = "alias/eks/infraforge-dev"
      [32m+[0m[0m name_prefix    = (known after apply)
      [32m+[0m[0m target_key_arn = (known after apply)
      [32m+[0m[0m target_key_id  = "3c8f5b40-0689-4787-a62b-1d5254080c08"
    }

[1mPlan:[0m 50 to add, 0 to change, 0 to destroy.
[0m
Changes to Outputs:
  [32m+[0m[0m argocd_admin_password                 = (sensitive value)
  [32m+[0m[0m argocd_url                            = "https://argocd.infraforge.io"
  [32m+[0m[0m aws_load_balancer_controller_role_arn = (known after apply)
  [32m+[0m[0m backstage_db_password                 = (sensitive value)
  [32m+[0m[0m backstage_url                         = "https://backstage.infraforge.io"
  [32m+[0m[0m cluster_autoscaler_role_arn           = (known after apply)
  [32m+[0m[0m cluster_name                          = "infraforge-dev"
  [32m+[0m[0m external_dns_role_arn                 = ""
  [32m+[0m[0m region                                = "eu-west-1"
  [32m+[0m[0m update_kubeconfig_command             = "aws eks update-kubeconfig --name infraforge-dev --region eu-west-1"
[0m[1mrandom_password.backstage_db_password: Creating...[0m[0m
[0m[1mrandom_password.argocd_admin: Creating...[0m[0m
[0m[1mrandom_password.backstage_db_password: Creation complete after 0s [id=none][0m
[0m[1mrandom_password.argocd_admin: Creation complete after 0s [id=none][0m
[0m[1mmodule.ebs_csi_driver_irsa[0].aws_iam_policy.ebs_csi[0]: Creating...[0m[0m
[0m[1maws_vpc_endpoint.s3: Creating...[0m[0m
[0m[1mmodule.aws_load_balancer_controller_irsa[0].aws_iam_policy.load_balancer_controller[0]: Creating...[0m[0m
[0m[1mmodule.eks.module.fargate_profile["system"].aws_iam_role.this[0]: Creating...[0m[0m
[0m[1mmodule.eks.module.kms.aws_kms_alias.this["cluster"]: Creating...[0m[0m
[0m[1mmodule.eks.module.eks_managed_node_group["system"].aws_iam_role.this[0]: Creating...[0m[0m
[0m[1mmodule.eks.module.eks_managed_node_group["general"].aws_iam_role.this[0]: Creating...[0m[0m
[0m[1mmodule.eks.aws_iam_policy.cluster_encryption[0]: Creating...[0m[0m
[0m[1mmodule.eks.aws_ec2_tag.cluster_primary_security_group["Tenant"]: Creating...[0m[0m
[0m[1mmodule.eks.time_sleep.this[0]: Creating...[0m[0m
[0m[1mmodule.eks.module.kms.aws_kms_alias.this["cluster"]: Creation complete after 0s [id=alias/eks/infraforge-dev][0m
[0m[1mmodule.eks.aws_ec2_tag.cluster_primary_security_group["Cluster"]: Creating...[0m[0m
[0m[1mmodule.eks.aws_ec2_tag.cluster_primary_security_group["Tenant"]: Creation complete after 1s [id=sg-0ca62bdfb3cca6057,Tenant][0m
[0m[1mmodule.eks.aws_ec2_tag.cluster_primary_security_group["Environment"]: Creating...[0m[0m
[0m[1mmodule.eks.aws_ec2_tag.cluster_primary_security_group["Cluster"]: Creation complete after 1s [id=sg-0ca62bdfb3cca6057,Cluster][0m
[0m[1mmodule.eks.aws_iam_openid_connect_provider.oidc_provider[0]: Creating...[0m[0m
[0m[1mmodule.aws_load_balancer_controller_irsa[0].aws_iam_policy.load_balancer_controller[0]: Creation complete after 1s [id=arn:aws:iam::715841344657:policy/AmazonEKS_AWS_Load_Balancer_Controller-20251220110520788600000003][0m
[0m[1mkubernetes_cluster_role.backstage: Creating...[0m[0m
[0m[1mmodule.eks.aws_iam_policy.cluster_encryption[0]: Creation complete after 1s [id=arn:aws:iam::715841344657:policy/infraforge-dev-cluster-ClusterEncryption20251220110520813100000006][0m
[0m[1mkubernetes_service_account.backstage: Creating...[0m[0m
[0m[1mmodule.ebs_csi_driver_irsa[0].aws_iam_policy.ebs_csi[0]: Creation complete after 1s [id=arn:aws:iam::715841344657:policy/AmazonEKS_EBS_CSI_Policy-20251220110520786000000001][0m
[0m[1mmodule.cluster_autoscaler_irsa[0].aws_iam_policy.cluster_autoscaler[0]: Creating...[0m[0m
[0m[1mmodule.eks.aws_ec2_tag.cluster_primary_security_group["Environment"]: Creation complete after 0s [id=sg-0ca62bdfb3cca6057,Environment][0m
[0m[1mmodule.eks.aws_iam_role_policy_attachment.cluster_encryption[0]: Creating...[0m[0m
[0m[1mmodule.eks.module.fargate_profile["system"].aws_iam_role.this[0]: Creation complete after 1s [id=system-20251220110520813300000007][0m
[0m[1mmodule.eks.module.fargate_profile["system"].aws_iam_role_policy_attachment.this["arn:aws:iam::aws:policy/AmazonEKSFargatePodExecutionRolePolicy"]: Creating...[0m[0m
[0m[1mmodule.eks.module.eks_managed_node_group["general"].aws_iam_role.this[0]: Creation complete after 1s [id=infraforge-dev-general-eks-node-group-20251220110520813000000005][0m
[0m[1mmodule.eks.module.fargate_profile["system"].aws_iam_role_policy_attachment.this["arn:aws:iam::aws:policy/AmazonEKS_CNI_Policy"]: Creating...[0m[0m
[0m[1mmodule.eks.module.eks_managed_node_group["system"].aws_iam_role.this[0]: Creation complete after 1s [id=infraforge-dev-system-eks-node-group-20251220110520812500000004][0m
[0m[1mmodule.eks.module.eks_managed_node_group["general"].aws_iam_role_policy_attachment.this["arn:aws:iam::aws:policy/AmazonEKS_CNI_Policy"]: Creating...[0m[0m
[0m[1mmodule.eks.aws_iam_openid_connect_provider.oidc_provider[0]: Creation complete after 0s [id=arn:aws:iam::715841344657:oidc-provider/oidc.eks.eu-west-1.amazonaws.com/id/BD9EBB4D4E1C3BC4655AA403ECDD2878][0m
[0m[1mmodule.eks.module.eks_managed_node_group["general"].aws_iam_role_policy_attachment.this["arn:aws:iam::aws:policy/AmazonEKSWorkerNodePolicy"]: Creating...[0m[0m
[0m[1mmodule.eks.aws_iam_role_policy_attachment.cluster_encryption[0]: Creation complete after 0s [id=infraforge-dev-cluster-20251220104000352700000008-20251220110522162000000009][0m
[0m[1mmodule.eks.module.eks_managed_node_group["general"].aws_iam_role_policy_attachment.this["arn:aws:iam::aws:policy/AmazonEC2ContainerRegistryReadOnly"]: Creating...[0m[0m
[0m[1mmodule.eks.module.fargate_profile["system"].aws_iam_role_policy_attachment.this["arn:aws:iam::aws:policy/AmazonEKSFargatePodExecutionRolePolicy"]: Creation complete after 0s [id=system-20251220110520813300000007-2025122011052229630000000a][0m
[0m[1mmodule.eks.module.eks_managed_node_group["system"].aws_iam_role_policy_attachment.this["arn:aws:iam::aws:policy/AmazonEKS_CNI_Policy"]: Creating...[0m[0m
[0m[1mmodule.eks.module.fargate_profile["system"].aws_iam_role_policy_attachment.this["arn:aws:iam::aws:policy/AmazonEKS_CNI_Policy"]: Creation complete after 0s [id=system-20251220110520813300000007-2025122011052230140000000b][0m
[0m[1mmodule.eks.module.eks_managed_node_group["system"].aws_iam_role_policy_attachment.this["arn:aws:iam::aws:policy/AmazonEC2ContainerRegistryReadOnly"]: Creating...[0m[0m
[0m[1mmodule.eks.module.eks_managed_node_group["general"].aws_iam_role_policy_attachment.this["arn:aws:iam::aws:policy/AmazonEKS_CNI_Policy"]: Creation complete after 1s [id=infraforge-dev-general-eks-node-group-20251220110520813000000005-2025122011052232520000000c][0m
[0m[1mmodule.eks.module.eks_managed_node_group["system"].aws_iam_role_policy_attachment.this["arn:aws:iam::aws:policy/AmazonEKSWorkerNodePolicy"]: Creating...[0m[0m
[0m[1mmodule.cluster_autoscaler_irsa[0].aws_iam_policy.cluster_autoscaler[0]: Creation complete after 1s [id=arn:aws:iam::715841344657:policy/AmazonEKS_Cluster_Autoscaler_Policy-20251220110521915600000008][0m
[0m[1mmodule.cluster_autoscaler_irsa[0].data.aws_iam_policy_document.this[0]: Reading...[0m[0m
[0m[1mmodule.cluster_autoscaler_irsa[0].data.aws_iam_policy_document.this[0]: Read complete after 0s [id=1168448490][0m
[0m[1mmodule.ebs_csi_driver_irsa[0].data.aws_iam_policy_document.this[0]: Reading...[0m[0m
[0m[1mmodule.ebs_csi_driver_irsa[0].data.aws_iam_policy_document.this[0]: Read complete after 0s [id=2171107408][0m
[0m[1mmodule.aws_load_balancer_controller_irsa[0].data.aws_iam_policy_document.this[0]: Reading...[0m[0m
[0m[1mmodule.aws_load_balancer_controller_irsa[0].data.aws_iam_policy_document.this[0]: Read complete after 0s [id=2599701451][0m
[0m[1mmodule.cluster_autoscaler_irsa[0].aws_iam_role.this[0]: Creating...[0m[0m
[0m[1mmodule.eks.module.eks_managed_node_group["general"].aws_iam_role_policy_attachment.this["arn:aws:iam::aws:policy/AmazonEKSWorkerNodePolicy"]: Creation complete after 1s [id=infraforge-dev-general-eks-node-group-20251220110520813000000005-2025122011052252050000000d][0m
[0m[1mmodule.ebs_csi_driver_irsa[0].aws_iam_role.this[0]: Creating...[0m[0m
[0m[1mmodule.eks.module.eks_managed_node_group["general"].aws_iam_role_policy_attachment.this["arn:aws:iam::aws:policy/AmazonEC2ContainerRegistryReadOnly"]: Creation complete after 1s [id=infraforge-dev-general-eks-node-group-20251220110520813000000005-2025122011052256890000000e][0m
[0m[1mmodule.aws_load_balancer_controller_irsa[0].aws_iam_role.this[0]: Creating...[0m[0m
[0m[1mmodule.eks.module.eks_managed_node_group["system"].aws_iam_role_policy_attachment.this["arn:aws:iam::aws:policy/AmazonEC2ContainerRegistryReadOnly"]: Creation complete after 1s [id=infraforge-dev-system-eks-node-group-20251220110520812500000004-20251220110522704900000010][0m
[0m[1mkubernetes_cluster_role.backstage: Creation complete after 1s [id=backstage-reader][0m
[0m[1mmodule.eks.module.eks_managed_node_group["system"].aws_iam_role_policy_attachment.this["arn:aws:iam::aws:policy/AmazonEKSWorkerNodePolicy"]: Creation complete after 0s [id=infraforge-dev-system-eks-node-group-20251220110520812500000004-20251220110522747200000011][0m
[0m[1mmodule.eks.module.eks_managed_node_group["system"].aws_iam_role_policy_attachment.this["arn:aws:iam::aws:policy/AmazonEKS_CNI_Policy"]: Creation complete after 1s [id=infraforge-dev-system-eks-node-group-20251220110520812500000004-2025122011052269680000000f][0m
[0m[1mmodule.cluster_autoscaler_irsa[0].aws_iam_role.this[0]: Creation complete after 0s [id=infraforge-dev-cluster-autoscaler][0m
[0m[1mmodule.cluster_autoscaler_irsa[0].aws_iam_role_policy_attachment.cluster_autoscaler[0]: Creating...[0m[0m
[0m[1mmodule.ebs_csi_driver_irsa[0].aws_iam_role.this[0]: Creation complete after 1s [id=infraforge-dev-ebs-csi-driver][0m
[0m[1mmodule.ebs_csi_driver_irsa[0].aws_iam_role_policy_attachment.ebs_csi[0]: Creating...[0m[0m
[0m[1mmodule.aws_load_balancer_controller_irsa[0].aws_iam_role.this[0]: Creation complete after 1s [id=infraforge-dev-aws-load-balancer-controller][0m
[0m[1mmodule.aws_load_balancer_controller_irsa[0].aws_iam_role_policy_attachment.load_balancer_controller[0]: Creating...[0m[0m
[0m[1mmodule.cluster_autoscaler_irsa[0].aws_iam_role_policy_attachment.cluster_autoscaler[0]: Creation complete after 1s [id=infraforge-dev-cluster-autoscaler-20251220110523672100000012][0m
[0m[1mmodule.ebs_csi_driver_irsa[0].aws_iam_role_policy_attachment.ebs_csi[0]: Creation complete after 0s [id=infraforge-dev-ebs-csi-driver-20251220110523760600000013][0m
[0m[1mmodule.aws_load_balancer_controller_irsa[0].aws_iam_role_policy_attachment.load_balancer_controller[0]: Creation complete after 0s [id=infraforge-dev-aws-load-balancer-controller-20251220110523808600000014][0m
[0m[1maws_vpc_endpoint.s3: Creation complete after 6s [id=vpce-0a52123027141b3ee][0m
[0m[1mmodule.eks.time_sleep.this[0]: Still creating... [10s elapsed][0m[0m
[0m[1mmodule.eks.time_sleep.this[0]: Still creating... [20s elapsed][0m[0m
[0m[1mmodule.eks.time_sleep.this[0]: Still creating... [30s elapsed][0m[0m
[0m[1mmodule.eks.time_sleep.this[0]: Creation complete after 30s [id=2025-12-20T11:05:50Z][0m
[0m[1mmodule.eks.module.fargate_profile["system"].aws_eks_fargate_profile.this[0]: Creating...[0m[0m
[0m[1mmodule.eks.module.eks_managed_node_group["system"].aws_launch_template.this[0]: Creating...[0m[0m
[0m[1mmodule.eks.module.eks_managed_node_group["general"].aws_launch_template.this[0]: Creating...[0m[0m
[0m[1mmodule.eks.module.eks_managed_node_group["general"].aws_launch_template.this[0]: Creation complete after 6s [id=lt-080d28959442c9139][0m
[0m[1mmodule.eks.module.eks_managed_node_group["system"].aws_launch_template.this[0]: Creation complete after 6s [id=lt-0e0694e7b5e269551][0m
[0m[1mmodule.eks.module.eks_managed_node_group["general"].aws_eks_node_group.this[0]: Creating...[0m[0m
[0m[1mmodule.eks.module.eks_managed_node_group["system"].aws_eks_node_group.this[0]: Creating...[0m[0m
[0m[1mmodule.eks.module.fargate_profile["system"].aws_eks_fargate_profile.this[0]: Still creating... [10s elapsed][0m[0m
[0m[1mmodule.eks.module.eks_managed_node_group["general"].aws_eks_node_group.this[0]: Still creating... [10s elapsed][0m[0m
[0m[1mmodule.eks.module.eks_managed_node_group["system"].aws_eks_node_group.this[0]: Still creating... [10s elapsed][0m[0m
[0m[1mmodule.eks.module.fargate_profile["system"].aws_eks_fargate_profile.this[0]: Still creating... [20s elapsed][0m[0m
[0m[1mmodule.eks.module.eks_managed_node_group["system"].aws_eks_node_group.this[0]: Still creating... [20s elapsed][0m[0m
[0m[1mmodule.eks.module.eks_managed_node_group["general"].aws_eks_node_group.this[0]: Still creating... [20s elapsed][0m[0m
[0m[1mmodule.eks.module.fargate_profile["system"].aws_eks_fargate_profile.this[0]: Still creating... [30s elapsed][0m[0m
[0m[1mmodule.eks.module.eks_managed_node_group["system"].aws_eks_node_group.this[0]: Still creating... [30s elapsed][0m[0m
[0m[1mmodule.eks.module.eks_managed_node_group["general"].aws_eks_node_group.this[0]: Still creating... [30s elapsed][0m[0m
[0m[1mmodule.eks.module.fargate_profile["system"].aws_eks_fargate_profile.this[0]: Still creating... [40s elapsed][0m[0m
[0m[1mmodule.eks.module.eks_managed_node_group["system"].aws_eks_node_group.this[0]: Still creating... [40s elapsed][0m[0m
[0m[1mmodule.eks.module.eks_managed_node_group["general"].aws_eks_node_group.this[0]: Still creating... [40s elapsed][0m[0m
[0m[1mmodule.eks.module.fargate_profile["system"].aws_eks_fargate_profile.this[0]: Still creating... [50s elapsed][0m[0m
[0m[1mmodule.eks.module.eks_managed_node_group["general"].aws_eks_node_group.this[0]: Still creating... [50s elapsed][0m[0m
[0m[1mmodule.eks.module.eks_managed_node_group["system"].aws_eks_node_group.this[0]: Still creating... [50s elapsed][0m[0m
[0m[1mmodule.eks.module.fargate_profile["system"].aws_eks_fargate_profile.this[0]: Still creating... [1m0s elapsed][0m[0m
[0m[1mmodule.eks.module.eks_managed_node_group["general"].aws_eks_node_group.this[0]: Still creating... [1m0s elapsed][0m[0m
[0m[1mmodule.eks.module.eks_managed_node_group["system"].aws_eks_node_group.this[0]: Still creating... [1m0s elapsed][0m[0m
[0m[1mmodule.eks.module.fargate_profile["system"].aws_eks_fargate_profile.this[0]: Still creating... [1m10s elapsed][0m[0m
[0m[1mmodule.eks.module.eks_managed_node_group["system"].aws_eks_node_group.this[0]: Still creating... [1m10s elapsed][0m[0m
[0m[1mmodule.eks.module.eks_managed_node_group["general"].aws_eks_node_group.this[0]: Still creating... [1m10s elapsed][0m[0m
[0m[1mmodule.eks.module.fargate_profile["system"].aws_eks_fargate_profile.this[0]: Creation complete after 1m18s [id=infraforge-dev:system][0m
[0m[1mmodule.eks.module.eks_managed_node_group["system"].aws_eks_node_group.this[0]: Still creating... [1m20s elapsed][0m[0m
[0m[1mmodule.eks.module.eks_managed_node_group["general"].aws_eks_node_group.this[0]: Still creating... [1m20s elapsed][0m[0m
[0m[1mmodule.eks.module.eks_managed_node_group["general"].aws_eks_node_group.this[0]: Still creating... [1m30s elapsed][0m[0m
[0m[1mmodule.eks.module.eks_managed_node_group["system"].aws_eks_node_group.this[0]: Still creating... [1m30s elapsed][0m[0m
[0m[1mmodule.eks.module.eks_managed_node_group["system"].aws_eks_node_group.this[0]: Still creating... [1m40s elapsed][0m[0m
[0m[1mmodule.eks.module.eks_managed_node_group["general"].aws_eks_node_group.this[0]: Still creating... [1m40s elapsed][0m[0m
[0m[1mmodule.eks.module.eks_managed_node_group["system"].aws_eks_node_group.this[0]: Creation complete after 1m48s [id=infraforge-dev:infraforge-dev-system-2025122011055689320000001c][0m
[0m[1mmodule.eks.module.eks_managed_node_group["general"].aws_eks_node_group.this[0]: Creation complete after 1m49s [id=infraforge-dev:infraforge-dev-general-2025122011055689320000001a][0m
[0m[1mmodule.eks.kubernetes_config_map_v1_data.aws_auth[0]: Creating...[0m[0m
[0m[1mmodule.eks.aws_eks_addon.this["vpc-cni"]: Creating...[0m[0m
[0m[1mmodule.eks.aws_eks_addon.this["coredns"]: Creating...[0m[0m
[0m[1mmodule.eks.aws_eks_addon.this["kube-proxy"]: Creating...[0m[0m
[0m[1mmodule.eks.aws_eks_addon.this["aws-ebs-csi-driver"]: Creating...[0m[0m
[0m[1mmodule.eks.kubernetes_config_map_v1_data.aws_auth[0]: Creation complete after 1s [id=kube-system/aws-auth][0m
[0m[1mmodule.eks.aws_eks_addon.this["coredns"]: Still creating... [10s elapsed][0m[0m
[0m[1mmodule.eks.aws_eks_addon.this["kube-proxy"]: Still creating... [10s elapsed][0m[0m
[0m[1mmodule.eks.aws_eks_addon.this["vpc-cni"]: Still creating... [10s elapsed][0m[0m
[0m[1mmodule.eks.aws_eks_addon.this["aws-ebs-csi-driver"]: Still creating... [10s elapsed][0m[0m
[0m[1mmodule.eks.aws_eks_addon.this["coredns"]: Creation complete after 15s [id=infraforge-dev:coredns][0m
[0m[1mmodule.eks.aws_eks_addon.this["aws-ebs-csi-driver"]: Still creating... [20s elapsed][0m[0m
[0m[1mmodule.eks.aws_eks_addon.this["vpc-cni"]: Still creating... [20s elapsed][0m[0m
[0m[1mmodule.eks.aws_eks_addon.this["kube-proxy"]: Still creating... [20s elapsed][0m[0m
[0m[1mmodule.eks.aws_eks_addon.this["aws-ebs-csi-driver"]: Still creating... [30s elapsed][0m[0m
[0m[1mmodule.eks.aws_eks_addon.this["kube-proxy"]: Still creating... [30s elapsed][0m[0m
[0m[1mmodule.eks.aws_eks_addon.this["vpc-cni"]: Still creating... [30s elapsed][0m[0m
[0m[1mmodule.eks.aws_eks_addon.this["kube-proxy"]: Creation complete after 35s [id=infraforge-dev:kube-proxy][0m
[0m[1mmodule.eks.aws_eks_addon.this["aws-ebs-csi-driver"]: Creation complete after 35s [id=infraforge-dev:aws-ebs-csi-driver][0m
[0m[1mmodule.eks.aws_eks_addon.this["vpc-cni"]: Still creating... [40s elapsed][0m[0m
[0m[1mmodule.eks.aws_eks_addon.this["vpc-cni"]: Still creating... [50s elapsed][0m[0m
[0m[1mmodule.eks.aws_eks_addon.this["vpc-cni"]: Creation complete after 56s [id=infraforge-dev:vpc-cni][0m
[0m[1mnull_resource.configure_ebs_csi[0]: Creating...[0m[0m
[0m[1mnull_resource.configure_ebs_csi[0]: Provisioning with 'local-exec'...[0m[0m
[0m[1mnull_resource.configure_ebs_csi[0] (local-exec):[0m [0mExecuting: ["/bin/sh" "-c" "aws eks update-kubeconfig --name infraforge-dev --region eu-west-1\n\n# Wait for EBS CSI driver to be ready\nkubectl wait --for=condition=Ready pods -l app=ebs-csi-controller -n kube-system --timeout=300s || true\n\n# Create default storage class if it doesn't exist\nkubectl apply -f - <<EOF\napiVersion: storage.k8s.io/v1\nkind: StorageClass\nmetadata:\n  name: gp3\n  annotations:\n    storageclass.kubernetes.io/is-default-class: \"true\"\nprovisioner: ebs.csi.aws.com\nparameters:\n  type: gp3\n  fsType: ext4\n  encrypted: \"true\"\nvolumeBindingMode: WaitForFirstConsumer\nallowVolumeExpansion: true\nreclaimPolicy: Delete\nEOF\n"]
[0m[1mnull_resource.configure_ebs_csi[0] (local-exec):[0m [0mUpdated context arn:aws:eks:eu-west-1:715841344657:cluster/infraforge-dev in /Users/gaskin/.kube/config
[0m[1mnull_resource.configure_ebs_csi[0] (local-exec):[0m [0mpod/ebs-csi-controller-847bf75fb9-6l889 condition met
[0m[1mnull_resource.configure_ebs_csi[0] (local-exec):[0m [0mpod/ebs-csi-controller-847bf75fb9-vbphq condition met
[0m[1mhelm_release.argocd: Creating...[0m[0m
[0m[1mnull_resource.configure_ebs_csi[0] (local-exec):[0m [0mstorageclass.storage.k8s.io/gp3 created
[0m[1mnull_resource.configure_ebs_csi[0]: Creation complete after 3s [id=7129482098605156286][0m
[0m[1mhelm_release.argocd: Still creating... [10s elapsed][0m[0m
[0m[1mhelm_release.postgresql_backstage: Creating...[0m[0m
[0m[1mhelm_release.argocd: Still creating... [20s elapsed][0m[0m
[0m[1mhelm_release.postgresql_backstage: Still creating... [10s elapsed][0m[0m
[0m[1mhelm_release.argocd: Still creating... [30s elapsed][0m[0m
[0m[1mhelm_release.postgresql_backstage: Still creating... [20s elapsed][0m[0m
[0m[1mhelm_release.argocd: Still creating... [40s elapsed][0m[0m
[0m[1mhelm_release.postgresql_backstage: Still creating... [30s elapsed][0m[0m
[0m[1mhelm_release.argocd: Still creating... [50s elapsed][0m[0m
[0m[1mhelm_release.postgresql_backstage: Still creating... [40s elapsed][0m[0m
[0m[1mhelm_release.argocd: Still creating... [1m0s elapsed][0m[0m
[0m[1mhelm_release.postgresql_backstage: Still creating... [50s elapsed][0m[0m
[0m[1mhelm_release.argocd: Creation complete after 1m9s [id=argocd][0m
[0m[1mkubectl_manifest.argocd_app_of_apps: Creating...[0m[0m
[0m[1mkubernetes_secret.argocd_admin_password: Creating...[0m[0m
[0m[1mhelm_release.postgresql_backstage: Still creating... [1m0s elapsed][0m[0m
[0m[1mkubectl_manifest.argocd_app_of_apps: Creation complete after 1s [id=/apis/argoproj.io/v1alpha1/namespaces/argocd/applications/app-of-apps][0m
[0m[1mhelm_release.postgresql_backstage: Still creating... [1m10s elapsed][0m[0m
[0m[1mhelm_release.postgresql_backstage: Still creating... [1m20s elapsed][0m[0m
[0m[1mhelm_release.postgresql_backstage: Still creating... [1m30s elapsed][0m[0m
[0m[1mhelm_release.postgresql_backstage: Still creating... [1m40s elapsed][0m[0m
[0m[1mhelm_release.postgresql_backstage: Still creating... [1m50s elapsed][0m[0m
[0m[1mhelm_release.postgresql_backstage: Still creating... [2m0s elapsed][0m[0m
[0m[1mhelm_release.postgresql_backstage: Still creating... [2m10s elapsed][0m[0m
[0m[1mhelm_release.postgresql_backstage: Still creating... [2m20s elapsed][0m[0m
[0m[1mhelm_release.postgresql_backstage: Still creating... [2m30s elapsed][0m[0m
[0m[1mhelm_release.postgresql_backstage: Still creating... [2m40s elapsed][0m[0m
[0m[1mhelm_release.postgresql_backstage: Still creating... [2m50s elapsed][0m[0m
[0m[1mhelm_release.postgresql_backstage: Still creating... [3m0s elapsed][0m[0m
[0m[1mhelm_release.postgresql_backstage: Still creating... [3m10s elapsed][0m[0m
[0m[1mhelm_release.postgresql_backstage: Still creating... [3m20s elapsed][0m[0m
[0m[1mhelm_release.postgresql_backstage: Still creating... [3m30s elapsed][0m[0m
[0m[1mhelm_release.postgresql_backstage: Still creating... [3m40s elapsed][0m[0m
[0m[1mhelm_release.postgresql_backstage: Still creating... [3m50s elapsed][0m[0m
[0m[1mhelm_release.postgresql_backstage: Still creating... [4m0s elapsed][0m[0m
[0m[1mhelm_release.postgresql_backstage: Still creating... [4m10s elapsed][0m[0m
[0m[1mhelm_release.postgresql_backstage: Still creating... [4m20s elapsed][0m[0m
[0m[1mhelm_release.postgresql_backstage: Still creating... [4m30s elapsed][0m[0m
[0m[1mhelm_release.postgresql_backstage: Still creating... [4m40s elapsed][0m[0m
[0m[1mhelm_release.postgresql_backstage: Still creating... [4m50s elapsed][0m[0m
[0m[1mhelm_release.postgresql_backstage: Still creating... [5m0s elapsed][0m[0m
[0m[1mhelm_release.postgresql_backstage: Still creating... [5m10s elapsed][0m[0m
[33m╷[0m[0m
[33m│[0m [0m[1m[33mWarning: [0m[0m[1mValue for undeclared variable[0m
[33m│[0m [0m
[33m│[0m [0m[0mThe root module does not declare a variable named "enable_monitoring" but a
[33m│[0m [0mvalue was found in file "terraform.tfvars". If you meant to use this value,
[33m│[0m [0madd a "variable" block to the configuration.
[33m│[0m [0m
[33m│[0m [0mTo silence these warnings, use TF_VAR_... environment variables to provide
[33m│[0m [0mcertain "global" settings to all configurations in your organization. To
[33m│[0m [0mreduce the verbosity of these warnings, use the -compact-warnings option.
[33m╵[0m[0m
[33m╷[0m[0m
[33m│[0m [0m[1m[33mWarning: [0m[0m[1mValue for undeclared variable[0m
[33m│[0m [0m
[33m│[0m [0m[0mThe root module does not declare a variable named "monitoring_config" but a
[33m│[0m [0mvalue was found in file "terraform.tfvars". If you meant to use this value,
[33m│[0m [0madd a "variable" block to the configuration.
[33m│[0m [0m
[33m│[0m [0mTo silence these warnings, use TF_VAR_... environment variables to provide
[33m│[0m [0mcertain "global" settings to all configurations in your organization. To
[33m│[0m [0mreduce the verbosity of these warnings, use the -compact-warnings option.
[33m╵[0m[0m
[33m╷[0m[0m
[33m│[0m [0m[1m[33mWarning: [0m[0m[1mHelm release "" was created but has a failed status. Use the `helm` command to investigate the error, correct it, then run Terraform again.[0m
[33m│[0m [0m
[33m│[0m [0m[0m  with helm_release.postgresql_backstage,
[33m│[0m [0m  on backstage.tf line 4, in resource "helm_release" "postgresql_backstage":
[33m│[0m [0m   4: resource "helm_release" "postgresql_backstage" [4m{[0m[0m
[33m│[0m [0m
[33m╵[0m[0m
[33m╷[0m[0m
[33m│[0m [0m[1m[33mWarning: [0m[0m[1mDeprecated attribute[0m
[33m│[0m [0m
[33m│[0m [0m[0m  on backstage.tf line 227, in data "kubernetes_secret" "backstage_sa_token":
[33m│[0m [0m 227:     name      = kubernetes_service_account.backstage[4m.default_secret_name[0m[0m
[33m│[0m [0m
[33m│[0m [0mThe attribute "default_secret_name" is deprecated. Refer to the provider
[33m│[0m [0mdocumentation for details.
[33m│[0m [0m
[33m│[0m [0m(and one more similar warning elsewhere)
[33m╵[0m[0m
[33m╷[0m[0m
[33m│[0m [0m[1m[33mWarning: [0m[0m[1mArgument is deprecated[0m
[33m│[0m [0m
[33m│[0m [0m[0m  with module.eks.aws_iam_role.this[0],
[33m│[0m [0m  on .terraform/modules/eks/main.tf line 293, in resource "aws_iam_role" "this":
[33m│[0m [0m 293: resource "aws_iam_role" "this" [4m{[0m[0m
[33m│[0m [0m
[33m│[0m [0minline_policy is deprecated. Use the aws_iam_role_policy resource instead.
[33m│[0m [0mIf Terraform should exclusively manage all inline policy associations (the
[33m│[0m [0mcurrent behavior of this argument), use the aws_iam_role_policies_exclusive
[33m│[0m [0mresource as well.
[33m│[0m [0m
[33m│[0m [0m(and 8 more similar warnings elsewhere)
[33m╵[0m[0m
[31m╷[0m[0m
[31m│[0m [0m[1m[31mError: [0m[0m[1msecrets "argocd-initial-admin-secret" already exists[0m
[31m│[0m [0m
[31m│[0m [0m[0m  with kubernetes_secret.argocd_admin_password,
[31m│[0m [0m  on argocd.tf line 84, in resource "kubernetes_secret" "argocd_admin_password":
[31m│[0m [0m  84: resource "kubernetes_secret" "argocd_admin_password" [4m{[0m[0m
[31m│[0m [0m
[31m╵[0m[0m
[31m╷[0m[0m
[31m│[0m [0m[1m[31mError: [0m[0m[1mcontext deadline exceeded[0m
[31m│[0m [0m
[31m│[0m [0m[0m  with helm_release.postgresql_backstage,
[31m│[0m [0m  on backstage.tf line 4, in resource "helm_release" "postgresql_backstage":
[31m│[0m [0m   4: resource "helm_release" "postgresql_backstage" [4m{[0m[0m
[31m│[0m [0m
[31m╵[0m[0m
[31m╷[0m[0m
[31m│[0m [0m[1m[31mError: [0m[0m[1mnamespaces "backstage" not found[0m
[31m│[0m [0m
[31m│[0m [0m[0m  with kubernetes_service_account.backstage,
[31m│[0m [0m  on backstage.tf line 181, in resource "kubernetes_service_account" "backstage":
[31m│[0m [0m 181: resource "kubernetes_service_account" "backstage" [4m{[0m[0m
[31m│[0m [0m
[31m╵[0m[0m
