{"version":4,"terraform_version":"1.9.0","serial":142,"lineage":"d5212b49-1076-8995-29f1-7859b9b81680","outputs":{"argocd_admin_password":{"value":"1bQ8DPTtKV3#\u003cu1$","type":"string","sensitive":true},"argocd_url":{"value":"https://argocd.infraforge.io","type":"string"},"aws_load_balancer_controller_role_arn":{"value":"arn:aws:iam::715841344657:role/infraforge-dev-aws-load-balancer-controller","type":"string"},"backstage_db_password":{"value":"wPOTjZjbPJOHZe1y","type":"string","sensitive":true},"backstage_url":{"value":"https://backstage.infraforge.io","type":"string"},"cluster_autoscaler_role_arn":{"value":"arn:aws:iam::715841344657:role/infraforge-dev-cluster-autoscaler","type":"string"},"cluster_endpoint":{"value":"https://ADDA703F782CABA7FEBFF9FC355069D1.sk1.eu-west-1.eks.amazonaws.com","type":"string"},"cluster_name":{"value":"infraforge-dev","type":"string"},"cluster_security_group_id":{"value":"sg-04590f98e62457e9a","type":"string"},"external_dns_role_arn":{"value":"","type":"string"},"kratix_minio_console_url":{"value":"Check LoadBalancer IP for MinIO console","type":"string"},"kratix_minio_password":{"value":"ddIee40QVeUuHJSA","type":"string","sensitive":true},"private_subnets":{"value":["subnet-0f97716901fab29c8","subnet-0d2ae9b9e36b78d6a","subnet-0457fc5bd24280050"],"type":["tuple",["string","string","string"]]},"public_subnets":{"value":["subnet-085a97102a8d53877","subnet-0270e2a0b25214ee7","subnet-07335efb572ce6797"],"type":["tuple",["string","string","string"]]},"region":{"value":"eu-west-1","type":"string"},"update_kubeconfig_command":{"value":"aws eks update-kubeconfig --name infraforge-dev --region eu-west-1","type":"string"},"vpc_id":{"value":"vpc-02aecc65be4eab79c","type":"string"}},"resources":[{"mode":"data","type":"aws_availability_zones","name":"available","provider":"provider[\"registry.opentofu.org/hashicorp/aws\"]","instances":[{"schema_version":0,"attributes":{"all_availability_zones":null,"exclude_names":null,"exclude_zone_ids":null,"filter":null,"group_names":["eu-west-1-zg-1"],"id":"eu-west-1","names":["eu-west-1a","eu-west-1b","eu-west-1c"],"state":"available","timeouts":null,"zone_ids":["euw1-az3","euw1-az1","euw1-az2"]},"sensitive_attributes":[]}]},{"mode":"data","type":"aws_caller_identity","name":"current","provider":"provider[\"registry.opentofu.org/hashicorp/aws\"]","instances":[{"schema_version":0,"attributes":{"account_id":"715841344657","arn":"arn:aws:iam::715841344657:user/gokhan","id":"715841344657","user_id":"AIDA2NK3YCSIS6IBFCURI"},"sensitive_attributes":[]}]},{"mode":"data","type":"kubernetes_secret","name":"backstage_sa_token","provider":"provider[\"registry.opentofu.org/hashicorp/kubernetes\"]","instances":[]},{"mode":"managed","type":"aws_kms_alias","name":"eks","provider":"provider[\"registry.opentofu.org/hashicorp/aws\"]","instances":[{"schema_version":0,"attributes":{"arn":"arn:aws:kms:eu-west-1:715841344657:alias/infraforge-dev-eks","id":"alias/infraforge-dev-eks","name":"alias/infraforge-dev-eks","name_prefix":"","target_key_arn":"arn:aws:kms:eu-west-1:715841344657:key/0918b70f-90ec-4bae-a1ad-8b2df8144049","target_key_id":"0918b70f-90ec-4bae-a1ad-8b2df8144049"},"sensitive_attributes":[],"private":"bnVsbA==","dependencies":["aws_kms_key.eks"]}]},{"mode":"managed","type":"aws_kms_key","name":"eks","provider":"provider[\"registry.opentofu.org/hashicorp/aws\"]","instances":[{"schema_version":0,"attributes":{"arn":"arn:aws:kms:eu-west-1:715841344657:key/0918b70f-90ec-4bae-a1ad-8b2df8144049","bypass_policy_lockout_safety_check":false,"custom_key_store_id":"","customer_master_key_spec":"SYMMETRIC_DEFAULT","deletion_window_in_days":10,"description":"KMS key for infraforge-dev EKS cluster encryption","enable_key_rotation":true,"id":"0918b70f-90ec-4bae-a1ad-8b2df8144049","is_enabled":true,"key_id":"0918b70f-90ec-4bae-a1ad-8b2df8144049","key_usage":"ENCRYPT_DECRYPT","multi_region":false,"policy":"{\"Id\":\"key-default-1\",\"Statement\":[{\"Action\":\"kms:*\",\"Effect\":\"Allow\",\"Principal\":{\"AWS\":\"arn:aws:iam::715841344657:root\"},\"Resource\":\"*\",\"Sid\":\"Enable IAM User Permissions\"}],\"Version\":\"2012-10-17\"}","rotation_period_in_days":365,"tags":{"Cluster":"infraforge-dev","Environment":"dev","Name":"infraforge-dev-eks-key","Tenant":"platform"},"tags_all":{"Cluster":"infraforge-dev","Environment":"dev","ManagedBy":"OpenTofu","Name":"infraforge-dev-eks-key","Owner":"gokhan@infraforge.io","Platform":"InfraForge","Tenant":"platform"},"timeouts":null,"xks_key_id":""},"sensitive_attributes":[],"private":"eyJlMmJmYjczMC1lY2FhLTExZTYtOGY4OC0zNDM2M2JjN2M0YzAiOnsiY3JlYXRlIjoxMjAwMDAwMDAwMDB9fQ==","create_before_destroy":true}]},{"mode":"managed","type":"aws_security_group","name":"vpc_endpoints","provider":"provider[\"registry.opentofu.org/hashicorp/aws\"]","instances":[{"schema_version":1,"attributes":{"arn":"arn:aws:ec2:eu-west-1:715841344657:security-group/sg-0ac17b07ac9ce0535","description":"Managed by Terraform","egress":[{"cidr_blocks":["0.0.0.0/0"],"description":"","from_port":0,"ipv6_cidr_blocks":[],"prefix_list_ids":[],"protocol":"-1","security_groups":[],"self":false,"to_port":0}],"id":"sg-0ac17b07ac9ce0535","ingress":[{"cidr_blocks":["10.0.0.0/16"],"description":"","from_port":443,"ipv6_cidr_blocks":[],"prefix_list_ids":[],"protocol":"tcp","security_groups":[],"self":false,"to_port":443}],"name":"infraforge-dev-vpc-endpoints-20251217170618890500000002","name_prefix":"infraforge-dev-vpc-endpoints-","owner_id":"715841344657","revoke_rules_on_delete":false,"tags":{"Cluster":"infraforge-dev","Environment":"dev","Name":"infraforge-dev-vpc-endpoints-sg","Tenant":"platform"},"tags_all":{"Cluster":"infraforge-dev","Environment":"dev","ManagedBy":"OpenTofu","Name":"infraforge-dev-vpc-endpoints-sg","Owner":"gokhan@infraforge.io","Platform":"InfraForge","Tenant":"platform"},"timeouts":null,"vpc_id":"vpc-02aecc65be4eab79c"},"sensitive_attributes":[],"private":"eyJlMmJmYjczMC1lY2FhLTExZTYtOGY4OC0zNDM2M2JjN2M0YzAiOnsiY3JlYXRlIjo2MDAwMDAwMDAwMDAsImRlbGV0ZSI6OTAwMDAwMDAwMDAwfSwic2NoZW1hX3ZlcnNpb24iOiIxIn0=","dependencies":["module.vpc.aws_vpc.this"],"create_before_destroy":true}]},{"mode":"managed","type":"aws_vpc_endpoint","name":"ec2","provider":"provider[\"registry.opentofu.org/hashicorp/aws\"]","instances":[{"schema_version":0,"attributes":{"arn":"arn:aws:ec2:eu-west-1:715841344657:vpc-endpoint/vpce-04c405fd9a31c6570","auto_accept":null,"cidr_blocks":[],"dns_entry":[{"dns_name":"vpce-04c405fd9a31c6570-zfq0yzj6.ec2.eu-west-1.vpce.amazonaws.com","hosted_zone_id":"Z38GZ743OKFT7T"},{"dns_name":"vpce-04c405fd9a31c6570-zfq0yzj6-eu-west-1c.ec2.eu-west-1.vpce.amazonaws.com","hosted_zone_id":"Z38GZ743OKFT7T"},{"dns_name":"vpce-04c405fd9a31c6570-zfq0yzj6-eu-west-1b.ec2.eu-west-1.vpce.amazonaws.com","hosted_zone_id":"Z38GZ743OKFT7T"},{"dns_name":"vpce-04c405fd9a31c6570-zfq0yzj6-eu-west-1a.ec2.eu-west-1.vpce.amazonaws.com","hosted_zone_id":"Z38GZ743OKFT7T"},{"dns_name":"ec2.eu-west-1.amazonaws.com","hosted_zone_id":"Z0577813VSTQPPEJEOWJ"},{"dns_name":"ec2.eu-west-1.api.aws","hosted_zone_id":"Z05778121WIBRU2KKV0R"}],"dns_options":[{"dns_record_ip_type":"ipv4","private_dns_only_for_inbound_resolver_endpoint":false}],"id":"vpce-04c405fd9a31c6570","ip_address_type":"ipv4","network_interface_ids":["eni-070622953b49de85f","eni-07f2a0917178d45db","eni-081dda7ec458a7c8c"],"owner_id":"715841344657","policy":"{\"Statement\":[{\"Action\":\"*\",\"Effect\":\"Allow\",\"Principal\":\"*\",\"Resource\":\"*\"}]}","prefix_list_id":null,"private_dns_enabled":true,"requester_managed":false,"resource_configuration_arn":"","route_table_ids":[],"security_group_ids":["sg-0ac17b07ac9ce0535"],"service_name":"com.amazonaws.eu-west-1.ec2","service_network_arn":"","service_region":"eu-west-1","state":"available","subnet_configuration":[{"ipv4":"10.0.0.66","ipv6":"","subnet_id":"subnet-0f97716901fab29c8"},{"ipv4":"10.0.18.154","ipv6":"","subnet_id":"subnet-0d2ae9b9e36b78d6a"},{"ipv4":"10.0.35.144","ipv6":"","subnet_id":"subnet-0457fc5bd24280050"}],"subnet_ids":["subnet-0457fc5bd24280050","subnet-0d2ae9b9e36b78d6a","subnet-0f97716901fab29c8"],"tags":{"Cluster":"infraforge-dev","Environment":"dev","Name":"infraforge-dev-ec2-endpoint","Tenant":"platform"},"tags_all":{"Cluster":"infraforge-dev","Environment":"dev","ManagedBy":"OpenTofu","Name":"infraforge-dev-ec2-endpoint","Owner":"gokhan@infraforge.io","Platform":"InfraForge","Tenant":"platform"},"timeouts":null,"vpc_endpoint_type":"Interface","vpc_id":"vpc-02aecc65be4eab79c"},"sensitive_attributes":[],"private":"eyJlMmJmYjczMC1lY2FhLTExZTYtOGY4OC0zNDM2M2JjN2M0YzAiOnsiY3JlYXRlIjo2MDAwMDAwMDAwMDAsImRlbGV0ZSI6NjAwMDAwMDAwMDAwLCJ1cGRhdGUiOjYwMDAwMDAwMDAwMH19","dependencies":["aws_security_group.vpc_endpoints","data.aws_availability_zones.available","module.vpc.aws_subnet.private","module.vpc.aws_vpc.this","module.vpc.aws_vpc_ipv4_cidr_block_association.this"],"create_before_destroy":true}]},{"mode":"managed","type":"aws_vpc_endpoint","name":"ecr_api","provider":"provider[\"registry.opentofu.org/hashicorp/aws\"]","instances":[{"schema_version":0,"attributes":{"arn":"arn:aws:ec2:eu-west-1:715841344657:vpc-endpoint/vpce-0a3f86458a9c396e5","auto_accept":null,"cidr_blocks":[],"dns_entry":[{"dns_name":"vpce-0a3f86458a9c396e5-sbvfrgk8.api.ecr.eu-west-1.vpce.amazonaws.com","hosted_zone_id":"Z38GZ743OKFT7T"},{"dns_name":"vpce-0a3f86458a9c396e5-sbvfrgk8-eu-west-1b.api.ecr.eu-west-1.vpce.amazonaws.com","hosted_zone_id":"Z38GZ743OKFT7T"},{"dns_name":"vpce-0a3f86458a9c396e5-sbvfrgk8-eu-west-1a.api.ecr.eu-west-1.vpce.amazonaws.com","hosted_zone_id":"Z38GZ743OKFT7T"},{"dns_name":"vpce-0a3f86458a9c396e5-sbvfrgk8-eu-west-1c.api.ecr.eu-west-1.vpce.amazonaws.com","hosted_zone_id":"Z38GZ743OKFT7T"},{"dns_name":"api.ecr.eu-west-1.amazonaws.com","hosted_zone_id":"Z03599921TERB7SMQC0LM"},{"dns_name":"ecr.eu-west-1.api.aws","hosted_zone_id":"Z0503546PFJEMLHNB7JC"}],"dns_options":[{"dns_record_ip_type":"ipv4","private_dns_only_for_inbound_resolver_endpoint":false}],"id":"vpce-0a3f86458a9c396e5","ip_address_type":"ipv4","network_interface_ids":["eni-05d02876a6eef4dc6","eni-095be496dd676588a","eni-0e71823af41bf566d"],"owner_id":"715841344657","policy":"{\"Statement\":[{\"Action\":\"*\",\"Effect\":\"Allow\",\"Principal\":\"*\",\"Resource\":\"*\"}]}","prefix_list_id":null,"private_dns_enabled":true,"requester_managed":false,"resource_configuration_arn":"","route_table_ids":[],"security_group_ids":["sg-0ac17b07ac9ce0535"],"service_name":"com.amazonaws.eu-west-1.ecr.api","service_network_arn":"","service_region":"eu-west-1","state":"available","subnet_configuration":[{"ipv4":"10.0.13.175","ipv6":"","subnet_id":"subnet-0f97716901fab29c8"},{"ipv4":"10.0.21.34","ipv6":"","subnet_id":"subnet-0d2ae9b9e36b78d6a"},{"ipv4":"10.0.46.239","ipv6":"","subnet_id":"subnet-0457fc5bd24280050"}],"subnet_ids":["subnet-0457fc5bd24280050","subnet-0d2ae9b9e36b78d6a","subnet-0f97716901fab29c8"],"tags":{"Cluster":"infraforge-dev","Environment":"dev","Name":"infraforge-dev-ecr-api-endpoint","Tenant":"platform"},"tags_all":{"Cluster":"infraforge-dev","Environment":"dev","ManagedBy":"OpenTofu","Name":"infraforge-dev-ecr-api-endpoint","Owner":"gokhan@infraforge.io","Platform":"InfraForge","Tenant":"platform"},"timeouts":null,"vpc_endpoint_type":"Interface","vpc_id":"vpc-02aecc65be4eab79c"},"sensitive_attributes":[],"private":"eyJlMmJmYjczMC1lY2FhLTExZTYtOGY4OC0zNDM2M2JjN2M0YzAiOnsiY3JlYXRlIjo2MDAwMDAwMDAwMDAsImRlbGV0ZSI6NjAwMDAwMDAwMDAwLCJ1cGRhdGUiOjYwMDAwMDAwMDAwMH19","dependencies":["aws_security_group.vpc_endpoints","data.aws_availability_zones.available","module.vpc.aws_subnet.private","module.vpc.aws_vpc.this","module.vpc.aws_vpc_ipv4_cidr_block_association.this"],"create_before_destroy":true}]},{"mode":"managed","type":"aws_vpc_endpoint","name":"ecr_dkr","provider":"provider[\"registry.opentofu.org/hashicorp/aws\"]","instances":[{"schema_version":0,"attributes":{"arn":"arn:aws:ec2:eu-west-1:715841344657:vpc-endpoint/vpce-0cdab1ac89e064304","auto_accept":null,"cidr_blocks":[],"dns_entry":[{"dns_name":"vpce-0cdab1ac89e064304-oaggmw3d.dkr.ecr.eu-west-1.vpce.amazonaws.com","hosted_zone_id":"Z38GZ743OKFT7T"},{"dns_name":"vpce-0cdab1ac89e064304-oaggmw3d-eu-west-1c.dkr.ecr.eu-west-1.vpce.amazonaws.com","hosted_zone_id":"Z38GZ743OKFT7T"},{"dns_name":"vpce-0cdab1ac89e064304-oaggmw3d-eu-west-1b.dkr.ecr.eu-west-1.vpce.amazonaws.com","hosted_zone_id":"Z38GZ743OKFT7T"},{"dns_name":"vpce-0cdab1ac89e064304-oaggmw3d-eu-west-1a.dkr.ecr.eu-west-1.vpce.amazonaws.com","hosted_zone_id":"Z38GZ743OKFT7T"},{"dns_name":"dkr.ecr.eu-west-1.amazonaws.com","hosted_zone_id":"Z05778161AKYIJVAJ7GMD"},{"dns_name":"*.dkr.ecr.eu-west-1.amazonaws.com","hosted_zone_id":"Z05778161AKYIJVAJ7GMD"},{"dns_name":"dkr-ecr.eu-west-1.on.aws","hosted_zone_id":"Z059953327XRNS9T6YNR"},{"dns_name":"*.dkr-ecr.eu-west-1.on.aws","hosted_zone_id":"Z059953327XRNS9T6YNR"}],"dns_options":[{"dns_record_ip_type":"ipv4","private_dns_only_for_inbound_resolver_endpoint":false}],"id":"vpce-0cdab1ac89e064304","ip_address_type":"ipv4","network_interface_ids":["eni-04ef7e50ac895bd9f","eni-0586e2320dafa0e5d","eni-0e8d93987697fa7d1"],"owner_id":"715841344657","policy":"{\"Statement\":[{\"Action\":\"*\",\"Effect\":\"Allow\",\"Principal\":\"*\",\"Resource\":\"*\"}]}","prefix_list_id":null,"private_dns_enabled":true,"requester_managed":false,"resource_configuration_arn":"","route_table_ids":[],"security_group_ids":["sg-0ac17b07ac9ce0535"],"service_name":"com.amazonaws.eu-west-1.ecr.dkr","service_network_arn":"","service_region":"eu-west-1","state":"available","subnet_configuration":[{"ipv4":"10.0.2.56","ipv6":"","subnet_id":"subnet-0f97716901fab29c8"},{"ipv4":"10.0.29.246","ipv6":"","subnet_id":"subnet-0d2ae9b9e36b78d6a"},{"ipv4":"10.0.33.121","ipv6":"","subnet_id":"subnet-0457fc5bd24280050"}],"subnet_ids":["subnet-0457fc5bd24280050","subnet-0d2ae9b9e36b78d6a","subnet-0f97716901fab29c8"],"tags":{"Cluster":"infraforge-dev","Environment":"dev","Name":"infraforge-dev-ecr-dkr-endpoint","Tenant":"platform"},"tags_all":{"Cluster":"infraforge-dev","Environment":"dev","ManagedBy":"OpenTofu","Name":"infraforge-dev-ecr-dkr-endpoint","Owner":"gokhan@infraforge.io","Platform":"InfraForge","Tenant":"platform"},"timeouts":null,"vpc_endpoint_type":"Interface","vpc_id":"vpc-02aecc65be4eab79c"},"sensitive_attributes":[],"private":"eyJlMmJmYjczMC1lY2FhLTExZTYtOGY4OC0zNDM2M2JjN2M0YzAiOnsiY3JlYXRlIjo2MDAwMDAwMDAwMDAsImRlbGV0ZSI6NjAwMDAwMDAwMDAwLCJ1cGRhdGUiOjYwMDAwMDAwMDAwMH19","dependencies":["aws_security_group.vpc_endpoints","data.aws_availability_zones.available","module.vpc.aws_subnet.private","module.vpc.aws_vpc.this","module.vpc.aws_vpc_ipv4_cidr_block_association.this"],"create_before_destroy":true}]},{"mode":"managed","type":"aws_vpc_endpoint","name":"s3","provider":"provider[\"registry.opentofu.org/hashicorp/aws\"]","instances":[{"schema_version":0,"attributes":{"arn":"arn:aws:ec2:eu-west-1:715841344657:vpc-endpoint/vpce-0509f466e8cd91500","auto_accept":null,"cidr_blocks":["3.5.64.0/21","3.5.72.0/23","52.92.0.0/17","52.218.0.0/17"],"dns_entry":[],"dns_options":[{"dns_record_ip_type":"service-defined","private_dns_only_for_inbound_resolver_endpoint":false}],"id":"vpce-0509f466e8cd91500","ip_address_type":"ipv4","network_interface_ids":[],"owner_id":"715841344657","policy":"{\"Statement\":[{\"Action\":\"*\",\"Effect\":\"Allow\",\"Principal\":\"*\",\"Resource\":\"*\"}],\"Version\":\"2008-10-17\"}","prefix_list_id":"pl-6da54004","private_dns_enabled":false,"requester_managed":false,"resource_configuration_arn":"","route_table_ids":[],"security_group_ids":[],"service_name":"com.amazonaws.eu-west-1.s3","service_network_arn":"","service_region":"eu-west-1","state":"available","subnet_configuration":[],"subnet_ids":[],"tags":{"Cluster":"infraforge-dev","Environment":"dev","Name":"infraforge-dev-s3-endpoint","Tenant":"platform"},"tags_all":{"Cluster":"infraforge-dev","Environment":"dev","ManagedBy":"OpenTofu","Name":"infraforge-dev-s3-endpoint","Owner":"gokhan@infraforge.io","Platform":"InfraForge","Tenant":"platform"},"timeouts":null,"vpc_endpoint_type":"Gateway","vpc_id":"vpc-02aecc65be4eab79c"},"sensitive_attributes":[],"private":"eyJlMmJmYjczMC1lY2FhLTExZTYtOGY4OC0zNDM2M2JjN2M0YzAiOnsiY3JlYXRlIjo2MDAwMDAwMDAwMDAsImRlbGV0ZSI6NjAwMDAwMDAwMDAwLCJ1cGRhdGUiOjYwMDAwMDAwMDAwMH19","dependencies":["module.vpc.aws_vpc.this"]}]},{"mode":"managed","type":"aws_vpc_endpoint","name":"sts","provider":"provider[\"registry.opentofu.org/hashicorp/aws\"]","instances":[{"schema_version":0,"attributes":{"arn":"arn:aws:ec2:eu-west-1:715841344657:vpc-endpoint/vpce-0c14afe0059c559bf","auto_accept":null,"cidr_blocks":[],"dns_entry":[{"dns_name":"vpce-0c14afe0059c559bf-tiilu35z.sts.eu-west-1.vpce.amazonaws.com","hosted_zone_id":"Z38GZ743OKFT7T"},{"dns_name":"vpce-0c14afe0059c559bf-tiilu35z-eu-west-1b.sts.eu-west-1.vpce.amazonaws.com","hosted_zone_id":"Z38GZ743OKFT7T"},{"dns_name":"vpce-0c14afe0059c559bf-tiilu35z-eu-west-1a.sts.eu-west-1.vpce.amazonaws.com","hosted_zone_id":"Z38GZ743OKFT7T"},{"dns_name":"vpce-0c14afe0059c559bf-tiilu35z-eu-west-1c.sts.eu-west-1.vpce.amazonaws.com","hosted_zone_id":"Z38GZ743OKFT7T"},{"dns_name":"sts.eu-west-1.amazonaws.com","hosted_zone_id":"Z059968126NK6556D6BDG"},{"dns_name":"sts.eu-west-1.api.aws","hosted_zone_id":"Z0358946VP6ZZT70TQ6T"}],"dns_options":[{"dns_record_ip_type":"ipv4","private_dns_only_for_inbound_resolver_endpoint":false}],"id":"vpce-0c14afe0059c559bf","ip_address_type":"ipv4","network_interface_ids":["eni-03ea38e558a93c914","eni-0bfd325ee03fe5e3e","eni-0c01d2d73768011eb"],"owner_id":"715841344657","policy":"{\"Statement\":[{\"Action\":\"*\",\"Effect\":\"Allow\",\"Principal\":\"*\",\"Resource\":\"*\"}]}","prefix_list_id":null,"private_dns_enabled":true,"requester_managed":false,"resource_configuration_arn":"","route_table_ids":[],"security_group_ids":["sg-0ac17b07ac9ce0535"],"service_name":"com.amazonaws.eu-west-1.sts","service_network_arn":"","service_region":"eu-west-1","state":"available","subnet_configuration":[{"ipv4":"10.0.10.56","ipv6":"","subnet_id":"subnet-0f97716901fab29c8"},{"ipv4":"10.0.22.57","ipv6":"","subnet_id":"subnet-0d2ae9b9e36b78d6a"},{"ipv4":"10.0.32.232","ipv6":"","subnet_id":"subnet-0457fc5bd24280050"}],"subnet_ids":["subnet-0457fc5bd24280050","subnet-0d2ae9b9e36b78d6a","subnet-0f97716901fab29c8"],"tags":{"Cluster":"infraforge-dev","Environment":"dev","Name":"infraforge-dev-sts-endpoint","Tenant":"platform"},"tags_all":{"Cluster":"infraforge-dev","Environment":"dev","ManagedBy":"OpenTofu","Name":"infraforge-dev-sts-endpoint","Owner":"gokhan@infraforge.io","Platform":"InfraForge","Tenant":"platform"},"timeouts":null,"vpc_endpoint_type":"Interface","vpc_id":"vpc-02aecc65be4eab79c"},"sensitive_attributes":[],"private":"eyJlMmJmYjczMC1lY2FhLTExZTYtOGY4OC0zNDM2M2JjN2M0YzAiOnsiY3JlYXRlIjo2MDAwMDAwMDAwMDAsImRlbGV0ZSI6NjAwMDAwMDAwMDAwLCJ1cGRhdGUiOjYwMDAwMDAwMDAwMH19","dependencies":["aws_security_group.vpc_endpoints","data.aws_availability_zones.available","module.vpc.aws_subnet.private","module.vpc.aws_vpc.this","module.vpc.aws_vpc_ipv4_cidr_block_association.this"],"create_before_destroy":true}]},{"mode":"managed","type":"helm_release","name":"argocd","provider":"provider[\"registry.opentofu.org/hashicorp/helm\"]","instances":[{"schema_version":1,"attributes":{"atomic":false,"chart":"argo-cd","cleanup_on_fail":false,"create_namespace":true,"dependency_update":false,"description":null,"devel":null,"disable_crd_hooks":false,"disable_openapi_validation":false,"disable_webhooks":false,"force_update":false,"id":"argocd","keyring":null,"lint":false,"manifest":null,"max_history":0,"metadata":[{"app_version":"v2.9.2","chart":"argo-cd","first_deployed":1766003070,"last_deployed":1766003070,"name":"argocd","namespace":"argocd","notes":"\nDEPRECATED option server.config - Use configs.cm\nDEPRECATED option server.rbacConfig - Use configs.rbac\n\nIn order to access the server UI you have the following options:\n\n1. kubectl port-forward service/argocd-server -n argocd 8080:443\n\n    and then open the browser on http://localhost:8080 and accept the certificate\n\n2. enable ingress in the values file `server.ingress.enabled` and either\n      - Add the annotation for ssl passthrough: https://argo-cd.readthedocs.io/en/stable/operator-manual/ingress/#option-1-ssl-passthrough\n      - Set the `configs.params.\"server.insecure\"` in the values file and terminate SSL at your ingress: https://argo-cd.readthedocs.io/en/stable/operator-manual/ingress/#option-2-multiple-ingress-objects-and-hosts\n\n\nAfter reaching the UI the first time you cannot login with username and password since you've disabled it. You should enable admin back or configure Dex via `configs.cm.dex.config` or OIDC via `configs.cm.oidc.config`.\n","revision":1,"values":"{\"controller\":{\"replicas\":2,\"resources\":{\"limits\":{\"cpu\":\"500m\",\"memory\":\"1Gi\"},\"requests\":{\"cpu\":\"250m\",\"memory\":\"512Mi\"}}},\"global\":{\"image\":{\"tag\":\"v2.9.3\"}},\"redis\":{\"resources\":{\"limits\":{\"cpu\":\"200m\",\"memory\":\"256Mi\"},\"requests\":{\"cpu\":\"100m\",\"memory\":\"128Mi\"}}},\"repoServer\":{\"replicas\":2,\"resources\":{\"limits\":{\"cpu\":\"500m\",\"memory\":\"512Mi\"},\"requests\":{\"cpu\":\"250m\",\"memory\":\"256Mi\"}}},\"server\":{\"config\":{\"oidc.config\":\"name: AWS SSO\\nissuer: https://oidc.eks.eu-west-1.amazonaws.com/id/https://oidc.eks.eu-west-1.amazonaws.com/id/ADDA703F782CABA7FEBFF9FC355069D1\\nclientId: argocd\\nrequestedScopes: [\\\"openid\\\", \\\"profile\\\", \\\"email\\\"]\\nrequestedIdTokenClaims: {\\\"groups\\\": {\\\"essential\\\": true}}\\n\",\"url\":\"https://argocd.infraforge.io\"},\"rbacConfig\":{\"policy.csv\":\"p, role:admin, applications, *, */*, allow\\np, role:admin, clusters, *, *, allow\\np, role:admin, repositories, *, *, allow\\ng, argocd-admins, role:admin\\n\",\"policy.default\":\"role:readonly\"},\"service\":{\"annotations\":{\"service.beta.kubernetes.io/aws-load-balancer-type\":\"nlb\"},\"type\":\"LoadBalancer\"}}}","version":"5.51.4"}],"name":"argocd","namespace":"argocd","pass_credentials":false,"postrender":[],"recreate_pods":false,"render_subchart_notes":true,"replace":false,"repository":"https://argoproj.github.io/argo-helm","repository_ca_file":null,"repository_cert_file":null,"repository_key_file":null,"repository_password":null,"repository_username":null,"reset_values":false,"reuse_values":false,"set":[],"set_list":[],"set_sensitive":[],"skip_crds":false,"status":"deployed","timeout":300,"upgrade_install":null,"values":["global:\n  image:\n    tag: \"v2.9.3\"\n\nserver:\n  service:\n    type: LoadBalancer\n    annotations:\n      service.beta.kubernetes.io/aws-load-balancer-type: \"nlb\"\n\n  config:\n    url: \"https://argocd.infraforge.io\"\n\n    # OIDC Configuration (optional)\n    oidc.config: |\n      name: AWS SSO\n      issuer: https://oidc.eks.eu-west-1.amazonaws.com/id/https://oidc.eks.eu-west-1.amazonaws.com/id/ADDA703F782CABA7FEBFF9FC355069D1\n      clientId: argocd\n      requestedScopes: [\"openid\", \"profile\", \"email\"]\n      requestedIdTokenClaims: {\"groups\": {\"essential\": true}}\n\n  rbacConfig:\n    policy.default: role:readonly\n    policy.csv: |\n      p, role:admin, applications, *, */*, allow\n      p, role:admin, clusters, *, *, allow\n      p, role:admin, repositories, *, *, allow\n      g, argocd-admins, role:admin\n\ncontroller:\n  replicas: 2\n  resources:\n    requests:\n      cpu: 250m\n      memory: 512Mi\n    limits:\n      cpu: 500m\n      memory: 1Gi\n\nrepoServer:\n  replicas: 2\n  resources:\n    requests:\n      cpu: 250m\n      memory: 256Mi\n    limits:\n      cpu: 500m\n      memory: 512Mi\n\nredis:\n  resources:\n    requests:\n      cpu: 100m\n      memory: 128Mi\n    limits:\n      cpu: 200m\n      memory: 256Mi\n"],"verify":false,"version":"5.51.4","wait":true,"wait_for_jobs":false},"sensitive_attributes":[[{"type":"get_attr","value":"repository_password"}]],"private":"eyJzY2hlbWFfdmVyc2lvbiI6IjEifQ==","dependencies":["aws_kms_key.eks","aws_security_group.vpc_endpoints","aws_vpc_endpoint.ec2","aws_vpc_endpoint.ecr_api","aws_vpc_endpoint.ecr_dkr","aws_vpc_endpoint.sts","data.aws_availability_zones.available","data.aws_caller_identity.current","module.aws_load_balancer_controller_irsa.aws_iam_policy.amazon_managed_service_prometheus","module.aws_load_balancer_controller_irsa.aws_iam_policy.appmesh_controller","module.aws_load_balancer_controller_irsa.aws_iam_policy.appmesh_envoy_proxy","module.aws_load_balancer_controller_irsa.aws_iam_policy.aws_gateway_controller","module.aws_load_balancer_controller_irsa.aws_iam_policy.cert_manager","module.aws_load_balancer_controller_irsa.aws_iam_policy.cluster_autoscaler","module.aws_load_balancer_controller_irsa.aws_iam_policy.ebs_csi","module.aws_load_balancer_controller_irsa.aws_iam_policy.efs_csi","module.aws_load_balancer_controller_irsa.aws_iam_policy.external_dns","module.aws_load_balancer_controller_irsa.aws_iam_policy.external_secrets","module.aws_load_balancer_controller_irsa.aws_iam_policy.fsx_lustre_csi","module.aws_load_balancer_controller_irsa.aws_iam_policy.fsx_openzfs_csi","module.aws_load_balancer_controller_irsa.aws_iam_policy.karpenter_controller","module.aws_load_balancer_controller_irsa.aws_iam_policy.load_balancer_controller","module.aws_load_balancer_controller_irsa.aws_iam_policy.load_balancer_controller_targetgroup_only","module.aws_load_balancer_controller_irsa.aws_iam_policy.mountpoint_s3_csi","module.aws_load_balancer_controller_irsa.aws_iam_policy.node_termination_handler","module.aws_load_balancer_controller_irsa.aws_iam_policy.velero","module.aws_load_balancer_controller_irsa.aws_iam_policy.vpc_cni","module.aws_load_balancer_controller_irsa.aws_iam_role.this","module.aws_load_balancer_controller_irsa.aws_iam_role_policy_attachment.amazon_cloudwatch_observability","module.aws_load_balancer_controller_irsa.aws_iam_role_policy_attachment.amazon_managed_service_prometheus","module.aws_load_balancer_controller_irsa.aws_iam_role_policy_attachment.appmesh_controller","module.aws_load_balancer_controller_irsa.aws_iam_role_policy_attachment.appmesh_envoy_proxy","module.aws_load_balancer_controller_irsa.aws_iam_role_policy_attachment.aws_gateway_controller","module.aws_load_balancer_controller_irsa.aws_iam_role_policy_attachment.cert_manager","module.aws_load_balancer_controller_irsa.aws_iam_role_policy_attachment.cluster_autoscaler","module.aws_load_balancer_controller_irsa.aws_iam_role_policy_attachment.ebs_csi","module.aws_load_balancer_controller_irsa.aws_iam_role_policy_attachment.efs_csi","module.aws_load_balancer_controller_irsa.aws_iam_role_policy_attachment.external_dns","module.aws_load_balancer_controller_irsa.aws_iam_role_policy_attachment.external_secrets","module.aws_load_balancer_controller_irsa.aws_iam_role_policy_attachment.fsx_lustre_csi","module.aws_load_balancer_controller_irsa.aws_iam_role_policy_attachment.fsx_openzfs_csi","module.aws_load_balancer_controller_irsa.aws_iam_role_policy_attachment.karpenter_controller","module.aws_load_balancer_controller_irsa.aws_iam_role_policy_attachment.load_balancer_controller","module.aws_load_balancer_controller_irsa.aws_iam_role_policy_attachment.load_balancer_controller_targetgroup_only","module.aws_load_balancer_controller_irsa.aws_iam_role_policy_attachment.mountpoint_s3_csi","module.aws_load_balancer_controller_irsa.aws_iam_role_policy_attachment.node_termination_handler","module.aws_load_balancer_controller_irsa.aws_iam_role_policy_attachment.this","module.aws_load_balancer_controller_irsa.aws_iam_role_policy_attachment.velero","module.aws_load_balancer_controller_irsa.aws_iam_role_policy_attachment.vpc_cni","module.aws_load_balancer_controller_irsa.data.aws_caller_identity.current","module.aws_load_balancer_controller_irsa.data.aws_iam_policy_document.amazon_managed_service_prometheus","module.aws_load_balancer_controller_irsa.data.aws_iam_policy_document.appmesh_controller","module.aws_load_balancer_controller_irsa.data.aws_iam_policy_document.appmesh_envoy_proxy","module.aws_load_balancer_controller_irsa.data.aws_iam_policy_document.aws_gateway_controller","module.aws_load_balancer_controller_irsa.data.aws_iam_policy_document.cert_manager","module.aws_load_balancer_controller_irsa.data.aws_iam_policy_document.cluster_autoscaler","module.aws_load_balancer_controller_irsa.data.aws_iam_policy_document.ebs_csi","module.aws_load_balancer_controller_irsa.data.aws_iam_policy_document.efs_csi","module.aws_load_balancer_controller_irsa.data.aws_iam_policy_document.external_dns","module.aws_load_balancer_controller_irsa.data.aws_iam_policy_document.external_secrets","module.aws_load_balancer_controller_irsa.data.aws_iam_policy_document.fsx_lustre_csi","module.aws_load_balancer_controller_irsa.data.aws_iam_policy_document.fsx_openzfs_csi","module.aws_load_balancer_controller_irsa.data.aws_iam_policy_document.karpenter_controller","module.aws_load_balancer_controller_irsa.data.aws_iam_policy_document.load_balancer_controller","module.aws_load_balancer_controller_irsa.data.aws_iam_policy_document.load_balancer_controller_targetgroup_only","module.aws_load_balancer_controller_irsa.data.aws_iam_policy_document.mountpoint_s3_csi","module.aws_load_balancer_controller_irsa.data.aws_iam_policy_document.node_termination_handler","module.aws_load_balancer_controller_irsa.data.aws_iam_policy_document.this","module.aws_load_balancer_controller_irsa.data.aws_iam_policy_document.velero","module.aws_load_balancer_controller_irsa.data.aws_iam_policy_document.vpc_cni","module.aws_load_balancer_controller_irsa.data.aws_partition.current","module.aws_load_balancer_controller_irsa.data.aws_region.current","module.ebs_csi_driver_irsa.aws_iam_role.this","module.ebs_csi_driver_irsa.data.aws_caller_identity.current","module.ebs_csi_driver_irsa.data.aws_iam_policy_document.this","module.ebs_csi_driver_irsa.data.aws_partition.current","module.eks.aws_cloudwatch_log_group.this","module.eks.aws_ec2_tag.cluster_primary_security_group","module.eks.aws_eks_addon.before_compute","module.eks.aws_eks_addon.this","module.eks.aws_eks_cluster.this","module.eks.aws_eks_identity_provider_config.this","module.eks.aws_iam_openid_connect_provider.oidc_provider","module.eks.aws_iam_policy.cluster_encryption","module.eks.aws_iam_policy.cni_ipv6_policy","module.eks.aws_iam_role.this","module.eks.aws_iam_role_policy_attachment.additional","module.eks.aws_iam_role_policy_attachment.cluster_encryption","module.eks.aws_iam_role_policy_attachment.this","module.eks.aws_security_group.cluster","module.eks.aws_security_group.node","module.eks.aws_security_group_rule.cluster","module.eks.aws_security_group_rule.node","module.eks.data.aws_caller_identity.current","module.eks.data.aws_eks_addon_version.this","module.eks.data.aws_iam_policy_document.assume_role_policy","module.eks.data.aws_iam_policy_document.cni_ipv6_policy","module.eks.data.aws_iam_session_context.current","module.eks.data.aws_partition.current","module.eks.data.tls_certificate.this","module.eks.kubernetes_config_map.aws_auth","module.eks.kubernetes_config_map_v1_data.aws_auth","module.eks.module.eks_managed_node_group.aws_autoscaling_schedule.this","module.eks.module.eks_managed_node_group.aws_eks_node_group.this","module.eks.module.eks_managed_node_group.aws_iam_role.this","module.eks.module.eks_managed_node_group.aws_iam_role_policy_attachment.additional","module.eks.module.eks_managed_node_group.aws_iam_role_policy_attachment.this","module.eks.module.eks_managed_node_group.aws_launch_template.this","module.eks.module.eks_managed_node_group.data.aws_caller_identity.current","module.eks.module.eks_managed_node_group.data.aws_iam_policy_document.assume_role_policy","module.eks.module.eks_managed_node_group.data.aws_partition.current","module.eks.module.eks_managed_node_group.module.user_data.data.cloudinit_config.linux_eks_managed_node_group","module.eks.module.fargate_profile.aws_eks_fargate_profile.this","module.eks.module.fargate_profile.aws_iam_role.this","module.eks.module.fargate_profile.aws_iam_role_policy_attachment.additional","module.eks.module.fargate_profile.aws_iam_role_policy_attachment.this","module.eks.module.fargate_profile.data.aws_caller_identity.current","module.eks.module.fargate_profile.data.aws_iam_policy_document.assume_role_policy","module.eks.module.fargate_profile.data.aws_partition.current","module.eks.module.kms.aws_kms_alias.this","module.eks.module.kms.aws_kms_external_key.this","module.eks.module.kms.aws_kms_grant.this","module.eks.module.kms.aws_kms_key.this","module.eks.module.kms.aws_kms_replica_external_key.this","module.eks.module.kms.aws_kms_replica_key.this","module.eks.module.kms.data.aws_caller_identity.current","module.eks.module.kms.data.aws_iam_policy_document.this","module.eks.module.kms.data.aws_partition.current","module.eks.module.self_managed_node_group.aws_autoscaling_group.this","module.eks.module.self_managed_node_group.aws_autoscaling_schedule.this","module.eks.module.self_managed_node_group.aws_iam_instance_profile.this","module.eks.module.self_managed_node_group.aws_iam_role.this","module.eks.module.self_managed_node_group.aws_iam_role_policy_attachment.additional","module.eks.module.self_managed_node_group.aws_iam_role_policy_attachment.this","module.eks.module.self_managed_node_group.aws_launch_template.this","module.eks.module.self_managed_node_group.data.aws_ami.eks_default","module.eks.module.self_managed_node_group.data.aws_caller_identity.current","module.eks.module.self_managed_node_group.data.aws_iam_policy_document.assume_role_policy","module.eks.module.self_managed_node_group.data.aws_partition.current","module.eks.module.self_managed_node_group.module.user_data.data.cloudinit_config.linux_eks_managed_node_group","module.eks.time_sleep.this","module.vpc.aws_subnet.private","module.vpc.aws_vpc.this","module.vpc.aws_vpc_ipv4_cidr_block_association.this"]}]},{"mode":"managed","type":"helm_release","name":"postgresql_backstage","provider":"provider[\"registry.opentofu.org/hashicorp/helm\"]","instances":[]},{"mode":"managed","type":"kubectl_manifest","name":"argocd_app_of_apps","provider":"provider[\"registry.opentofu.org/alekc/kubectl\"]","instances":[{"schema_version":1,"attributes":{"api_version":"argoproj.io/v1alpha1","apply_only":false,"delete_cascade":null,"field_manager":"kubectl","force_conflicts":false,"force_new":false,"id":"/apis/argoproj.io/v1alpha1/namespaces/argocd/applications/app-of-apps","ignore_fields":null,"kind":"Application","live_manifest_incluster":"apiVersion=12ede79859725eab1f4c4a0fee20f6811e27e04df7f70a82359134a43ef92a6f\nkind=e7ad522ea327e5ba95534ef8355038ef7f7b86328c7cf9175886f60464c40d28\nmetadata.name=b6e9ed4a854140606a6b30d578cda878105388ce2ffc68803a5010e463443216\nmetadata.namespace=2c94c18e8404a2466e8438cc5cb1edaa57d9da1b8be47a7f54df928ca3ed560d\nspec.destination.namespace=2c94c18e8404a2466e8438cc5cb1edaa57d9da1b8be47a7f54df928ca3ed560d\nspec.destination.server=1710ce7a0d4dfc0db490b6b6747644ffbb86e00748dd9562d4bee835e077b083\nspec.project=37a8eec1ce19687d132fe29051dca629d164e2c4958ba141d5f4133a33f0688f\nspec.source.path=fd54e5a82e36d787abb29e938f337caa363e9f11d88331711c0932fca32d2875\nspec.source.repoURL=b4a347c1c016b45ce6879a247c79a273ef438c421a238a8e8600e26d7c51edb1\nspec.source.targetRevision=0d6e4079e36703ebd37c00722f5891d28b0e2811dc114b129215123adcce3605\nspec.syncPolicy.automated.allowEmpty=fcbcf165908dd18a9e49f7ff27810176db8e9f63b4352213741664245224f8aa\nspec.syncPolicy.automated.prune=b5bea41b6c623f7c09f1bf24dcae58ebab3c0cdd90ad966bc43a45b44867e12b\nspec.syncPolicy.automated.selfHeal=b5bea41b6c623f7c09f1bf24dcae58ebab3c0cdd90ad966bc43a45b44867e12b\nspec.syncPolicy.retry.backoff.duration=93e3d8c5b10657d2884f177488b689aadf82a83f962237cb602b3314386ab3b7\nspec.syncPolicy.retry.backoff.factor=d4735e3a265e16eee03f59718b9b5d03019c07d8b6c51f90da3a666eec13ab35\nspec.syncPolicy.retry.backoff.maxDuration=a2b0b6da523eefe057a6d6ee7daa9d15fbdf939610ca9ac2ae4ec62f0c16d474\nspec.syncPolicy.retry.limit=ef2d127de37b942baad06145e54b0c619a1f22327b2ebbcfbec78f5564afe39d\nspec.syncPolicy.syncOptions.#=6b86b273ff34fce19d6b804eff5a3f5747ada4eaa22f1d49c01e52ddb7875b4b\nspec.syncPolicy.syncOptions.0=f08e272c5d0a984c96ea3dba6fb070af50761fd1fa70e4125749da48453a5dba","live_uid":"eeb711b0-ed83-4e36-a55d-947d971c1a47","name":"app-of-apps","namespace":"argocd","override_namespace":null,"sensitive_fields":null,"server_side_apply":false,"timeouts":null,"uid":"eeb711b0-ed83-4e36-a55d-947d971c1a47","validate_schema":true,"wait":null,"wait_for":[],"wait_for_rollout":true,"yaml_body":"apiVersion: argoproj.io/v1alpha1\nkind: Application\nmetadata:\n  name: app-of-apps\n  namespace: argocd\n  finalizers:\n    - resources-finalizer.argocd.argoproj.io\nspec:\n  project: default\n  source:\n    repoURL: https://github.com/infraforge/platform-gitops\n    path: applications\n    targetRevision: main\n  destination:\n    server: https://kubernetes.default.svc\n    namespace: argocd\n  syncPolicy:\n    automated:\n      prune: true\n      selfHeal: true\n      allowEmpty: false\n    syncOptions:\n      - CreateNamespace=true\n    retry:\n      limit: 5\n      backoff:\n        duration: 5s\n        factor: 2\n        maxDuration: 3m\n","yaml_body_parsed":"apiVersion: argoproj.io/v1alpha1\nkind: Application\nmetadata:\n  finalizers:\n  - resources-finalizer.argocd.argoproj.io\n  name: app-of-apps\n  namespace: argocd\nspec:\n  destination:\n    namespace: argocd\n    server: https://kubernetes.default.svc\n  project: default\n  source:\n    path: applications\n    repoURL: https://github.com/infraforge/platform-gitops\n    targetRevision: main\n  syncPolicy:\n    automated:\n      allowEmpty: false\n      prune: true\n      selfHeal: true\n    retry:\n      backoff:\n        duration: 5s\n        factor: 2\n        maxDuration: 3m\n      limit: 5\n    syncOptions:\n    - CreateNamespace=true\n","yaml_incluster":"apiVersion=12ede79859725eab1f4c4a0fee20f6811e27e04df7f70a82359134a43ef92a6f\nkind=e7ad522ea327e5ba95534ef8355038ef7f7b86328c7cf9175886f60464c40d28\nmetadata.name=b6e9ed4a854140606a6b30d578cda878105388ce2ffc68803a5010e463443216\nmetadata.namespace=2c94c18e8404a2466e8438cc5cb1edaa57d9da1b8be47a7f54df928ca3ed560d\nspec.destination.namespace=2c94c18e8404a2466e8438cc5cb1edaa57d9da1b8be47a7f54df928ca3ed560d\nspec.destination.server=1710ce7a0d4dfc0db490b6b6747644ffbb86e00748dd9562d4bee835e077b083\nspec.project=37a8eec1ce19687d132fe29051dca629d164e2c4958ba141d5f4133a33f0688f\nspec.source.path=fd54e5a82e36d787abb29e938f337caa363e9f11d88331711c0932fca32d2875\nspec.source.repoURL=b4a347c1c016b45ce6879a247c79a273ef438c421a238a8e8600e26d7c51edb1\nspec.source.targetRevision=0d6e4079e36703ebd37c00722f5891d28b0e2811dc114b129215123adcce3605\nspec.syncPolicy.automated.allowEmpty=fcbcf165908dd18a9e49f7ff27810176db8e9f63b4352213741664245224f8aa\nspec.syncPolicy.automated.prune=b5bea41b6c623f7c09f1bf24dcae58ebab3c0cdd90ad966bc43a45b44867e12b\nspec.syncPolicy.automated.selfHeal=b5bea41b6c623f7c09f1bf24dcae58ebab3c0cdd90ad966bc43a45b44867e12b\nspec.syncPolicy.retry.backoff.duration=93e3d8c5b10657d2884f177488b689aadf82a83f962237cb602b3314386ab3b7\nspec.syncPolicy.retry.backoff.factor=d4735e3a265e16eee03f59718b9b5d03019c07d8b6c51f90da3a666eec13ab35\nspec.syncPolicy.retry.backoff.maxDuration=a2b0b6da523eefe057a6d6ee7daa9d15fbdf939610ca9ac2ae4ec62f0c16d474\nspec.syncPolicy.retry.limit=ef2d127de37b942baad06145e54b0c619a1f22327b2ebbcfbec78f5564afe39d\nspec.syncPolicy.syncOptions.#=6b86b273ff34fce19d6b804eff5a3f5747ada4eaa22f1d49c01e52ddb7875b4b\nspec.syncPolicy.syncOptions.0=f08e272c5d0a984c96ea3dba6fb070af50761fd1fa70e4125749da48453a5dba"},"sensitive_attributes":[[{"type":"get_attr","value":"yaml_incluster"}],[{"type":"get_attr","value":"live_manifest_incluster"}],[{"type":"get_attr","value":"yaml_body"}]],"private":"eyJlMmJmYjczMC1lY2FhLTExZTYtOGY4OC0zNDM2M2JjN2M0YzAiOnsiY3JlYXRlIjo2MDAwMDAwMDAwMDB9LCJzY2hlbWFfdmVyc2lvbiI6IjEifQ==","dependencies":["aws_kms_key.eks","aws_security_group.vpc_endpoints","aws_vpc_endpoint.ec2","aws_vpc_endpoint.ecr_api","aws_vpc_endpoint.ecr_dkr","aws_vpc_endpoint.sts","data.aws_availability_zones.available","data.aws_caller_identity.current","helm_release.argocd","module.aws_load_balancer_controller_irsa.aws_iam_policy.amazon_managed_service_prometheus","module.aws_load_balancer_controller_irsa.aws_iam_policy.appmesh_controller","module.aws_load_balancer_controller_irsa.aws_iam_policy.appmesh_envoy_proxy","module.aws_load_balancer_controller_irsa.aws_iam_policy.aws_gateway_controller","module.aws_load_balancer_controller_irsa.aws_iam_policy.cert_manager","module.aws_load_balancer_controller_irsa.aws_iam_policy.cluster_autoscaler","module.aws_load_balancer_controller_irsa.aws_iam_policy.ebs_csi","module.aws_load_balancer_controller_irsa.aws_iam_policy.efs_csi","module.aws_load_balancer_controller_irsa.aws_iam_policy.external_dns","module.aws_load_balancer_controller_irsa.aws_iam_policy.external_secrets","module.aws_load_balancer_controller_irsa.aws_iam_policy.fsx_lustre_csi","module.aws_load_balancer_controller_irsa.aws_iam_policy.fsx_openzfs_csi","module.aws_load_balancer_controller_irsa.aws_iam_policy.karpenter_controller","module.aws_load_balancer_controller_irsa.aws_iam_policy.load_balancer_controller","module.aws_load_balancer_controller_irsa.aws_iam_policy.load_balancer_controller_targetgroup_only","module.aws_load_balancer_controller_irsa.aws_iam_policy.mountpoint_s3_csi","module.aws_load_balancer_controller_irsa.aws_iam_policy.node_termination_handler","module.aws_load_balancer_controller_irsa.aws_iam_policy.velero","module.aws_load_balancer_controller_irsa.aws_iam_policy.vpc_cni","module.aws_load_balancer_controller_irsa.aws_iam_role.this","module.aws_load_balancer_controller_irsa.aws_iam_role_policy_attachment.amazon_cloudwatch_observability","module.aws_load_balancer_controller_irsa.aws_iam_role_policy_attachment.amazon_managed_service_prometheus","module.aws_load_balancer_controller_irsa.aws_iam_role_policy_attachment.appmesh_controller","module.aws_load_balancer_controller_irsa.aws_iam_role_policy_attachment.appmesh_envoy_proxy","module.aws_load_balancer_controller_irsa.aws_iam_role_policy_attachment.aws_gateway_controller","module.aws_load_balancer_controller_irsa.aws_iam_role_policy_attachment.cert_manager","module.aws_load_balancer_controller_irsa.aws_iam_role_policy_attachment.cluster_autoscaler","module.aws_load_balancer_controller_irsa.aws_iam_role_policy_attachment.ebs_csi","module.aws_load_balancer_controller_irsa.aws_iam_role_policy_attachment.efs_csi","module.aws_load_balancer_controller_irsa.aws_iam_role_policy_attachment.external_dns","module.aws_load_balancer_controller_irsa.aws_iam_role_policy_attachment.external_secrets","module.aws_load_balancer_controller_irsa.aws_iam_role_policy_attachment.fsx_lustre_csi","module.aws_load_balancer_controller_irsa.aws_iam_role_policy_attachment.fsx_openzfs_csi","module.aws_load_balancer_controller_irsa.aws_iam_role_policy_attachment.karpenter_controller","module.aws_load_balancer_controller_irsa.aws_iam_role_policy_attachment.load_balancer_controller","module.aws_load_balancer_controller_irsa.aws_iam_role_policy_attachment.load_balancer_controller_targetgroup_only","module.aws_load_balancer_controller_irsa.aws_iam_role_policy_attachment.mountpoint_s3_csi","module.aws_load_balancer_controller_irsa.aws_iam_role_policy_attachment.node_termination_handler","module.aws_load_balancer_controller_irsa.aws_iam_role_policy_attachment.this","module.aws_load_balancer_controller_irsa.aws_iam_role_policy_attachment.velero","module.aws_load_balancer_controller_irsa.aws_iam_role_policy_attachment.vpc_cni","module.aws_load_balancer_controller_irsa.data.aws_caller_identity.current","module.aws_load_balancer_controller_irsa.data.aws_iam_policy_document.amazon_managed_service_prometheus","module.aws_load_balancer_controller_irsa.data.aws_iam_policy_document.appmesh_controller","module.aws_load_balancer_controller_irsa.data.aws_iam_policy_document.appmesh_envoy_proxy","module.aws_load_balancer_controller_irsa.data.aws_iam_policy_document.aws_gateway_controller","module.aws_load_balancer_controller_irsa.data.aws_iam_policy_document.cert_manager","module.aws_load_balancer_controller_irsa.data.aws_iam_policy_document.cluster_autoscaler","module.aws_load_balancer_controller_irsa.data.aws_iam_policy_document.ebs_csi","module.aws_load_balancer_controller_irsa.data.aws_iam_policy_document.efs_csi","module.aws_load_balancer_controller_irsa.data.aws_iam_policy_document.external_dns","module.aws_load_balancer_controller_irsa.data.aws_iam_policy_document.external_secrets","module.aws_load_balancer_controller_irsa.data.aws_iam_policy_document.fsx_lustre_csi","module.aws_load_balancer_controller_irsa.data.aws_iam_policy_document.fsx_openzfs_csi","module.aws_load_balancer_controller_irsa.data.aws_iam_policy_document.karpenter_controller","module.aws_load_balancer_controller_irsa.data.aws_iam_policy_document.load_balancer_controller","module.aws_load_balancer_controller_irsa.data.aws_iam_policy_document.load_balancer_controller_targetgroup_only","module.aws_load_balancer_controller_irsa.data.aws_iam_policy_document.mountpoint_s3_csi","module.aws_load_balancer_controller_irsa.data.aws_iam_policy_document.node_termination_handler","module.aws_load_balancer_controller_irsa.data.aws_iam_policy_document.this","module.aws_load_balancer_controller_irsa.data.aws_iam_policy_document.velero","module.aws_load_balancer_controller_irsa.data.aws_iam_policy_document.vpc_cni","module.aws_load_balancer_controller_irsa.data.aws_partition.current","module.aws_load_balancer_controller_irsa.data.aws_region.current","module.ebs_csi_driver_irsa.aws_iam_role.this","module.ebs_csi_driver_irsa.data.aws_caller_identity.current","module.ebs_csi_driver_irsa.data.aws_iam_policy_document.this","module.ebs_csi_driver_irsa.data.aws_partition.current","module.eks.aws_cloudwatch_log_group.this","module.eks.aws_ec2_tag.cluster_primary_security_group","module.eks.aws_eks_addon.before_compute","module.eks.aws_eks_addon.this","module.eks.aws_eks_cluster.this","module.eks.aws_eks_identity_provider_config.this","module.eks.aws_iam_openid_connect_provider.oidc_provider","module.eks.aws_iam_policy.cluster_encryption","module.eks.aws_iam_policy.cni_ipv6_policy","module.eks.aws_iam_role.this","module.eks.aws_iam_role_policy_attachment.additional","module.eks.aws_iam_role_policy_attachment.cluster_encryption","module.eks.aws_iam_role_policy_attachment.this","module.eks.aws_security_group.cluster","module.eks.aws_security_group.node","module.eks.aws_security_group_rule.cluster","module.eks.aws_security_group_rule.node","module.eks.data.aws_caller_identity.current","module.eks.data.aws_eks_addon_version.this","module.eks.data.aws_iam_policy_document.assume_role_policy","module.eks.data.aws_iam_policy_document.cni_ipv6_policy","module.eks.data.aws_iam_session_context.current","module.eks.data.aws_partition.current","module.eks.data.tls_certificate.this","module.eks.kubernetes_config_map.aws_auth","module.eks.kubernetes_config_map_v1_data.aws_auth","module.eks.module.eks_managed_node_group.aws_autoscaling_schedule.this","module.eks.module.eks_managed_node_group.aws_eks_node_group.this","module.eks.module.eks_managed_node_group.aws_iam_role.this","module.eks.module.eks_managed_node_group.aws_iam_role_policy_attachment.additional","module.eks.module.eks_managed_node_group.aws_iam_role_policy_attachment.this","module.eks.module.eks_managed_node_group.aws_launch_template.this","module.eks.module.eks_managed_node_group.data.aws_caller_identity.current","module.eks.module.eks_managed_node_group.data.aws_iam_policy_document.assume_role_policy","module.eks.module.eks_managed_node_group.data.aws_partition.current","module.eks.module.eks_managed_node_group.module.user_data.data.cloudinit_config.linux_eks_managed_node_group","module.eks.module.fargate_profile.aws_eks_fargate_profile.this","module.eks.module.fargate_profile.aws_iam_role.this","module.eks.module.fargate_profile.aws_iam_role_policy_attachment.additional","module.eks.module.fargate_profile.aws_iam_role_policy_attachment.this","module.eks.module.fargate_profile.data.aws_caller_identity.current","module.eks.module.fargate_profile.data.aws_iam_policy_document.assume_role_policy","module.eks.module.fargate_profile.data.aws_partition.current","module.eks.module.kms.aws_kms_alias.this","module.eks.module.kms.aws_kms_external_key.this","module.eks.module.kms.aws_kms_grant.this","module.eks.module.kms.aws_kms_key.this","module.eks.module.kms.aws_kms_replica_external_key.this","module.eks.module.kms.aws_kms_replica_key.this","module.eks.module.kms.data.aws_caller_identity.current","module.eks.module.kms.data.aws_iam_policy_document.this","module.eks.module.kms.data.aws_partition.current","module.eks.module.self_managed_node_group.aws_autoscaling_group.this","module.eks.module.self_managed_node_group.aws_autoscaling_schedule.this","module.eks.module.self_managed_node_group.aws_iam_instance_profile.this","module.eks.module.self_managed_node_group.aws_iam_role.this","module.eks.module.self_managed_node_group.aws_iam_role_policy_attachment.additional","module.eks.module.self_managed_node_group.aws_iam_role_policy_attachment.this","module.eks.module.self_managed_node_group.aws_launch_template.this","module.eks.module.self_managed_node_group.data.aws_ami.eks_default","module.eks.module.self_managed_node_group.data.aws_caller_identity.current","module.eks.module.self_managed_node_group.data.aws_iam_policy_document.assume_role_policy","module.eks.module.self_managed_node_group.data.aws_partition.current","module.eks.module.self_managed_node_group.module.user_data.data.cloudinit_config.linux_eks_managed_node_group","module.eks.time_sleep.this","module.vpc.aws_subnet.private","module.vpc.aws_vpc.this","module.vpc.aws_vpc_ipv4_cidr_block_association.this"]}]},{"mode":"managed","type":"kubernetes_cluster_role","name":"backstage","provider":"provider[\"registry.opentofu.org/hashicorp/kubernetes\"]","instances":[{"schema_version":0,"attributes":{"aggregation_rule":[],"id":"backstage-reader","metadata":[{"annotations":{},"generate_name":"","generation":0,"labels":{},"name":"backstage-reader","resource_version":"40852","uid":"9c462557-72ab-4f76-a27d-9a707c0d5e52"}],"rule":[{"api_groups":["","apps","batch","networking.k8s.io"],"non_resource_urls":[],"resource_names":[],"resources":["pods","services","deployments","replicasets","ingresses","jobs","cronjobs"],"verbs":["get","list","watch"]},{"api_groups":["platform.kratix.io","marketplace.kratix.io"],"non_resource_urls":[],"resource_names":[],"resources":["*"],"verbs":["get","list","watch","create","update","patch"]}]},"sensitive_attributes":[],"private":"bnVsbA==","dependencies":["aws_kms_key.eks","aws_security_group.vpc_endpoints","aws_vpc_endpoint.ec2","aws_vpc_endpoint.ecr_api","aws_vpc_endpoint.ecr_dkr","aws_vpc_endpoint.sts","data.aws_availability_zones.available","module.eks.aws_cloudwatch_log_group.this","module.eks.aws_eks_cluster.this","module.eks.aws_iam_policy.cni_ipv6_policy","module.eks.aws_iam_role.this","module.eks.aws_iam_role_policy_attachment.this","module.eks.aws_security_group.cluster","module.eks.aws_security_group.node","module.eks.aws_security_group_rule.cluster","module.eks.aws_security_group_rule.node","module.eks.data.aws_caller_identity.current","module.eks.data.aws_iam_policy_document.assume_role_policy","module.eks.data.aws_iam_policy_document.cni_ipv6_policy","module.eks.data.aws_iam_session_context.current","module.eks.data.aws_partition.current","module.eks.module.kms.aws_kms_external_key.this","module.eks.module.kms.aws_kms_key.this","module.eks.module.kms.aws_kms_replica_external_key.this","module.eks.module.kms.aws_kms_replica_key.this","module.eks.module.kms.data.aws_caller_identity.current","module.eks.module.kms.data.aws_iam_policy_document.this","module.eks.module.kms.data.aws_partition.current","module.vpc.aws_subnet.private","module.vpc.aws_vpc.this","module.vpc.aws_vpc_ipv4_cidr_block_association.this"]}]},{"mode":"managed","type":"kubernetes_cluster_role_binding","name":"backstage","provider":"provider[\"registry.opentofu.org/hashicorp/kubernetes\"]","instances":[{"schema_version":0,"attributes":{"id":"backstage-reader","metadata":[{"annotations":null,"generate_name":"","generation":0,"labels":null,"name":"backstage-reader","resource_version":"49203","uid":"665edfad-a0ea-42b4-8b35-8d6dffaacad3"}],"role_ref":[{"api_group":"rbac.authorization.k8s.io","kind":"ClusterRole","name":"backstage-reader"}],"subject":[{"api_group":"","kind":"ServiceAccount","name":"backstage","namespace":"backstage"}]},"sensitive_attributes":[],"private":"bnVsbA==","dependencies":["aws_kms_key.eks","aws_security_group.vpc_endpoints","aws_vpc_endpoint.ec2","aws_vpc_endpoint.ecr_api","aws_vpc_endpoint.ecr_dkr","aws_vpc_endpoint.sts","data.aws_availability_zones.available","kubernetes_cluster_role.backstage","kubernetes_service_account.backstage","module.eks.aws_cloudwatch_log_group.this","module.eks.aws_eks_cluster.this","module.eks.aws_iam_policy.cni_ipv6_policy","module.eks.aws_iam_role.this","module.eks.aws_iam_role_policy_attachment.this","module.eks.aws_security_group.cluster","module.eks.aws_security_group.node","module.eks.aws_security_group_rule.cluster","module.eks.aws_security_group_rule.node","module.eks.data.aws_caller_identity.current","module.eks.data.aws_iam_policy_document.assume_role_policy","module.eks.data.aws_iam_policy_document.cni_ipv6_policy","module.eks.data.aws_iam_session_context.current","module.eks.data.aws_partition.current","module.eks.module.kms.aws_kms_external_key.this","module.eks.module.kms.aws_kms_key.this","module.eks.module.kms.aws_kms_replica_external_key.this","module.eks.module.kms.aws_kms_replica_key.this","module.eks.module.kms.data.aws_caller_identity.current","module.eks.module.kms.data.aws_iam_policy_document.this","module.eks.module.kms.data.aws_partition.current","module.vpc.aws_subnet.private","module.vpc.aws_vpc.this","module.vpc.aws_vpc_ipv4_cidr_block_association.this"]}]},{"mode":"managed","type":"kubernetes_service_account","name":"backstage","provider":"provider[\"registry.opentofu.org/hashicorp/kubernetes\"]","instances":[{"schema_version":0,"attributes":{"automount_service_account_token":true,"default_secret_name":"","id":"backstage/backstage","image_pull_secret":[],"metadata":[{"annotations":null,"generate_name":"","generation":0,"labels":null,"name":"backstage","namespace":"backstage","resource_version":"49191","uid":"ceaabd42-4f6a-4862-8d03-0f2b898430bc"}],"secret":[],"timeouts":null},"sensitive_attributes":[],"private":"eyJlMmJmYjczMC1lY2FhLTExZTYtOGY4OC0zNDM2M2JjN2M0YzAiOnsiY3JlYXRlIjozMDAwMDAwMDAwMH19","dependencies":["aws_kms_key.eks","aws_security_group.vpc_endpoints","aws_vpc_endpoint.ec2","aws_vpc_endpoint.ecr_api","aws_vpc_endpoint.ecr_dkr","aws_vpc_endpoint.sts","data.aws_availability_zones.available","module.eks.aws_cloudwatch_log_group.this","module.eks.aws_eks_cluster.this","module.eks.aws_iam_policy.cni_ipv6_policy","module.eks.aws_iam_role.this","module.eks.aws_iam_role_policy_attachment.this","module.eks.aws_security_group.cluster","module.eks.aws_security_group.node","module.eks.aws_security_group_rule.cluster","module.eks.aws_security_group_rule.node","module.eks.data.aws_caller_identity.current","module.eks.data.aws_iam_policy_document.assume_role_policy","module.eks.data.aws_iam_policy_document.cni_ipv6_policy","module.eks.data.aws_iam_session_context.current","module.eks.data.aws_partition.current","module.eks.module.kms.aws_kms_external_key.this","module.eks.module.kms.aws_kms_key.this","module.eks.module.kms.aws_kms_replica_external_key.this","module.eks.module.kms.aws_kms_replica_key.this","module.eks.module.kms.data.aws_caller_identity.current","module.eks.module.kms.data.aws_iam_policy_document.this","module.eks.module.kms.data.aws_partition.current","module.vpc.aws_subnet.private","module.vpc.aws_vpc.this","module.vpc.aws_vpc_ipv4_cidr_block_association.this"]}]},{"mode":"managed","type":"null_resource","name":"configure_ebs_csi","provider":"provider[\"registry.opentofu.org/hashicorp/null\"]","instances":[{"index_key":0,"schema_version":0,"attributes":{"id":"5410801346884088876","triggers":null},"sensitive_attributes":[],"dependencies":["aws_kms_key.eks","aws_security_group.vpc_endpoints","aws_vpc_endpoint.ec2","aws_vpc_endpoint.ecr_api","aws_vpc_endpoint.ecr_dkr","aws_vpc_endpoint.sts","data.aws_availability_zones.available","data.aws_caller_identity.current","module.ebs_csi_driver_irsa.aws_iam_role.this","module.ebs_csi_driver_irsa.data.aws_caller_identity.current","module.ebs_csi_driver_irsa.data.aws_iam_policy_document.this","module.ebs_csi_driver_irsa.data.aws_partition.current","module.eks.aws_cloudwatch_log_group.this","module.eks.aws_ec2_tag.cluster_primary_security_group","module.eks.aws_eks_addon.before_compute","module.eks.aws_eks_addon.this","module.eks.aws_eks_cluster.this","module.eks.aws_eks_identity_provider_config.this","module.eks.aws_iam_openid_connect_provider.oidc_provider","module.eks.aws_iam_policy.cluster_encryption","module.eks.aws_iam_policy.cni_ipv6_policy","module.eks.aws_iam_role.this","module.eks.aws_iam_role_policy_attachment.additional","module.eks.aws_iam_role_policy_attachment.cluster_encryption","module.eks.aws_iam_role_policy_attachment.this","module.eks.aws_security_group.cluster","module.eks.aws_security_group.node","module.eks.aws_security_group_rule.cluster","module.eks.aws_security_group_rule.node","module.eks.data.aws_caller_identity.current","module.eks.data.aws_eks_addon_version.this","module.eks.data.aws_iam_policy_document.assume_role_policy","module.eks.data.aws_iam_policy_document.cni_ipv6_policy","module.eks.data.aws_iam_session_context.current","module.eks.data.aws_partition.current","module.eks.data.tls_certificate.this","module.eks.kubernetes_config_map.aws_auth","module.eks.kubernetes_config_map_v1_data.aws_auth","module.eks.module.eks_managed_node_group.aws_autoscaling_schedule.this","module.eks.module.eks_managed_node_group.aws_eks_node_group.this","module.eks.module.eks_managed_node_group.aws_iam_role.this","module.eks.module.eks_managed_node_group.aws_iam_role_policy_attachment.additional","module.eks.module.eks_managed_node_group.aws_iam_role_policy_attachment.this","module.eks.module.eks_managed_node_group.aws_launch_template.this","module.eks.module.eks_managed_node_group.data.aws_caller_identity.current","module.eks.module.eks_managed_node_group.data.aws_iam_policy_document.assume_role_policy","module.eks.module.eks_managed_node_group.data.aws_partition.current","module.eks.module.eks_managed_node_group.module.user_data.data.cloudinit_config.linux_eks_managed_node_group","module.eks.module.fargate_profile.aws_eks_fargate_profile.this","module.eks.module.fargate_profile.aws_iam_role.this","module.eks.module.fargate_profile.aws_iam_role_policy_attachment.additional","module.eks.module.fargate_profile.aws_iam_role_policy_attachment.this","module.eks.module.fargate_profile.data.aws_caller_identity.current","module.eks.module.fargate_profile.data.aws_iam_policy_document.assume_role_policy","module.eks.module.fargate_profile.data.aws_partition.current","module.eks.module.kms.aws_kms_alias.this","module.eks.module.kms.aws_kms_external_key.this","module.eks.module.kms.aws_kms_grant.this","module.eks.module.kms.aws_kms_key.this","module.eks.module.kms.aws_kms_replica_external_key.this","module.eks.module.kms.aws_kms_replica_key.this","module.eks.module.kms.data.aws_caller_identity.current","module.eks.module.kms.data.aws_iam_policy_document.this","module.eks.module.kms.data.aws_partition.current","module.eks.module.self_managed_node_group.aws_autoscaling_group.this","module.eks.module.self_managed_node_group.aws_autoscaling_schedule.this","module.eks.module.self_managed_node_group.aws_iam_instance_profile.this","module.eks.module.self_managed_node_group.aws_iam_role.this","module.eks.module.self_managed_node_group.aws_iam_role_policy_attachment.additional","module.eks.module.self_managed_node_group.aws_iam_role_policy_attachment.this","module.eks.module.self_managed_node_group.aws_launch_template.this","module.eks.module.self_managed_node_group.data.aws_ami.eks_default","module.eks.module.self_managed_node_group.data.aws_caller_identity.current","module.eks.module.self_managed_node_group.data.aws_iam_policy_document.assume_role_policy","module.eks.module.self_managed_node_group.data.aws_partition.current","module.eks.module.self_managed_node_group.module.user_data.data.cloudinit_config.linux_eks_managed_node_group","module.eks.time_sleep.this","module.vpc.aws_subnet.private","module.vpc.aws_vpc.this","module.vpc.aws_vpc_ipv4_cidr_block_association.this"]}]},{"mode":"managed","type":"random_password","name":"argocd_admin","provider":"provider[\"registry.opentofu.org/hashicorp/random\"]","instances":[{"schema_version":3,"attributes":{"bcrypt_hash":"$2a$10$dJQWEBi8VQyk4QaMa6z6tuhun.z7vkFqNvFxbozkjrkSXjm3hjOYW","id":"none","keepers":null,"length":16,"lower":true,"min_lower":0,"min_numeric":0,"min_special":0,"min_upper":0,"number":true,"numeric":true,"override_special":null,"result":"1bQ8DPTtKV3#\u003cu1$","special":true,"upper":true},"sensitive_attributes":[[{"type":"get_attr","value":"bcrypt_hash"}],[{"type":"get_attr","value":"result"}]]}]},{"mode":"managed","type":"random_password","name":"backstage_db_password","provider":"provider[\"registry.opentofu.org/hashicorp/random\"]","instances":[{"schema_version":3,"attributes":{"bcrypt_hash":"$2a$10$ybh.vlkVswsHRKrVrjQAp.uF.5gSHIar3hL8kgDTxDGD8kKFlAE3G","id":"none","keepers":null,"length":16,"lower":true,"min_lower":0,"min_numeric":0,"min_special":0,"min_upper":0,"number":true,"numeric":true,"override_special":null,"result":"wPOTjZjbPJOHZe1y","special":false,"upper":true},"sensitive_attributes":[[{"type":"get_attr","value":"bcrypt_hash"}],[{"type":"get_attr","value":"result"}]]}]},{"mode":"managed","type":"random_password","name":"minio_password","provider":"provider[\"registry.opentofu.org/hashicorp/random\"]","instances":[{"index_key":0,"schema_version":3,"attributes":{"bcrypt_hash":"$2a$10$9zwAYCni/JacQdcBJmxdzeJQmb9t96jkgblZPoW3zWt5AiUbLQDru","id":"none","keepers":null,"length":16,"lower":true,"min_lower":0,"min_numeric":0,"min_special":0,"min_upper":0,"number":true,"numeric":true,"override_special":null,"result":"ddIee40QVeUuHJSA","special":false,"upper":true},"sensitive_attributes":[[{"type":"get_attr","value":"result"}],[{"type":"get_attr","value":"bcrypt_hash"}]]}]},{"module":"module.aws_load_balancer_controller_irsa[0]","mode":"data","type":"aws_caller_identity","name":"current","provider":"provider[\"registry.opentofu.org/hashicorp/aws\"]","instances":[{"schema_version":0,"attributes":{"account_id":"715841344657","arn":"arn:aws:iam::715841344657:user/gokhan","id":"715841344657","user_id":"AIDA2NK3YCSIS6IBFCURI"},"sensitive_attributes":[]}]},{"module":"module.aws_load_balancer_controller_irsa[0]","mode":"data","type":"aws_iam_policy_document","name":"load_balancer_controller","provider":"provider[\"registry.opentofu.org/hashicorp/aws\"]","instances":[{"index_key":0,"schema_version":0,"attributes":{"id":"1541424006","json":"{\n  \"Version\": \"2012-10-17\",\n  \"Statement\": [\n    {\n      \"Effect\": \"Allow\",\n      \"Action\": \"iam:CreateServiceLinkedRole\",\n      \"Resource\": \"*\",\n      \"Condition\": {\n        \"StringEquals\": {\n          \"iam:AWSServiceName\": \"elasticloadbalancing.amazonaws.com\"\n        }\n      }\n    },\n    {\n      \"Effect\": \"Allow\",\n      \"Action\": [\n        \"elasticloadbalancing:DescribeTrustStores\",\n        \"elasticloadbalancing:DescribeTargetHealth\",\n        \"elasticloadbalancing:DescribeTargetGroups\",\n        \"elasticloadbalancing:DescribeTargetGroupAttributes\",\n        \"elasticloadbalancing:DescribeTags\",\n        \"elasticloadbalancing:DescribeSSLPolicies\",\n        \"elasticloadbalancing:DescribeRules\",\n        \"elasticloadbalancing:DescribeLoadBalancers\",\n        \"elasticloadbalancing:DescribeLoadBalancerAttributes\",\n        \"elasticloadbalancing:DescribeListeners\",\n        \"elasticloadbalancing:DescribeListenerCertificates\",\n        \"elasticloadbalancing:DescribeListenerAttributes\",\n        \"elasticloadbalancing:DescribeCapacityReservation\",\n        \"ec2:GetSecurityGroupsForVpc\",\n        \"ec2:GetCoipPoolUsage\",\n        \"ec2:DescribeVpcs\",\n        \"ec2:DescribeVpcPeeringConnections\",\n        \"ec2:DescribeTags\",\n        \"ec2:DescribeSubnets\",\n        \"ec2:DescribeSecurityGroups\",\n        \"ec2:DescribeRouteTables\",\n        \"ec2:DescribeNetworkInterfaces\",\n        \"ec2:DescribeIpamPools\",\n        \"ec2:DescribeInternetGateways\",\n        \"ec2:DescribeInstances\",\n        \"ec2:DescribeCoipPools\",\n        \"ec2:DescribeAvailabilityZones\",\n        \"ec2:DescribeAddresses\",\n        \"ec2:DescribeAccountAttributes\"\n      ],\n      \"Resource\": \"*\"\n    },\n    {\n      \"Effect\": \"Allow\",\n      \"Action\": [\n        \"wafv2:GetWebACLForResource\",\n        \"wafv2:GetWebACL\",\n        \"wafv2:DisassociateWebACL\",\n        \"wafv2:AssociateWebACL\",\n        \"waf-regional:GetWebACLForResource\",\n        \"waf-regional:GetWebACL\",\n        \"waf-regional:DisassociateWebACL\",\n        \"waf-regional:AssociateWebACL\",\n        \"shield:GetSubscriptionState\",\n        \"shield:DescribeProtection\",\n        \"shield:DeleteProtection\",\n        \"shield:CreateProtection\",\n        \"iam:ListServerCertificates\",\n        \"iam:GetServerCertificate\",\n        \"cognito-idp:DescribeUserPoolClient\",\n        \"acm:ListCertificates\",\n        \"acm:DescribeCertificate\"\n      ],\n      \"Resource\": \"*\"\n    },\n    {\n      \"Effect\": \"Allow\",\n      \"Action\": [\n        \"ec2:RevokeSecurityGroupIngress\",\n        \"ec2:AuthorizeSecurityGroupIngress\"\n      ],\n      \"Resource\": \"*\"\n    },\n    {\n      \"Effect\": \"Allow\",\n      \"Action\": \"ec2:CreateSecurityGroup\",\n      \"Resource\": \"*\"\n    },\n    {\n      \"Effect\": \"Allow\",\n      \"Action\": \"ec2:CreateTags\",\n      \"Resource\": \"arn:aws:ec2:*:*:security-group/*\",\n      \"Condition\": {\n        \"Null\": {\n          \"aws:RequestTag/elbv2.k8s.aws/cluster\": \"false\"\n        },\n        \"StringEquals\": {\n          \"ec2:CreateAction\": \"CreateSecurityGroup\"\n        }\n      }\n    },\n    {\n      \"Effect\": \"Allow\",\n      \"Action\": [\n        \"ec2:DeleteTags\",\n        \"ec2:CreateTags\"\n      ],\n      \"Resource\": \"arn:aws:ec2:*:*:security-group/*\",\n      \"Condition\": {\n        \"Null\": {\n          \"aws:RequestTag/elbv2.k8s.aws/cluster\": \"true\",\n          \"aws:ResourceTag/elbv2.k8s.aws/cluster\": \"false\"\n        }\n      }\n    },\n    {\n      \"Effect\": \"Allow\",\n      \"Action\": [\n        \"ec2:RevokeSecurityGroupIngress\",\n        \"ec2:DeleteSecurityGroup\",\n        \"ec2:AuthorizeSecurityGroupIngress\"\n      ],\n      \"Resource\": \"*\",\n      \"Condition\": {\n        \"Null\": {\n          \"aws:ResourceTag/elbv2.k8s.aws/cluster\": \"false\"\n        }\n      }\n    },\n    {\n      \"Effect\": \"Allow\",\n      \"Action\": [\n        \"elasticloadbalancing:CreateTargetGroup\",\n        \"elasticloadbalancing:CreateLoadBalancer\"\n      ],\n      \"Resource\": \"*\",\n      \"Condition\": {\n        \"Null\": {\n          \"aws:RequestTag/elbv2.k8s.aws/cluster\": \"false\"\n        }\n      }\n    },\n    {\n      \"Effect\": \"Allow\",\n      \"Action\": [\n        \"elasticloadbalancing:DeleteRule\",\n        \"elasticloadbalancing:DeleteListener\",\n        \"elasticloadbalancing:CreateRule\",\n        \"elasticloadbalancing:CreateListener\"\n      ],\n      \"Resource\": \"*\"\n    },\n    {\n      \"Effect\": \"Allow\",\n      \"Action\": [\n        \"elasticloadbalancing:RemoveTags\",\n        \"elasticloadbalancing:AddTags\"\n      ],\n      \"Resource\": [\n        \"arn:aws:elasticloadbalancing:*:*:targetgroup/*/*\",\n        \"arn:aws:elasticloadbalancing:*:*:loadbalancer/net/*/*\",\n        \"arn:aws:elasticloadbalancing:*:*:loadbalancer/app/*/*\"\n      ],\n      \"Condition\": {\n        \"Null\": {\n          \"aws:RequestTag/elbv2.k8s.aws/cluster\": \"true\",\n          \"aws:ResourceTag/elbv2.k8s.aws/cluster\": \"false\"\n        }\n      }\n    },\n    {\n      \"Effect\": \"Allow\",\n      \"Action\": [\n        \"elasticloadbalancing:RemoveTags\",\n        \"elasticloadbalancing:AddTags\"\n      ],\n      \"Resource\": [\n        \"arn:aws:elasticloadbalancing:*:*:listener/net/*/*/*\",\n        \"arn:aws:elasticloadbalancing:*:*:listener/app/*/*/*\",\n        \"arn:aws:elasticloadbalancing:*:*:listener-rule/net/*/*/*\",\n        \"arn:aws:elasticloadbalancing:*:*:listener-rule/app/*/*/*\"\n      ]\n    },\n    {\n      \"Effect\": \"Allow\",\n      \"Action\": [\n        \"elasticloadbalancing:SetSubnets\",\n        \"elasticloadbalancing:SetSecurityGroups\",\n        \"elasticloadbalancing:SetIpAddressType\",\n        \"elasticloadbalancing:ModifyTargetGroupAttributes\",\n        \"elasticloadbalancing:ModifyTargetGroup\",\n        \"elasticloadbalancing:ModifyLoadBalancerAttributes\",\n        \"elasticloadbalancing:ModifyListenerAttributes\",\n        \"elasticloadbalancing:ModifyIpPools\",\n        \"elasticloadbalancing:ModifyCapacityReservation\",\n        \"elasticloadbalancing:DeleteTargetGroup\",\n        \"elasticloadbalancing:DeleteLoadBalancer\"\n      ],\n      \"Resource\": \"*\",\n      \"Condition\": {\n        \"Null\": {\n          \"aws:ResourceTag/elbv2.k8s.aws/cluster\": \"false\"\n        }\n      }\n    },\n    {\n      \"Effect\": \"Allow\",\n      \"Action\": \"elasticloadbalancing:AddTags\",\n      \"Resource\": [\n        \"arn:aws:elasticloadbalancing:*:*:targetgroup/*/*\",\n        \"arn:aws:elasticloadbalancing:*:*:loadbalancer/net/*/*\",\n        \"arn:aws:elasticloadbalancing:*:*:loadbalancer/app/*/*\"\n      ],\n      \"Condition\": {\n        \"Null\": {\n          \"aws:RequestTag/elbv2.k8s.aws/cluster\": \"false\"\n        },\n        \"StringEquals\": {\n          \"elasticloadbalancing:CreateAction\": [\n            \"CreateTargetGroup\",\n            \"CreateLoadBalancer\"\n          ]\n        }\n      }\n    },\n    {\n      \"Effect\": \"Allow\",\n      \"Action\": [\n        \"elasticloadbalancing:RegisterTargets\",\n        \"elasticloadbalancing:DeregisterTargets\"\n      ],\n      \"Resource\": \"arn:aws:elasticloadbalancing:*:*:targetgroup/*/*\"\n    },\n    {\n      \"Effect\": \"Allow\",\n      \"Action\": [\n        \"elasticloadbalancing:SetWebAcl\",\n        \"elasticloadbalancing:SetRulePriorities\",\n        \"elasticloadbalancing:RemoveListenerCertificates\",\n        \"elasticloadbalancing:ModifyRule\",\n        \"elasticloadbalancing:ModifyListener\",\n        \"elasticloadbalancing:AddListenerCertificates\"\n      ],\n      \"Resource\": \"*\"\n    }\n  ]\n}","minified_json":"{\"Version\":\"2012-10-17\",\"Statement\":[{\"Effect\":\"Allow\",\"Action\":\"iam:CreateServiceLinkedRole\",\"Resource\":\"*\",\"Condition\":{\"StringEquals\":{\"iam:AWSServiceName\":\"elasticloadbalancing.amazonaws.com\"}}},{\"Effect\":\"Allow\",\"Action\":[\"elasticloadbalancing:DescribeTrustStores\",\"elasticloadbalancing:DescribeTargetHealth\",\"elasticloadbalancing:DescribeTargetGroups\",\"elasticloadbalancing:DescribeTargetGroupAttributes\",\"elasticloadbalancing:DescribeTags\",\"elasticloadbalancing:DescribeSSLPolicies\",\"elasticloadbalancing:DescribeRules\",\"elasticloadbalancing:DescribeLoadBalancers\",\"elasticloadbalancing:DescribeLoadBalancerAttributes\",\"elasticloadbalancing:DescribeListeners\",\"elasticloadbalancing:DescribeListenerCertificates\",\"elasticloadbalancing:DescribeListenerAttributes\",\"elasticloadbalancing:DescribeCapacityReservation\",\"ec2:GetSecurityGroupsForVpc\",\"ec2:GetCoipPoolUsage\",\"ec2:DescribeVpcs\",\"ec2:DescribeVpcPeeringConnections\",\"ec2:DescribeTags\",\"ec2:DescribeSubnets\",\"ec2:DescribeSecurityGroups\",\"ec2:DescribeRouteTables\",\"ec2:DescribeNetworkInterfaces\",\"ec2:DescribeIpamPools\",\"ec2:DescribeInternetGateways\",\"ec2:DescribeInstances\",\"ec2:DescribeCoipPools\",\"ec2:DescribeAvailabilityZones\",\"ec2:DescribeAddresses\",\"ec2:DescribeAccountAttributes\"],\"Resource\":\"*\"},{\"Effect\":\"Allow\",\"Action\":[\"wafv2:GetWebACLForResource\",\"wafv2:GetWebACL\",\"wafv2:DisassociateWebACL\",\"wafv2:AssociateWebACL\",\"waf-regional:GetWebACLForResource\",\"waf-regional:GetWebACL\",\"waf-regional:DisassociateWebACL\",\"waf-regional:AssociateWebACL\",\"shield:GetSubscriptionState\",\"shield:DescribeProtection\",\"shield:DeleteProtection\",\"shield:CreateProtection\",\"iam:ListServerCertificates\",\"iam:GetServerCertificate\",\"cognito-idp:DescribeUserPoolClient\",\"acm:ListCertificates\",\"acm:DescribeCertificate\"],\"Resource\":\"*\"},{\"Effect\":\"Allow\",\"Action\":[\"ec2:RevokeSecurityGroupIngress\",\"ec2:AuthorizeSecurityGroupIngress\"],\"Resource\":\"*\"},{\"Effect\":\"Allow\",\"Action\":\"ec2:CreateSecurityGroup\",\"Resource\":\"*\"},{\"Effect\":\"Allow\",\"Action\":\"ec2:CreateTags\",\"Resource\":\"arn:aws:ec2:*:*:security-group/*\",\"Condition\":{\"Null\":{\"aws:RequestTag/elbv2.k8s.aws/cluster\":\"false\"},\"StringEquals\":{\"ec2:CreateAction\":\"CreateSecurityGroup\"}}},{\"Effect\":\"Allow\",\"Action\":[\"ec2:DeleteTags\",\"ec2:CreateTags\"],\"Resource\":\"arn:aws:ec2:*:*:security-group/*\",\"Condition\":{\"Null\":{\"aws:RequestTag/elbv2.k8s.aws/cluster\":\"true\",\"aws:ResourceTag/elbv2.k8s.aws/cluster\":\"false\"}}},{\"Effect\":\"Allow\",\"Action\":[\"ec2:RevokeSecurityGroupIngress\",\"ec2:DeleteSecurityGroup\",\"ec2:AuthorizeSecurityGroupIngress\"],\"Resource\":\"*\",\"Condition\":{\"Null\":{\"aws:ResourceTag/elbv2.k8s.aws/cluster\":\"false\"}}},{\"Effect\":\"Allow\",\"Action\":[\"elasticloadbalancing:CreateTargetGroup\",\"elasticloadbalancing:CreateLoadBalancer\"],\"Resource\":\"*\",\"Condition\":{\"Null\":{\"aws:RequestTag/elbv2.k8s.aws/cluster\":\"false\"}}},{\"Effect\":\"Allow\",\"Action\":[\"elasticloadbalancing:DeleteRule\",\"elasticloadbalancing:DeleteListener\",\"elasticloadbalancing:CreateRule\",\"elasticloadbalancing:CreateListener\"],\"Resource\":\"*\"},{\"Effect\":\"Allow\",\"Action\":[\"elasticloadbalancing:RemoveTags\",\"elasticloadbalancing:AddTags\"],\"Resource\":[\"arn:aws:elasticloadbalancing:*:*:targetgroup/*/*\",\"arn:aws:elasticloadbalancing:*:*:loadbalancer/net/*/*\",\"arn:aws:elasticloadbalancing:*:*:loadbalancer/app/*/*\"],\"Condition\":{\"Null\":{\"aws:RequestTag/elbv2.k8s.aws/cluster\":\"true\",\"aws:ResourceTag/elbv2.k8s.aws/cluster\":\"false\"}}},{\"Effect\":\"Allow\",\"Action\":[\"elasticloadbalancing:RemoveTags\",\"elasticloadbalancing:AddTags\"],\"Resource\":[\"arn:aws:elasticloadbalancing:*:*:listener/net/*/*/*\",\"arn:aws:elasticloadbalancing:*:*:listener/app/*/*/*\",\"arn:aws:elasticloadbalancing:*:*:listener-rule/net/*/*/*\",\"arn:aws:elasticloadbalancing:*:*:listener-rule/app/*/*/*\"]},{\"Effect\":\"Allow\",\"Action\":[\"elasticloadbalancing:SetSubnets\",\"elasticloadbalancing:SetSecurityGroups\",\"elasticloadbalancing:SetIpAddressType\",\"elasticloadbalancing:ModifyTargetGroupAttributes\",\"elasticloadbalancing:ModifyTargetGroup\",\"elasticloadbalancing:ModifyLoadBalancerAttributes\",\"elasticloadbalancing:ModifyListenerAttributes\",\"elasticloadbalancing:ModifyIpPools\",\"elasticloadbalancing:ModifyCapacityReservation\",\"elasticloadbalancing:DeleteTargetGroup\",\"elasticloadbalancing:DeleteLoadBalancer\"],\"Resource\":\"*\",\"Condition\":{\"Null\":{\"aws:ResourceTag/elbv2.k8s.aws/cluster\":\"false\"}}},{\"Effect\":\"Allow\",\"Action\":\"elasticloadbalancing:AddTags\",\"Resource\":[\"arn:aws:elasticloadbalancing:*:*:targetgroup/*/*\",\"arn:aws:elasticloadbalancing:*:*:loadbalancer/net/*/*\",\"arn:aws:elasticloadbalancing:*:*:loadbalancer/app/*/*\"],\"Condition\":{\"Null\":{\"aws:RequestTag/elbv2.k8s.aws/cluster\":\"false\"},\"StringEquals\":{\"elasticloadbalancing:CreateAction\":[\"CreateTargetGroup\",\"CreateLoadBalancer\"]}}},{\"Effect\":\"Allow\",\"Action\":[\"elasticloadbalancing:RegisterTargets\",\"elasticloadbalancing:DeregisterTargets\"],\"Resource\":\"arn:aws:elasticloadbalancing:*:*:targetgroup/*/*\"},{\"Effect\":\"Allow\",\"Action\":[\"elasticloadbalancing:SetWebAcl\",\"elasticloadbalancing:SetRulePriorities\",\"elasticloadbalancing:RemoveListenerCertificates\",\"elasticloadbalancing:ModifyRule\",\"elasticloadbalancing:ModifyListener\",\"elasticloadbalancing:AddListenerCertificates\"],\"Resource\":\"*\"}]}","override_json":null,"override_policy_documents":null,"policy_id":null,"source_json":null,"source_policy_documents":null,"statement":[{"actions":["iam:CreateServiceLinkedRole"],"condition":[{"test":"StringEquals","values":["elasticloadbalancing.amazonaws.com"],"variable":"iam:AWSServiceName"}],"effect":"Allow","not_actions":[],"not_principals":[],"not_resources":[],"principals":[],"resources":["*"],"sid":""},{"actions":["ec2:DescribeAccountAttributes","ec2:DescribeAddresses","ec2:DescribeAvailabilityZones","ec2:DescribeCoipPools","ec2:DescribeInstances","ec2:DescribeInternetGateways","ec2:DescribeIpamPools","ec2:DescribeNetworkInterfaces","ec2:DescribeRouteTables","ec2:DescribeSecurityGroups","ec2:DescribeSubnets","ec2:DescribeTags","ec2:DescribeVpcPeeringConnections","ec2:DescribeVpcs","ec2:GetCoipPoolUsage","ec2:GetSecurityGroupsForVpc","elasticloadbalancing:DescribeCapacityReservation","elasticloadbalancing:DescribeListenerAttributes","elasticloadbalancing:DescribeListenerCertificates","elasticloadbalancing:DescribeListeners","elasticloadbalancing:DescribeLoadBalancerAttributes","elasticloadbalancing:DescribeLoadBalancers","elasticloadbalancing:DescribeRules","elasticloadbalancing:DescribeSSLPolicies","elasticloadbalancing:DescribeTags","elasticloadbalancing:DescribeTargetGroupAttributes","elasticloadbalancing:DescribeTargetGroups","elasticloadbalancing:DescribeTargetHealth","elasticloadbalancing:DescribeTrustStores"],"condition":[],"effect":"Allow","not_actions":[],"not_principals":[],"not_resources":[],"principals":[],"resources":["*"],"sid":""},{"actions":["acm:DescribeCertificate","acm:ListCertificates","cognito-idp:DescribeUserPoolClient","iam:GetServerCertificate","iam:ListServerCertificates","shield:CreateProtection","shield:DeleteProtection","shield:DescribeProtection","shield:GetSubscriptionState","waf-regional:AssociateWebACL","waf-regional:DisassociateWebACL","waf-regional:GetWebACL","waf-regional:GetWebACLForResource","wafv2:AssociateWebACL","wafv2:DisassociateWebACL","wafv2:GetWebACL","wafv2:GetWebACLForResource"],"condition":[],"effect":"Allow","not_actions":[],"not_principals":[],"not_resources":[],"principals":[],"resources":["*"],"sid":""},{"actions":["ec2:AuthorizeSecurityGroupIngress","ec2:RevokeSecurityGroupIngress"],"condition":[],"effect":"Allow","not_actions":[],"not_principals":[],"not_resources":[],"principals":[],"resources":["*"],"sid":""},{"actions":["ec2:CreateSecurityGroup"],"condition":[],"effect":"Allow","not_actions":[],"not_principals":[],"not_resources":[],"principals":[],"resources":["*"],"sid":""},{"actions":["ec2:CreateTags"],"condition":[{"test":"Null","values":["false"],"variable":"aws:RequestTag/elbv2.k8s.aws/cluster"},{"test":"StringEquals","values":["CreateSecurityGroup"],"variable":"ec2:CreateAction"}],"effect":"Allow","not_actions":[],"not_principals":[],"not_resources":[],"principals":[],"resources":["arn:aws:ec2:*:*:security-group/*"],"sid":""},{"actions":["ec2:CreateTags","ec2:DeleteTags"],"condition":[{"test":"Null","values":["false"],"variable":"aws:ResourceTag/elbv2.k8s.aws/cluster"},{"test":"Null","values":["true"],"variable":"aws:RequestTag/elbv2.k8s.aws/cluster"}],"effect":"Allow","not_actions":[],"not_principals":[],"not_resources":[],"principals":[],"resources":["arn:aws:ec2:*:*:security-group/*"],"sid":""},{"actions":["ec2:AuthorizeSecurityGroupIngress","ec2:DeleteSecurityGroup","ec2:RevokeSecurityGroupIngress"],"condition":[{"test":"Null","values":["false"],"variable":"aws:ResourceTag/elbv2.k8s.aws/cluster"}],"effect":"Allow","not_actions":[],"not_principals":[],"not_resources":[],"principals":[],"resources":["*"],"sid":""},{"actions":["elasticloadbalancing:CreateLoadBalancer","elasticloadbalancing:CreateTargetGroup"],"condition":[{"test":"Null","values":["false"],"variable":"aws:RequestTag/elbv2.k8s.aws/cluster"}],"effect":"Allow","not_actions":[],"not_principals":[],"not_resources":[],"principals":[],"resources":["*"],"sid":""},{"actions":["elasticloadbalancing:CreateListener","elasticloadbalancing:CreateRule","elasticloadbalancing:DeleteListener","elasticloadbalancing:DeleteRule"],"condition":[],"effect":"Allow","not_actions":[],"not_principals":[],"not_resources":[],"principals":[],"resources":["*"],"sid":""},{"actions":["elasticloadbalancing:AddTags","elasticloadbalancing:RemoveTags"],"condition":[{"test":"Null","values":["false"],"variable":"aws:ResourceTag/elbv2.k8s.aws/cluster"},{"test":"Null","values":["true"],"variable":"aws:RequestTag/elbv2.k8s.aws/cluster"}],"effect":"Allow","not_actions":[],"not_principals":[],"not_resources":[],"principals":[],"resources":["arn:aws:elasticloadbalancing:*:*:loadbalancer/app/*/*","arn:aws:elasticloadbalancing:*:*:loadbalancer/net/*/*","arn:aws:elasticloadbalancing:*:*:targetgroup/*/*"],"sid":""},{"actions":["elasticloadbalancing:AddTags","elasticloadbalancing:RemoveTags"],"condition":[],"effect":"Allow","not_actions":[],"not_principals":[],"not_resources":[],"principals":[],"resources":["arn:aws:elasticloadbalancing:*:*:listener-rule/app/*/*/*","arn:aws:elasticloadbalancing:*:*:listener-rule/net/*/*/*","arn:aws:elasticloadbalancing:*:*:listener/app/*/*/*","arn:aws:elasticloadbalancing:*:*:listener/net/*/*/*"],"sid":""},{"actions":["elasticloadbalancing:DeleteLoadBalancer","elasticloadbalancing:DeleteTargetGroup","elasticloadbalancing:ModifyCapacityReservation","elasticloadbalancing:ModifyIpPools","elasticloadbalancing:ModifyListenerAttributes","elasticloadbalancing:ModifyLoadBalancerAttributes","elasticloadbalancing:ModifyTargetGroup","elasticloadbalancing:ModifyTargetGroupAttributes","elasticloadbalancing:SetIpAddressType","elasticloadbalancing:SetSecurityGroups","elasticloadbalancing:SetSubnets"],"condition":[{"test":"Null","values":["false"],"variable":"aws:ResourceTag/elbv2.k8s.aws/cluster"}],"effect":"Allow","not_actions":[],"not_principals":[],"not_resources":[],"principals":[],"resources":["*"],"sid":""},{"actions":["elasticloadbalancing:AddTags"],"condition":[{"test":"Null","values":["false"],"variable":"aws:RequestTag/elbv2.k8s.aws/cluster"},{"test":"StringEquals","values":["CreateTargetGroup","CreateLoadBalancer"],"variable":"elasticloadbalancing:CreateAction"}],"effect":"Allow","not_actions":[],"not_principals":[],"not_resources":[],"principals":[],"resources":["arn:aws:elasticloadbalancing:*:*:loadbalancer/app/*/*","arn:aws:elasticloadbalancing:*:*:loadbalancer/net/*/*","arn:aws:elasticloadbalancing:*:*:targetgroup/*/*"],"sid":""},{"actions":["elasticloadbalancing:DeregisterTargets","elasticloadbalancing:RegisterTargets"],"condition":[],"effect":"Allow","not_actions":[],"not_principals":[],"not_resources":[],"principals":[],"resources":["arn:aws:elasticloadbalancing:*:*:targetgroup/*/*"],"sid":""},{"actions":["elasticloadbalancing:AddListenerCertificates","elasticloadbalancing:ModifyListener","elasticloadbalancing:ModifyRule","elasticloadbalancing:RemoveListenerCertificates","elasticloadbalancing:SetRulePriorities","elasticloadbalancing:SetWebAcl"],"condition":[],"effect":"Allow","not_actions":[],"not_principals":[],"not_resources":[],"principals":[],"resources":["*"],"sid":""}],"version":"2012-10-17"},"sensitive_attributes":[]}]},{"module":"module.aws_load_balancer_controller_irsa[0]","mode":"data","type":"aws_iam_policy_document","name":"this","provider":"provider[\"registry.opentofu.org/hashicorp/aws\"]","instances":[{"index_key":0,"schema_version":0,"attributes":{"id":"1441892670","json":"{\n  \"Version\": \"2012-10-17\",\n  \"Statement\": [\n    {\n      \"Effect\": \"Allow\",\n      \"Action\": \"sts:AssumeRoleWithWebIdentity\",\n      \"Principal\": {\n        \"Federated\": \"arn:aws:iam::715841344657:oidc-provider/oidc.eks.eu-west-1.amazonaws.com/id/ADDA703F782CABA7FEBFF9FC355069D1\"\n      },\n      \"Condition\": {\n        \"StringEquals\": {\n          \"oidc.eks.eu-west-1.amazonaws.com/id/ADDA703F782CABA7FEBFF9FC355069D1:aud\": \"sts.amazonaws.com\",\n          \"oidc.eks.eu-west-1.amazonaws.com/id/ADDA703F782CABA7FEBFF9FC355069D1:sub\": \"system:serviceaccount:kube-system:aws-load-balancer-controller\"\n        }\n      }\n    }\n  ]\n}","minified_json":"{\"Version\":\"2012-10-17\",\"Statement\":[{\"Effect\":\"Allow\",\"Action\":\"sts:AssumeRoleWithWebIdentity\",\"Principal\":{\"Federated\":\"arn:aws:iam::715841344657:oidc-provider/oidc.eks.eu-west-1.amazonaws.com/id/ADDA703F782CABA7FEBFF9FC355069D1\"},\"Condition\":{\"StringEquals\":{\"oidc.eks.eu-west-1.amazonaws.com/id/ADDA703F782CABA7FEBFF9FC355069D1:aud\":\"sts.amazonaws.com\",\"oidc.eks.eu-west-1.amazonaws.com/id/ADDA703F782CABA7FEBFF9FC355069D1:sub\":\"system:serviceaccount:kube-system:aws-load-balancer-controller\"}}}]}","override_json":null,"override_policy_documents":null,"policy_id":null,"source_json":null,"source_policy_documents":null,"statement":[{"actions":["sts:AssumeRoleWithWebIdentity"],"condition":[{"test":"StringEquals","values":["sts.amazonaws.com"],"variable":"oidc.eks.eu-west-1.amazonaws.com/id/ADDA703F782CABA7FEBFF9FC355069D1:aud"},{"test":"StringEquals","values":["system:serviceaccount:kube-system:aws-load-balancer-controller"],"variable":"oidc.eks.eu-west-1.amazonaws.com/id/ADDA703F782CABA7FEBFF9FC355069D1:sub"}],"effect":"Allow","not_actions":[],"not_principals":[],"not_resources":[],"principals":[{"identifiers":["arn:aws:iam::715841344657:oidc-provider/oidc.eks.eu-west-1.amazonaws.com/id/ADDA703F782CABA7FEBFF9FC355069D1"],"type":"Federated"}],"resources":[],"sid":""}],"version":"2012-10-17"},"sensitive_attributes":[]}]},{"module":"module.aws_load_balancer_controller_irsa[0]","mode":"data","type":"aws_partition","name":"current","provider":"provider[\"registry.opentofu.org/hashicorp/aws\"]","instances":[{"schema_version":0,"attributes":{"dns_suffix":"amazonaws.com","id":"aws","partition":"aws","reverse_dns_prefix":"com.amazonaws"},"sensitive_attributes":[]}]},{"module":"module.aws_load_balancer_controller_irsa[0]","mode":"data","type":"aws_region","name":"current","provider":"provider[\"registry.opentofu.org/hashicorp/aws\"]","instances":[{"schema_version":0,"attributes":{"description":"Europe (Ireland)","endpoint":"ec2.eu-west-1.amazonaws.com","id":"eu-west-1","name":"eu-west-1"},"sensitive_attributes":[]}]},{"module":"module.aws_load_balancer_controller_irsa[0]","mode":"managed","type":"aws_iam_policy","name":"load_balancer_controller","provider":"provider[\"registry.opentofu.org/hashicorp/aws\"]","instances":[{"index_key":0,"schema_version":0,"attributes":{"arn":"arn:aws:iam::715841344657:policy/AmazonEKS_AWS_Load_Balancer_Controller-20251217170752620300000004","attachment_count":1,"description":"Provides permissions for AWS Load Balancer Controller addon","id":"arn:aws:iam::715841344657:policy/AmazonEKS_AWS_Load_Balancer_Controller-20251217170752620300000004","name":"AmazonEKS_AWS_Load_Balancer_Controller-20251217170752620300000004","name_prefix":"AmazonEKS_AWS_Load_Balancer_Controller-","path":"/","policy":"{\"Statement\":[{\"Action\":\"iam:CreateServiceLinkedRole\",\"Condition\":{\"StringEquals\":{\"iam:AWSServiceName\":\"elasticloadbalancing.amazonaws.com\"}},\"Effect\":\"Allow\",\"Resource\":\"*\"},{\"Action\":[\"elasticloadbalancing:DescribeTrustStores\",\"elasticloadbalancing:DescribeTargetHealth\",\"elasticloadbalancing:DescribeTargetGroups\",\"elasticloadbalancing:DescribeTargetGroupAttributes\",\"elasticloadbalancing:DescribeTags\",\"elasticloadbalancing:DescribeSSLPolicies\",\"elasticloadbalancing:DescribeRules\",\"elasticloadbalancing:DescribeLoadBalancers\",\"elasticloadbalancing:DescribeLoadBalancerAttributes\",\"elasticloadbalancing:DescribeListeners\",\"elasticloadbalancing:DescribeListenerCertificates\",\"elasticloadbalancing:DescribeListenerAttributes\",\"elasticloadbalancing:DescribeCapacityReservation\",\"ec2:GetSecurityGroupsForVpc\",\"ec2:GetCoipPoolUsage\",\"ec2:DescribeVpcs\",\"ec2:DescribeVpcPeeringConnections\",\"ec2:DescribeTags\",\"ec2:DescribeSubnets\",\"ec2:DescribeSecurityGroups\",\"ec2:DescribeRouteTables\",\"ec2:DescribeNetworkInterfaces\",\"ec2:DescribeIpamPools\",\"ec2:DescribeInternetGateways\",\"ec2:DescribeInstances\",\"ec2:DescribeCoipPools\",\"ec2:DescribeAvailabilityZones\",\"ec2:DescribeAddresses\",\"ec2:DescribeAccountAttributes\"],\"Effect\":\"Allow\",\"Resource\":\"*\"},{\"Action\":[\"wafv2:GetWebACLForResource\",\"wafv2:GetWebACL\",\"wafv2:DisassociateWebACL\",\"wafv2:AssociateWebACL\",\"waf-regional:GetWebACLForResource\",\"waf-regional:GetWebACL\",\"waf-regional:DisassociateWebACL\",\"waf-regional:AssociateWebACL\",\"shield:GetSubscriptionState\",\"shield:DescribeProtection\",\"shield:DeleteProtection\",\"shield:CreateProtection\",\"iam:ListServerCertificates\",\"iam:GetServerCertificate\",\"cognito-idp:DescribeUserPoolClient\",\"acm:ListCertificates\",\"acm:DescribeCertificate\"],\"Effect\":\"Allow\",\"Resource\":\"*\"},{\"Action\":[\"ec2:RevokeSecurityGroupIngress\",\"ec2:AuthorizeSecurityGroupIngress\"],\"Effect\":\"Allow\",\"Resource\":\"*\"},{\"Action\":\"ec2:CreateSecurityGroup\",\"Effect\":\"Allow\",\"Resource\":\"*\"},{\"Action\":\"ec2:CreateTags\",\"Condition\":{\"Null\":{\"aws:RequestTag/elbv2.k8s.aws/cluster\":\"false\"},\"StringEquals\":{\"ec2:CreateAction\":\"CreateSecurityGroup\"}},\"Effect\":\"Allow\",\"Resource\":\"arn:aws:ec2:*:*:security-group/*\"},{\"Action\":[\"ec2:DeleteTags\",\"ec2:CreateTags\"],\"Condition\":{\"Null\":{\"aws:RequestTag/elbv2.k8s.aws/cluster\":\"true\",\"aws:ResourceTag/elbv2.k8s.aws/cluster\":\"false\"}},\"Effect\":\"Allow\",\"Resource\":\"arn:aws:ec2:*:*:security-group/*\"},{\"Action\":[\"ec2:RevokeSecurityGroupIngress\",\"ec2:DeleteSecurityGroup\",\"ec2:AuthorizeSecurityGroupIngress\"],\"Condition\":{\"Null\":{\"aws:ResourceTag/elbv2.k8s.aws/cluster\":\"false\"}},\"Effect\":\"Allow\",\"Resource\":\"*\"},{\"Action\":[\"elasticloadbalancing:CreateTargetGroup\",\"elasticloadbalancing:CreateLoadBalancer\"],\"Condition\":{\"Null\":{\"aws:RequestTag/elbv2.k8s.aws/cluster\":\"false\"}},\"Effect\":\"Allow\",\"Resource\":\"*\"},{\"Action\":[\"elasticloadbalancing:DeleteRule\",\"elasticloadbalancing:DeleteListener\",\"elasticloadbalancing:CreateRule\",\"elasticloadbalancing:CreateListener\"],\"Effect\":\"Allow\",\"Resource\":\"*\"},{\"Action\":[\"elasticloadbalancing:RemoveTags\",\"elasticloadbalancing:AddTags\"],\"Condition\":{\"Null\":{\"aws:RequestTag/elbv2.k8s.aws/cluster\":\"true\",\"aws:ResourceTag/elbv2.k8s.aws/cluster\":\"false\"}},\"Effect\":\"Allow\",\"Resource\":[\"arn:aws:elasticloadbalancing:*:*:targetgroup/*/*\",\"arn:aws:elasticloadbalancing:*:*:loadbalancer/net/*/*\",\"arn:aws:elasticloadbalancing:*:*:loadbalancer/app/*/*\"]},{\"Action\":[\"elasticloadbalancing:RemoveTags\",\"elasticloadbalancing:AddTags\"],\"Effect\":\"Allow\",\"Resource\":[\"arn:aws:elasticloadbalancing:*:*:listener/net/*/*/*\",\"arn:aws:elasticloadbalancing:*:*:listener/app/*/*/*\",\"arn:aws:elasticloadbalancing:*:*:listener-rule/net/*/*/*\",\"arn:aws:elasticloadbalancing:*:*:listener-rule/app/*/*/*\"]},{\"Action\":[\"elasticloadbalancing:SetSubnets\",\"elasticloadbalancing:SetSecurityGroups\",\"elasticloadbalancing:SetIpAddressType\",\"elasticloadbalancing:ModifyTargetGroupAttributes\",\"elasticloadbalancing:ModifyTargetGroup\",\"elasticloadbalancing:ModifyLoadBalancerAttributes\",\"elasticloadbalancing:ModifyListenerAttributes\",\"elasticloadbalancing:ModifyIpPools\",\"elasticloadbalancing:ModifyCapacityReservation\",\"elasticloadbalancing:DeleteTargetGroup\",\"elasticloadbalancing:DeleteLoadBalancer\"],\"Condition\":{\"Null\":{\"aws:ResourceTag/elbv2.k8s.aws/cluster\":\"false\"}},\"Effect\":\"Allow\",\"Resource\":\"*\"},{\"Action\":\"elasticloadbalancing:AddTags\",\"Condition\":{\"Null\":{\"aws:RequestTag/elbv2.k8s.aws/cluster\":\"false\"},\"StringEquals\":{\"elasticloadbalancing:CreateAction\":[\"CreateTargetGroup\",\"CreateLoadBalancer\"]}},\"Effect\":\"Allow\",\"Resource\":[\"arn:aws:elasticloadbalancing:*:*:targetgroup/*/*\",\"arn:aws:elasticloadbalancing:*:*:loadbalancer/net/*/*\",\"arn:aws:elasticloadbalancing:*:*:loadbalancer/app/*/*\"]},{\"Action\":[\"elasticloadbalancing:RegisterTargets\",\"elasticloadbalancing:DeregisterTargets\"],\"Effect\":\"Allow\",\"Resource\":\"arn:aws:elasticloadbalancing:*:*:targetgroup/*/*\"},{\"Action\":[\"elasticloadbalancing:SetWebAcl\",\"elasticloadbalancing:SetRulePriorities\",\"elasticloadbalancing:RemoveListenerCertificates\",\"elasticloadbalancing:ModifyRule\",\"elasticloadbalancing:ModifyListener\",\"elasticloadbalancing:AddListenerCertificates\"],\"Effect\":\"Allow\",\"Resource\":\"*\"}],\"Version\":\"2012-10-17\"}","policy_id":"ANPA2NK3YCSISZ3NEFCCX","tags":{"Cluster":"infraforge-dev","Environment":"dev","Tenant":"platform"},"tags_all":{"Cluster":"infraforge-dev","Environment":"dev","ManagedBy":"OpenTofu","Owner":"gokhan@infraforge.io","Platform":"InfraForge","Tenant":"platform"}},"sensitive_attributes":[],"private":"bnVsbA==","dependencies":["module.aws_load_balancer_controller_irsa.data.aws_iam_policy_document.load_balancer_controller","module.aws_load_balancer_controller_irsa.data.aws_partition.current"]}]},{"module":"module.aws_load_balancer_controller_irsa[0]","mode":"managed","type":"aws_iam_role","name":"this","provider":"provider[\"registry.opentofu.org/hashicorp/aws\"]","instances":[{"index_key":0,"schema_version":0,"attributes":{"arn":"arn:aws:iam::715841344657:role/infraforge-dev-aws-load-balancer-controller","assume_role_policy":"{\"Statement\":[{\"Action\":\"sts:AssumeRoleWithWebIdentity\",\"Condition\":{\"StringEquals\":{\"oidc.eks.eu-west-1.amazonaws.com/id/ADDA703F782CABA7FEBFF9FC355069D1:aud\":\"sts.amazonaws.com\",\"oidc.eks.eu-west-1.amazonaws.com/id/ADDA703F782CABA7FEBFF9FC355069D1:sub\":\"system:serviceaccount:kube-system:aws-load-balancer-controller\"}},\"Effect\":\"Allow\",\"Principal\":{\"Federated\":\"arn:aws:iam::715841344657:oidc-provider/oidc.eks.eu-west-1.amazonaws.com/id/ADDA703F782CABA7FEBFF9FC355069D1\"}}],\"Version\":\"2012-10-17\"}","create_date":"2025-12-17T17:17:59Z","description":"","force_detach_policies":true,"id":"infraforge-dev-aws-load-balancer-controller","inline_policy":[],"managed_policy_arns":["arn:aws:iam::715841344657:policy/AmazonEKS_AWS_Load_Balancer_Controller-20251217170752620300000004"],"max_session_duration":3600,"name":"infraforge-dev-aws-load-balancer-controller","name_prefix":"","path":"/","permissions_boundary":"","tags":{"Cluster":"infraforge-dev","Environment":"dev","Tenant":"platform"},"tags_all":{"Cluster":"infraforge-dev","Environment":"dev","ManagedBy":"OpenTofu","Owner":"gokhan@infraforge.io","Platform":"InfraForge","Tenant":"platform"},"unique_id":"AROA2NK3YCSIR5JBDODFL"},"sensitive_attributes":[],"private":"bnVsbA==","dependencies":["aws_kms_key.eks","aws_security_group.vpc_endpoints","aws_vpc_endpoint.ec2","aws_vpc_endpoint.ecr_api","aws_vpc_endpoint.ecr_dkr","aws_vpc_endpoint.sts","data.aws_availability_zones.available","module.aws_load_balancer_controller_irsa.data.aws_caller_identity.current","module.aws_load_balancer_controller_irsa.data.aws_iam_policy_document.this","module.aws_load_balancer_controller_irsa.data.aws_partition.current","module.eks.aws_cloudwatch_log_group.this","module.eks.aws_eks_cluster.this","module.eks.aws_iam_openid_connect_provider.oidc_provider","module.eks.aws_iam_policy.cni_ipv6_policy","module.eks.aws_iam_role.this","module.eks.aws_iam_role_policy_attachment.this","module.eks.aws_security_group.cluster","module.eks.aws_security_group.node","module.eks.aws_security_group_rule.cluster","module.eks.aws_security_group_rule.node","module.eks.data.aws_caller_identity.current","module.eks.data.aws_iam_policy_document.assume_role_policy","module.eks.data.aws_iam_policy_document.cni_ipv6_policy","module.eks.data.aws_iam_session_context.current","module.eks.data.aws_partition.current","module.eks.data.tls_certificate.this","module.eks.module.kms.aws_kms_external_key.this","module.eks.module.kms.aws_kms_key.this","module.eks.module.kms.aws_kms_replica_external_key.this","module.eks.module.kms.aws_kms_replica_key.this","module.eks.module.kms.data.aws_caller_identity.current","module.eks.module.kms.data.aws_iam_policy_document.this","module.eks.module.kms.data.aws_partition.current","module.vpc.aws_subnet.private","module.vpc.aws_vpc.this","module.vpc.aws_vpc_ipv4_cidr_block_association.this"]}]},{"module":"module.aws_load_balancer_controller_irsa[0]","mode":"managed","type":"aws_iam_role_policy_attachment","name":"load_balancer_controller","provider":"provider[\"registry.opentofu.org/hashicorp/aws\"]","instances":[{"index_key":0,"schema_version":0,"attributes":{"id":"infraforge-dev-aws-load-balancer-controller-20251217171800082300000018","policy_arn":"arn:aws:iam::715841344657:policy/AmazonEKS_AWS_Load_Balancer_Controller-20251217170752620300000004","role":"infraforge-dev-aws-load-balancer-controller"},"sensitive_attributes":[],"private":"bnVsbA==","dependencies":["aws_kms_key.eks","aws_security_group.vpc_endpoints","aws_vpc_endpoint.ec2","aws_vpc_endpoint.ecr_api","aws_vpc_endpoint.ecr_dkr","aws_vpc_endpoint.sts","data.aws_availability_zones.available","module.aws_load_balancer_controller_irsa.aws_iam_policy.load_balancer_controller","module.aws_load_balancer_controller_irsa.aws_iam_role.this","module.aws_load_balancer_controller_irsa.data.aws_caller_identity.current","module.aws_load_balancer_controller_irsa.data.aws_iam_policy_document.load_balancer_controller","module.aws_load_balancer_controller_irsa.data.aws_iam_policy_document.this","module.aws_load_balancer_controller_irsa.data.aws_partition.current","module.eks.aws_cloudwatch_log_group.this","module.eks.aws_eks_cluster.this","module.eks.aws_iam_openid_connect_provider.oidc_provider","module.eks.aws_iam_policy.cni_ipv6_policy","module.eks.aws_iam_role.this","module.eks.aws_iam_role_policy_attachment.this","module.eks.aws_security_group.cluster","module.eks.aws_security_group.node","module.eks.aws_security_group_rule.cluster","module.eks.aws_security_group_rule.node","module.eks.data.aws_caller_identity.current","module.eks.data.aws_iam_policy_document.assume_role_policy","module.eks.data.aws_iam_policy_document.cni_ipv6_policy","module.eks.data.aws_iam_session_context.current","module.eks.data.aws_partition.current","module.eks.data.tls_certificate.this","module.eks.module.kms.aws_kms_external_key.this","module.eks.module.kms.aws_kms_key.this","module.eks.module.kms.aws_kms_replica_external_key.this","module.eks.module.kms.aws_kms_replica_key.this","module.eks.module.kms.data.aws_caller_identity.current","module.eks.module.kms.data.aws_iam_policy_document.this","module.eks.module.kms.data.aws_partition.current","module.vpc.aws_subnet.private","module.vpc.aws_vpc.this","module.vpc.aws_vpc_ipv4_cidr_block_association.this"]}]},{"module":"module.cluster_autoscaler_irsa[0]","mode":"data","type":"aws_caller_identity","name":"current","provider":"provider[\"registry.opentofu.org/hashicorp/aws\"]","instances":[{"schema_version":0,"attributes":{"account_id":"715841344657","arn":"arn:aws:iam::715841344657:user/gokhan","id":"715841344657","user_id":"AIDA2NK3YCSIS6IBFCURI"},"sensitive_attributes":[]}]},{"module":"module.cluster_autoscaler_irsa[0]","mode":"data","type":"aws_iam_policy_document","name":"cluster_autoscaler","provider":"provider[\"registry.opentofu.org/hashicorp/aws\"]","instances":[{"index_key":0,"schema_version":0,"attributes":{"id":"3691530538","json":"{\n  \"Version\": \"2012-10-17\",\n  \"Statement\": [\n    {\n      \"Effect\": \"Allow\",\n      \"Action\": [\n        \"eks:DescribeNodegroup\",\n        \"ec2:GetInstanceTypesFromInstanceRequirements\",\n        \"ec2:DescribeLaunchTemplateVersions\",\n        \"ec2:DescribeInstanceTypes\",\n        \"ec2:DescribeImages\",\n        \"autoscaling:DescribeTags\",\n        \"autoscaling:DescribeScalingActivities\",\n        \"autoscaling:DescribeLaunchConfigurations\",\n        \"autoscaling:DescribeAutoScalingInstances\",\n        \"autoscaling:DescribeAutoScalingGroups\"\n      ],\n      \"Resource\": \"*\"\n    },\n    {\n      \"Effect\": \"Allow\",\n      \"Action\": [\n        \"autoscaling:TerminateInstanceInAutoScalingGroup\",\n        \"autoscaling:SetDesiredCapacity\"\n      ],\n      \"Resource\": \"*\",\n      \"Condition\": {\n        \"StringEquals\": {\n          \"autoscaling:ResourceTag/kubernetes.io/cluster/infraforge-dev\": \"owned\"\n        }\n      }\n    }\n  ]\n}","minified_json":"{\"Version\":\"2012-10-17\",\"Statement\":[{\"Effect\":\"Allow\",\"Action\":[\"eks:DescribeNodegroup\",\"ec2:GetInstanceTypesFromInstanceRequirements\",\"ec2:DescribeLaunchTemplateVersions\",\"ec2:DescribeInstanceTypes\",\"ec2:DescribeImages\",\"autoscaling:DescribeTags\",\"autoscaling:DescribeScalingActivities\",\"autoscaling:DescribeLaunchConfigurations\",\"autoscaling:DescribeAutoScalingInstances\",\"autoscaling:DescribeAutoScalingGroups\"],\"Resource\":\"*\"},{\"Effect\":\"Allow\",\"Action\":[\"autoscaling:TerminateInstanceInAutoScalingGroup\",\"autoscaling:SetDesiredCapacity\"],\"Resource\":\"*\",\"Condition\":{\"StringEquals\":{\"autoscaling:ResourceTag/kubernetes.io/cluster/infraforge-dev\":\"owned\"}}}]}","override_json":null,"override_policy_documents":null,"policy_id":null,"source_json":null,"source_policy_documents":null,"statement":[{"actions":["autoscaling:DescribeAutoScalingGroups","autoscaling:DescribeAutoScalingInstances","autoscaling:DescribeLaunchConfigurations","autoscaling:DescribeScalingActivities","autoscaling:DescribeTags","ec2:DescribeImages","ec2:DescribeInstanceTypes","ec2:DescribeLaunchTemplateVersions","ec2:GetInstanceTypesFromInstanceRequirements","eks:DescribeNodegroup"],"condition":[],"effect":"Allow","not_actions":[],"not_principals":[],"not_resources":[],"principals":[],"resources":["*"],"sid":""},{"actions":["autoscaling:SetDesiredCapacity","autoscaling:TerminateInstanceInAutoScalingGroup"],"condition":[{"test":"StringEquals","values":["owned"],"variable":"autoscaling:ResourceTag/kubernetes.io/cluster/infraforge-dev"}],"effect":"Allow","not_actions":[],"not_principals":[],"not_resources":[],"principals":[],"resources":["*"],"sid":""}],"version":"2012-10-17"},"sensitive_attributes":[]}]},{"module":"module.cluster_autoscaler_irsa[0]","mode":"data","type":"aws_iam_policy_document","name":"this","provider":"provider[\"registry.opentofu.org/hashicorp/aws\"]","instances":[{"index_key":0,"schema_version":0,"attributes":{"id":"3227648327","json":"{\n  \"Version\": \"2012-10-17\",\n  \"Statement\": [\n    {\n      \"Effect\": \"Allow\",\n      \"Action\": \"sts:AssumeRoleWithWebIdentity\",\n      \"Principal\": {\n        \"Federated\": \"arn:aws:iam::715841344657:oidc-provider/oidc.eks.eu-west-1.amazonaws.com/id/ADDA703F782CABA7FEBFF9FC355069D1\"\n      },\n      \"Condition\": {\n        \"StringEquals\": {\n          \"oidc.eks.eu-west-1.amazonaws.com/id/ADDA703F782CABA7FEBFF9FC355069D1:aud\": \"sts.amazonaws.com\",\n          \"oidc.eks.eu-west-1.amazonaws.com/id/ADDA703F782CABA7FEBFF9FC355069D1:sub\": \"system:serviceaccount:kube-system:cluster-autoscaler\"\n        }\n      }\n    }\n  ]\n}","minified_json":"{\"Version\":\"2012-10-17\",\"Statement\":[{\"Effect\":\"Allow\",\"Action\":\"sts:AssumeRoleWithWebIdentity\",\"Principal\":{\"Federated\":\"arn:aws:iam::715841344657:oidc-provider/oidc.eks.eu-west-1.amazonaws.com/id/ADDA703F782CABA7FEBFF9FC355069D1\"},\"Condition\":{\"StringEquals\":{\"oidc.eks.eu-west-1.amazonaws.com/id/ADDA703F782CABA7FEBFF9FC355069D1:aud\":\"sts.amazonaws.com\",\"oidc.eks.eu-west-1.amazonaws.com/id/ADDA703F782CABA7FEBFF9FC355069D1:sub\":\"system:serviceaccount:kube-system:cluster-autoscaler\"}}}]}","override_json":null,"override_policy_documents":null,"policy_id":null,"source_json":null,"source_policy_documents":null,"statement":[{"actions":["sts:AssumeRoleWithWebIdentity"],"condition":[{"test":"StringEquals","values":["sts.amazonaws.com"],"variable":"oidc.eks.eu-west-1.amazonaws.com/id/ADDA703F782CABA7FEBFF9FC355069D1:aud"},{"test":"StringEquals","values":["system:serviceaccount:kube-system:cluster-autoscaler"],"variable":"oidc.eks.eu-west-1.amazonaws.com/id/ADDA703F782CABA7FEBFF9FC355069D1:sub"}],"effect":"Allow","not_actions":[],"not_principals":[],"not_resources":[],"principals":[{"identifiers":["arn:aws:iam::715841344657:oidc-provider/oidc.eks.eu-west-1.amazonaws.com/id/ADDA703F782CABA7FEBFF9FC355069D1"],"type":"Federated"}],"resources":[],"sid":""}],"version":"2012-10-17"},"sensitive_attributes":[]}]},{"module":"module.cluster_autoscaler_irsa[0]","mode":"data","type":"aws_partition","name":"current","provider":"provider[\"registry.opentofu.org/hashicorp/aws\"]","instances":[{"schema_version":0,"attributes":{"dns_suffix":"amazonaws.com","id":"aws","partition":"aws","reverse_dns_prefix":"com.amazonaws"},"sensitive_attributes":[]}]},{"module":"module.cluster_autoscaler_irsa[0]","mode":"data","type":"aws_region","name":"current","provider":"provider[\"registry.opentofu.org/hashicorp/aws\"]","instances":[{"schema_version":0,"attributes":{"description":"Europe (Ireland)","endpoint":"ec2.eu-west-1.amazonaws.com","id":"eu-west-1","name":"eu-west-1"},"sensitive_attributes":[]}]},{"module":"module.cluster_autoscaler_irsa[0]","mode":"managed","type":"aws_iam_policy","name":"cluster_autoscaler","provider":"provider[\"registry.opentofu.org/hashicorp/aws\"]","instances":[{"index_key":0,"schema_version":0,"attributes":{"arn":"arn:aws:iam::715841344657:policy/AmazonEKS_Cluster_Autoscaler_Policy-20251217171755879000000015","attachment_count":1,"description":"Cluster autoscaler policy to allow examination and modification of EC2 Auto Scaling Groups","id":"arn:aws:iam::715841344657:policy/AmazonEKS_Cluster_Autoscaler_Policy-20251217171755879000000015","name":"AmazonEKS_Cluster_Autoscaler_Policy-20251217171755879000000015","name_prefix":"AmazonEKS_Cluster_Autoscaler_Policy-","path":"/","policy":"{\"Statement\":[{\"Action\":[\"eks:DescribeNodegroup\",\"ec2:GetInstanceTypesFromInstanceRequirements\",\"ec2:DescribeLaunchTemplateVersions\",\"ec2:DescribeInstanceTypes\",\"ec2:DescribeImages\",\"autoscaling:DescribeTags\",\"autoscaling:DescribeScalingActivities\",\"autoscaling:DescribeLaunchConfigurations\",\"autoscaling:DescribeAutoScalingInstances\",\"autoscaling:DescribeAutoScalingGroups\"],\"Effect\":\"Allow\",\"Resource\":\"*\"},{\"Action\":[\"autoscaling:TerminateInstanceInAutoScalingGroup\",\"autoscaling:SetDesiredCapacity\"],\"Condition\":{\"StringEquals\":{\"autoscaling:ResourceTag/kubernetes.io/cluster/infraforge-dev\":\"owned\"}},\"Effect\":\"Allow\",\"Resource\":\"*\"}],\"Version\":\"2012-10-17\"}","policy_id":"ANPA2NK3YCSIWA3BZD2WA","tags":{"Cluster":"infraforge-dev","Environment":"dev","Tenant":"platform"},"tags_all":{"Cluster":"infraforge-dev","Environment":"dev","ManagedBy":"OpenTofu","Owner":"gokhan@infraforge.io","Platform":"InfraForge","Tenant":"platform"}},"sensitive_attributes":[],"private":"bnVsbA==","dependencies":["aws_kms_key.eks","aws_security_group.vpc_endpoints","aws_vpc_endpoint.ec2","aws_vpc_endpoint.ecr_api","aws_vpc_endpoint.ecr_dkr","aws_vpc_endpoint.sts","data.aws_availability_zones.available","module.cluster_autoscaler_irsa.data.aws_iam_policy_document.cluster_autoscaler","module.eks.aws_cloudwatch_log_group.this","module.eks.aws_eks_cluster.this","module.eks.aws_iam_policy.cni_ipv6_policy","module.eks.aws_iam_role.this","module.eks.aws_iam_role_policy_attachment.this","module.eks.aws_security_group.cluster","module.eks.aws_security_group.node","module.eks.aws_security_group_rule.cluster","module.eks.aws_security_group_rule.node","module.eks.data.aws_caller_identity.current","module.eks.data.aws_iam_policy_document.assume_role_policy","module.eks.data.aws_iam_policy_document.cni_ipv6_policy","module.eks.data.aws_iam_session_context.current","module.eks.data.aws_partition.current","module.eks.module.kms.aws_kms_external_key.this","module.eks.module.kms.aws_kms_key.this","module.eks.module.kms.aws_kms_replica_external_key.this","module.eks.module.kms.aws_kms_replica_key.this","module.eks.module.kms.data.aws_caller_identity.current","module.eks.module.kms.data.aws_iam_policy_document.this","module.eks.module.kms.data.aws_partition.current","module.vpc.aws_subnet.private","module.vpc.aws_vpc.this","module.vpc.aws_vpc_ipv4_cidr_block_association.this"]}]},{"module":"module.cluster_autoscaler_irsa[0]","mode":"managed","type":"aws_iam_role","name":"this","provider":"provider[\"registry.opentofu.org/hashicorp/aws\"]","instances":[{"index_key":0,"schema_version":0,"attributes":{"arn":"arn:aws:iam::715841344657:role/infraforge-dev-cluster-autoscaler","assume_role_policy":"{\"Statement\":[{\"Action\":\"sts:AssumeRoleWithWebIdentity\",\"Condition\":{\"StringEquals\":{\"oidc.eks.eu-west-1.amazonaws.com/id/ADDA703F782CABA7FEBFF9FC355069D1:aud\":\"sts.amazonaws.com\",\"oidc.eks.eu-west-1.amazonaws.com/id/ADDA703F782CABA7FEBFF9FC355069D1:sub\":\"system:serviceaccount:kube-system:cluster-autoscaler\"}},\"Effect\":\"Allow\",\"Principal\":{\"Federated\":\"arn:aws:iam::715841344657:oidc-provider/oidc.eks.eu-west-1.amazonaws.com/id/ADDA703F782CABA7FEBFF9FC355069D1\"}}],\"Version\":\"2012-10-17\"}","create_date":"2025-12-17T17:17:59Z","description":"","force_detach_policies":true,"id":"infraforge-dev-cluster-autoscaler","inline_policy":[],"managed_policy_arns":["arn:aws:iam::715841344657:policy/AmazonEKS_Cluster_Autoscaler_Policy-20251217171755879000000015"],"max_session_duration":3600,"name":"infraforge-dev-cluster-autoscaler","name_prefix":"","path":"/","permissions_boundary":"","tags":{"Cluster":"infraforge-dev","Environment":"dev","Tenant":"platform"},"tags_all":{"Cluster":"infraforge-dev","Environment":"dev","ManagedBy":"OpenTofu","Owner":"gokhan@infraforge.io","Platform":"InfraForge","Tenant":"platform"},"unique_id":"AROA2NK3YCSIZPQNF5IYZ"},"sensitive_attributes":[],"private":"bnVsbA==","dependencies":["aws_kms_key.eks","aws_security_group.vpc_endpoints","aws_vpc_endpoint.ec2","aws_vpc_endpoint.ecr_api","aws_vpc_endpoint.ecr_dkr","aws_vpc_endpoint.sts","data.aws_availability_zones.available","module.cluster_autoscaler_irsa.data.aws_caller_identity.current","module.cluster_autoscaler_irsa.data.aws_iam_policy_document.this","module.cluster_autoscaler_irsa.data.aws_partition.current","module.eks.aws_cloudwatch_log_group.this","module.eks.aws_eks_cluster.this","module.eks.aws_iam_openid_connect_provider.oidc_provider","module.eks.aws_iam_policy.cni_ipv6_policy","module.eks.aws_iam_role.this","module.eks.aws_iam_role_policy_attachment.this","module.eks.aws_security_group.cluster","module.eks.aws_security_group.node","module.eks.aws_security_group_rule.cluster","module.eks.aws_security_group_rule.node","module.eks.data.aws_caller_identity.current","module.eks.data.aws_iam_policy_document.assume_role_policy","module.eks.data.aws_iam_policy_document.cni_ipv6_policy","module.eks.data.aws_iam_session_context.current","module.eks.data.aws_partition.current","module.eks.data.tls_certificate.this","module.eks.module.kms.aws_kms_external_key.this","module.eks.module.kms.aws_kms_key.this","module.eks.module.kms.aws_kms_replica_external_key.this","module.eks.module.kms.aws_kms_replica_key.this","module.eks.module.kms.data.aws_caller_identity.current","module.eks.module.kms.data.aws_iam_policy_document.this","module.eks.module.kms.data.aws_partition.current","module.vpc.aws_subnet.private","module.vpc.aws_vpc.this","module.vpc.aws_vpc_ipv4_cidr_block_association.this"]}]},{"module":"module.cluster_autoscaler_irsa[0]","mode":"managed","type":"aws_iam_role_policy_attachment","name":"cluster_autoscaler","provider":"provider[\"registry.opentofu.org/hashicorp/aws\"]","instances":[{"index_key":0,"schema_version":0,"attributes":{"id":"infraforge-dev-cluster-autoscaler-20251217171759942000000016","policy_arn":"arn:aws:iam::715841344657:policy/AmazonEKS_Cluster_Autoscaler_Policy-20251217171755879000000015","role":"infraforge-dev-cluster-autoscaler"},"sensitive_attributes":[],"private":"bnVsbA==","dependencies":["aws_kms_key.eks","aws_security_group.vpc_endpoints","aws_vpc_endpoint.ec2","aws_vpc_endpoint.ecr_api","aws_vpc_endpoint.ecr_dkr","aws_vpc_endpoint.sts","data.aws_availability_zones.available","module.cluster_autoscaler_irsa.aws_iam_policy.cluster_autoscaler","module.cluster_autoscaler_irsa.aws_iam_role.this","module.cluster_autoscaler_irsa.data.aws_caller_identity.current","module.cluster_autoscaler_irsa.data.aws_iam_policy_document.cluster_autoscaler","module.cluster_autoscaler_irsa.data.aws_iam_policy_document.this","module.cluster_autoscaler_irsa.data.aws_partition.current","module.eks.aws_cloudwatch_log_group.this","module.eks.aws_eks_cluster.this","module.eks.aws_iam_openid_connect_provider.oidc_provider","module.eks.aws_iam_policy.cni_ipv6_policy","module.eks.aws_iam_role.this","module.eks.aws_iam_role_policy_attachment.this","module.eks.aws_security_group.cluster","module.eks.aws_security_group.node","module.eks.aws_security_group_rule.cluster","module.eks.aws_security_group_rule.node","module.eks.data.aws_caller_identity.current","module.eks.data.aws_iam_policy_document.assume_role_policy","module.eks.data.aws_iam_policy_document.cni_ipv6_policy","module.eks.data.aws_iam_session_context.current","module.eks.data.aws_partition.current","module.eks.data.tls_certificate.this","module.eks.module.kms.aws_kms_external_key.this","module.eks.module.kms.aws_kms_key.this","module.eks.module.kms.aws_kms_replica_external_key.this","module.eks.module.kms.aws_kms_replica_key.this","module.eks.module.kms.data.aws_caller_identity.current","module.eks.module.kms.data.aws_iam_policy_document.this","module.eks.module.kms.data.aws_partition.current","module.vpc.aws_subnet.private","module.vpc.aws_vpc.this","module.vpc.aws_vpc_ipv4_cidr_block_association.this"]}]},{"module":"module.ebs_csi_driver_irsa[0]","mode":"data","type":"aws_caller_identity","name":"current","provider":"provider[\"registry.opentofu.org/hashicorp/aws\"]","instances":[{"schema_version":0,"attributes":{"account_id":"715841344657","arn":"arn:aws:iam::715841344657:user/gokhan","id":"715841344657","user_id":"AIDA2NK3YCSIS6IBFCURI"},"sensitive_attributes":[]}]},{"module":"module.ebs_csi_driver_irsa[0]","mode":"data","type":"aws_iam_policy_document","name":"ebs_csi","provider":"provider[\"registry.opentofu.org/hashicorp/aws\"]","instances":[{"index_key":0,"schema_version":0,"attributes":{"id":"4189668531","json":"{\n  \"Version\": \"2012-10-17\",\n  \"Statement\": [\n    {\n      \"Effect\": \"Allow\",\n      \"Action\": [\n        \"ec2:DescribeVolumesModifications\",\n        \"ec2:DescribeVolumes\",\n        \"ec2:DescribeTags\",\n        \"ec2:DescribeSnapshots\",\n        \"ec2:DescribeInstances\",\n        \"ec2:DescribeAvailabilityZones\"\n      ],\n      \"Resource\": \"*\"\n    },\n    {\n      \"Effect\": \"Allow\",\n      \"Action\": [\n        \"ec2:ModifyVolume\",\n        \"ec2:CreateSnapshot\"\n      ],\n      \"Resource\": \"arn:aws:ec2:*:*:volume/*\"\n    },\n    {\n      \"Effect\": \"Allow\",\n      \"Action\": [\n        \"ec2:DetachVolume\",\n        \"ec2:AttachVolume\"\n      ],\n      \"Resource\": [\n        \"arn:aws:ec2:*:*:volume/*\",\n        \"arn:aws:ec2:*:*:instance/*\"\n      ]\n    },\n    {\n      \"Effect\": \"Allow\",\n      \"Action\": [\n        \"ec2:EnableFastSnapshotRestores\",\n        \"ec2:CreateVolume\"\n      ],\n      \"Resource\": \"arn:aws:ec2:*:*:snapshot/*\"\n    },\n    {\n      \"Effect\": \"Allow\",\n      \"Action\": \"ec2:CreateTags\",\n      \"Resource\": [\n        \"arn:aws:ec2:*:*:volume/*\",\n        \"arn:aws:ec2:*:*:snapshot/*\"\n      ],\n      \"Condition\": {\n        \"StringEquals\": {\n          \"ec2:CreateAction\": [\n            \"CreateVolume\",\n            \"CreateSnapshot\"\n          ]\n        }\n      }\n    },\n    {\n      \"Effect\": \"Allow\",\n      \"Action\": \"ec2:DeleteTags\",\n      \"Resource\": [\n        \"arn:aws:ec2:*:*:volume/*\",\n        \"arn:aws:ec2:*:*:snapshot/*\"\n      ]\n    },\n    {\n      \"Effect\": \"Allow\",\n      \"Action\": \"ec2:CreateVolume\",\n      \"Resource\": \"arn:aws:ec2:*:*:volume/*\",\n      \"Condition\": {\n        \"StringLike\": {\n          \"aws:RequestTag/ebs.csi.aws.com/cluster\": \"true\"\n        }\n      }\n    },\n    {\n      \"Effect\": \"Allow\",\n      \"Action\": \"ec2:CreateVolume\",\n      \"Resource\": \"arn:aws:ec2:*:*:volume/*\",\n      \"Condition\": {\n        \"StringLike\": {\n          \"aws:RequestTag/CSIVolumeName\": \"*\"\n        }\n      }\n    },\n    {\n      \"Effect\": \"Allow\",\n      \"Action\": \"ec2:DeleteVolume\",\n      \"Resource\": \"arn:aws:ec2:*:*:volume/*\",\n      \"Condition\": {\n        \"StringLike\": {\n          \"aws:ResourceTag/ebs.csi.aws.com/cluster\": \"true\"\n        }\n      }\n    },\n    {\n      \"Effect\": \"Allow\",\n      \"Action\": \"ec2:DeleteVolume\",\n      \"Resource\": \"arn:aws:ec2:*:*:volume/*\",\n      \"Condition\": {\n        \"StringLike\": {\n          \"aws:ResourceTag/CSIVolumeName\": \"*\"\n        }\n      }\n    },\n    {\n      \"Effect\": \"Allow\",\n      \"Action\": \"ec2:DeleteVolume\",\n      \"Resource\": \"arn:aws:ec2:*:*:volume/*\",\n      \"Condition\": {\n        \"StringLike\": {\n          \"ec2:ResourceTag/kubernetes.io/created-for/pvc/name\": \"*\"\n        }\n      }\n    },\n    {\n      \"Effect\": \"Allow\",\n      \"Action\": \"ec2:CreateSnapshot\",\n      \"Resource\": \"arn:aws:ec2:*:*:snapshot/*\",\n      \"Condition\": {\n        \"StringLike\": {\n          \"aws:RequestTag/CSIVolumeSnapshotName\": \"*\"\n        }\n      }\n    },\n    {\n      \"Effect\": \"Allow\",\n      \"Action\": \"ec2:CreateSnapshot\",\n      \"Resource\": \"arn:aws:ec2:*:*:snapshot/*\",\n      \"Condition\": {\n        \"StringLike\": {\n          \"aws:RequestTag/ebs.csi.aws.com/cluster\": \"true\"\n        }\n      }\n    },\n    {\n      \"Effect\": \"Allow\",\n      \"Action\": \"ec2:DeleteSnapshot\",\n      \"Resource\": \"arn:aws:ec2:*:*:snapshot/*\",\n      \"Condition\": {\n        \"StringLike\": {\n          \"aws:ResourceTag/CSIVolumeSnapshotName\": \"*\"\n        }\n      }\n    },\n    {\n      \"Effect\": \"Allow\",\n      \"Action\": \"ec2:DeleteSnapshot\",\n      \"Resource\": \"arn:aws:ec2:*:*:snapshot/*\",\n      \"Condition\": {\n        \"StringLike\": {\n          \"aws:ResourceTag/ebs.csi.aws.com/cluster\": \"true\"\n        }\n      }\n    }\n  ]\n}","minified_json":"{\"Version\":\"2012-10-17\",\"Statement\":[{\"Effect\":\"Allow\",\"Action\":[\"ec2:DescribeVolumesModifications\",\"ec2:DescribeVolumes\",\"ec2:DescribeTags\",\"ec2:DescribeSnapshots\",\"ec2:DescribeInstances\",\"ec2:DescribeAvailabilityZones\"],\"Resource\":\"*\"},{\"Effect\":\"Allow\",\"Action\":[\"ec2:ModifyVolume\",\"ec2:CreateSnapshot\"],\"Resource\":\"arn:aws:ec2:*:*:volume/*\"},{\"Effect\":\"Allow\",\"Action\":[\"ec2:DetachVolume\",\"ec2:AttachVolume\"],\"Resource\":[\"arn:aws:ec2:*:*:volume/*\",\"arn:aws:ec2:*:*:instance/*\"]},{\"Effect\":\"Allow\",\"Action\":[\"ec2:EnableFastSnapshotRestores\",\"ec2:CreateVolume\"],\"Resource\":\"arn:aws:ec2:*:*:snapshot/*\"},{\"Effect\":\"Allow\",\"Action\":\"ec2:CreateTags\",\"Resource\":[\"arn:aws:ec2:*:*:volume/*\",\"arn:aws:ec2:*:*:snapshot/*\"],\"Condition\":{\"StringEquals\":{\"ec2:CreateAction\":[\"CreateVolume\",\"CreateSnapshot\"]}}},{\"Effect\":\"Allow\",\"Action\":\"ec2:DeleteTags\",\"Resource\":[\"arn:aws:ec2:*:*:volume/*\",\"arn:aws:ec2:*:*:snapshot/*\"]},{\"Effect\":\"Allow\",\"Action\":\"ec2:CreateVolume\",\"Resource\":\"arn:aws:ec2:*:*:volume/*\",\"Condition\":{\"StringLike\":{\"aws:RequestTag/ebs.csi.aws.com/cluster\":\"true\"}}},{\"Effect\":\"Allow\",\"Action\":\"ec2:CreateVolume\",\"Resource\":\"arn:aws:ec2:*:*:volume/*\",\"Condition\":{\"StringLike\":{\"aws:RequestTag/CSIVolumeName\":\"*\"}}},{\"Effect\":\"Allow\",\"Action\":\"ec2:DeleteVolume\",\"Resource\":\"arn:aws:ec2:*:*:volume/*\",\"Condition\":{\"StringLike\":{\"aws:ResourceTag/ebs.csi.aws.com/cluster\":\"true\"}}},{\"Effect\":\"Allow\",\"Action\":\"ec2:DeleteVolume\",\"Resource\":\"arn:aws:ec2:*:*:volume/*\",\"Condition\":{\"StringLike\":{\"aws:ResourceTag/CSIVolumeName\":\"*\"}}},{\"Effect\":\"Allow\",\"Action\":\"ec2:DeleteVolume\",\"Resource\":\"arn:aws:ec2:*:*:volume/*\",\"Condition\":{\"StringLike\":{\"ec2:ResourceTag/kubernetes.io/created-for/pvc/name\":\"*\"}}},{\"Effect\":\"Allow\",\"Action\":\"ec2:CreateSnapshot\",\"Resource\":\"arn:aws:ec2:*:*:snapshot/*\",\"Condition\":{\"StringLike\":{\"aws:RequestTag/CSIVolumeSnapshotName\":\"*\"}}},{\"Effect\":\"Allow\",\"Action\":\"ec2:CreateSnapshot\",\"Resource\":\"arn:aws:ec2:*:*:snapshot/*\",\"Condition\":{\"StringLike\":{\"aws:RequestTag/ebs.csi.aws.com/cluster\":\"true\"}}},{\"Effect\":\"Allow\",\"Action\":\"ec2:DeleteSnapshot\",\"Resource\":\"arn:aws:ec2:*:*:snapshot/*\",\"Condition\":{\"StringLike\":{\"aws:ResourceTag/CSIVolumeSnapshotName\":\"*\"}}},{\"Effect\":\"Allow\",\"Action\":\"ec2:DeleteSnapshot\",\"Resource\":\"arn:aws:ec2:*:*:snapshot/*\",\"Condition\":{\"StringLike\":{\"aws:ResourceTag/ebs.csi.aws.com/cluster\":\"true\"}}}]}","override_json":null,"override_policy_documents":null,"policy_id":null,"source_json":null,"source_policy_documents":null,"statement":[{"actions":["ec2:DescribeAvailabilityZones","ec2:DescribeInstances","ec2:DescribeSnapshots","ec2:DescribeTags","ec2:DescribeVolumes","ec2:DescribeVolumesModifications"],"condition":[],"effect":"Allow","not_actions":[],"not_principals":[],"not_resources":[],"principals":[],"resources":["*"],"sid":""},{"actions":["ec2:CreateSnapshot","ec2:ModifyVolume"],"condition":[],"effect":"Allow","not_actions":[],"not_principals":[],"not_resources":[],"principals":[],"resources":["arn:aws:ec2:*:*:volume/*"],"sid":""},{"actions":["ec2:AttachVolume","ec2:DetachVolume"],"condition":[],"effect":"Allow","not_actions":[],"not_principals":[],"not_resources":[],"principals":[],"resources":["arn:aws:ec2:*:*:instance/*","arn:aws:ec2:*:*:volume/*"],"sid":""},{"actions":["ec2:CreateVolume","ec2:EnableFastSnapshotRestores"],"condition":[],"effect":"Allow","not_actions":[],"not_principals":[],"not_resources":[],"principals":[],"resources":["arn:aws:ec2:*:*:snapshot/*"],"sid":""},{"actions":["ec2:CreateTags"],"condition":[{"test":"StringEquals","values":["CreateVolume","CreateSnapshot"],"variable":"ec2:CreateAction"}],"effect":"Allow","not_actions":[],"not_principals":[],"not_resources":[],"principals":[],"resources":["arn:aws:ec2:*:*:snapshot/*","arn:aws:ec2:*:*:volume/*"],"sid":""},{"actions":["ec2:DeleteTags"],"condition":[],"effect":"Allow","not_actions":[],"not_principals":[],"not_resources":[],"principals":[],"resources":["arn:aws:ec2:*:*:snapshot/*","arn:aws:ec2:*:*:volume/*"],"sid":""},{"actions":["ec2:CreateVolume"],"condition":[{"test":"StringLike","values":["true"],"variable":"aws:RequestTag/ebs.csi.aws.com/cluster"}],"effect":"Allow","not_actions":[],"not_principals":[],"not_resources":[],"principals":[],"resources":["arn:aws:ec2:*:*:volume/*"],"sid":""},{"actions":["ec2:CreateVolume"],"condition":[{"test":"StringLike","values":["*"],"variable":"aws:RequestTag/CSIVolumeName"}],"effect":"Allow","not_actions":[],"not_principals":[],"not_resources":[],"principals":[],"resources":["arn:aws:ec2:*:*:volume/*"],"sid":""},{"actions":["ec2:DeleteVolume"],"condition":[{"test":"StringLike","values":["true"],"variable":"aws:ResourceTag/ebs.csi.aws.com/cluster"}],"effect":"Allow","not_actions":[],"not_principals":[],"not_resources":[],"principals":[],"resources":["arn:aws:ec2:*:*:volume/*"],"sid":""},{"actions":["ec2:DeleteVolume"],"condition":[{"test":"StringLike","values":["*"],"variable":"aws:ResourceTag/CSIVolumeName"}],"effect":"Allow","not_actions":[],"not_principals":[],"not_resources":[],"principals":[],"resources":["arn:aws:ec2:*:*:volume/*"],"sid":""},{"actions":["ec2:DeleteVolume"],"condition":[{"test":"StringLike","values":["*"],"variable":"ec2:ResourceTag/kubernetes.io/created-for/pvc/name"}],"effect":"Allow","not_actions":[],"not_principals":[],"not_resources":[],"principals":[],"resources":["arn:aws:ec2:*:*:volume/*"],"sid":""},{"actions":["ec2:CreateSnapshot"],"condition":[{"test":"StringLike","values":["*"],"variable":"aws:RequestTag/CSIVolumeSnapshotName"}],"effect":"Allow","not_actions":[],"not_principals":[],"not_resources":[],"principals":[],"resources":["arn:aws:ec2:*:*:snapshot/*"],"sid":""},{"actions":["ec2:CreateSnapshot"],"condition":[{"test":"StringLike","values":["true"],"variable":"aws:RequestTag/ebs.csi.aws.com/cluster"}],"effect":"Allow","not_actions":[],"not_principals":[],"not_resources":[],"principals":[],"resources":["arn:aws:ec2:*:*:snapshot/*"],"sid":""},{"actions":["ec2:DeleteSnapshot"],"condition":[{"test":"StringLike","values":["*"],"variable":"aws:ResourceTag/CSIVolumeSnapshotName"}],"effect":"Allow","not_actions":[],"not_principals":[],"not_resources":[],"principals":[],"resources":["arn:aws:ec2:*:*:snapshot/*"],"sid":""},{"actions":["ec2:DeleteSnapshot"],"condition":[{"test":"StringLike","values":["true"],"variable":"aws:ResourceTag/ebs.csi.aws.com/cluster"}],"effect":"Allow","not_actions":[],"not_principals":[],"not_resources":[],"principals":[],"resources":["arn:aws:ec2:*:*:snapshot/*"],"sid":""}],"version":"2012-10-17"},"sensitive_attributes":[]}]},{"module":"module.ebs_csi_driver_irsa[0]","mode":"data","type":"aws_iam_policy_document","name":"this","provider":"provider[\"registry.opentofu.org/hashicorp/aws\"]","instances":[{"index_key":0,"schema_version":0,"attributes":{"id":"3856997166","json":"{\n  \"Version\": \"2012-10-17\",\n  \"Statement\": [\n    {\n      \"Effect\": \"Allow\",\n      \"Action\": \"sts:AssumeRoleWithWebIdentity\",\n      \"Principal\": {\n        \"Federated\": \"arn:aws:iam::715841344657:oidc-provider/oidc.eks.eu-west-1.amazonaws.com/id/ADDA703F782CABA7FEBFF9FC355069D1\"\n      },\n      \"Condition\": {\n        \"StringEquals\": {\n          \"oidc.eks.eu-west-1.amazonaws.com/id/ADDA703F782CABA7FEBFF9FC355069D1:aud\": \"sts.amazonaws.com\",\n          \"oidc.eks.eu-west-1.amazonaws.com/id/ADDA703F782CABA7FEBFF9FC355069D1:sub\": \"system:serviceaccount:kube-system:ebs-csi-controller-sa\"\n        }\n      }\n    }\n  ]\n}","minified_json":"{\"Version\":\"2012-10-17\",\"Statement\":[{\"Effect\":\"Allow\",\"Action\":\"sts:AssumeRoleWithWebIdentity\",\"Principal\":{\"Federated\":\"arn:aws:iam::715841344657:oidc-provider/oidc.eks.eu-west-1.amazonaws.com/id/ADDA703F782CABA7FEBFF9FC355069D1\"},\"Condition\":{\"StringEquals\":{\"oidc.eks.eu-west-1.amazonaws.com/id/ADDA703F782CABA7FEBFF9FC355069D1:aud\":\"sts.amazonaws.com\",\"oidc.eks.eu-west-1.amazonaws.com/id/ADDA703F782CABA7FEBFF9FC355069D1:sub\":\"system:serviceaccount:kube-system:ebs-csi-controller-sa\"}}}]}","override_json":null,"override_policy_documents":null,"policy_id":null,"source_json":null,"source_policy_documents":null,"statement":[{"actions":["sts:AssumeRoleWithWebIdentity"],"condition":[{"test":"StringEquals","values":["sts.amazonaws.com"],"variable":"oidc.eks.eu-west-1.amazonaws.com/id/ADDA703F782CABA7FEBFF9FC355069D1:aud"},{"test":"StringEquals","values":["system:serviceaccount:kube-system:ebs-csi-controller-sa"],"variable":"oidc.eks.eu-west-1.amazonaws.com/id/ADDA703F782CABA7FEBFF9FC355069D1:sub"}],"effect":"Allow","not_actions":[],"not_principals":[],"not_resources":[],"principals":[{"identifiers":["arn:aws:iam::715841344657:oidc-provider/oidc.eks.eu-west-1.amazonaws.com/id/ADDA703F782CABA7FEBFF9FC355069D1"],"type":"Federated"}],"resources":[],"sid":""}],"version":"2012-10-17"},"sensitive_attributes":[]}]},{"module":"module.ebs_csi_driver_irsa[0]","mode":"data","type":"aws_partition","name":"current","provider":"provider[\"registry.opentofu.org/hashicorp/aws\"]","instances":[{"schema_version":0,"attributes":{"dns_suffix":"amazonaws.com","id":"aws","partition":"aws","reverse_dns_prefix":"com.amazonaws"},"sensitive_attributes":[]}]},{"module":"module.ebs_csi_driver_irsa[0]","mode":"data","type":"aws_region","name":"current","provider":"provider[\"registry.opentofu.org/hashicorp/aws\"]","instances":[{"schema_version":0,"attributes":{"description":"Europe (Ireland)","endpoint":"ec2.eu-west-1.amazonaws.com","id":"eu-west-1","name":"eu-west-1"},"sensitive_attributes":[]}]},{"module":"module.ebs_csi_driver_irsa[0]","mode":"managed","type":"aws_iam_policy","name":"ebs_csi","provider":"provider[\"registry.opentofu.org/hashicorp/aws\"]","instances":[{"index_key":0,"schema_version":0,"attributes":{"arn":"arn:aws:iam::715841344657:policy/AmazonEKS_EBS_CSI_Policy-20251217170752617800000002","attachment_count":1,"description":"Provides permissions to manage EBS volumes via the container storage interface driver","id":"arn:aws:iam::715841344657:policy/AmazonEKS_EBS_CSI_Policy-20251217170752617800000002","name":"AmazonEKS_EBS_CSI_Policy-20251217170752617800000002","name_prefix":"AmazonEKS_EBS_CSI_Policy-","path":"/","policy":"{\"Statement\":[{\"Action\":[\"ec2:DescribeVolumesModifications\",\"ec2:DescribeVolumes\",\"ec2:DescribeTags\",\"ec2:DescribeSnapshots\",\"ec2:DescribeInstances\",\"ec2:DescribeAvailabilityZones\"],\"Effect\":\"Allow\",\"Resource\":\"*\"},{\"Action\":[\"ec2:ModifyVolume\",\"ec2:CreateSnapshot\"],\"Effect\":\"Allow\",\"Resource\":\"arn:aws:ec2:*:*:volume/*\"},{\"Action\":[\"ec2:DetachVolume\",\"ec2:AttachVolume\"],\"Effect\":\"Allow\",\"Resource\":[\"arn:aws:ec2:*:*:volume/*\",\"arn:aws:ec2:*:*:instance/*\"]},{\"Action\":[\"ec2:EnableFastSnapshotRestores\",\"ec2:CreateVolume\"],\"Effect\":\"Allow\",\"Resource\":\"arn:aws:ec2:*:*:snapshot/*\"},{\"Action\":\"ec2:CreateTags\",\"Condition\":{\"StringEquals\":{\"ec2:CreateAction\":[\"CreateVolume\",\"CreateSnapshot\"]}},\"Effect\":\"Allow\",\"Resource\":[\"arn:aws:ec2:*:*:volume/*\",\"arn:aws:ec2:*:*:snapshot/*\"]},{\"Action\":\"ec2:DeleteTags\",\"Effect\":\"Allow\",\"Resource\":[\"arn:aws:ec2:*:*:volume/*\",\"arn:aws:ec2:*:*:snapshot/*\"]},{\"Action\":\"ec2:CreateVolume\",\"Condition\":{\"StringLike\":{\"aws:RequestTag/ebs.csi.aws.com/cluster\":\"true\"}},\"Effect\":\"Allow\",\"Resource\":\"arn:aws:ec2:*:*:volume/*\"},{\"Action\":\"ec2:CreateVolume\",\"Condition\":{\"StringLike\":{\"aws:RequestTag/CSIVolumeName\":\"*\"}},\"Effect\":\"Allow\",\"Resource\":\"arn:aws:ec2:*:*:volume/*\"},{\"Action\":\"ec2:DeleteVolume\",\"Condition\":{\"StringLike\":{\"aws:ResourceTag/ebs.csi.aws.com/cluster\":\"true\"}},\"Effect\":\"Allow\",\"Resource\":\"arn:aws:ec2:*:*:volume/*\"},{\"Action\":\"ec2:DeleteVolume\",\"Condition\":{\"StringLike\":{\"aws:ResourceTag/CSIVolumeName\":\"*\"}},\"Effect\":\"Allow\",\"Resource\":\"arn:aws:ec2:*:*:volume/*\"},{\"Action\":\"ec2:DeleteVolume\",\"Condition\":{\"StringLike\":{\"ec2:ResourceTag/kubernetes.io/created-for/pvc/name\":\"*\"}},\"Effect\":\"Allow\",\"Resource\":\"arn:aws:ec2:*:*:volume/*\"},{\"Action\":\"ec2:CreateSnapshot\",\"Condition\":{\"StringLike\":{\"aws:RequestTag/CSIVolumeSnapshotName\":\"*\"}},\"Effect\":\"Allow\",\"Resource\":\"arn:aws:ec2:*:*:snapshot/*\"},{\"Action\":\"ec2:CreateSnapshot\",\"Condition\":{\"StringLike\":{\"aws:RequestTag/ebs.csi.aws.com/cluster\":\"true\"}},\"Effect\":\"Allow\",\"Resource\":\"arn:aws:ec2:*:*:snapshot/*\"},{\"Action\":\"ec2:DeleteSnapshot\",\"Condition\":{\"StringLike\":{\"aws:ResourceTag/CSIVolumeSnapshotName\":\"*\"}},\"Effect\":\"Allow\",\"Resource\":\"arn:aws:ec2:*:*:snapshot/*\"},{\"Action\":\"ec2:DeleteSnapshot\",\"Condition\":{\"StringLike\":{\"aws:ResourceTag/ebs.csi.aws.com/cluster\":\"true\"}},\"Effect\":\"Allow\",\"Resource\":\"arn:aws:ec2:*:*:snapshot/*\"}],\"Version\":\"2012-10-17\"}","policy_id":"ANPA2NK3YCSIUVX3AR5RV","tags":{"Cluster":"infraforge-dev","Environment":"dev","Tenant":"platform"},"tags_all":{"Cluster":"infraforge-dev","Environment":"dev","ManagedBy":"OpenTofu","Owner":"gokhan@infraforge.io","Platform":"InfraForge","Tenant":"platform"}},"sensitive_attributes":[],"private":"bnVsbA==","dependencies":["module.ebs_csi_driver_irsa.data.aws_iam_policy_document.ebs_csi","module.ebs_csi_driver_irsa.data.aws_partition.current"]}]},{"module":"module.ebs_csi_driver_irsa[0]","mode":"managed","type":"aws_iam_role","name":"this","provider":"provider[\"registry.opentofu.org/hashicorp/aws\"]","instances":[{"index_key":0,"schema_version":0,"attributes":{"arn":"arn:aws:iam::715841344657:role/infraforge-dev-ebs-csi-driver","assume_role_policy":"{\"Statement\":[{\"Action\":\"sts:AssumeRoleWithWebIdentity\",\"Condition\":{\"StringEquals\":{\"oidc.eks.eu-west-1.amazonaws.com/id/ADDA703F782CABA7FEBFF9FC355069D1:aud\":\"sts.amazonaws.com\",\"oidc.eks.eu-west-1.amazonaws.com/id/ADDA703F782CABA7FEBFF9FC355069D1:sub\":\"system:serviceaccount:kube-system:ebs-csi-controller-sa\"}},\"Effect\":\"Allow\",\"Principal\":{\"Federated\":\"arn:aws:iam::715841344657:oidc-provider/oidc.eks.eu-west-1.amazonaws.com/id/ADDA703F782CABA7FEBFF9FC355069D1\"}}],\"Version\":\"2012-10-17\"}","create_date":"2025-12-17T17:17:59Z","description":"","force_detach_policies":true,"id":"infraforge-dev-ebs-csi-driver","inline_policy":[],"managed_policy_arns":["arn:aws:iam::715841344657:policy/AmazonEKS_EBS_CSI_Policy-20251217170752617800000002"],"max_session_duration":3600,"name":"infraforge-dev-ebs-csi-driver","name_prefix":"","path":"/","permissions_boundary":"","tags":{"Cluster":"infraforge-dev","Environment":"dev","Tenant":"platform"},"tags_all":{"Cluster":"infraforge-dev","Environment":"dev","ManagedBy":"OpenTofu","Owner":"gokhan@infraforge.io","Platform":"InfraForge","Tenant":"platform"},"unique_id":"AROA2NK3YCSIRYPK3P44K"},"sensitive_attributes":[],"private":"bnVsbA==","dependencies":["aws_kms_key.eks","aws_security_group.vpc_endpoints","aws_vpc_endpoint.ec2","aws_vpc_endpoint.ecr_api","aws_vpc_endpoint.ecr_dkr","aws_vpc_endpoint.sts","data.aws_availability_zones.available","module.ebs_csi_driver_irsa.data.aws_caller_identity.current","module.ebs_csi_driver_irsa.data.aws_iam_policy_document.this","module.ebs_csi_driver_irsa.data.aws_partition.current","module.eks.aws_cloudwatch_log_group.this","module.eks.aws_eks_cluster.this","module.eks.aws_iam_openid_connect_provider.oidc_provider","module.eks.aws_iam_policy.cni_ipv6_policy","module.eks.aws_iam_role.this","module.eks.aws_iam_role_policy_attachment.this","module.eks.aws_security_group.cluster","module.eks.aws_security_group.node","module.eks.aws_security_group_rule.cluster","module.eks.aws_security_group_rule.node","module.eks.data.aws_caller_identity.current","module.eks.data.aws_iam_policy_document.assume_role_policy","module.eks.data.aws_iam_policy_document.cni_ipv6_policy","module.eks.data.aws_iam_session_context.current","module.eks.data.aws_partition.current","module.eks.data.tls_certificate.this","module.eks.module.kms.aws_kms_external_key.this","module.eks.module.kms.aws_kms_key.this","module.eks.module.kms.aws_kms_replica_external_key.this","module.eks.module.kms.aws_kms_replica_key.this","module.eks.module.kms.data.aws_caller_identity.current","module.eks.module.kms.data.aws_iam_policy_document.this","module.eks.module.kms.data.aws_partition.current","module.vpc.aws_subnet.private","module.vpc.aws_vpc.this","module.vpc.aws_vpc_ipv4_cidr_block_association.this"]}]},{"module":"module.ebs_csi_driver_irsa[0]","mode":"managed","type":"aws_iam_role_policy_attachment","name":"ebs_csi","provider":"provider[\"registry.opentofu.org/hashicorp/aws\"]","instances":[{"index_key":0,"schema_version":0,"attributes":{"id":"infraforge-dev-ebs-csi-driver-20251217171759955400000017","policy_arn":"arn:aws:iam::715841344657:policy/AmazonEKS_EBS_CSI_Policy-20251217170752617800000002","role":"infraforge-dev-ebs-csi-driver"},"sensitive_attributes":[],"private":"bnVsbA==","dependencies":["aws_kms_key.eks","aws_security_group.vpc_endpoints","aws_vpc_endpoint.ec2","aws_vpc_endpoint.ecr_api","aws_vpc_endpoint.ecr_dkr","aws_vpc_endpoint.sts","data.aws_availability_zones.available","module.ebs_csi_driver_irsa.aws_iam_policy.ebs_csi","module.ebs_csi_driver_irsa.aws_iam_role.this","module.ebs_csi_driver_irsa.data.aws_caller_identity.current","module.ebs_csi_driver_irsa.data.aws_iam_policy_document.ebs_csi","module.ebs_csi_driver_irsa.data.aws_iam_policy_document.this","module.ebs_csi_driver_irsa.data.aws_partition.current","module.eks.aws_cloudwatch_log_group.this","module.eks.aws_eks_cluster.this","module.eks.aws_iam_openid_connect_provider.oidc_provider","module.eks.aws_iam_policy.cni_ipv6_policy","module.eks.aws_iam_role.this","module.eks.aws_iam_role_policy_attachment.this","module.eks.aws_security_group.cluster","module.eks.aws_security_group.node","module.eks.aws_security_group_rule.cluster","module.eks.aws_security_group_rule.node","module.eks.data.aws_caller_identity.current","module.eks.data.aws_iam_policy_document.assume_role_policy","module.eks.data.aws_iam_policy_document.cni_ipv6_policy","module.eks.data.aws_iam_session_context.current","module.eks.data.aws_partition.current","module.eks.data.tls_certificate.this","module.eks.module.kms.aws_kms_external_key.this","module.eks.module.kms.aws_kms_key.this","module.eks.module.kms.aws_kms_replica_external_key.this","module.eks.module.kms.aws_kms_replica_key.this","module.eks.module.kms.data.aws_caller_identity.current","module.eks.module.kms.data.aws_iam_policy_document.this","module.eks.module.kms.data.aws_partition.current","module.vpc.aws_subnet.private","module.vpc.aws_vpc.this","module.vpc.aws_vpc_ipv4_cidr_block_association.this"]}]},{"module":"module.eks","mode":"data","type":"aws_caller_identity","name":"current","provider":"provider[\"registry.opentofu.org/hashicorp/aws\"]","instances":[{"schema_version":0,"attributes":{"account_id":"715841344657","arn":"arn:aws:iam::715841344657:user/gokhan","id":"715841344657","user_id":"AIDA2NK3YCSIS6IBFCURI"},"sensitive_attributes":[]}]},{"module":"module.eks","mode":"data","type":"aws_eks_addon_version","name":"this","provider":"provider[\"registry.opentofu.org/hashicorp/aws\"]","instances":[{"index_key":"aws-ebs-csi-driver","schema_version":0,"attributes":{"addon_name":"aws-ebs-csi-driver","id":"aws-ebs-csi-driver","kubernetes_version":"1.29","most_recent":true,"version":"v1.54.0-eksbuild.1"},"sensitive_attributes":[]},{"index_key":"coredns","schema_version":0,"attributes":{"addon_name":"coredns","id":"coredns","kubernetes_version":"1.29","most_recent":true,"version":"v1.11.4-eksbuild.24"},"sensitive_attributes":[]},{"index_key":"kube-proxy","schema_version":0,"attributes":{"addon_name":"kube-proxy","id":"kube-proxy","kubernetes_version":"1.29","most_recent":true,"version":"v1.29.15-eksbuild.26"},"sensitive_attributes":[]},{"index_key":"vpc-cni","schema_version":0,"attributes":{"addon_name":"vpc-cni","id":"vpc-cni","kubernetes_version":"1.29","most_recent":true,"version":"v1.21.0-eksbuild.4"},"sensitive_attributes":[]}]},{"module":"module.eks","mode":"data","type":"aws_iam_policy_document","name":"assume_role_policy","provider":"provider[\"registry.opentofu.org/hashicorp/aws\"]","instances":[{"index_key":0,"schema_version":0,"attributes":{"id":"2764486067","json":"{\n  \"Version\": \"2012-10-17\",\n  \"Statement\": [\n    {\n      \"Sid\": \"EKSClusterAssumeRole\",\n      \"Effect\": \"Allow\",\n      \"Action\": \"sts:AssumeRole\",\n      \"Principal\": {\n        \"Service\": \"eks.amazonaws.com\"\n      }\n    }\n  ]\n}","minified_json":"{\"Version\":\"2012-10-17\",\"Statement\":[{\"Sid\":\"EKSClusterAssumeRole\",\"Effect\":\"Allow\",\"Action\":\"sts:AssumeRole\",\"Principal\":{\"Service\":\"eks.amazonaws.com\"}}]}","override_json":null,"override_policy_documents":null,"policy_id":null,"source_json":null,"source_policy_documents":null,"statement":[{"actions":["sts:AssumeRole"],"condition":[],"effect":"Allow","not_actions":[],"not_principals":[],"not_resources":[],"principals":[{"identifiers":["eks.amazonaws.com"],"type":"Service"}],"resources":[],"sid":"EKSClusterAssumeRole"}],"version":"2012-10-17"},"sensitive_attributes":[]}]},{"module":"module.eks","mode":"data","type":"aws_iam_policy_document","name":"cni_ipv6_policy","provider":"provider[\"registry.opentofu.org/hashicorp/aws\"]","instances":[]},{"module":"module.eks","mode":"data","type":"aws_iam_session_context","name":"current","provider":"provider[\"registry.opentofu.org/hashicorp/aws\"]","instances":[{"schema_version":0,"attributes":{"arn":"arn:aws:iam::715841344657:user/gokhan","id":"arn:aws:iam::715841344657:user/gokhan","issuer_arn":"arn:aws:iam::715841344657:user/gokhan","issuer_id":"","issuer_name":"","session_name":""},"sensitive_attributes":[]}]},{"module":"module.eks","mode":"data","type":"aws_partition","name":"current","provider":"provider[\"registry.opentofu.org/hashicorp/aws\"]","instances":[{"schema_version":0,"attributes":{"dns_suffix":"amazonaws.com","id":"aws","partition":"aws","reverse_dns_prefix":"com.amazonaws"},"sensitive_attributes":[]}]},{"module":"module.eks","mode":"data","type":"tls_certificate","name":"this","provider":"provider[\"registry.opentofu.org/hashicorp/tls\"]","instances":[{"index_key":0,"schema_version":0,"attributes":{"certificates":[{"cert_pem":"-----BEGIN CERTIFICATE-----\nMIIEkjCCA3qgAwIBAgITBn+USionzfP6wq4rAfkI7rnExjANBgkqhkiG9w0BAQsF\nADCBmDELMAkGA1UEBhMCVVMxEDAOBgNVBAgTB0FyaXpvbmExEzARBgNVBAcTClNj\nb3R0c2RhbGUxJTAjBgNVBAoTHFN0YXJmaWVsZCBUZWNobm9sb2dpZXMsIEluYy4x\nOzA5BgNVBAMTMlN0YXJmaWVsZCBTZXJ2aWNlcyBSb290IENlcnRpZmljYXRlIEF1\ndGhvcml0eSAtIEcyMB4XDTE1MDUyNTEyMDAwMFoXDTM3MTIzMTAxMDAwMFowOTEL\nMAkGA1UEBhMCVVMxDzANBgNVBAoTBkFtYXpvbjEZMBcGA1UEAxMQQW1hem9uIFJv\nb3QgQ0EgMTCCASIwDQYJKoZIhvcNAQEBBQADggEPADCCAQoCggEBALJ4gHHKeNXj\nca9HgFB0fW7Y14h29Jlo91ghYPl0hAEvrAIthtOgQ3pOsqTQNroBvo3bSMgHFzZM\n9O6II8c+6zf1tRn4SWiw3te5djgdYZ6k/oI2peVKVuRF4fn9tBb6dNqcmzU5L/qw\nIFAGbHrQgLKm+a/sRxmPUDgH3KKHOVj4utWp+UhnMJbulHheb4mjUcAwhmahRWa6\nVOujw5H5SNz/0egwLX0tdHA114gk957EWW67c4cX8jJGKLhD+rcdqsq08p8kDi1L\n93FcXmn/6pUCyziKrlA4b9v7LWIbxcceVOF34GfID5yHI9Y/QCB/IIDEgEw+OyQm\njgSubJrIqg0CAwEAAaOCATEwggEtMA8GA1UdEwEB/wQFMAMBAf8wDgYDVR0PAQH/\nBAQDAgGGMB0GA1UdDgQWBBSEGMyFNOy8DJSULghZnMeyEE4KCDAfBgNVHSMEGDAW\ngBScXwDfqgHXMCs4iKK4bUqc8hGRgzB4BggrBgEFBQcBAQRsMGowLgYIKwYBBQUH\nMAGGImh0dHA6Ly9vY3NwLnJvb3RnMi5hbWF6b250cnVzdC5jb20wOAYIKwYBBQUH\nMAKGLGh0dHA6Ly9jcnQucm9vdGcyLmFtYXpvbnRydXN0LmNvbS9yb290ZzIuY2Vy\nMD0GA1UdHwQ2MDQwMqAwoC6GLGh0dHA6Ly9jcmwucm9vdGcyLmFtYXpvbnRydXN0\nLmNvbS9yb290ZzIuY3JsMBEGA1UdIAQKMAgwBgYEVR0gADANBgkqhkiG9w0BAQsF\nAAOCAQEAYjdCXLwQtT6LLOkMm2xF4gcAevnFWAu5CIw+7bMlPLVvUOTNNWqnkzSW\nMiGpSESrnO09tKpzbeR/FoCJbM8oAxiDR3mjEH4wW6w7sGDgd9QIpuEdfF7Au/ma\neyKdpwAJfqxGF4PcnCZXmTA5YpaP7dreqsXMGz7KQ2hsVxa81Q4gLv7/wmpdLqBK\nbRRYh5TmOTFffHPLkIhqhBGWJ6bt2YFGpn6jcgAKUj6DiAdjd4lpFw85hdKrCEVN\n0FE6/V1dN2RMfjCyVSRCnTawXZwXgWHxyvkQAiSr6w10kY17RSlQOYiypok1JR4U\nakcjMS9cmvqtmg5iUaQqqcT5NJ0hGA==\n-----END CERTIFICATE-----\n","is_ca":true,"issuer":"CN=Starfield Services Root Certificate Authority - G2,O=Starfield Technologies\\, Inc.,L=Scottsdale,ST=Arizona,C=US","not_after":"2037-12-31T01:00:00Z","not_before":"2015-05-25T12:00:00Z","public_key_algorithm":"RSA","serial_number":"144918191876577076464031512351042010504348870","sha1_fingerprint":"06b25927c42a721631c1efd9431e648fa62e1e39","signature_algorithm":"SHA256-RSA","subject":"CN=Amazon Root CA 1,O=Amazon,C=US","version":3},{"cert_pem":"-----BEGIN CERTIFICATE-----\nMIIEXjCCA0agAwIBAgITB3MSSkvL1E7HtTvq8ZSELToPoTANBgkqhkiG9w0BAQsF\nADA5MQswCQYDVQQGEwJVUzEPMA0GA1UEChMGQW1hem9uMRkwFwYDVQQDExBBbWF6\nb24gUm9vdCBDQSAxMB4XDTIyMDgyMzIyMjUzMFoXDTMwMDgyMzIyMjUzMFowPDEL\nMAkGA1UEBhMCVVMxDzANBgNVBAoTBkFtYXpvbjEcMBoGA1UEAxMTQW1hem9uIFJT\nQSAyMDQ4IE0wMjCCASIwDQYJKoZIhvcNAQEBBQADggEPADCCAQoCggEBALtDGMZa\nqHneKei1by6+pUPPLljTB143Si6VpEWPc6mSkFhZb/6qrkZyoHlQLbDYnI2D7hD0\nsdzEqfnuAjIsuXQLG3A8TvX6V3oFNBFVe8NlLJHvBseKY88saLwufxkZVwk74g4n\nWlNMXzla9Y5F3wwRHwMVH443xGz6UtGSZSqQ94eFx5X7Tlqt8whi8qCaKdZ5rNak\n+r9nUThOeClqFd4oXych//Rc7Y0eX1KNWHYSI1Nk31mYgiK3JvH063g+K9tHA63Z\neTgKgndlh+WI+zv7i44HepRZjA1FYwYZ9Vv/9UkC5Yz8/yU65fgjaE+wVHM4e/Yy\nC2osrPWE7gJ+dXMCAwEAAaOCAVowggFWMBIGA1UdEwEB/wQIMAYBAf8CAQAwDgYD\nVR0PAQH/BAQDAgGGMB0GA1UdJQQWMBQGCCsGAQUFBwMBBggrBgEFBQcDAjAdBgNV\nHQ4EFgQUwDFSzVpQw4J8dHHOy+mc+XrrguIwHwYDVR0jBBgwFoAUhBjMhTTsvAyU\nlC4IWZzHshBOCggwewYIKwYBBQUHAQEEbzBtMC8GCCsGAQUFBzABhiNodHRwOi8v\nb2NzcC5yb290Y2ExLmFtYXpvbnRydXN0LmNvbTA6BggrBgEFBQcwAoYuaHR0cDov\nL2NydC5yb290Y2ExLmFtYXpvbnRydXN0LmNvbS9yb290Y2ExLmNlcjA/BgNVHR8E\nODA2MDSgMqAwhi5odHRwOi8vY3JsLnJvb3RjYTEuYW1hem9udHJ1c3QuY29tL3Jv\nb3RjYTEuY3JsMBMGA1UdIAQMMAowCAYGZ4EMAQIBMA0GCSqGSIb3DQEBCwUAA4IB\nAQAtTi6Fs0Azfi+iwm7jrz+CSxHH+uHl7Law3MQSXVtR8RV53PtR6r/6gNpqlzdo\nZq4FKbADi1v9Bun8RY8D51uedRfjsbeodizeBB8nXmeyD33Ep7VATj4ozcd31YFV\nfgRhvTSxNrrTlNpWkUk0m3BMPv8sg381HhA6uEYokE5q9uws/3YkKqRiEz3TsaWm\nJqIRZhMbgAfp7O7FUwFIb7UIspogZSKxPIWJpxiPo3TcBambbVtQOcNRWz5qCQdD\nslI2yayq0n2TXoHyNCLEH8rpsJRVILFsg0jc7BaFrMnF462+ajSehgj12IidNeRN\n4zl+EoNaWdpnWndvSpAEkq2P\n-----END CERTIFICATE-----\n","is_ca":true,"issuer":"CN=Amazon Root CA 1,O=Amazon,C=US","not_after":"2030-08-23T22:25:30Z","not_before":"2022-08-23T22:25:30Z","public_key_algorithm":"RSA","serial_number":"166129353110899469622597955040406457904926625","sha1_fingerprint":"414a2060b738c635cc7fc243e052615592830c53","signature_algorithm":"SHA256-RSA","subject":"CN=Amazon RSA 2048 M02,O=Amazon,C=US","version":3},{"cert_pem":"-----BEGIN CERTIFICATE-----\nMIIF5TCCBM2gAwIBAgIQAjekYPHTKkTyiIeQ9C7aYjANBgkqhkiG9w0BAQsFADA8\nMQswCQYDVQQGEwJVUzEPMA0GA1UEChMGQW1hem9uMRwwGgYDVQQDExNBbWF6b24g\nUlNBIDIwNDggTTAyMB4XDTI1MDIyNjAwMDAwMFoXDTI2MDMyODIzNTk1OVowKDEm\nMCQGA1UEAwwdKi5la3MuZXUtd2VzdC0xLmFtYXpvbmF3cy5jb20wggEiMA0GCSqG\nSIb3DQEBAQUAA4IBDwAwggEKAoIBAQDKHQPfgaTQJdmXnyAvNU5NRydNfP2cE/U4\nz+NUhee/wnFSOXjzB/J9YdFFxEkdOiPKJXR+Isg3HMIo4aMYW8FwtOa9FLIpYxiU\n4w4rELCpxsxjngWkZXs5B1eZWb95Es6JNx0bX9DitXssqlrj0m0OlXth0kh6zoiE\nfKogyaA2CqInix2cwKeP0IhyXVwWWoBc+nl4EMAl8Vw/zgegYglr9PeNwDBZ4Z9P\nGdXjkHid5fweoBP14VgmoipDBwU2PSQdj1kmoXVsAwv6Rs+fdzVv5pC+SGTXvCrR\noCy3SH4HitHH52sfw7VsrV+41YK3CoOJgCW42sIshWYaBJWpJV5LAgMBAAGjggL1\nMIIC8TAfBgNVHSMEGDAWgBTAMVLNWlDDgnx0cc7L6Zz5euuC4jAdBgNVHQ4EFgQU\n2NLktLy6YCzLSBPKISTbFocuY+wwKAYDVR0RBCEwH4IdKi5la3MuZXUtd2VzdC0x\nLmFtYXpvbmF3cy5jb20wEwYDVR0gBAwwCjAIBgZngQwBAgEwDgYDVR0PAQH/BAQD\nAgWgMB0GA1UdJQQWMBQGCCsGAQUFBwMBBggrBgEFBQcDAjA7BgNVHR8ENDAyMDCg\nLqAshipodHRwOi8vY3JsLnIybTAyLmFtYXpvbnRydXN0LmNvbS9yMm0wMi5jcmww\ndQYIKwYBBQUHAQEEaTBnMC0GCCsGAQUFBzABhiFodHRwOi8vb2NzcC5yMm0wMi5h\nbWF6b250cnVzdC5jb20wNgYIKwYBBQUHMAKGKmh0dHA6Ly9jcnQucjJtMDIuYW1h\nem9udHJ1c3QuY29tL3IybTAyLmNlcjAMBgNVHRMBAf8EAjAAMIIBfQYKKwYBBAHW\neQIEAgSCAW0EggFpAWcAdQAOV5S8866pPjMbLJkHs/eQ35vCPXEyJd0hqSWsYcVO\nIQAAAZU/2jnRAAAEAwBGMEQCIF2p9gUp/kJkHtyPegdZG3YN+JPRKfprZJugSIf8\nQCYBAiA2XaeMV8TSSDMiLAHHqwPD0rO8Yc2nGlF21Cf1ria+GwB2AGQRxGykEuyn\niRyiAi4AvKtPKAfUHjUnq+r+1QPJfc3wAAABlT/aOYoAAAQDAEcwRQIhAIbOlB/G\nuAajD9Jg+6kKGbFnYEiOEUMzy35gwjZ6DwsRAiBVEUgAIDFZaYkbUTSsKi8a2X0v\nUR2kKO2DgP0Wpz3BwQB2AEmcm2neHXzs/DbezYdkprhbrwqHgBnRVVL76esp3fjD\nAAABlT/aOY8AAAQDAEcwRQIhAOrK7UxWg2aXXVYMGxo2M83rHvuKujuLLDQQb2+P\n1GIpAiB4++lNF0h/L08V6UAbODPEYO9rgI8cDEwVAOyAzKtE4TANBgkqhkiG9w0B\nAQsFAAOCAQEAW4ev/cYzwRVX+hjr7CaZban79OTInx2rVflnrY1e6a8q2MaE+cpW\n4VusRCdhWyHcGs+yAEmESxz7Q+LABCBamoZfRPJ5pgjc6uxwIGQ3hKKkbVnO1rsA\nUwGVEZLRzCrG0aHeWxLkjXsvQIypOpY0YhkH8NYyU5VifRzmSY2JoIyNuQKn2gSM\nMb5dkmelkprfCKtcqOq9aHBAp7CKUkr4flsPsL+v0vAf8MPTO084KV2OsPvWUtZY\nI2nMLCdjyemGnGnaUFIS/ykUrgi09ihwmMQxP4Ddr/yr1N84sur8dM+U6QtxaaeI\nAbmwRf+ZfAwxYzj9YsWLZC364Dvw5U1GQA==\n-----END CERTIFICATE-----\n","is_ca":false,"issuer":"CN=Amazon RSA 2048 M02,O=Amazon,C=US","not_after":"2026-03-28T23:59:59Z","not_before":"2025-02-26T00:00:00Z","public_key_algorithm":"RSA","serial_number":"2947366314709017834832821014634617442","sha1_fingerprint":"1e5f0e548dadf9e218394c904e5e8b04e91f782e","signature_algorithm":"SHA256-RSA","subject":"CN=*.eks.eu-west-1.amazonaws.com","version":3}],"content":null,"id":"08332733484502a5c0ee4f44b59e6f9baaa72352","url":"https://oidc.eks.eu-west-1.amazonaws.com/id/ADDA703F782CABA7FEBFF9FC355069D1","verify_chain":true},"sensitive_attributes":[]}]},{"module":"module.eks","mode":"managed","type":"aws_cloudwatch_log_group","name":"this","provider":"provider[\"registry.opentofu.org/hashicorp/aws\"]","instances":[{"index_key":0,"schema_version":0,"attributes":{"arn":"arn:aws:logs:eu-west-1:715841344657:log-group:/aws/eks/infraforge-dev/cluster","id":"/aws/eks/infraforge-dev/cluster","kms_key_id":"","log_group_class":"STANDARD","name":"/aws/eks/infraforge-dev/cluster","name_prefix":"","retention_in_days":90,"skip_destroy":false,"tags":{"Cluster":"infraforge-dev","Environment":"dev","Name":"/aws/eks/infraforge-dev/cluster","Tenant":"platform"},"tags_all":{"Cluster":"infraforge-dev","Environment":"dev","ManagedBy":"OpenTofu","Name":"/aws/eks/infraforge-dev/cluster","Owner":"gokhan@infraforge.io","Platform":"InfraForge","Tenant":"platform"}},"sensitive_attributes":[],"private":"bnVsbA==","dependencies":["aws_security_group.vpc_endpoints","aws_vpc_endpoint.ec2","aws_vpc_endpoint.ecr_api","aws_vpc_endpoint.ecr_dkr","aws_vpc_endpoint.sts","data.aws_availability_zones.available","module.vpc.aws_subnet.private","module.vpc.aws_vpc.this","module.vpc.aws_vpc_ipv4_cidr_block_association.this"],"create_before_destroy":true}]},{"module":"module.eks","mode":"managed","type":"aws_ec2_tag","name":"cluster_primary_security_group","provider":"provider[\"registry.opentofu.org/hashicorp/aws\"]","instances":[{"index_key":"Cluster","schema_version":0,"attributes":{"id":"sg-0e62a90d72270fe34,Cluster","key":"Cluster","resource_id":"sg-0e62a90d72270fe34","value":"infraforge-dev"},"sensitive_attributes":[],"private":"bnVsbA==","dependencies":["aws_kms_key.eks","aws_security_group.vpc_endpoints","aws_vpc_endpoint.ec2","aws_vpc_endpoint.ecr_api","aws_vpc_endpoint.ecr_dkr","aws_vpc_endpoint.sts","data.aws_availability_zones.available","module.eks.aws_cloudwatch_log_group.this","module.eks.aws_eks_cluster.this","module.eks.aws_iam_policy.cni_ipv6_policy","module.eks.aws_iam_role.this","module.eks.aws_iam_role_policy_attachment.this","module.eks.aws_security_group.cluster","module.eks.aws_security_group.node","module.eks.aws_security_group_rule.cluster","module.eks.aws_security_group_rule.node","module.eks.data.aws_caller_identity.current","module.eks.data.aws_iam_policy_document.assume_role_policy","module.eks.data.aws_iam_policy_document.cni_ipv6_policy","module.eks.data.aws_iam_session_context.current","module.eks.data.aws_partition.current","module.eks.module.kms.aws_kms_external_key.this","module.eks.module.kms.aws_kms_key.this","module.eks.module.kms.aws_kms_replica_external_key.this","module.eks.module.kms.aws_kms_replica_key.this","module.eks.module.kms.data.aws_caller_identity.current","module.eks.module.kms.data.aws_iam_policy_document.this","module.eks.module.kms.data.aws_partition.current","module.vpc.aws_subnet.private","module.vpc.aws_vpc.this","module.vpc.aws_vpc_ipv4_cidr_block_association.this"]},{"index_key":"Environment","schema_version":0,"attributes":{"id":"sg-0e62a90d72270fe34,Environment","key":"Environment","resource_id":"sg-0e62a90d72270fe34","value":"dev"},"sensitive_attributes":[],"private":"bnVsbA==","dependencies":["aws_kms_key.eks","aws_security_group.vpc_endpoints","aws_vpc_endpoint.ec2","aws_vpc_endpoint.ecr_api","aws_vpc_endpoint.ecr_dkr","aws_vpc_endpoint.sts","data.aws_availability_zones.available","module.eks.aws_cloudwatch_log_group.this","module.eks.aws_eks_cluster.this","module.eks.aws_iam_policy.cni_ipv6_policy","module.eks.aws_iam_role.this","module.eks.aws_iam_role_policy_attachment.this","module.eks.aws_security_group.cluster","module.eks.aws_security_group.node","module.eks.aws_security_group_rule.cluster","module.eks.aws_security_group_rule.node","module.eks.data.aws_caller_identity.current","module.eks.data.aws_iam_policy_document.assume_role_policy","module.eks.data.aws_iam_policy_document.cni_ipv6_policy","module.eks.data.aws_iam_session_context.current","module.eks.data.aws_partition.current","module.eks.module.kms.aws_kms_external_key.this","module.eks.module.kms.aws_kms_key.this","module.eks.module.kms.aws_kms_replica_external_key.this","module.eks.module.kms.aws_kms_replica_key.this","module.eks.module.kms.data.aws_caller_identity.current","module.eks.module.kms.data.aws_iam_policy_document.this","module.eks.module.kms.data.aws_partition.current","module.vpc.aws_subnet.private","module.vpc.aws_vpc.this","module.vpc.aws_vpc_ipv4_cidr_block_association.this"]},{"index_key":"Tenant","schema_version":0,"attributes":{"id":"sg-0e62a90d72270fe34,Tenant","key":"Tenant","resource_id":"sg-0e62a90d72270fe34","value":"platform"},"sensitive_attributes":[],"private":"bnVsbA==","dependencies":["aws_kms_key.eks","aws_security_group.vpc_endpoints","aws_vpc_endpoint.ec2","aws_vpc_endpoint.ecr_api","aws_vpc_endpoint.ecr_dkr","aws_vpc_endpoint.sts","data.aws_availability_zones.available","module.eks.aws_cloudwatch_log_group.this","module.eks.aws_eks_cluster.this","module.eks.aws_iam_policy.cni_ipv6_policy","module.eks.aws_iam_role.this","module.eks.aws_iam_role_policy_attachment.this","module.eks.aws_security_group.cluster","module.eks.aws_security_group.node","module.eks.aws_security_group_rule.cluster","module.eks.aws_security_group_rule.node","module.eks.data.aws_caller_identity.current","module.eks.data.aws_iam_policy_document.assume_role_policy","module.eks.data.aws_iam_policy_document.cni_ipv6_policy","module.eks.data.aws_iam_session_context.current","module.eks.data.aws_partition.current","module.eks.module.kms.aws_kms_external_key.this","module.eks.module.kms.aws_kms_key.this","module.eks.module.kms.aws_kms_replica_external_key.this","module.eks.module.kms.aws_kms_replica_key.this","module.eks.module.kms.data.aws_caller_identity.current","module.eks.module.kms.data.aws_iam_policy_document.this","module.eks.module.kms.data.aws_partition.current","module.vpc.aws_subnet.private","module.vpc.aws_vpc.this","module.vpc.aws_vpc_ipv4_cidr_block_association.this"]}]},{"module":"module.eks","mode":"managed","type":"aws_eks_addon","name":"before_compute","provider":"provider[\"registry.opentofu.org/hashicorp/aws\"]","instances":[]},{"module":"module.eks","mode":"managed","type":"aws_eks_addon","name":"this","provider":"provider[\"registry.opentofu.org/hashicorp/aws\"]","instances":[{"index_key":"aws-ebs-csi-driver","schema_version":0,"attributes":{"addon_name":"aws-ebs-csi-driver","addon_version":"v1.54.0-eksbuild.1","arn":"arn:aws:eks:eu-west-1:715841344657:addon/infraforge-dev/aws-ebs-csi-driver/b0cd96de-fa76-483f-165b-4d3b7f20e601","cluster_name":"infraforge-dev","configuration_values":"","created_at":"2025-12-17T19:16:22Z","id":"infraforge-dev:aws-ebs-csi-driver","modified_at":"2025-12-17T20:44:35Z","pod_identity_association":[],"preserve":null,"resolve_conflicts":"OVERWRITE","resolve_conflicts_on_create":null,"resolve_conflicts_on_update":null,"service_account_role_arn":"arn:aws:iam::715841344657:role/infraforge-dev-ebs-csi-driver","tags":{"Cluster":"infraforge-dev","Environment":"dev","Tenant":"platform"},"tags_all":{"Cluster":"infraforge-dev","Environment":"dev","ManagedBy":"OpenTofu","Owner":"gokhan@infraforge.io","Platform":"InfraForge","Tenant":"platform"},"timeouts":{"create":null,"delete":null,"update":null}},"sensitive_attributes":[],"private":"eyJlMmJmYjczMC1lY2FhLTExZTYtOGY4OC0zNDM2M2JjN2M0YzAiOnsiY3JlYXRlIjoxMjAwMDAwMDAwMDAwLCJkZWxldGUiOjI0MDAwMDAwMDAwMDAsInVwZGF0ZSI6MTIwMDAwMDAwMDAwMH19","dependencies":["aws_kms_key.eks","aws_security_group.vpc_endpoints","aws_vpc_endpoint.ec2","aws_vpc_endpoint.ecr_api","aws_vpc_endpoint.ecr_dkr","aws_vpc_endpoint.sts","data.aws_availability_zones.available","module.ebs_csi_driver_irsa.aws_iam_role.this","module.ebs_csi_driver_irsa.data.aws_caller_identity.current","module.ebs_csi_driver_irsa.data.aws_iam_policy_document.this","module.ebs_csi_driver_irsa.data.aws_partition.current","module.eks.aws_cloudwatch_log_group.this","module.eks.aws_eks_cluster.this","module.eks.aws_iam_openid_connect_provider.oidc_provider","module.eks.aws_iam_policy.cni_ipv6_policy","module.eks.aws_iam_role.this","module.eks.aws_iam_role_policy_attachment.this","module.eks.aws_security_group.cluster","module.eks.aws_security_group.node","module.eks.aws_security_group_rule.cluster","module.eks.aws_security_group_rule.node","module.eks.data.aws_caller_identity.current","module.eks.data.aws_eks_addon_version.this","module.eks.data.aws_iam_policy_document.assume_role_policy","module.eks.data.aws_iam_policy_document.cni_ipv6_policy","module.eks.data.aws_iam_session_context.current","module.eks.data.aws_partition.current","module.eks.data.tls_certificate.this","module.eks.module.eks_managed_node_group.aws_autoscaling_schedule.this","module.eks.module.eks_managed_node_group.aws_eks_node_group.this","module.eks.module.eks_managed_node_group.aws_iam_role.this","module.eks.module.eks_managed_node_group.aws_iam_role_policy_attachment.additional","module.eks.module.eks_managed_node_group.aws_iam_role_policy_attachment.this","module.eks.module.eks_managed_node_group.aws_launch_template.this","module.eks.module.eks_managed_node_group.data.aws_caller_identity.current","module.eks.module.eks_managed_node_group.data.aws_iam_policy_document.assume_role_policy","module.eks.module.eks_managed_node_group.data.aws_partition.current","module.eks.module.eks_managed_node_group.module.user_data.data.cloudinit_config.linux_eks_managed_node_group","module.eks.module.fargate_profile.aws_eks_fargate_profile.this","module.eks.module.fargate_profile.aws_iam_role.this","module.eks.module.fargate_profile.aws_iam_role_policy_attachment.additional","module.eks.module.fargate_profile.aws_iam_role_policy_attachment.this","module.eks.module.fargate_profile.data.aws_caller_identity.current","module.eks.module.fargate_profile.data.aws_iam_policy_document.assume_role_policy","module.eks.module.fargate_profile.data.aws_partition.current","module.eks.module.kms.aws_kms_external_key.this","module.eks.module.kms.aws_kms_key.this","module.eks.module.kms.aws_kms_replica_external_key.this","module.eks.module.kms.aws_kms_replica_key.this","module.eks.module.kms.data.aws_caller_identity.current","module.eks.module.kms.data.aws_iam_policy_document.this","module.eks.module.kms.data.aws_partition.current","module.eks.module.self_managed_node_group.aws_autoscaling_group.this","module.eks.module.self_managed_node_group.aws_autoscaling_schedule.this","module.eks.module.self_managed_node_group.aws_iam_instance_profile.this","module.eks.module.self_managed_node_group.aws_iam_role.this","module.eks.module.self_managed_node_group.aws_iam_role_policy_attachment.additional","module.eks.module.self_managed_node_group.aws_iam_role_policy_attachment.this","module.eks.module.self_managed_node_group.aws_launch_template.this","module.eks.module.self_managed_node_group.data.aws_ami.eks_default","module.eks.module.self_managed_node_group.data.aws_caller_identity.current","module.eks.module.self_managed_node_group.data.aws_iam_policy_document.assume_role_policy","module.eks.module.self_managed_node_group.data.aws_partition.current","module.eks.module.self_managed_node_group.module.user_data.data.cloudinit_config.linux_eks_managed_node_group","module.eks.time_sleep.this","module.vpc.aws_subnet.private","module.vpc.aws_vpc.this","module.vpc.aws_vpc_ipv4_cidr_block_association.this"]},{"index_key":"coredns","schema_version":0,"attributes":{"addon_name":"coredns","addon_version":"v1.11.4-eksbuild.24","arn":"arn:aws:eks:eu-west-1:715841344657:addon/infraforge-dev/coredns/18cd96de-fa7d-a579-f6b1-b6db10719784","cluster_name":"infraforge-dev","configuration_values":"{\"affinity\":{\"nodeAffinity\":{\"requiredDuringSchedulingIgnoredDuringExecution\":{\"nodeSelectorTerms\":[{\"matchExpressions\":[{\"key\":\"eks.amazonaws.com/compute-type\",\"operator\":\"NotIn\",\"values\":[\"fargate\"]}]}]}}},\"replicaCount\":2,\"resources\":{\"limits\":{\"cpu\":\"100m\",\"memory\":\"128Mi\"},\"requests\":{\"cpu\":\"100m\",\"memory\":\"70Mi\"}}}","created_at":"2025-12-17T19:16:22Z","id":"infraforge-dev:coredns","modified_at":"2025-12-17T19:16:54Z","pod_identity_association":[],"preserve":null,"resolve_conflicts":"OVERWRITE","resolve_conflicts_on_create":null,"resolve_conflicts_on_update":null,"service_account_role_arn":"","tags":{"Cluster":"infraforge-dev","Environment":"dev","Tenant":"platform"},"tags_all":{"Cluster":"infraforge-dev","Environment":"dev","ManagedBy":"OpenTofu","Owner":"gokhan@infraforge.io","Platform":"InfraForge","Tenant":"platform"},"timeouts":{"create":null,"delete":null,"update":null}},"sensitive_attributes":[],"private":"eyJlMmJmYjczMC1lY2FhLTExZTYtOGY4OC0zNDM2M2JjN2M0YzAiOnsiY3JlYXRlIjoxMjAwMDAwMDAwMDAwLCJkZWxldGUiOjI0MDAwMDAwMDAwMDAsInVwZGF0ZSI6MTIwMDAwMDAwMDAwMH19","dependencies":["aws_kms_key.eks","aws_security_group.vpc_endpoints","aws_vpc_endpoint.ec2","aws_vpc_endpoint.ecr_api","aws_vpc_endpoint.ecr_dkr","aws_vpc_endpoint.sts","data.aws_availability_zones.available","module.ebs_csi_driver_irsa.aws_iam_role.this","module.ebs_csi_driver_irsa.data.aws_caller_identity.current","module.ebs_csi_driver_irsa.data.aws_iam_policy_document.this","module.ebs_csi_driver_irsa.data.aws_partition.current","module.eks.aws_cloudwatch_log_group.this","module.eks.aws_eks_cluster.this","module.eks.aws_iam_openid_connect_provider.oidc_provider","module.eks.aws_iam_policy.cni_ipv6_policy","module.eks.aws_iam_role.this","module.eks.aws_iam_role_policy_attachment.this","module.eks.aws_security_group.cluster","module.eks.aws_security_group.node","module.eks.aws_security_group_rule.cluster","module.eks.aws_security_group_rule.node","module.eks.data.aws_caller_identity.current","module.eks.data.aws_eks_addon_version.this","module.eks.data.aws_iam_policy_document.assume_role_policy","module.eks.data.aws_iam_policy_document.cni_ipv6_policy","module.eks.data.aws_iam_session_context.current","module.eks.data.aws_partition.current","module.eks.data.tls_certificate.this","module.eks.module.eks_managed_node_group.aws_autoscaling_schedule.this","module.eks.module.eks_managed_node_group.aws_eks_node_group.this","module.eks.module.eks_managed_node_group.aws_iam_role.this","module.eks.module.eks_managed_node_group.aws_iam_role_policy_attachment.additional","module.eks.module.eks_managed_node_group.aws_iam_role_policy_attachment.this","module.eks.module.eks_managed_node_group.aws_launch_template.this","module.eks.module.eks_managed_node_group.data.aws_caller_identity.current","module.eks.module.eks_managed_node_group.data.aws_iam_policy_document.assume_role_policy","module.eks.module.eks_managed_node_group.data.aws_partition.current","module.eks.module.eks_managed_node_group.module.user_data.data.cloudinit_config.linux_eks_managed_node_group","module.eks.module.fargate_profile.aws_eks_fargate_profile.this","module.eks.module.fargate_profile.aws_iam_role.this","module.eks.module.fargate_profile.aws_iam_role_policy_attachment.additional","module.eks.module.fargate_profile.aws_iam_role_policy_attachment.this","module.eks.module.fargate_profile.data.aws_caller_identity.current","module.eks.module.fargate_profile.data.aws_iam_policy_document.assume_role_policy","module.eks.module.fargate_profile.data.aws_partition.current","module.eks.module.kms.aws_kms_external_key.this","module.eks.module.kms.aws_kms_key.this","module.eks.module.kms.aws_kms_replica_external_key.this","module.eks.module.kms.aws_kms_replica_key.this","module.eks.module.kms.data.aws_caller_identity.current","module.eks.module.kms.data.aws_iam_policy_document.this","module.eks.module.kms.data.aws_partition.current","module.eks.module.self_managed_node_group.aws_autoscaling_group.this","module.eks.module.self_managed_node_group.aws_autoscaling_schedule.this","module.eks.module.self_managed_node_group.aws_iam_instance_profile.this","module.eks.module.self_managed_node_group.aws_iam_role.this","module.eks.module.self_managed_node_group.aws_iam_role_policy_attachment.additional","module.eks.module.self_managed_node_group.aws_iam_role_policy_attachment.this","module.eks.module.self_managed_node_group.aws_launch_template.this","module.eks.module.self_managed_node_group.data.aws_ami.eks_default","module.eks.module.self_managed_node_group.data.aws_caller_identity.current","module.eks.module.self_managed_node_group.data.aws_iam_policy_document.assume_role_policy","module.eks.module.self_managed_node_group.data.aws_partition.current","module.eks.module.self_managed_node_group.module.user_data.data.cloudinit_config.linux_eks_managed_node_group","module.eks.time_sleep.this","module.vpc.aws_subnet.private","module.vpc.aws_vpc.this","module.vpc.aws_vpc_ipv4_cidr_block_association.this"]},{"index_key":"kube-proxy","schema_version":0,"attributes":{"addon_name":"kube-proxy","addon_version":"v1.29.15-eksbuild.26","arn":"arn:aws:eks:eu-west-1:715841344657:addon/infraforge-dev/kube-proxy/a8cd96de-fa7a-c5d1-8592-0194f680948b","cluster_name":"infraforge-dev","configuration_values":"","created_at":"2025-12-17T19:16:22Z","id":"infraforge-dev:kube-proxy","modified_at":"2025-12-17T19:16:48Z","pod_identity_association":[],"preserve":null,"resolve_conflicts":"OVERWRITE","resolve_conflicts_on_create":null,"resolve_conflicts_on_update":null,"service_account_role_arn":"","tags":{"Cluster":"infraforge-dev","Environment":"dev","Tenant":"platform"},"tags_all":{"Cluster":"infraforge-dev","Environment":"dev","ManagedBy":"OpenTofu","Owner":"gokhan@infraforge.io","Platform":"InfraForge","Tenant":"platform"},"timeouts":{"create":null,"delete":null,"update":null}},"sensitive_attributes":[],"private":"eyJlMmJmYjczMC1lY2FhLTExZTYtOGY4OC0zNDM2M2JjN2M0YzAiOnsiY3JlYXRlIjoxMjAwMDAwMDAwMDAwLCJkZWxldGUiOjI0MDAwMDAwMDAwMDAsInVwZGF0ZSI6MTIwMDAwMDAwMDAwMH19","dependencies":["aws_kms_key.eks","aws_security_group.vpc_endpoints","aws_vpc_endpoint.ec2","aws_vpc_endpoint.ecr_api","aws_vpc_endpoint.ecr_dkr","aws_vpc_endpoint.sts","data.aws_availability_zones.available","module.ebs_csi_driver_irsa.aws_iam_role.this","module.ebs_csi_driver_irsa.data.aws_caller_identity.current","module.ebs_csi_driver_irsa.data.aws_iam_policy_document.this","module.ebs_csi_driver_irsa.data.aws_partition.current","module.eks.aws_cloudwatch_log_group.this","module.eks.aws_eks_cluster.this","module.eks.aws_iam_openid_connect_provider.oidc_provider","module.eks.aws_iam_policy.cni_ipv6_policy","module.eks.aws_iam_role.this","module.eks.aws_iam_role_policy_attachment.this","module.eks.aws_security_group.cluster","module.eks.aws_security_group.node","module.eks.aws_security_group_rule.cluster","module.eks.aws_security_group_rule.node","module.eks.data.aws_caller_identity.current","module.eks.data.aws_eks_addon_version.this","module.eks.data.aws_iam_policy_document.assume_role_policy","module.eks.data.aws_iam_policy_document.cni_ipv6_policy","module.eks.data.aws_iam_session_context.current","module.eks.data.aws_partition.current","module.eks.data.tls_certificate.this","module.eks.module.eks_managed_node_group.aws_autoscaling_schedule.this","module.eks.module.eks_managed_node_group.aws_eks_node_group.this","module.eks.module.eks_managed_node_group.aws_iam_role.this","module.eks.module.eks_managed_node_group.aws_iam_role_policy_attachment.additional","module.eks.module.eks_managed_node_group.aws_iam_role_policy_attachment.this","module.eks.module.eks_managed_node_group.aws_launch_template.this","module.eks.module.eks_managed_node_group.data.aws_caller_identity.current","module.eks.module.eks_managed_node_group.data.aws_iam_policy_document.assume_role_policy","module.eks.module.eks_managed_node_group.data.aws_partition.current","module.eks.module.eks_managed_node_group.module.user_data.data.cloudinit_config.linux_eks_managed_node_group","module.eks.module.fargate_profile.aws_eks_fargate_profile.this","module.eks.module.fargate_profile.aws_iam_role.this","module.eks.module.fargate_profile.aws_iam_role_policy_attachment.additional","module.eks.module.fargate_profile.aws_iam_role_policy_attachment.this","module.eks.module.fargate_profile.data.aws_caller_identity.current","module.eks.module.fargate_profile.data.aws_iam_policy_document.assume_role_policy","module.eks.module.fargate_profile.data.aws_partition.current","module.eks.module.kms.aws_kms_external_key.this","module.eks.module.kms.aws_kms_key.this","module.eks.module.kms.aws_kms_replica_external_key.this","module.eks.module.kms.aws_kms_replica_key.this","module.eks.module.kms.data.aws_caller_identity.current","module.eks.module.kms.data.aws_iam_policy_document.this","module.eks.module.kms.data.aws_partition.current","module.eks.module.self_managed_node_group.aws_autoscaling_group.this","module.eks.module.self_managed_node_group.aws_autoscaling_schedule.this","module.eks.module.self_managed_node_group.aws_iam_instance_profile.this","module.eks.module.self_managed_node_group.aws_iam_role.this","module.eks.module.self_managed_node_group.aws_iam_role_policy_attachment.additional","module.eks.module.self_managed_node_group.aws_iam_role_policy_attachment.this","module.eks.module.self_managed_node_group.aws_launch_template.this","module.eks.module.self_managed_node_group.data.aws_ami.eks_default","module.eks.module.self_managed_node_group.data.aws_caller_identity.current","module.eks.module.self_managed_node_group.data.aws_iam_policy_document.assume_role_policy","module.eks.module.self_managed_node_group.data.aws_partition.current","module.eks.module.self_managed_node_group.module.user_data.data.cloudinit_config.linux_eks_managed_node_group","module.eks.time_sleep.this","module.vpc.aws_subnet.private","module.vpc.aws_vpc.this","module.vpc.aws_vpc_ipv4_cidr_block_association.this"]},{"index_key":"vpc-cni","schema_version":0,"attributes":{"addon_name":"vpc-cni","addon_version":"v1.21.0-eksbuild.4","arn":"arn:aws:eks:eu-west-1:715841344657:addon/infraforge-dev/vpc-cni/cecd96de-fa7f-1cf5-e460-8d221e0f505f","cluster_name":"infraforge-dev","configuration_values":"{\"env\":{\"ENABLE_PREFIX_DELEGATION\":\"true\"}}","created_at":"2025-12-17T19:16:22Z","id":"infraforge-dev:vpc-cni","modified_at":"2025-12-17T19:17:09Z","pod_identity_association":[],"preserve":null,"resolve_conflicts":"OVERWRITE","resolve_conflicts_on_create":null,"resolve_conflicts_on_update":null,"service_account_role_arn":"","tags":{"Cluster":"infraforge-dev","Environment":"dev","Tenant":"platform"},"tags_all":{"Cluster":"infraforge-dev","Environment":"dev","ManagedBy":"OpenTofu","Owner":"gokhan@infraforge.io","Platform":"InfraForge","Tenant":"platform"},"timeouts":{"create":null,"delete":null,"update":null}},"sensitive_attributes":[],"private":"eyJlMmJmYjczMC1lY2FhLTExZTYtOGY4OC0zNDM2M2JjN2M0YzAiOnsiY3JlYXRlIjoxMjAwMDAwMDAwMDAwLCJkZWxldGUiOjI0MDAwMDAwMDAwMDAsInVwZGF0ZSI6MTIwMDAwMDAwMDAwMH19","dependencies":["aws_kms_key.eks","aws_security_group.vpc_endpoints","aws_vpc_endpoint.ec2","aws_vpc_endpoint.ecr_api","aws_vpc_endpoint.ecr_dkr","aws_vpc_endpoint.sts","data.aws_availability_zones.available","module.ebs_csi_driver_irsa.aws_iam_role.this","module.ebs_csi_driver_irsa.data.aws_caller_identity.current","module.ebs_csi_driver_irsa.data.aws_iam_policy_document.this","module.ebs_csi_driver_irsa.data.aws_partition.current","module.eks.aws_cloudwatch_log_group.this","module.eks.aws_eks_cluster.this","module.eks.aws_iam_openid_connect_provider.oidc_provider","module.eks.aws_iam_policy.cni_ipv6_policy","module.eks.aws_iam_role.this","module.eks.aws_iam_role_policy_attachment.this","module.eks.aws_security_group.cluster","module.eks.aws_security_group.node","module.eks.aws_security_group_rule.cluster","module.eks.aws_security_group_rule.node","module.eks.data.aws_caller_identity.current","module.eks.data.aws_eks_addon_version.this","module.eks.data.aws_iam_policy_document.assume_role_policy","module.eks.data.aws_iam_policy_document.cni_ipv6_policy","module.eks.data.aws_iam_session_context.current","module.eks.data.aws_partition.current","module.eks.data.tls_certificate.this","module.eks.module.eks_managed_node_group.aws_autoscaling_schedule.this","module.eks.module.eks_managed_node_group.aws_eks_node_group.this","module.eks.module.eks_managed_node_group.aws_iam_role.this","module.eks.module.eks_managed_node_group.aws_iam_role_policy_attachment.additional","module.eks.module.eks_managed_node_group.aws_iam_role_policy_attachment.this","module.eks.module.eks_managed_node_group.aws_launch_template.this","module.eks.module.eks_managed_node_group.data.aws_caller_identity.current","module.eks.module.eks_managed_node_group.data.aws_iam_policy_document.assume_role_policy","module.eks.module.eks_managed_node_group.data.aws_partition.current","module.eks.module.eks_managed_node_group.module.user_data.data.cloudinit_config.linux_eks_managed_node_group","module.eks.module.fargate_profile.aws_eks_fargate_profile.this","module.eks.module.fargate_profile.aws_iam_role.this","module.eks.module.fargate_profile.aws_iam_role_policy_attachment.additional","module.eks.module.fargate_profile.aws_iam_role_policy_attachment.this","module.eks.module.fargate_profile.data.aws_caller_identity.current","module.eks.module.fargate_profile.data.aws_iam_policy_document.assume_role_policy","module.eks.module.fargate_profile.data.aws_partition.current","module.eks.module.kms.aws_kms_external_key.this","module.eks.module.kms.aws_kms_key.this","module.eks.module.kms.aws_kms_replica_external_key.this","module.eks.module.kms.aws_kms_replica_key.this","module.eks.module.kms.data.aws_caller_identity.current","module.eks.module.kms.data.aws_iam_policy_document.this","module.eks.module.kms.data.aws_partition.current","module.eks.module.self_managed_node_group.aws_autoscaling_group.this","module.eks.module.self_managed_node_group.aws_autoscaling_schedule.this","module.eks.module.self_managed_node_group.aws_iam_instance_profile.this","module.eks.module.self_managed_node_group.aws_iam_role.this","module.eks.module.self_managed_node_group.aws_iam_role_policy_attachment.additional","module.eks.module.self_managed_node_group.aws_iam_role_policy_attachment.this","module.eks.module.self_managed_node_group.aws_launch_template.this","module.eks.module.self_managed_node_group.data.aws_ami.eks_default","module.eks.module.self_managed_node_group.data.aws_caller_identity.current","module.eks.module.self_managed_node_group.data.aws_iam_policy_document.assume_role_policy","module.eks.module.self_managed_node_group.data.aws_partition.current","module.eks.module.self_managed_node_group.module.user_data.data.cloudinit_config.linux_eks_managed_node_group","module.eks.time_sleep.this","module.vpc.aws_subnet.private","module.vpc.aws_vpc.this","module.vpc.aws_vpc_ipv4_cidr_block_association.this"]}]},{"module":"module.eks","mode":"managed","type":"aws_eks_cluster","name":"this","provider":"provider[\"registry.opentofu.org/hashicorp/aws\"]","instances":[{"index_key":0,"schema_version":1,"attributes":{"access_config":[{"authentication_mode":"CONFIG_MAP","bootstrap_cluster_creator_admin_permissions":true}],"arn":"arn:aws:eks:eu-west-1:715841344657:cluster/infraforge-dev","bootstrap_self_managed_addons":true,"certificate_authority":[{"data":"LS0tLS1CRUdJTiBDRVJUSUZJQ0FURS0tLS0tCk1JSURCVENDQWUyZ0F3SUJBZ0lJTytscUVweit1dE13RFFZSktvWklodmNOQVFFTEJRQXdGVEVUTUJFR0ExVUUKQXhNS2EzVmlaWEp1WlhSbGN6QWVGdzB5TlRFeU1UY3hOekE1TURsYUZ3MHpOVEV5TVRVeE56RTBNRGxhTUJVeApFekFSQmdOVkJBTVRDbXQxWW1WeWJtVjBaWE13Z2dFaU1BMEdDU3FHU0liM0RRRUJBUVVBQTRJQkR3QXdnZ0VLCkFvSUJBUUN5ckFab3JYSHA0UzBIMS9LWENKUmNnR2M2bWhnV3dST1NLRjBYTDNwU09YT20vY01uTEZIQUV2YUsKOWpoL3JFcU93UjRPTXljaUxnWFNodlJuZHkrblA4M2hFdTlDQjY3UzlTdXM1SW84ZVNuOXQ4ZGVxVUlKMU84Nwp1UUIySkp0SHlFdjIvK3gyY1ZkbXZKUXpyRExiREdEUXRkbUZVWWJ6U0RScVRrY3NPRWQ5RHUvNGJTL0dROWlQClBjOGU1STBhdlRwanU1ODU2L3hoWHFMNytaeTRGc3VDRGhRZU1ZU0lFSjVFb3J1clR6eGV6Rm1GU09iQThSQ0EKU3Fxank2SWZ1TEFDdUdlTXg2UDFTZHloWDJkRjRaQTIxTjJ0ZjEreTJFMnRrQjg3VEJlbHBtVVhiYjZVRjQweApNTUl3akJWU3FsK211MWZ2aUkzbllRTysyblVuQWdNQkFBR2pXVEJYTUE0R0ExVWREd0VCL3dRRUF3SUNwREFQCkJnTlZIUk1CQWY4RUJUQURBUUgvTUIwR0ExVWREZ1FXQkJSUkpiVytrNzVBdXh0RE1rZk9QYTR5dExVVmRqQVYKQmdOVkhSRUVEakFNZ2dwcmRXSmxjbTVsZEdWek1BMEdDU3FHU0liM0RRRUJDd1VBQTRJQkFRQXllek1QdzdQQgpXU2FIcHpKc2xaNCtJZjR0UVJpNlhFVjFPbHZDUG9DdEVpQ1ZqdmE4NXFTcjhCU00rWGxSVEs2VHMxcjM1eFczCm0zQWtXUXdERW9XNk5qZmM3ejhCUWdVdm90QnJLb1l6VUJuaWJkbFpHUlJncFJ1U2NtbjVxS2JrdXN3dCtPTEQKVU5YVlpya3JoS1d2OFVYZ2M4bUthcmNkWVhCYSt3RHVhRW03MWN2NTh5NEYzamxYUnVPbjJhZEl6Z0VUSXVaTgowMGMyMSthZEV5WlI1MitZNHV1QkkxaWtuTlBFZDcyUW5KQjRTbk0zYTlqZWV1TW1hTjZvd2pmNkxBMk1sUUxiCkx5ZlJBV3lFRmxkTEVhSGVwODZId3JxcTBxcHFubmF2bGloRkR4dGFKSUluY2RXeHBsVVRpQWZpeW8xa09ESDMKc3dXRFpIdERHcVJpCi0tLS0tRU5EIENFUlRJRklDQVRFLS0tLS0K"}],"cluster_id":null,"compute_config":[],"created_at":"2025-12-17T17:08:19Z","enabled_cluster_log_types":["api","audit","authenticator"],"encryption_config":[{"provider":[{"key_arn":"arn:aws:kms:eu-west-1:715841344657:key/cefb2c2d-7827-48b1-9381-d6581ea7b1f2"}],"resources":["secrets"]}],"endpoint":"https://ADDA703F782CABA7FEBFF9FC355069D1.sk1.eu-west-1.eks.amazonaws.com","force_update_version":null,"id":"infraforge-dev","identity":[{"oidc":[{"issuer":"https://oidc.eks.eu-west-1.amazonaws.com/id/ADDA703F782CABA7FEBFF9FC355069D1"}]}],"kubernetes_network_config":[{"elastic_load_balancing":[{"enabled":false}],"ip_family":"ipv4","service_ipv4_cidr":"172.20.0.0/16","service_ipv6_cidr":""}],"name":"infraforge-dev","outpost_config":[],"platform_version":"eks.57","remote_network_config":[],"role_arn":"arn:aws:iam::715841344657:role/infraforge-dev-cluster-20251217170752618600000003","status":"ACTIVE","storage_config":[],"tags":{"Cluster":"infraforge-dev","Environment":"dev","Tenant":"platform"},"tags_all":{"Cluster":"infraforge-dev","Environment":"dev","ManagedBy":"OpenTofu","Owner":"gokhan@infraforge.io","Platform":"InfraForge","Tenant":"platform"},"timeouts":{"create":null,"delete":null,"update":null},"upgrade_policy":[{"support_type":"EXTENDED"}],"version":"1.29","vpc_config":[{"cluster_security_group_id":"sg-0e62a90d72270fe34","endpoint_private_access":true,"endpoint_public_access":true,"public_access_cidrs":["0.0.0.0/0"],"security_group_ids":["sg-04590f98e62457e9a"],"subnet_ids":["subnet-0457fc5bd24280050","subnet-0d2ae9b9e36b78d6a","subnet-0f97716901fab29c8"],"vpc_id":"vpc-02aecc65be4eab79c"}],"zonal_shift_config":[]},"sensitive_attributes":[],"private":"eyJlMmJmYjczMC1lY2FhLTExZTYtOGY4OC0zNDM2M2JjN2M0YzAiOnsiY3JlYXRlIjoxODAwMDAwMDAwMDAwLCJkZWxldGUiOjkwMDAwMDAwMDAwMCwidXBkYXRlIjozNjAwMDAwMDAwMDAwfSwic2NoZW1hX3ZlcnNpb24iOiIxIn0=","dependencies":["aws_kms_key.eks","aws_security_group.vpc_endpoints","aws_vpc_endpoint.ec2","aws_vpc_endpoint.ecr_api","aws_vpc_endpoint.ecr_dkr","aws_vpc_endpoint.sts","data.aws_availability_zones.available","module.eks.aws_cloudwatch_log_group.this","module.eks.aws_iam_policy.cni_ipv6_policy","module.eks.aws_iam_role.this","module.eks.aws_iam_role_policy_attachment.this","module.eks.aws_security_group.cluster","module.eks.aws_security_group.node","module.eks.aws_security_group_rule.cluster","module.eks.aws_security_group_rule.node","module.eks.data.aws_caller_identity.current","module.eks.data.aws_iam_policy_document.assume_role_policy","module.eks.data.aws_iam_policy_document.cni_ipv6_policy","module.eks.data.aws_iam_session_context.current","module.eks.data.aws_partition.current","module.eks.module.kms.aws_kms_external_key.this","module.eks.module.kms.aws_kms_key.this","module.eks.module.kms.aws_kms_replica_external_key.this","module.eks.module.kms.aws_kms_replica_key.this","module.eks.module.kms.data.aws_caller_identity.current","module.eks.module.kms.data.aws_iam_policy_document.this","module.eks.module.kms.data.aws_partition.current","module.vpc.aws_subnet.private","module.vpc.aws_vpc.this","module.vpc.aws_vpc_ipv4_cidr_block_association.this"],"create_before_destroy":true}]},{"module":"module.eks","mode":"managed","type":"aws_eks_identity_provider_config","name":"this","provider":"provider[\"registry.opentofu.org/hashicorp/aws\"]","instances":[]},{"module":"module.eks","mode":"managed","type":"aws_iam_openid_connect_provider","name":"oidc_provider","provider":"provider[\"registry.opentofu.org/hashicorp/aws\"]","instances":[{"index_key":0,"schema_version":0,"attributes":{"arn":"arn:aws:iam::715841344657:oidc-provider/oidc.eks.eu-west-1.amazonaws.com/id/ADDA703F782CABA7FEBFF9FC355069D1","client_id_list":["sts.amazonaws.com"],"id":"arn:aws:iam::715841344657:oidc-provider/oidc.eks.eu-west-1.amazonaws.com/id/ADDA703F782CABA7FEBFF9FC355069D1","tags":{"Cluster":"infraforge-dev","Environment":"dev","Name":"infraforge-dev-eks-irsa","Tenant":"platform"},"tags_all":{"Cluster":"infraforge-dev","Environment":"dev","ManagedBy":"OpenTofu","Name":"infraforge-dev-eks-irsa","Owner":"gokhan@infraforge.io","Platform":"InfraForge","Tenant":"platform"},"thumbprint_list":["06b25927c42a721631c1efd9431e648fa62e1e39"],"url":"oidc.eks.eu-west-1.amazonaws.com/id/ADDA703F782CABA7FEBFF9FC355069D1"},"sensitive_attributes":[],"private":"bnVsbA==","dependencies":["aws_kms_key.eks","aws_security_group.vpc_endpoints","aws_vpc_endpoint.ec2","aws_vpc_endpoint.ecr_api","aws_vpc_endpoint.ecr_dkr","aws_vpc_endpoint.sts","data.aws_availability_zones.available","module.eks.aws_cloudwatch_log_group.this","module.eks.aws_eks_cluster.this","module.eks.aws_iam_policy.cni_ipv6_policy","module.eks.aws_iam_role.this","module.eks.aws_iam_role_policy_attachment.this","module.eks.aws_security_group.cluster","module.eks.aws_security_group.node","module.eks.aws_security_group_rule.cluster","module.eks.aws_security_group_rule.node","module.eks.data.aws_caller_identity.current","module.eks.data.aws_iam_policy_document.assume_role_policy","module.eks.data.aws_iam_policy_document.cni_ipv6_policy","module.eks.data.aws_iam_session_context.current","module.eks.data.aws_partition.current","module.eks.data.tls_certificate.this","module.eks.module.kms.aws_kms_external_key.this","module.eks.module.kms.aws_kms_key.this","module.eks.module.kms.aws_kms_replica_external_key.this","module.eks.module.kms.aws_kms_replica_key.this","module.eks.module.kms.data.aws_caller_identity.current","module.eks.module.kms.data.aws_iam_policy_document.this","module.eks.module.kms.data.aws_partition.current","module.vpc.aws_subnet.private","module.vpc.aws_vpc.this","module.vpc.aws_vpc_ipv4_cidr_block_association.this"]}]},{"module":"module.eks","mode":"managed","type":"aws_iam_policy","name":"cluster_encryption","provider":"provider[\"registry.opentofu.org/hashicorp/aws\"]","instances":[{"index_key":0,"schema_version":0,"attributes":{"arn":"arn:aws:iam::715841344657:policy/infraforge-dev-cluster-ClusterEncryption20251217170817072900000013","attachment_count":1,"description":"Cluster encryption policy to allow cluster role to utilize CMK provided","id":"arn:aws:iam::715841344657:policy/infraforge-dev-cluster-ClusterEncryption20251217170817072900000013","name":"infraforge-dev-cluster-ClusterEncryption20251217170817072900000013","name_prefix":"infraforge-dev-cluster-ClusterEncryption","path":"/","policy":"{\"Statement\":[{\"Action\":[\"kms:Encrypt\",\"kms:Decrypt\",\"kms:ListGrants\",\"kms:DescribeKey\"],\"Effect\":\"Allow\",\"Resource\":\"arn:aws:kms:eu-west-1:715841344657:key/cefb2c2d-7827-48b1-9381-d6581ea7b1f2\"}],\"Version\":\"2012-10-17\"}","policy_id":"ANPA2NK3YCSIVJSUSZQFV","tags":{"Cluster":"infraforge-dev","Environment":"dev","Tenant":"platform"},"tags_all":{"Cluster":"infraforge-dev","Environment":"dev","ManagedBy":"OpenTofu","Owner":"gokhan@infraforge.io","Platform":"InfraForge","Tenant":"platform"}},"sensitive_attributes":[],"private":"bnVsbA==","dependencies":["aws_kms_key.eks","aws_security_group.vpc_endpoints","aws_vpc_endpoint.ec2","aws_vpc_endpoint.ecr_api","aws_vpc_endpoint.ecr_dkr","aws_vpc_endpoint.sts","data.aws_availability_zones.available","module.eks.aws_iam_role.this","module.eks.data.aws_caller_identity.current","module.eks.data.aws_iam_policy_document.assume_role_policy","module.eks.data.aws_iam_session_context.current","module.eks.data.aws_partition.current","module.eks.module.kms.aws_kms_external_key.this","module.eks.module.kms.aws_kms_key.this","module.eks.module.kms.aws_kms_replica_external_key.this","module.eks.module.kms.aws_kms_replica_key.this","module.eks.module.kms.data.aws_caller_identity.current","module.eks.module.kms.data.aws_iam_policy_document.this","module.eks.module.kms.data.aws_partition.current","module.vpc.aws_subnet.private","module.vpc.aws_vpc.this","module.vpc.aws_vpc_ipv4_cidr_block_association.this"]}]},{"module":"module.eks","mode":"managed","type":"aws_iam_policy","name":"cni_ipv6_policy","provider":"provider[\"registry.opentofu.org/hashicorp/aws\"]","instances":[]},{"module":"module.eks","mode":"managed","type":"aws_iam_role","name":"this","provider":"provider[\"registry.opentofu.org/hashicorp/aws\"]","instances":[{"index_key":0,"schema_version":0,"attributes":{"arn":"arn:aws:iam::715841344657:role/infraforge-dev-cluster-20251217170752618600000003","assume_role_policy":"{\"Statement\":[{\"Action\":\"sts:AssumeRole\",\"Effect\":\"Allow\",\"Principal\":{\"Service\":\"eks.amazonaws.com\"},\"Sid\":\"EKSClusterAssumeRole\"}],\"Version\":\"2012-10-17\"}","create_date":"2025-12-17T17:07:53Z","description":"","force_detach_policies":true,"id":"infraforge-dev-cluster-20251217170752618600000003","inline_policy":[{"name":"infraforge-dev-cluster","policy":"{\"Version\":\"2012-10-17\",\"Statement\":[{\"Action\":[\"logs:CreateLogGroup\"],\"Effect\":\"Deny\",\"Resource\":\"*\"}]}"}],"managed_policy_arns":["arn:aws:iam::715841344657:policy/infraforge-dev-cluster-ClusterEncryption20251217170817072900000013","arn:aws:iam::aws:policy/AmazonEKSClusterPolicy","arn:aws:iam::aws:policy/AmazonEKSVPCResourceController"],"max_session_duration":3600,"name":"infraforge-dev-cluster-20251217170752618600000003","name_prefix":"infraforge-dev-cluster-","path":"/","permissions_boundary":"","tags":{"Cluster":"infraforge-dev","Environment":"dev","Tenant":"platform"},"tags_all":{"Cluster":"infraforge-dev","Environment":"dev","ManagedBy":"OpenTofu","Owner":"gokhan@infraforge.io","Platform":"InfraForge","Tenant":"platform"},"unique_id":"AROA2NK3YCSIVRQ7SSUDR"},"sensitive_attributes":[],"private":"bnVsbA==","dependencies":["aws_security_group.vpc_endpoints","aws_vpc_endpoint.ec2","aws_vpc_endpoint.ecr_api","aws_vpc_endpoint.ecr_dkr","aws_vpc_endpoint.sts","data.aws_availability_zones.available","module.eks.data.aws_iam_policy_document.assume_role_policy","module.eks.data.aws_partition.current","module.vpc.aws_subnet.private","module.vpc.aws_vpc.this","module.vpc.aws_vpc_ipv4_cidr_block_association.this"],"create_before_destroy":true}]},{"module":"module.eks","mode":"managed","type":"aws_iam_role_policy_attachment","name":"cluster_encryption","provider":"provider[\"registry.opentofu.org/hashicorp/aws\"]","instances":[{"index_key":0,"schema_version":0,"attributes":{"id":"infraforge-dev-cluster-20251217170752618600000003-20251217170817969500000014","policy_arn":"arn:aws:iam::715841344657:policy/infraforge-dev-cluster-ClusterEncryption20251217170817072900000013","role":"infraforge-dev-cluster-20251217170752618600000003"},"sensitive_attributes":[],"private":"bnVsbA==","dependencies":["aws_kms_key.eks","aws_security_group.vpc_endpoints","aws_vpc_endpoint.ec2","aws_vpc_endpoint.ecr_api","aws_vpc_endpoint.ecr_dkr","aws_vpc_endpoint.sts","data.aws_availability_zones.available","module.eks.aws_iam_policy.cluster_encryption","module.eks.aws_iam_role.this","module.eks.data.aws_caller_identity.current","module.eks.data.aws_iam_policy_document.assume_role_policy","module.eks.data.aws_iam_session_context.current","module.eks.data.aws_partition.current","module.eks.module.kms.aws_kms_external_key.this","module.eks.module.kms.aws_kms_key.this","module.eks.module.kms.aws_kms_replica_external_key.this","module.eks.module.kms.aws_kms_replica_key.this","module.eks.module.kms.data.aws_caller_identity.current","module.eks.module.kms.data.aws_iam_policy_document.this","module.eks.module.kms.data.aws_partition.current","module.vpc.aws_subnet.private","module.vpc.aws_vpc.this","module.vpc.aws_vpc_ipv4_cidr_block_association.this"]}]},{"module":"module.eks","mode":"managed","type":"aws_iam_role_policy_attachment","name":"this","provider":"provider[\"registry.opentofu.org/hashicorp/aws\"]","instances":[{"index_key":"AmazonEKSClusterPolicy","schema_version":0,"attributes":{"id":"infraforge-dev-cluster-20251217170752618600000003-20251217170754695600000012","policy_arn":"arn:aws:iam::aws:policy/AmazonEKSClusterPolicy","role":"infraforge-dev-cluster-20251217170752618600000003"},"sensitive_attributes":[],"private":"bnVsbA==","dependencies":["aws_security_group.vpc_endpoints","aws_vpc_endpoint.ec2","aws_vpc_endpoint.ecr_api","aws_vpc_endpoint.ecr_dkr","aws_vpc_endpoint.sts","data.aws_availability_zones.available","module.eks.aws_iam_role.this","module.eks.data.aws_iam_policy_document.assume_role_policy","module.eks.data.aws_partition.current","module.vpc.aws_subnet.private","module.vpc.aws_vpc.this","module.vpc.aws_vpc_ipv4_cidr_block_association.this"],"create_before_destroy":true},{"index_key":"AmazonEKSVPCResourceController","schema_version":0,"attributes":{"id":"infraforge-dev-cluster-20251217170752618600000003-20251217170754671500000011","policy_arn":"arn:aws:iam::aws:policy/AmazonEKSVPCResourceController","role":"infraforge-dev-cluster-20251217170752618600000003"},"sensitive_attributes":[],"private":"bnVsbA==","dependencies":["aws_security_group.vpc_endpoints","aws_vpc_endpoint.ec2","aws_vpc_endpoint.ecr_api","aws_vpc_endpoint.ecr_dkr","aws_vpc_endpoint.sts","data.aws_availability_zones.available","module.eks.aws_iam_role.this","module.eks.data.aws_iam_policy_document.assume_role_policy","module.eks.data.aws_partition.current","module.vpc.aws_subnet.private","module.vpc.aws_vpc.this","module.vpc.aws_vpc_ipv4_cidr_block_association.this"],"create_before_destroy":true}]},{"module":"module.eks","mode":"managed","type":"aws_security_group","name":"cluster","provider":"provider[\"registry.opentofu.org/hashicorp/aws\"]","instances":[{"index_key":0,"schema_version":1,"attributes":{"arn":"arn:aws:ec2:eu-west-1:715841344657:security-group/sg-04590f98e62457e9a","description":"EKS cluster security group","egress":[],"id":"sg-04590f98e62457e9a","ingress":[{"cidr_blocks":[],"description":"Node groups to cluster API","from_port":443,"ipv6_cidr_blocks":[],"prefix_list_ids":[],"protocol":"tcp","security_groups":["sg-03b17afed4f4e12ed"],"self":false,"to_port":443}],"name":"infraforge-dev-cluster-20251217170752622300000005","name_prefix":"infraforge-dev-cluster-","owner_id":"715841344657","revoke_rules_on_delete":false,"tags":{"Cluster":"infraforge-dev","Environment":"dev","Name":"infraforge-dev-cluster","Tenant":"platform"},"tags_all":{"Cluster":"infraforge-dev","Environment":"dev","ManagedBy":"OpenTofu","Name":"infraforge-dev-cluster","Owner":"gokhan@infraforge.io","Platform":"InfraForge","Tenant":"platform"},"timeouts":null,"vpc_id":"vpc-02aecc65be4eab79c"},"sensitive_attributes":[],"private":"eyJlMmJmYjczMC1lY2FhLTExZTYtOGY4OC0zNDM2M2JjN2M0YzAiOnsiY3JlYXRlIjo2MDAwMDAwMDAwMDAsImRlbGV0ZSI6OTAwMDAwMDAwMDAwfSwic2NoZW1hX3ZlcnNpb24iOiIxIn0=","dependencies":["aws_security_group.vpc_endpoints","aws_vpc_endpoint.ec2","aws_vpc_endpoint.ecr_api","aws_vpc_endpoint.ecr_dkr","aws_vpc_endpoint.sts","data.aws_availability_zones.available","module.vpc.aws_subnet.private","module.vpc.aws_vpc.this","module.vpc.aws_vpc_ipv4_cidr_block_association.this"],"create_before_destroy":true}]},{"module":"module.eks","mode":"managed","type":"aws_security_group","name":"node","provider":"provider[\"registry.opentofu.org/hashicorp/aws\"]","instances":[{"index_key":0,"schema_version":1,"attributes":{"arn":"arn:aws:ec2:eu-west-1:715841344657:security-group/sg-03b17afed4f4e12ed","description":"EKS node shared security group","egress":[{"cidr_blocks":["0.0.0.0/0"],"description":"Allow all egress","from_port":0,"ipv6_cidr_blocks":[],"prefix_list_ids":[],"protocol":"-1","security_groups":[],"self":false,"to_port":0}],"id":"sg-03b17afed4f4e12ed","ingress":[{"cidr_blocks":["0.0.0.0/0"],"description":"kubernetes.io/rule/nlb/client=a81e82d18463c4f9aaa32603a7fc4367","from_port":30712,"ipv6_cidr_blocks":[],"prefix_list_ids":[],"protocol":"tcp","security_groups":[],"self":false,"to_port":30712},{"cidr_blocks":["0.0.0.0/0"],"description":"kubernetes.io/rule/nlb/client=a81e82d18463c4f9aaa32603a7fc4367","from_port":31240,"ipv6_cidr_blocks":[],"prefix_list_ids":[],"protocol":"tcp","security_groups":[],"self":false,"to_port":31240},{"cidr_blocks":["0.0.0.0/0"],"description":"kubernetes.io/rule/nlb/mtu","from_port":3,"ipv6_cidr_blocks":[],"prefix_list_ids":[],"protocol":"icmp","security_groups":[],"self":false,"to_port":4},{"cidr_blocks":[],"description":"Cluster API to node 4443/tcp webhook","from_port":4443,"ipv6_cidr_blocks":[],"prefix_list_ids":[],"protocol":"tcp","security_groups":["sg-04590f98e62457e9a"],"self":false,"to_port":4443},{"cidr_blocks":[],"description":"Cluster API to node 6443/tcp webhook","from_port":6443,"ipv6_cidr_blocks":[],"prefix_list_ids":[],"protocol":"tcp","security_groups":["sg-04590f98e62457e9a"],"self":false,"to_port":6443},{"cidr_blocks":[],"description":"Cluster API to node 8443/tcp webhook","from_port":8443,"ipv6_cidr_blocks":[],"prefix_list_ids":[],"protocol":"tcp","security_groups":["sg-04590f98e62457e9a"],"self":false,"to_port":8443},{"cidr_blocks":[],"description":"Cluster API to node 9443/tcp webhook","from_port":9443,"ipv6_cidr_blocks":[],"prefix_list_ids":[],"protocol":"tcp","security_groups":["sg-04590f98e62457e9a"],"self":false,"to_port":9443},{"cidr_blocks":[],"description":"Cluster API to node groups","from_port":443,"ipv6_cidr_blocks":[],"prefix_list_ids":[],"protocol":"tcp","security_groups":["sg-04590f98e62457e9a"],"self":false,"to_port":443},{"cidr_blocks":[],"description":"Cluster API to node kubelets","from_port":10250,"ipv6_cidr_blocks":[],"prefix_list_ids":[],"protocol":"tcp","security_groups":["sg-04590f98e62457e9a"],"self":false,"to_port":10250},{"cidr_blocks":[],"description":"Node to node CoreDNS UDP","from_port":53,"ipv6_cidr_blocks":[],"prefix_list_ids":[],"protocol":"udp","security_groups":[],"self":true,"to_port":53},{"cidr_blocks":[],"description":"Node to node CoreDNS","from_port":53,"ipv6_cidr_blocks":[],"prefix_list_ids":[],"protocol":"tcp","security_groups":[],"self":true,"to_port":53},{"cidr_blocks":[],"description":"Node to node ingress on ephemeral ports","from_port":1025,"ipv6_cidr_blocks":[],"prefix_list_ids":[],"protocol":"tcp","security_groups":[],"self":true,"to_port":65535}],"name":"infraforge-dev-node-20251217170752617100000001","name_prefix":"infraforge-dev-node-","owner_id":"715841344657","revoke_rules_on_delete":false,"tags":{"Cluster":"infraforge-dev","Environment":"dev","Name":"infraforge-dev-node","Tenant":"platform","kubernetes.io/cluster/infraforge-dev":"owned"},"tags_all":{"Cluster":"infraforge-dev","Environment":"dev","ManagedBy":"OpenTofu","Name":"infraforge-dev-node","Owner":"gokhan@infraforge.io","Platform":"InfraForge","Tenant":"platform","kubernetes.io/cluster/infraforge-dev":"owned"},"timeouts":null,"vpc_id":"vpc-02aecc65be4eab79c"},"sensitive_attributes":[],"private":"eyJlMmJmYjczMC1lY2FhLTExZTYtOGY4OC0zNDM2M2JjN2M0YzAiOnsiY3JlYXRlIjo2MDAwMDAwMDAwMDAsImRlbGV0ZSI6OTAwMDAwMDAwMDAwfSwic2NoZW1hX3ZlcnNpb24iOiIxIn0=","dependencies":["aws_security_group.vpc_endpoints","aws_vpc_endpoint.ec2","aws_vpc_endpoint.ecr_api","aws_vpc_endpoint.ecr_dkr","aws_vpc_endpoint.sts","data.aws_availability_zones.available","module.vpc.aws_subnet.private","module.vpc.aws_vpc.this","module.vpc.aws_vpc_ipv4_cidr_block_association.this"],"create_before_destroy":true}]},{"module":"module.eks","mode":"managed","type":"aws_security_group_rule","name":"cluster","provider":"provider[\"registry.opentofu.org/hashicorp/aws\"]","instances":[{"index_key":"ingress_nodes_443","schema_version":2,"attributes":{"cidr_blocks":null,"description":"Node groups to cluster API","from_port":443,"id":"sgrule-2698008309","ipv6_cidr_blocks":null,"prefix_list_ids":null,"protocol":"tcp","security_group_id":"sg-04590f98e62457e9a","security_group_rule_id":"sgr-0492569e76583f13e","self":false,"source_security_group_id":"sg-03b17afed4f4e12ed","timeouts":null,"to_port":443,"type":"ingress"},"sensitive_attributes":[],"private":"eyJlMmJmYjczMC1lY2FhLTExZTYtOGY4OC0zNDM2M2JjN2M0YzAiOnsiY3JlYXRlIjozMDAwMDAwMDAwMDB9LCJzY2hlbWFfdmVyc2lvbiI6IjIifQ==","dependencies":["aws_security_group.vpc_endpoints","aws_vpc_endpoint.ec2","aws_vpc_endpoint.ecr_api","aws_vpc_endpoint.ecr_dkr","aws_vpc_endpoint.sts","data.aws_availability_zones.available","module.eks.aws_security_group.cluster","module.eks.aws_security_group.node","module.vpc.aws_subnet.private","module.vpc.aws_vpc.this","module.vpc.aws_vpc_ipv4_cidr_block_association.this"],"create_before_destroy":true}]},{"module":"module.eks","mode":"managed","type":"aws_security_group_rule","name":"node","provider":"provider[\"registry.opentofu.org/hashicorp/aws\"]","instances":[{"index_key":"egress_all","schema_version":2,"attributes":{"cidr_blocks":["0.0.0.0/0"],"description":"Allow all egress","from_port":0,"id":"sgrule-1296582488","ipv6_cidr_blocks":null,"prefix_list_ids":[],"protocol":"-1","security_group_id":"sg-03b17afed4f4e12ed","security_group_rule_id":"sgr-01ea1c83070f0fd67","self":false,"source_security_group_id":null,"timeouts":null,"to_port":0,"type":"egress"},"sensitive_attributes":[],"private":"eyJlMmJmYjczMC1lY2FhLTExZTYtOGY4OC0zNDM2M2JjN2M0YzAiOnsiY3JlYXRlIjozMDAwMDAwMDAwMDB9LCJzY2hlbWFfdmVyc2lvbiI6IjIifQ==","dependencies":["aws_security_group.vpc_endpoints","aws_vpc_endpoint.ec2","aws_vpc_endpoint.ecr_api","aws_vpc_endpoint.ecr_dkr","aws_vpc_endpoint.sts","data.aws_availability_zones.available","module.eks.aws_security_group.cluster","module.eks.aws_security_group.node","module.vpc.aws_subnet.private","module.vpc.aws_vpc.this","module.vpc.aws_vpc_ipv4_cidr_block_association.this"],"create_before_destroy":true},{"index_key":"ingress_cluster_443","schema_version":2,"attributes":{"cidr_blocks":null,"description":"Cluster API to node groups","from_port":443,"id":"sgrule-2383273807","ipv6_cidr_blocks":null,"prefix_list_ids":[],"protocol":"tcp","security_group_id":"sg-03b17afed4f4e12ed","security_group_rule_id":"sgr-035a799962bc9d96b","self":false,"source_security_group_id":"sg-04590f98e62457e9a","timeouts":null,"to_port":443,"type":"ingress"},"sensitive_attributes":[],"private":"eyJlMmJmYjczMC1lY2FhLTExZTYtOGY4OC0zNDM2M2JjN2M0YzAiOnsiY3JlYXRlIjozMDAwMDAwMDAwMDB9LCJzY2hlbWFfdmVyc2lvbiI6IjIifQ==","dependencies":["aws_security_group.vpc_endpoints","aws_vpc_endpoint.ec2","aws_vpc_endpoint.ecr_api","aws_vpc_endpoint.ecr_dkr","aws_vpc_endpoint.sts","data.aws_availability_zones.available","module.eks.aws_security_group.cluster","module.eks.aws_security_group.node","module.vpc.aws_subnet.private","module.vpc.aws_vpc.this","module.vpc.aws_vpc_ipv4_cidr_block_association.this"],"create_before_destroy":true},{"index_key":"ingress_cluster_4443_webhook","schema_version":2,"attributes":{"cidr_blocks":null,"description":"Cluster API to node 4443/tcp webhook","from_port":4443,"id":"sgrule-2261624751","ipv6_cidr_blocks":null,"prefix_list_ids":[],"protocol":"tcp","security_group_id":"sg-03b17afed4f4e12ed","security_group_rule_id":"sgr-0e751378f46ab5596","self":false,"source_security_group_id":"sg-04590f98e62457e9a","timeouts":null,"to_port":4443,"type":"ingress"},"sensitive_attributes":[],"private":"eyJlMmJmYjczMC1lY2FhLTExZTYtOGY4OC0zNDM2M2JjN2M0YzAiOnsiY3JlYXRlIjozMDAwMDAwMDAwMDB9LCJzY2hlbWFfdmVyc2lvbiI6IjIifQ==","dependencies":["aws_security_group.vpc_endpoints","aws_vpc_endpoint.ec2","aws_vpc_endpoint.ecr_api","aws_vpc_endpoint.ecr_dkr","aws_vpc_endpoint.sts","data.aws_availability_zones.available","module.eks.aws_security_group.cluster","module.eks.aws_security_group.node","module.vpc.aws_subnet.private","module.vpc.aws_vpc.this","module.vpc.aws_vpc_ipv4_cidr_block_association.this"],"create_before_destroy":true},{"index_key":"ingress_cluster_6443_webhook","schema_version":2,"attributes":{"cidr_blocks":null,"description":"Cluster API to node 6443/tcp webhook","from_port":6443,"id":"sgrule-1334820921","ipv6_cidr_blocks":null,"prefix_list_ids":[],"protocol":"tcp","security_group_id":"sg-03b17afed4f4e12ed","security_group_rule_id":"sgr-04eb2b9d9c24ef470","self":false,"source_security_group_id":"sg-04590f98e62457e9a","timeouts":null,"to_port":6443,"type":"ingress"},"sensitive_attributes":[],"private":"eyJlMmJmYjczMC1lY2FhLTExZTYtOGY4OC0zNDM2M2JjN2M0YzAiOnsiY3JlYXRlIjozMDAwMDAwMDAwMDB9LCJzY2hlbWFfdmVyc2lvbiI6IjIifQ==","dependencies":["aws_security_group.vpc_endpoints","aws_vpc_endpoint.ec2","aws_vpc_endpoint.ecr_api","aws_vpc_endpoint.ecr_dkr","aws_vpc_endpoint.sts","data.aws_availability_zones.available","module.eks.aws_security_group.cluster","module.eks.aws_security_group.node","module.vpc.aws_subnet.private","module.vpc.aws_vpc.this","module.vpc.aws_vpc_ipv4_cidr_block_association.this"],"create_before_destroy":true},{"index_key":"ingress_cluster_8443_webhook","schema_version":2,"attributes":{"cidr_blocks":null,"description":"Cluster API to node 8443/tcp webhook","from_port":8443,"id":"sgrule-1557396504","ipv6_cidr_blocks":null,"prefix_list_ids":[],"protocol":"tcp","security_group_id":"sg-03b17afed4f4e12ed","security_group_rule_id":"sgr-0fc269941c47ab8e7","self":false,"source_security_group_id":"sg-04590f98e62457e9a","timeouts":null,"to_port":8443,"type":"ingress"},"sensitive_attributes":[],"private":"eyJlMmJmYjczMC1lY2FhLTExZTYtOGY4OC0zNDM2M2JjN2M0YzAiOnsiY3JlYXRlIjozMDAwMDAwMDAwMDB9LCJzY2hlbWFfdmVyc2lvbiI6IjIifQ==","dependencies":["aws_security_group.vpc_endpoints","aws_vpc_endpoint.ec2","aws_vpc_endpoint.ecr_api","aws_vpc_endpoint.ecr_dkr","aws_vpc_endpoint.sts","data.aws_availability_zones.available","module.eks.aws_security_group.cluster","module.eks.aws_security_group.node","module.vpc.aws_subnet.private","module.vpc.aws_vpc.this","module.vpc.aws_vpc_ipv4_cidr_block_association.this"],"create_before_destroy":true},{"index_key":"ingress_cluster_9443_webhook","schema_version":2,"attributes":{"cidr_blocks":null,"description":"Cluster API to node 9443/tcp webhook","from_port":9443,"id":"sgrule-947048403","ipv6_cidr_blocks":null,"prefix_list_ids":[],"protocol":"tcp","security_group_id":"sg-03b17afed4f4e12ed","security_group_rule_id":"sgr-0dffc6d1d7fbe3a20","self":false,"source_security_group_id":"sg-04590f98e62457e9a","timeouts":null,"to_port":9443,"type":"ingress"},"sensitive_attributes":[],"private":"eyJlMmJmYjczMC1lY2FhLTExZTYtOGY4OC0zNDM2M2JjN2M0YzAiOnsiY3JlYXRlIjozMDAwMDAwMDAwMDB9LCJzY2hlbWFfdmVyc2lvbiI6IjIifQ==","dependencies":["aws_security_group.vpc_endpoints","aws_vpc_endpoint.ec2","aws_vpc_endpoint.ecr_api","aws_vpc_endpoint.ecr_dkr","aws_vpc_endpoint.sts","data.aws_availability_zones.available","module.eks.aws_security_group.cluster","module.eks.aws_security_group.node","module.vpc.aws_subnet.private","module.vpc.aws_vpc.this","module.vpc.aws_vpc_ipv4_cidr_block_association.this"],"create_before_destroy":true},{"index_key":"ingress_cluster_kubelet","schema_version":2,"attributes":{"cidr_blocks":null,"description":"Cluster API to node kubelets","from_port":10250,"id":"sgrule-1024160259","ipv6_cidr_blocks":null,"prefix_list_ids":[],"protocol":"tcp","security_group_id":"sg-03b17afed4f4e12ed","security_group_rule_id":"sgr-0978b57825bacb677","self":false,"source_security_group_id":"sg-04590f98e62457e9a","timeouts":null,"to_port":10250,"type":"ingress"},"sensitive_attributes":[],"private":"eyJlMmJmYjczMC1lY2FhLTExZTYtOGY4OC0zNDM2M2JjN2M0YzAiOnsiY3JlYXRlIjozMDAwMDAwMDAwMDB9LCJzY2hlbWFfdmVyc2lvbiI6IjIifQ==","dependencies":["aws_security_group.vpc_endpoints","aws_vpc_endpoint.ec2","aws_vpc_endpoint.ecr_api","aws_vpc_endpoint.ecr_dkr","aws_vpc_endpoint.sts","data.aws_availability_zones.available","module.eks.aws_security_group.cluster","module.eks.aws_security_group.node","module.vpc.aws_subnet.private","module.vpc.aws_vpc.this","module.vpc.aws_vpc_ipv4_cidr_block_association.this"],"create_before_destroy":true},{"index_key":"ingress_nodes_ephemeral","schema_version":2,"attributes":{"cidr_blocks":null,"description":"Node to node ingress on ephemeral ports","from_port":1025,"id":"sgrule-1484434223","ipv6_cidr_blocks":null,"prefix_list_ids":[],"protocol":"tcp","security_group_id":"sg-03b17afed4f4e12ed","security_group_rule_id":"sgr-06fff1af0052365e6","self":true,"source_security_group_id":null,"timeouts":null,"to_port":65535,"type":"ingress"},"sensitive_attributes":[],"private":"eyJlMmJmYjczMC1lY2FhLTExZTYtOGY4OC0zNDM2M2JjN2M0YzAiOnsiY3JlYXRlIjozMDAwMDAwMDAwMDB9LCJzY2hlbWFfdmVyc2lvbiI6IjIifQ==","dependencies":["aws_security_group.vpc_endpoints","aws_vpc_endpoint.ec2","aws_vpc_endpoint.ecr_api","aws_vpc_endpoint.ecr_dkr","aws_vpc_endpoint.sts","data.aws_availability_zones.available","module.eks.aws_security_group.cluster","module.eks.aws_security_group.node","module.vpc.aws_subnet.private","module.vpc.aws_vpc.this","module.vpc.aws_vpc_ipv4_cidr_block_association.this"],"create_before_destroy":true},{"index_key":"ingress_self_coredns_tcp","schema_version":2,"attributes":{"cidr_blocks":null,"description":"Node to node CoreDNS","from_port":53,"id":"sgrule-2905028476","ipv6_cidr_blocks":null,"prefix_list_ids":[],"protocol":"tcp","security_group_id":"sg-03b17afed4f4e12ed","security_group_rule_id":"sgr-069708b6c8af36daf","self":true,"source_security_group_id":null,"timeouts":null,"to_port":53,"type":"ingress"},"sensitive_attributes":[],"private":"eyJlMmJmYjczMC1lY2FhLTExZTYtOGY4OC0zNDM2M2JjN2M0YzAiOnsiY3JlYXRlIjozMDAwMDAwMDAwMDB9LCJzY2hlbWFfdmVyc2lvbiI6IjIifQ==","dependencies":["aws_security_group.vpc_endpoints","aws_vpc_endpoint.ec2","aws_vpc_endpoint.ecr_api","aws_vpc_endpoint.ecr_dkr","aws_vpc_endpoint.sts","data.aws_availability_zones.available","module.eks.aws_security_group.cluster","module.eks.aws_security_group.node","module.vpc.aws_subnet.private","module.vpc.aws_vpc.this","module.vpc.aws_vpc_ipv4_cidr_block_association.this"],"create_before_destroy":true},{"index_key":"ingress_self_coredns_udp","schema_version":2,"attributes":{"cidr_blocks":null,"description":"Node to node CoreDNS UDP","from_port":53,"id":"sgrule-158897299","ipv6_cidr_blocks":null,"prefix_list_ids":[],"protocol":"udp","security_group_id":"sg-03b17afed4f4e12ed","security_group_rule_id":"sgr-0072052a8e7a53846","self":true,"source_security_group_id":null,"timeouts":null,"to_port":53,"type":"ingress"},"sensitive_attributes":[],"private":"eyJlMmJmYjczMC1lY2FhLTExZTYtOGY4OC0zNDM2M2JjN2M0YzAiOnsiY3JlYXRlIjozMDAwMDAwMDAwMDB9LCJzY2hlbWFfdmVyc2lvbiI6IjIifQ==","dependencies":["aws_security_group.vpc_endpoints","aws_vpc_endpoint.ec2","aws_vpc_endpoint.ecr_api","aws_vpc_endpoint.ecr_dkr","aws_vpc_endpoint.sts","data.aws_availability_zones.available","module.eks.aws_security_group.cluster","module.eks.aws_security_group.node","module.vpc.aws_subnet.private","module.vpc.aws_vpc.this","module.vpc.aws_vpc_ipv4_cidr_block_association.this"],"create_before_destroy":true}]},{"module":"module.eks","mode":"managed","type":"kubernetes_config_map","name":"aws_auth","provider":"provider[\"registry.opentofu.org/hashicorp/kubernetes\"]","instances":[]},{"module":"module.eks","mode":"managed","type":"kubernetes_config_map_v1_data","name":"aws_auth","provider":"provider[\"registry.opentofu.org/hashicorp/kubernetes\"]","instances":[{"index_key":0,"schema_version":0,"attributes":{"data":{"mapAccounts":"[]\n","mapRoles":"- \"groups\":\n  - \"system:bootstrappers\"\n  - \"system:nodes\"\n  \"rolearn\": \"arn:aws:iam::715841344657:role/infraforge-dev-general-eks-node-group-20251217170752624000000007\"\n  \"username\": \"system:node:{{EC2PrivateDNSName}}\"\n- \"groups\":\n  - \"system:bootstrappers\"\n  - \"system:nodes\"\n  \"rolearn\": \"arn:aws:iam::715841344657:role/infraforge-dev-system-eks-node-group-20251217170752624100000008\"\n  \"username\": \"system:node:{{EC2PrivateDNSName}}\"\n- \"groups\":\n  - \"system:bootstrappers\"\n  - \"system:nodes\"\n  - \"system:node-proxier\"\n  \"rolearn\": \"arn:aws:iam::715841344657:role/system-20251217170752623600000006\"\n  \"username\": \"system:node:{{SessionName}}\"\n- \"groups\":\n  - \"system:masters\"\n  \"rolearn\": \"arn:aws:iam::715841344657:role/Admin\"\n  \"username\": \"admin\"\n","mapUsers":"[]\n"},"field_manager":"Terraform","force":true,"id":"kube-system/aws-auth","metadata":[{"name":"aws-auth","namespace":"kube-system"}]},"sensitive_attributes":[],"private":"bnVsbA==","dependencies":["aws_kms_key.eks","aws_security_group.vpc_endpoints","aws_vpc_endpoint.ec2","aws_vpc_endpoint.ecr_api","aws_vpc_endpoint.ecr_dkr","aws_vpc_endpoint.sts","data.aws_availability_zones.available","data.aws_caller_identity.current","module.eks.aws_cloudwatch_log_group.this","module.eks.aws_eks_cluster.this","module.eks.aws_iam_policy.cni_ipv6_policy","module.eks.aws_iam_role.this","module.eks.aws_iam_role_policy_attachment.this","module.eks.aws_security_group.cluster","module.eks.aws_security_group.node","module.eks.aws_security_group_rule.cluster","module.eks.aws_security_group_rule.node","module.eks.data.aws_caller_identity.current","module.eks.data.aws_iam_policy_document.assume_role_policy","module.eks.data.aws_iam_policy_document.cni_ipv6_policy","module.eks.data.aws_iam_session_context.current","module.eks.data.aws_partition.current","module.eks.kubernetes_config_map.aws_auth","module.eks.module.eks_managed_node_group.aws_autoscaling_schedule.this","module.eks.module.eks_managed_node_group.aws_eks_node_group.this","module.eks.module.eks_managed_node_group.aws_iam_role.this","module.eks.module.eks_managed_node_group.aws_iam_role_policy_attachment.additional","module.eks.module.eks_managed_node_group.aws_iam_role_policy_attachment.this","module.eks.module.eks_managed_node_group.aws_launch_template.this","module.eks.module.eks_managed_node_group.data.aws_caller_identity.current","module.eks.module.eks_managed_node_group.data.aws_iam_policy_document.assume_role_policy","module.eks.module.eks_managed_node_group.data.aws_partition.current","module.eks.module.eks_managed_node_group.module.user_data.data.cloudinit_config.linux_eks_managed_node_group","module.eks.module.fargate_profile.aws_eks_fargate_profile.this","module.eks.module.fargate_profile.aws_iam_role.this","module.eks.module.fargate_profile.aws_iam_role_policy_attachment.additional","module.eks.module.fargate_profile.aws_iam_role_policy_attachment.this","module.eks.module.fargate_profile.data.aws_caller_identity.current","module.eks.module.fargate_profile.data.aws_iam_policy_document.assume_role_policy","module.eks.module.fargate_profile.data.aws_partition.current","module.eks.module.kms.aws_kms_external_key.this","module.eks.module.kms.aws_kms_key.this","module.eks.module.kms.aws_kms_replica_external_key.this","module.eks.module.kms.aws_kms_replica_key.this","module.eks.module.kms.data.aws_caller_identity.current","module.eks.module.kms.data.aws_iam_policy_document.this","module.eks.module.kms.data.aws_partition.current","module.eks.module.self_managed_node_group.aws_autoscaling_group.this","module.eks.module.self_managed_node_group.aws_autoscaling_schedule.this","module.eks.module.self_managed_node_group.aws_iam_instance_profile.this","module.eks.module.self_managed_node_group.aws_iam_role.this","module.eks.module.self_managed_node_group.aws_iam_role_policy_attachment.additional","module.eks.module.self_managed_node_group.aws_iam_role_policy_attachment.this","module.eks.module.self_managed_node_group.aws_launch_template.this","module.eks.module.self_managed_node_group.data.aws_ami.eks_default","module.eks.module.self_managed_node_group.data.aws_caller_identity.current","module.eks.module.self_managed_node_group.data.aws_iam_policy_document.assume_role_policy","module.eks.module.self_managed_node_group.data.aws_partition.current","module.eks.module.self_managed_node_group.module.user_data.data.cloudinit_config.linux_eks_managed_node_group","module.eks.time_sleep.this","module.vpc.aws_subnet.private","module.vpc.aws_vpc.this","module.vpc.aws_vpc_ipv4_cidr_block_association.this"]}]},{"module":"module.eks","mode":"managed","type":"time_sleep","name":"this","provider":"provider[\"registry.opentofu.org/hashicorp/time\"]","instances":[{"index_key":0,"schema_version":0,"attributes":{"create_duration":"30s","destroy_duration":null,"id":"2025-12-17T19:14:21Z","triggers":{"cluster_certificate_authority_data":"LS0tLS1CRUdJTiBDRVJUSUZJQ0FURS0tLS0tCk1JSURCVENDQWUyZ0F3SUJBZ0lJTytscUVweit1dE13RFFZSktvWklodmNOQVFFTEJRQXdGVEVUTUJFR0ExVUUKQXhNS2EzVmlaWEp1WlhSbGN6QWVGdzB5TlRFeU1UY3hOekE1TURsYUZ3MHpOVEV5TVRVeE56RTBNRGxhTUJVeApFekFSQmdOVkJBTVRDbXQxWW1WeWJtVjBaWE13Z2dFaU1BMEdDU3FHU0liM0RRRUJBUVVBQTRJQkR3QXdnZ0VLCkFvSUJBUUN5ckFab3JYSHA0UzBIMS9LWENKUmNnR2M2bWhnV3dST1NLRjBYTDNwU09YT20vY01uTEZIQUV2YUsKOWpoL3JFcU93UjRPTXljaUxnWFNodlJuZHkrblA4M2hFdTlDQjY3UzlTdXM1SW84ZVNuOXQ4ZGVxVUlKMU84Nwp1UUIySkp0SHlFdjIvK3gyY1ZkbXZKUXpyRExiREdEUXRkbUZVWWJ6U0RScVRrY3NPRWQ5RHUvNGJTL0dROWlQClBjOGU1STBhdlRwanU1ODU2L3hoWHFMNytaeTRGc3VDRGhRZU1ZU0lFSjVFb3J1clR6eGV6Rm1GU09iQThSQ0EKU3Fxank2SWZ1TEFDdUdlTXg2UDFTZHloWDJkRjRaQTIxTjJ0ZjEreTJFMnRrQjg3VEJlbHBtVVhiYjZVRjQweApNTUl3akJWU3FsK211MWZ2aUkzbllRTysyblVuQWdNQkFBR2pXVEJYTUE0R0ExVWREd0VCL3dRRUF3SUNwREFQCkJnTlZIUk1CQWY4RUJUQURBUUgvTUIwR0ExVWREZ1FXQkJSUkpiVytrNzVBdXh0RE1rZk9QYTR5dExVVmRqQVYKQmdOVkhSRUVEakFNZ2dwcmRXSmxjbTVsZEdWek1BMEdDU3FHU0liM0RRRUJDd1VBQTRJQkFRQXllek1QdzdQQgpXU2FIcHpKc2xaNCtJZjR0UVJpNlhFVjFPbHZDUG9DdEVpQ1ZqdmE4NXFTcjhCU00rWGxSVEs2VHMxcjM1eFczCm0zQWtXUXdERW9XNk5qZmM3ejhCUWdVdm90QnJLb1l6VUJuaWJkbFpHUlJncFJ1U2NtbjVxS2JrdXN3dCtPTEQKVU5YVlpya3JoS1d2OFVYZ2M4bUthcmNkWVhCYSt3RHVhRW03MWN2NTh5NEYzamxYUnVPbjJhZEl6Z0VUSXVaTgowMGMyMSthZEV5WlI1MitZNHV1QkkxaWtuTlBFZDcyUW5KQjRTbk0zYTlqZWV1TW1hTjZvd2pmNkxBMk1sUUxiCkx5ZlJBV3lFRmxkTEVhSGVwODZId3JxcTBxcHFubmF2bGloRkR4dGFKSUluY2RXeHBsVVRpQWZpeW8xa09ESDMKc3dXRFpIdERHcVJpCi0tLS0tRU5EIENFUlRJRklDQVRFLS0tLS0K","cluster_endpoint":"https://ADDA703F782CABA7FEBFF9FC355069D1.sk1.eu-west-1.eks.amazonaws.com","cluster_name":"infraforge-dev","cluster_version":"1.29"}},"sensitive_attributes":[],"dependencies":["aws_kms_key.eks","aws_security_group.vpc_endpoints","aws_vpc_endpoint.ec2","aws_vpc_endpoint.ecr_api","aws_vpc_endpoint.ecr_dkr","aws_vpc_endpoint.sts","data.aws_availability_zones.available","module.eks.aws_cloudwatch_log_group.this","module.eks.aws_eks_cluster.this","module.eks.aws_iam_policy.cni_ipv6_policy","module.eks.aws_iam_role.this","module.eks.aws_iam_role_policy_attachment.this","module.eks.aws_security_group.cluster","module.eks.aws_security_group.node","module.eks.aws_security_group_rule.cluster","module.eks.aws_security_group_rule.node","module.eks.data.aws_caller_identity.current","module.eks.data.aws_iam_policy_document.assume_role_policy","module.eks.data.aws_iam_policy_document.cni_ipv6_policy","module.eks.data.aws_iam_session_context.current","module.eks.data.aws_partition.current","module.eks.module.kms.aws_kms_external_key.this","module.eks.module.kms.aws_kms_key.this","module.eks.module.kms.aws_kms_replica_external_key.this","module.eks.module.kms.aws_kms_replica_key.this","module.eks.module.kms.data.aws_caller_identity.current","module.eks.module.kms.data.aws_iam_policy_document.this","module.eks.module.kms.data.aws_partition.current","module.vpc.aws_subnet.private","module.vpc.aws_vpc.this","module.vpc.aws_vpc_ipv4_cidr_block_association.this"],"create_before_destroy":true},{"index_key":0,"deposed":"fca075fe","schema_version":0,"attributes":{"create_duration":"30s","destroy_duration":null,"id":"2025-12-17T17:18:25Z","triggers":{"cluster_certificate_authority_data":"LS0tLS1CRUdJTiBDRVJUSUZJQ0FURS0tLS0tCk1JSURCVENDQWUyZ0F3SUJBZ0lJTytscUVweit1dE13RFFZSktvWklodmNOQVFFTEJRQXdGVEVUTUJFR0ExVUUKQXhNS2EzVmlaWEp1WlhSbGN6QWVGdzB5TlRFeU1UY3hOekE1TURsYUZ3MHpOVEV5TVRVeE56RTBNRGxhTUJVeApFekFSQmdOVkJBTVRDbXQxWW1WeWJtVjBaWE13Z2dFaU1BMEdDU3FHU0liM0RRRUJBUVVBQTRJQkR3QXdnZ0VLCkFvSUJBUUN5ckFab3JYSHA0UzBIMS9LWENKUmNnR2M2bWhnV3dST1NLRjBYTDNwU09YT20vY01uTEZIQUV2YUsKOWpoL3JFcU93UjRPTXljaUxnWFNodlJuZHkrblA4M2hFdTlDQjY3UzlTdXM1SW84ZVNuOXQ4ZGVxVUlKMU84Nwp1UUIySkp0SHlFdjIvK3gyY1ZkbXZKUXpyRExiREdEUXRkbUZVWWJ6U0RScVRrY3NPRWQ5RHUvNGJTL0dROWlQClBjOGU1STBhdlRwanU1ODU2L3hoWHFMNytaeTRGc3VDRGhRZU1ZU0lFSjVFb3J1clR6eGV6Rm1GU09iQThSQ0EKU3Fxank2SWZ1TEFDdUdlTXg2UDFTZHloWDJkRjRaQTIxTjJ0ZjEreTJFMnRrQjg3VEJlbHBtVVhiYjZVRjQweApNTUl3akJWU3FsK211MWZ2aUkzbllRTysyblVuQWdNQkFBR2pXVEJYTUE0R0ExVWREd0VCL3dRRUF3SUNwREFQCkJnTlZIUk1CQWY4RUJUQURBUUgvTUIwR0ExVWREZ1FXQkJSUkpiVytrNzVBdXh0RE1rZk9QYTR5dExVVmRqQVYKQmdOVkhSRUVEakFNZ2dwcmRXSmxjbTVsZEdWek1BMEdDU3FHU0liM0RRRUJDd1VBQTRJQkFRQXllek1QdzdQQgpXU2FIcHpKc2xaNCtJZjR0UVJpNlhFVjFPbHZDUG9DdEVpQ1ZqdmE4NXFTcjhCU00rWGxSVEs2VHMxcjM1eFczCm0zQWtXUXdERW9XNk5qZmM3ejhCUWdVdm90QnJLb1l6VUJuaWJkbFpHUlJncFJ1U2NtbjVxS2JrdXN3dCtPTEQKVU5YVlpya3JoS1d2OFVYZ2M4bUthcmNkWVhCYSt3RHVhRW03MWN2NTh5NEYzamxYUnVPbjJhZEl6Z0VUSXVaTgowMGMyMSthZEV5WlI1MitZNHV1QkkxaWtuTlBFZDcyUW5KQjRTbk0zYTlqZWV1TW1hTjZvd2pmNkxBMk1sUUxiCkx5ZlJBV3lFRmxkTEVhSGVwODZId3JxcTBxcHFubmF2bGloRkR4dGFKSUluY2RXeHBsVVRpQWZpeW8xa09ESDMKc3dXRFpIdERHcVJpCi0tLS0tRU5EIENFUlRJRklDQVRFLS0tLS0K","cluster_endpoint":"https://ADDA703F782CABA7FEBFF9FC355069D1.sk1.eu-west-1.eks.amazonaws.com","cluster_name":"infraforge-dev","cluster_version":"1.28"}},"sensitive_attributes":[],"dependencies":["aws_kms_key.eks","aws_security_group.vpc_endpoints","aws_vpc_endpoint.ec2","aws_vpc_endpoint.ecr_api","aws_vpc_endpoint.ecr_dkr","aws_vpc_endpoint.sts","data.aws_availability_zones.available","module.eks.aws_cloudwatch_log_group.this","module.eks.aws_eks_cluster.this","module.eks.aws_iam_policy.cni_ipv6_policy","module.eks.aws_iam_role.this","module.eks.aws_iam_role_policy_attachment.this","module.eks.aws_security_group.cluster","module.eks.aws_security_group.node","module.eks.aws_security_group_rule.cluster","module.eks.aws_security_group_rule.node","module.eks.data.aws_caller_identity.current","module.eks.data.aws_iam_policy_document.assume_role_policy","module.eks.data.aws_iam_policy_document.cni_ipv6_policy","module.eks.data.aws_iam_session_context.current","module.eks.data.aws_partition.current","module.eks.module.kms.aws_kms_external_key.this","module.eks.module.kms.aws_kms_key.this","module.eks.module.kms.aws_kms_replica_external_key.this","module.eks.module.kms.aws_kms_replica_key.this","module.eks.module.kms.data.aws_caller_identity.current","module.eks.module.kms.data.aws_iam_policy_document.this","module.eks.module.kms.data.aws_partition.current","module.vpc.aws_subnet.private","module.vpc.aws_vpc.this","module.vpc.aws_vpc_ipv4_cidr_block_association.this"],"create_before_destroy":true}]},{"module":"module.eks.module.eks_managed_node_group[\"general\"]","mode":"data","type":"aws_caller_identity","name":"current","provider":"provider[\"registry.opentofu.org/hashicorp/aws\"]","instances":[{"schema_version":0,"attributes":{"account_id":"715841344657","arn":"arn:aws:iam::715841344657:user/gokhan","id":"715841344657","user_id":"AIDA2NK3YCSIS6IBFCURI"},"sensitive_attributes":[]}]},{"module":"module.eks.module.eks_managed_node_group[\"general\"]","mode":"data","type":"aws_iam_policy_document","name":"assume_role_policy","provider":"provider[\"registry.opentofu.org/hashicorp/aws\"]","instances":[{"index_key":0,"schema_version":0,"attributes":{"id":"2560088296","json":"{\n  \"Version\": \"2012-10-17\",\n  \"Statement\": [\n    {\n      \"Sid\": \"EKSNodeAssumeRole\",\n      \"Effect\": \"Allow\",\n      \"Action\": \"sts:AssumeRole\",\n      \"Principal\": {\n        \"Service\": \"ec2.amazonaws.com\"\n      }\n    }\n  ]\n}","minified_json":"{\"Version\":\"2012-10-17\",\"Statement\":[{\"Sid\":\"EKSNodeAssumeRole\",\"Effect\":\"Allow\",\"Action\":\"sts:AssumeRole\",\"Principal\":{\"Service\":\"ec2.amazonaws.com\"}}]}","override_json":null,"override_policy_documents":null,"policy_id":null,"source_json":null,"source_policy_documents":null,"statement":[{"actions":["sts:AssumeRole"],"condition":[],"effect":"Allow","not_actions":[],"not_principals":[],"not_resources":[],"principals":[{"identifiers":["ec2.amazonaws.com"],"type":"Service"}],"resources":[],"sid":"EKSNodeAssumeRole"}],"version":"2012-10-17"},"sensitive_attributes":[]}]},{"module":"module.eks.module.eks_managed_node_group[\"general\"]","mode":"data","type":"aws_partition","name":"current","provider":"provider[\"registry.opentofu.org/hashicorp/aws\"]","instances":[{"schema_version":0,"attributes":{"dns_suffix":"amazonaws.com","id":"aws","partition":"aws","reverse_dns_prefix":"com.amazonaws"},"sensitive_attributes":[]}]},{"module":"module.eks.module.eks_managed_node_group[\"general\"]","mode":"managed","type":"aws_autoscaling_schedule","name":"this","provider":"provider[\"registry.opentofu.org/hashicorp/aws\"]","instances":[]},{"module":"module.eks.module.eks_managed_node_group[\"general\"]","mode":"managed","type":"aws_eks_node_group","name":"this","provider":"provider[\"registry.opentofu.org/hashicorp/aws\"]","instances":[{"index_key":0,"schema_version":0,"attributes":{"ami_type":"AL2_x86_64","arn":"arn:aws:eks:eu-west-1:715841344657:nodegroup/infraforge-dev/infraforge-dev-general-20251217191421839500000001/06cd96de-0fa4-d93b-5ded-4773d2fac6df","capacity_type":"SPOT","cluster_name":"infraforge-dev","disk_size":0,"force_update_version":null,"id":"infraforge-dev:infraforge-dev-general-20251217191421839500000001","instance_types":["t3.medium"],"labels":{"node-type":"general","workload":"general"},"launch_template":[{"id":"lt-0116fdd038f39ecc4","name":"general-2025121717182594460000001a","version":"1"}],"node_group_name":"infraforge-dev-general-20251217191421839500000001","node_group_name_prefix":"infraforge-dev-general-","node_repair_config":[],"node_role_arn":"arn:aws:iam::715841344657:role/infraforge-dev-general-eks-node-group-20251217170752624000000007","release_version":"1.29.15-20251209","remote_access":[],"resources":[{"autoscaling_groups":[{"name":"eks-infraforge-dev-general-20251217191421839500000001-06cd96de-0fa4-d93b-5ded-4773d2fac6df"}],"remote_access_security_group_id":""}],"scaling_config":[{"desired_size":2,"max_size":5,"min_size":2}],"status":"ACTIVE","subnet_ids":["subnet-0457fc5bd24280050","subnet-0d2ae9b9e36b78d6a","subnet-0f97716901fab29c8"],"tags":{"Cluster":"infraforge-dev","Environment":"dev","Name":"infraforge-dev-general","Tenant":"platform"},"tags_all":{"Cluster":"infraforge-dev","Environment":"dev","ManagedBy":"OpenTofu","Name":"infraforge-dev-general","Owner":"gokhan@infraforge.io","Platform":"InfraForge","Tenant":"platform"},"taint":[],"timeouts":{"create":null,"delete":null,"update":null},"update_config":[{"max_unavailable":0,"max_unavailable_percentage":33}],"version":"1.29"},"sensitive_attributes":[],"private":"eyJlMmJmYjczMC1lY2FhLTExZTYtOGY4OC0zNDM2M2JjN2M0YzAiOnsiY3JlYXRlIjozNjAwMDAwMDAwMDAwLCJkZWxldGUiOjM2MDAwMDAwMDAwMDAsInVwZGF0ZSI6MzYwMDAwMDAwMDAwMH19","dependencies":["aws_kms_key.eks","aws_security_group.vpc_endpoints","aws_vpc_endpoint.ec2","aws_vpc_endpoint.ecr_api","aws_vpc_endpoint.ecr_dkr","aws_vpc_endpoint.sts","data.aws_availability_zones.available","module.eks.aws_cloudwatch_log_group.this","module.eks.aws_eks_cluster.this","module.eks.aws_iam_policy.cni_ipv6_policy","module.eks.aws_iam_role.this","module.eks.aws_iam_role_policy_attachment.this","module.eks.aws_security_group.cluster","module.eks.aws_security_group.node","module.eks.aws_security_group_rule.cluster","module.eks.aws_security_group_rule.node","module.eks.data.aws_caller_identity.current","module.eks.data.aws_iam_policy_document.assume_role_policy","module.eks.data.aws_iam_policy_document.cni_ipv6_policy","module.eks.data.aws_iam_session_context.current","module.eks.data.aws_partition.current","module.eks.module.eks_managed_node_group.aws_iam_role.this","module.eks.module.eks_managed_node_group.aws_iam_role_policy_attachment.this","module.eks.module.eks_managed_node_group.aws_launch_template.this","module.eks.module.eks_managed_node_group.data.aws_caller_identity.current","module.eks.module.eks_managed_node_group.data.aws_iam_policy_document.assume_role_policy","module.eks.module.eks_managed_node_group.data.aws_partition.current","module.eks.module.eks_managed_node_group.module.user_data.data.cloudinit_config.linux_eks_managed_node_group","module.eks.module.kms.aws_kms_external_key.this","module.eks.module.kms.aws_kms_key.this","module.eks.module.kms.aws_kms_replica_external_key.this","module.eks.module.kms.aws_kms_replica_key.this","module.eks.module.kms.data.aws_caller_identity.current","module.eks.module.kms.data.aws_iam_policy_document.this","module.eks.module.kms.data.aws_partition.current","module.eks.time_sleep.this","module.vpc.aws_subnet.private","module.vpc.aws_vpc.this","module.vpc.aws_vpc_ipv4_cidr_block_association.this"],"create_before_destroy":true}]},{"module":"module.eks.module.eks_managed_node_group[\"general\"]","mode":"managed","type":"aws_iam_role","name":"this","provider":"provider[\"registry.opentofu.org/hashicorp/aws\"]","instances":[{"index_key":0,"schema_version":0,"attributes":{"arn":"arn:aws:iam::715841344657:role/infraforge-dev-general-eks-node-group-20251217170752624000000007","assume_role_policy":"{\"Statement\":[{\"Action\":\"sts:AssumeRole\",\"Effect\":\"Allow\",\"Principal\":{\"Service\":\"ec2.amazonaws.com\"},\"Sid\":\"EKSNodeAssumeRole\"}],\"Version\":\"2012-10-17\"}","create_date":"2025-12-17T17:07:53Z","description":"EKS managed node group IAM role","force_detach_policies":true,"id":"infraforge-dev-general-eks-node-group-20251217170752624000000007","inline_policy":[],"managed_policy_arns":["arn:aws:iam::aws:policy/AmazonEC2ContainerRegistryReadOnly","arn:aws:iam::aws:policy/AmazonEKSWorkerNodePolicy","arn:aws:iam::aws:policy/AmazonEKS_CNI_Policy"],"max_session_duration":3600,"name":"infraforge-dev-general-eks-node-group-20251217170752624000000007","name_prefix":"infraforge-dev-general-eks-node-group-","path":"/","permissions_boundary":"","tags":{"Cluster":"infraforge-dev","Environment":"dev","Tenant":"platform"},"tags_all":{"Cluster":"infraforge-dev","Environment":"dev","ManagedBy":"OpenTofu","Owner":"gokhan@infraforge.io","Platform":"InfraForge","Tenant":"platform"},"unique_id":"AROA2NK3YCSI4UF2IER77"},"sensitive_attributes":[],"private":"bnVsbA==","dependencies":["aws_security_group.vpc_endpoints","aws_vpc_endpoint.ec2","aws_vpc_endpoint.ecr_api","aws_vpc_endpoint.ecr_dkr","aws_vpc_endpoint.sts","data.aws_availability_zones.available","module.eks.module.eks_managed_node_group.data.aws_iam_policy_document.assume_role_policy","module.eks.module.eks_managed_node_group.data.aws_partition.current","module.vpc.aws_subnet.private","module.vpc.aws_vpc.this","module.vpc.aws_vpc_ipv4_cidr_block_association.this"],"create_before_destroy":true}]},{"module":"module.eks.module.eks_managed_node_group[\"general\"]","mode":"managed","type":"aws_iam_role_policy_attachment","name":"this","provider":"provider[\"registry.opentofu.org/hashicorp/aws\"]","instances":[{"index_key":"arn:aws:iam::aws:policy/AmazonEC2ContainerRegistryReadOnly","schema_version":0,"attributes":{"id":"infraforge-dev-general-eks-node-group-20251217170752624000000007-2025121717075431440000000e","policy_arn":"arn:aws:iam::aws:policy/AmazonEC2ContainerRegistryReadOnly","role":"infraforge-dev-general-eks-node-group-20251217170752624000000007"},"sensitive_attributes":[],"private":"bnVsbA==","dependencies":["aws_security_group.vpc_endpoints","aws_vpc_endpoint.ec2","aws_vpc_endpoint.ecr_api","aws_vpc_endpoint.ecr_dkr","aws_vpc_endpoint.sts","data.aws_availability_zones.available","module.eks.module.eks_managed_node_group.aws_iam_role.this","module.eks.module.eks_managed_node_group.data.aws_caller_identity.current","module.eks.module.eks_managed_node_group.data.aws_iam_policy_document.assume_role_policy","module.eks.module.eks_managed_node_group.data.aws_partition.current","module.vpc.aws_subnet.private","module.vpc.aws_vpc.this","module.vpc.aws_vpc_ipv4_cidr_block_association.this"],"create_before_destroy":true},{"index_key":"arn:aws:iam::aws:policy/AmazonEKSWorkerNodePolicy","schema_version":0,"attributes":{"id":"infraforge-dev-general-eks-node-group-20251217170752624000000007-2025121717075432760000000f","policy_arn":"arn:aws:iam::aws:policy/AmazonEKSWorkerNodePolicy","role":"infraforge-dev-general-eks-node-group-20251217170752624000000007"},"sensitive_attributes":[],"private":"bnVsbA==","dependencies":["aws_security_group.vpc_endpoints","aws_vpc_endpoint.ec2","aws_vpc_endpoint.ecr_api","aws_vpc_endpoint.ecr_dkr","aws_vpc_endpoint.sts","data.aws_availability_zones.available","module.eks.module.eks_managed_node_group.aws_iam_role.this","module.eks.module.eks_managed_node_group.data.aws_caller_identity.current","module.eks.module.eks_managed_node_group.data.aws_iam_policy_document.assume_role_policy","module.eks.module.eks_managed_node_group.data.aws_partition.current","module.vpc.aws_subnet.private","module.vpc.aws_vpc.this","module.vpc.aws_vpc_ipv4_cidr_block_association.this"],"create_before_destroy":true},{"index_key":"arn:aws:iam::aws:policy/AmazonEKS_CNI_Policy","schema_version":0,"attributes":{"id":"infraforge-dev-general-eks-node-group-20251217170752624000000007-20251217170754585000000010","policy_arn":"arn:aws:iam::aws:policy/AmazonEKS_CNI_Policy","role":"infraforge-dev-general-eks-node-group-20251217170752624000000007"},"sensitive_attributes":[],"private":"bnVsbA==","dependencies":["aws_security_group.vpc_endpoints","aws_vpc_endpoint.ec2","aws_vpc_endpoint.ecr_api","aws_vpc_endpoint.ecr_dkr","aws_vpc_endpoint.sts","data.aws_availability_zones.available","module.eks.module.eks_managed_node_group.aws_iam_role.this","module.eks.module.eks_managed_node_group.data.aws_caller_identity.current","module.eks.module.eks_managed_node_group.data.aws_iam_policy_document.assume_role_policy","module.eks.module.eks_managed_node_group.data.aws_partition.current","module.vpc.aws_subnet.private","module.vpc.aws_vpc.this","module.vpc.aws_vpc_ipv4_cidr_block_association.this"],"create_before_destroy":true}]},{"module":"module.eks.module.eks_managed_node_group[\"general\"]","mode":"managed","type":"aws_launch_template","name":"this","provider":"provider[\"registry.opentofu.org/hashicorp/aws\"]","instances":[{"index_key":0,"schema_version":0,"attributes":{"arn":"arn:aws:ec2:eu-west-1:715841344657:launch-template/lt-0116fdd038f39ecc4","block_device_mappings":[],"capacity_reservation_specification":[],"cpu_options":[],"credit_specification":[],"default_version":1,"description":"Custom launch template for infraforge-dev-general EKS managed node group","disable_api_stop":false,"disable_api_termination":false,"ebs_optimized":"","elastic_gpu_specifications":[],"elastic_inference_accelerator":[],"enclave_options":[],"hibernation_options":[],"iam_instance_profile":[],"id":"lt-0116fdd038f39ecc4","image_id":"","instance_initiated_shutdown_behavior":"","instance_market_options":[],"instance_requirements":[],"instance_type":"","kernel_id":"","key_name":"","latest_version":1,"license_specification":[],"maintenance_options":[],"metadata_options":[{"http_endpoint":"enabled","http_protocol_ipv6":"","http_put_response_hop_limit":2,"http_tokens":"required","instance_metadata_tags":""}],"monitoring":[{"enabled":true}],"name":"general-2025121717182594460000001a","name_prefix":"general-","network_interfaces":[],"placement":[],"private_dns_name_options":[],"ram_disk_id":"","security_group_names":[],"tag_specifications":[{"resource_type":"instance","tags":{"Cluster":"infraforge-dev","Environment":"dev","Name":"infraforge-dev-general","Tenant":"platform"}},{"resource_type":"network-interface","tags":{"Cluster":"infraforge-dev","Environment":"dev","Name":"infraforge-dev-general","Tenant":"platform"}},{"resource_type":"volume","tags":{"Cluster":"infraforge-dev","Environment":"dev","Name":"infraforge-dev-general","Tenant":"platform"}}],"tags":{"Cluster":"infraforge-dev","Environment":"dev","Tenant":"platform"},"tags_all":{"Cluster":"infraforge-dev","Environment":"dev","ManagedBy":"OpenTofu","Owner":"gokhan@infraforge.io","Platform":"InfraForge","Tenant":"platform"},"update_default_version":true,"user_data":"Q29udGVudC1UeXBlOiBtdWx0aXBhcnQvbWl4ZWQ7IGJvdW5kYXJ5PSIvLyIKTUlNRS1WZXJzaW9uOiAxLjANCg0KLS0vLw0KQ29udGVudC1UcmFuc2Zlci1FbmNvZGluZzogN2JpdA0KQ29udGVudC1UeXBlOiB0ZXh0L3gtc2hlbGxzY3JpcHQNCk1pbWUtVmVyc2lvbjogMS4wDQoNCiMhL2Jpbi9iYXNoCiMgT3B0aW1pemUgRUJTIHBlcmZvcm1hbmNlCmVjaG8gInZtLmRpcnR5X3JhdGlvID0gNSIgPj4gL2V0Yy9zeXNjdGwuY29uZgplY2hvICJ2bS5kaXJ0eV9iYWNrZ3JvdW5kX3JhdGlvID0gMSIgPj4gL2V0Yy9zeXNjdGwuY29uZgpzeXNjdGwgLXAKDQotLS8vLS0NCg==","vpc_security_group_ids":["sg-03b17afed4f4e12ed"]},"sensitive_attributes":[],"private":"bnVsbA==","dependencies":["aws_kms_key.eks","aws_security_group.vpc_endpoints","aws_vpc_endpoint.ec2","aws_vpc_endpoint.ecr_api","aws_vpc_endpoint.ecr_dkr","aws_vpc_endpoint.sts","data.aws_availability_zones.available","module.eks.aws_cloudwatch_log_group.this","module.eks.aws_eks_cluster.this","module.eks.aws_iam_policy.cni_ipv6_policy","module.eks.aws_iam_role.this","module.eks.aws_iam_role_policy_attachment.this","module.eks.aws_security_group.cluster","module.eks.aws_security_group.node","module.eks.aws_security_group_rule.cluster","module.eks.aws_security_group_rule.node","module.eks.data.aws_caller_identity.current","module.eks.data.aws_iam_policy_document.assume_role_policy","module.eks.data.aws_iam_policy_document.cni_ipv6_policy","module.eks.data.aws_iam_session_context.current","module.eks.data.aws_partition.current","module.eks.module.eks_managed_node_group.aws_iam_role.this","module.eks.module.eks_managed_node_group.aws_iam_role_policy_attachment.this","module.eks.module.eks_managed_node_group.data.aws_caller_identity.current","module.eks.module.eks_managed_node_group.data.aws_iam_policy_document.assume_role_policy","module.eks.module.eks_managed_node_group.data.aws_partition.current","module.eks.module.eks_managed_node_group.module.user_data.data.cloudinit_config.linux_eks_managed_node_group","module.eks.module.kms.aws_kms_external_key.this","module.eks.module.kms.aws_kms_key.this","module.eks.module.kms.aws_kms_replica_external_key.this","module.eks.module.kms.aws_kms_replica_key.this","module.eks.module.kms.data.aws_caller_identity.current","module.eks.module.kms.data.aws_iam_policy_document.this","module.eks.module.kms.data.aws_partition.current","module.eks.time_sleep.this","module.vpc.aws_subnet.private","module.vpc.aws_vpc.this","module.vpc.aws_vpc_ipv4_cidr_block_association.this"],"create_before_destroy":true}]},{"module":"module.eks.module.eks_managed_node_group[\"general\"].module.user_data","mode":"data","type":"cloudinit_config","name":"linux_eks_managed_node_group","provider":"provider[\"registry.opentofu.org/hashicorp/cloudinit\"]","instances":[{"index_key":0,"schema_version":0,"attributes":{"base64_encode":true,"boundary":"//","gzip":false,"id":"302967155","part":[{"content":"#!/bin/bash\n# Optimize EBS performance\necho \"vm.dirty_ratio = 5\" \u003e\u003e /etc/sysctl.conf\necho \"vm.dirty_background_ratio = 1\" \u003e\u003e /etc/sysctl.conf\nsysctl -p\n","content_type":"text/x-shellscript","filename":null,"merge_type":null}],"rendered":"Q29udGVudC1UeXBlOiBtdWx0aXBhcnQvbWl4ZWQ7IGJvdW5kYXJ5PSIvLyIKTUlNRS1WZXJzaW9uOiAxLjANCg0KLS0vLw0KQ29udGVudC1UcmFuc2Zlci1FbmNvZGluZzogN2JpdA0KQ29udGVudC1UeXBlOiB0ZXh0L3gtc2hlbGxzY3JpcHQNCk1pbWUtVmVyc2lvbjogMS4wDQoNCiMhL2Jpbi9iYXNoCiMgT3B0aW1pemUgRUJTIHBlcmZvcm1hbmNlCmVjaG8gInZtLmRpcnR5X3JhdGlvID0gNSIgPj4gL2V0Yy9zeXNjdGwuY29uZgplY2hvICJ2bS5kaXJ0eV9iYWNrZ3JvdW5kX3JhdGlvID0gMSIgPj4gL2V0Yy9zeXNjdGwuY29uZgpzeXNjdGwgLXAKDQotLS8vLS0NCg=="},"sensitive_attributes":[]}]},{"module":"module.eks.module.eks_managed_node_group[\"system\"]","mode":"data","type":"aws_caller_identity","name":"current","provider":"provider[\"registry.opentofu.org/hashicorp/aws\"]","instances":[{"schema_version":0,"attributes":{"account_id":"715841344657","arn":"arn:aws:iam::715841344657:user/gokhan","id":"715841344657","user_id":"AIDA2NK3YCSIS6IBFCURI"},"sensitive_attributes":[]}]},{"module":"module.eks.module.eks_managed_node_group[\"system\"]","mode":"data","type":"aws_iam_policy_document","name":"assume_role_policy","provider":"provider[\"registry.opentofu.org/hashicorp/aws\"]","instances":[{"index_key":0,"schema_version":0,"attributes":{"id":"2560088296","json":"{\n  \"Version\": \"2012-10-17\",\n  \"Statement\": [\n    {\n      \"Sid\": \"EKSNodeAssumeRole\",\n      \"Effect\": \"Allow\",\n      \"Action\": \"sts:AssumeRole\",\n      \"Principal\": {\n        \"Service\": \"ec2.amazonaws.com\"\n      }\n    }\n  ]\n}","minified_json":"{\"Version\":\"2012-10-17\",\"Statement\":[{\"Sid\":\"EKSNodeAssumeRole\",\"Effect\":\"Allow\",\"Action\":\"sts:AssumeRole\",\"Principal\":{\"Service\":\"ec2.amazonaws.com\"}}]}","override_json":null,"override_policy_documents":null,"policy_id":null,"source_json":null,"source_policy_documents":null,"statement":[{"actions":["sts:AssumeRole"],"condition":[],"effect":"Allow","not_actions":[],"not_principals":[],"not_resources":[],"principals":[{"identifiers":["ec2.amazonaws.com"],"type":"Service"}],"resources":[],"sid":"EKSNodeAssumeRole"}],"version":"2012-10-17"},"sensitive_attributes":[]}]},{"module":"module.eks.module.eks_managed_node_group[\"system\"]","mode":"data","type":"aws_partition","name":"current","provider":"provider[\"registry.opentofu.org/hashicorp/aws\"]","instances":[{"schema_version":0,"attributes":{"dns_suffix":"amazonaws.com","id":"aws","partition":"aws","reverse_dns_prefix":"com.amazonaws"},"sensitive_attributes":[]}]},{"module":"module.eks.module.eks_managed_node_group[\"system\"]","mode":"managed","type":"aws_autoscaling_schedule","name":"this","provider":"provider[\"registry.opentofu.org/hashicorp/aws\"]","instances":[]},{"module":"module.eks.module.eks_managed_node_group[\"system\"]","mode":"managed","type":"aws_eks_node_group","name":"this","provider":"provider[\"registry.opentofu.org/hashicorp/aws\"]","instances":[{"index_key":0,"schema_version":0,"attributes":{"ami_type":"AL2_x86_64","arn":"arn:aws:eks:eu-west-1:715841344657:nodegroup/infraforge-dev/infraforge-dev-system-20251217191421840400000003/42cd96de-0fa4-0392-3bdc-b2ba766dbf94","capacity_type":"ON_DEMAND","cluster_name":"infraforge-dev","disk_size":0,"force_update_version":null,"id":"infraforge-dev:infraforge-dev-system-20251217191421840400000003","instance_types":["t3.medium"],"labels":{"node-type":"system","workload":"core-services"},"launch_template":[{"id":"lt-00d30dbbdb69d2c24","name":"system-2025121717182594560000001c","version":"1"}],"node_group_name":"infraforge-dev-system-20251217191421840400000003","node_group_name_prefix":"infraforge-dev-system-","node_repair_config":[],"node_role_arn":"arn:aws:iam::715841344657:role/infraforge-dev-system-eks-node-group-20251217170752624100000008","release_version":"1.29.15-20251209","remote_access":[],"resources":[{"autoscaling_groups":[{"name":"eks-infraforge-dev-system-20251217191421840400000003-42cd96de-0fa4-0392-3bdc-b2ba766dbf94"}],"remote_access_security_group_id":""}],"scaling_config":[{"desired_size":2,"max_size":3,"min_size":2}],"status":"ACTIVE","subnet_ids":["subnet-0457fc5bd24280050","subnet-0d2ae9b9e36b78d6a","subnet-0f97716901fab29c8"],"tags":{"Cluster":"infraforge-dev","Environment":"dev","Name":"infraforge-dev-system","Tenant":"platform"},"tags_all":{"Cluster":"infraforge-dev","Environment":"dev","ManagedBy":"OpenTofu","Name":"infraforge-dev-system","Owner":"gokhan@infraforge.io","Platform":"InfraForge","Tenant":"platform"},"taint":[{"effect":"NO_SCHEDULE","key":"CriticalAddonsOnly","value":"true"}],"timeouts":{"create":null,"delete":null,"update":null},"update_config":[{"max_unavailable":0,"max_unavailable_percentage":33}],"version":"1.29"},"sensitive_attributes":[],"private":"eyJlMmJmYjczMC1lY2FhLTExZTYtOGY4OC0zNDM2M2JjN2M0YzAiOnsiY3JlYXRlIjozNjAwMDAwMDAwMDAwLCJkZWxldGUiOjM2MDAwMDAwMDAwMDAsInVwZGF0ZSI6MzYwMDAwMDAwMDAwMH19","dependencies":["aws_kms_key.eks","aws_security_group.vpc_endpoints","aws_vpc_endpoint.ec2","aws_vpc_endpoint.ecr_api","aws_vpc_endpoint.ecr_dkr","aws_vpc_endpoint.sts","data.aws_availability_zones.available","module.eks.aws_cloudwatch_log_group.this","module.eks.aws_eks_cluster.this","module.eks.aws_iam_policy.cni_ipv6_policy","module.eks.aws_iam_role.this","module.eks.aws_iam_role_policy_attachment.this","module.eks.aws_security_group.cluster","module.eks.aws_security_group.node","module.eks.aws_security_group_rule.cluster","module.eks.aws_security_group_rule.node","module.eks.data.aws_caller_identity.current","module.eks.data.aws_iam_policy_document.assume_role_policy","module.eks.data.aws_iam_policy_document.cni_ipv6_policy","module.eks.data.aws_iam_session_context.current","module.eks.data.aws_partition.current","module.eks.module.eks_managed_node_group.aws_iam_role.this","module.eks.module.eks_managed_node_group.aws_iam_role_policy_attachment.this","module.eks.module.eks_managed_node_group.aws_launch_template.this","module.eks.module.eks_managed_node_group.data.aws_caller_identity.current","module.eks.module.eks_managed_node_group.data.aws_iam_policy_document.assume_role_policy","module.eks.module.eks_managed_node_group.data.aws_partition.current","module.eks.module.eks_managed_node_group.module.user_data.data.cloudinit_config.linux_eks_managed_node_group","module.eks.module.kms.aws_kms_external_key.this","module.eks.module.kms.aws_kms_key.this","module.eks.module.kms.aws_kms_replica_external_key.this","module.eks.module.kms.aws_kms_replica_key.this","module.eks.module.kms.data.aws_caller_identity.current","module.eks.module.kms.data.aws_iam_policy_document.this","module.eks.module.kms.data.aws_partition.current","module.eks.time_sleep.this","module.vpc.aws_subnet.private","module.vpc.aws_vpc.this","module.vpc.aws_vpc_ipv4_cidr_block_association.this"],"create_before_destroy":true}]},{"module":"module.eks.module.eks_managed_node_group[\"system\"]","mode":"managed","type":"aws_iam_role","name":"this","provider":"provider[\"registry.opentofu.org/hashicorp/aws\"]","instances":[{"index_key":0,"schema_version":0,"attributes":{"arn":"arn:aws:iam::715841344657:role/infraforge-dev-system-eks-node-group-20251217170752624100000008","assume_role_policy":"{\"Statement\":[{\"Action\":\"sts:AssumeRole\",\"Effect\":\"Allow\",\"Principal\":{\"Service\":\"ec2.amazonaws.com\"},\"Sid\":\"EKSNodeAssumeRole\"}],\"Version\":\"2012-10-17\"}","create_date":"2025-12-17T17:07:53Z","description":"EKS managed node group IAM role","force_detach_policies":true,"id":"infraforge-dev-system-eks-node-group-20251217170752624100000008","inline_policy":[],"managed_policy_arns":["arn:aws:iam::aws:policy/AmazonEC2ContainerRegistryReadOnly","arn:aws:iam::aws:policy/AmazonEKSWorkerNodePolicy","arn:aws:iam::aws:policy/AmazonEKS_CNI_Policy"],"max_session_duration":3600,"name":"infraforge-dev-system-eks-node-group-20251217170752624100000008","name_prefix":"infraforge-dev-system-eks-node-group-","path":"/","permissions_boundary":"","tags":{"Cluster":"infraforge-dev","Environment":"dev","Tenant":"platform"},"tags_all":{"Cluster":"infraforge-dev","Environment":"dev","ManagedBy":"OpenTofu","Owner":"gokhan@infraforge.io","Platform":"InfraForge","Tenant":"platform"},"unique_id":"AROA2NK3YCSIRVTFS4EPM"},"sensitive_attributes":[],"private":"bnVsbA==","dependencies":["aws_security_group.vpc_endpoints","aws_vpc_endpoint.ec2","aws_vpc_endpoint.ecr_api","aws_vpc_endpoint.ecr_dkr","aws_vpc_endpoint.sts","data.aws_availability_zones.available","module.eks.module.eks_managed_node_group.data.aws_iam_policy_document.assume_role_policy","module.eks.module.eks_managed_node_group.data.aws_partition.current","module.vpc.aws_subnet.private","module.vpc.aws_vpc.this","module.vpc.aws_vpc_ipv4_cidr_block_association.this"],"create_before_destroy":true}]},{"module":"module.eks.module.eks_managed_node_group[\"system\"]","mode":"managed","type":"aws_iam_role_policy_attachment","name":"this","provider":"provider[\"registry.opentofu.org/hashicorp/aws\"]","instances":[{"index_key":"arn:aws:iam::aws:policy/AmazonEC2ContainerRegistryReadOnly","schema_version":0,"attributes":{"id":"infraforge-dev-system-eks-node-group-20251217170752624100000008-2025121717075421260000000d","policy_arn":"arn:aws:iam::aws:policy/AmazonEC2ContainerRegistryReadOnly","role":"infraforge-dev-system-eks-node-group-20251217170752624100000008"},"sensitive_attributes":[],"private":"bnVsbA==","dependencies":["aws_security_group.vpc_endpoints","aws_vpc_endpoint.ec2","aws_vpc_endpoint.ecr_api","aws_vpc_endpoint.ecr_dkr","aws_vpc_endpoint.sts","data.aws_availability_zones.available","module.eks.module.eks_managed_node_group.aws_iam_role.this","module.eks.module.eks_managed_node_group.data.aws_caller_identity.current","module.eks.module.eks_managed_node_group.data.aws_iam_policy_document.assume_role_policy","module.eks.module.eks_managed_node_group.data.aws_partition.current","module.vpc.aws_subnet.private","module.vpc.aws_vpc.this","module.vpc.aws_vpc_ipv4_cidr_block_association.this"],"create_before_destroy":true},{"index_key":"arn:aws:iam::aws:policy/AmazonEKSWorkerNodePolicy","schema_version":0,"attributes":{"id":"infraforge-dev-system-eks-node-group-20251217170752624100000008-2025121717075416890000000b","policy_arn":"arn:aws:iam::aws:policy/AmazonEKSWorkerNodePolicy","role":"infraforge-dev-system-eks-node-group-20251217170752624100000008"},"sensitive_attributes":[],"private":"bnVsbA==","dependencies":["aws_security_group.vpc_endpoints","aws_vpc_endpoint.ec2","aws_vpc_endpoint.ecr_api","aws_vpc_endpoint.ecr_dkr","aws_vpc_endpoint.sts","data.aws_availability_zones.available","module.eks.module.eks_managed_node_group.aws_iam_role.this","module.eks.module.eks_managed_node_group.data.aws_caller_identity.current","module.eks.module.eks_managed_node_group.data.aws_iam_policy_document.assume_role_policy","module.eks.module.eks_managed_node_group.data.aws_partition.current","module.vpc.aws_subnet.private","module.vpc.aws_vpc.this","module.vpc.aws_vpc_ipv4_cidr_block_association.this"],"create_before_destroy":true},{"index_key":"arn:aws:iam::aws:policy/AmazonEKS_CNI_Policy","schema_version":0,"attributes":{"id":"infraforge-dev-system-eks-node-group-20251217170752624100000008-2025121717075417210000000c","policy_arn":"arn:aws:iam::aws:policy/AmazonEKS_CNI_Policy","role":"infraforge-dev-system-eks-node-group-20251217170752624100000008"},"sensitive_attributes":[],"private":"bnVsbA==","dependencies":["aws_security_group.vpc_endpoints","aws_vpc_endpoint.ec2","aws_vpc_endpoint.ecr_api","aws_vpc_endpoint.ecr_dkr","aws_vpc_endpoint.sts","data.aws_availability_zones.available","module.eks.module.eks_managed_node_group.aws_iam_role.this","module.eks.module.eks_managed_node_group.data.aws_caller_identity.current","module.eks.module.eks_managed_node_group.data.aws_iam_policy_document.assume_role_policy","module.eks.module.eks_managed_node_group.data.aws_partition.current","module.vpc.aws_subnet.private","module.vpc.aws_vpc.this","module.vpc.aws_vpc_ipv4_cidr_block_association.this"],"create_before_destroy":true}]},{"module":"module.eks.module.eks_managed_node_group[\"system\"]","mode":"managed","type":"aws_launch_template","name":"this","provider":"provider[\"registry.opentofu.org/hashicorp/aws\"]","instances":[{"index_key":0,"schema_version":0,"attributes":{"arn":"arn:aws:ec2:eu-west-1:715841344657:launch-template/lt-00d30dbbdb69d2c24","block_device_mappings":[],"capacity_reservation_specification":[],"cpu_options":[],"credit_specification":[],"default_version":1,"description":"Custom launch template for infraforge-dev-system EKS managed node group","disable_api_stop":false,"disable_api_termination":false,"ebs_optimized":"","elastic_gpu_specifications":[],"elastic_inference_accelerator":[],"enclave_options":[],"hibernation_options":[],"iam_instance_profile":[],"id":"lt-00d30dbbdb69d2c24","image_id":"","instance_initiated_shutdown_behavior":"","instance_market_options":[],"instance_requirements":[],"instance_type":"","kernel_id":"","key_name":"","latest_version":1,"license_specification":[],"maintenance_options":[],"metadata_options":[{"http_endpoint":"enabled","http_protocol_ipv6":"","http_put_response_hop_limit":2,"http_tokens":"required","instance_metadata_tags":""}],"monitoring":[{"enabled":true}],"name":"system-2025121717182594560000001c","name_prefix":"system-","network_interfaces":[],"placement":[],"private_dns_name_options":[],"ram_disk_id":"","security_group_names":[],"tag_specifications":[{"resource_type":"instance","tags":{"Cluster":"infraforge-dev","Environment":"dev","Name":"infraforge-dev-system","Tenant":"platform"}},{"resource_type":"network-interface","tags":{"Cluster":"infraforge-dev","Environment":"dev","Name":"infraforge-dev-system","Tenant":"platform"}},{"resource_type":"volume","tags":{"Cluster":"infraforge-dev","Environment":"dev","Name":"infraforge-dev-system","Tenant":"platform"}}],"tags":{"Cluster":"infraforge-dev","Environment":"dev","Tenant":"platform"},"tags_all":{"Cluster":"infraforge-dev","Environment":"dev","ManagedBy":"OpenTofu","Owner":"gokhan@infraforge.io","Platform":"InfraForge","Tenant":"platform"},"update_default_version":true,"user_data":"","vpc_security_group_ids":["sg-03b17afed4f4e12ed"]},"sensitive_attributes":[],"private":"bnVsbA==","dependencies":["aws_kms_key.eks","aws_security_group.vpc_endpoints","aws_vpc_endpoint.ec2","aws_vpc_endpoint.ecr_api","aws_vpc_endpoint.ecr_dkr","aws_vpc_endpoint.sts","data.aws_availability_zones.available","module.eks.aws_cloudwatch_log_group.this","module.eks.aws_eks_cluster.this","module.eks.aws_iam_policy.cni_ipv6_policy","module.eks.aws_iam_role.this","module.eks.aws_iam_role_policy_attachment.this","module.eks.aws_security_group.cluster","module.eks.aws_security_group.node","module.eks.aws_security_group_rule.cluster","module.eks.aws_security_group_rule.node","module.eks.data.aws_caller_identity.current","module.eks.data.aws_iam_policy_document.assume_role_policy","module.eks.data.aws_iam_policy_document.cni_ipv6_policy","module.eks.data.aws_iam_session_context.current","module.eks.data.aws_partition.current","module.eks.module.eks_managed_node_group.aws_iam_role.this","module.eks.module.eks_managed_node_group.aws_iam_role_policy_attachment.this","module.eks.module.eks_managed_node_group.data.aws_caller_identity.current","module.eks.module.eks_managed_node_group.data.aws_iam_policy_document.assume_role_policy","module.eks.module.eks_managed_node_group.data.aws_partition.current","module.eks.module.eks_managed_node_group.module.user_data.data.cloudinit_config.linux_eks_managed_node_group","module.eks.module.kms.aws_kms_external_key.this","module.eks.module.kms.aws_kms_key.this","module.eks.module.kms.aws_kms_replica_external_key.this","module.eks.module.kms.aws_kms_replica_key.this","module.eks.module.kms.data.aws_caller_identity.current","module.eks.module.kms.data.aws_iam_policy_document.this","module.eks.module.kms.data.aws_partition.current","module.eks.time_sleep.this","module.vpc.aws_subnet.private","module.vpc.aws_vpc.this","module.vpc.aws_vpc_ipv4_cidr_block_association.this"],"create_before_destroy":true}]},{"module":"module.eks.module.eks_managed_node_group[\"system\"].module.user_data","mode":"data","type":"cloudinit_config","name":"linux_eks_managed_node_group","provider":"provider[\"registry.opentofu.org/hashicorp/cloudinit\"]","instances":[]},{"module":"module.eks.module.fargate_profile[\"system\"]","mode":"data","type":"aws_caller_identity","name":"current","provider":"provider[\"registry.opentofu.org/hashicorp/aws\"]","instances":[{"schema_version":0,"attributes":{"account_id":"715841344657","arn":"arn:aws:iam::715841344657:user/gokhan","id":"715841344657","user_id":"AIDA2NK3YCSIS6IBFCURI"},"sensitive_attributes":[]}]},{"module":"module.eks.module.fargate_profile[\"system\"]","mode":"data","type":"aws_iam_policy_document","name":"assume_role_policy","provider":"provider[\"registry.opentofu.org/hashicorp/aws\"]","instances":[{"index_key":0,"schema_version":0,"attributes":{"id":"3016102342","json":"{\n  \"Version\": \"2012-10-17\",\n  \"Statement\": [\n    {\n      \"Effect\": \"Allow\",\n      \"Action\": \"sts:AssumeRole\",\n      \"Principal\": {\n        \"Service\": \"eks-fargate-pods.amazonaws.com\"\n      }\n    }\n  ]\n}","minified_json":"{\"Version\":\"2012-10-17\",\"Statement\":[{\"Effect\":\"Allow\",\"Action\":\"sts:AssumeRole\",\"Principal\":{\"Service\":\"eks-fargate-pods.amazonaws.com\"}}]}","override_json":null,"override_policy_documents":null,"policy_id":null,"source_json":null,"source_policy_documents":null,"statement":[{"actions":["sts:AssumeRole"],"condition":[],"effect":"Allow","not_actions":[],"not_principals":[],"not_resources":[],"principals":[{"identifiers":["eks-fargate-pods.amazonaws.com"],"type":"Service"}],"resources":[],"sid":""}],"version":"2012-10-17"},"sensitive_attributes":[]}]},{"module":"module.eks.module.fargate_profile[\"system\"]","mode":"data","type":"aws_partition","name":"current","provider":"provider[\"registry.opentofu.org/hashicorp/aws\"]","instances":[{"schema_version":0,"attributes":{"dns_suffix":"amazonaws.com","id":"aws","partition":"aws","reverse_dns_prefix":"com.amazonaws"},"sensitive_attributes":[]}]},{"module":"module.eks.module.fargate_profile[\"system\"]","mode":"managed","type":"aws_eks_fargate_profile","name":"this","provider":"provider[\"registry.opentofu.org/hashicorp/aws\"]","instances":[{"index_key":0,"schema_version":0,"attributes":{"arn":"arn:aws:eks:eu-west-1:715841344657:fargateprofile/infraforge-dev/system/e6cd96a8-fdc2-69d1-c76a-af9c4a6543c8","cluster_name":"infraforge-dev","fargate_profile_name":"system","id":"infraforge-dev:system","pod_execution_role_arn":"arn:aws:iam::715841344657:role/system-20251217170752623600000006","selector":[{"labels":{},"namespace":"cert-manager"},{"labels":{},"namespace":"external-dns"},{"labels":{},"namespace":"velero"}],"status":"ACTIVE","subnet_ids":["subnet-0457fc5bd24280050","subnet-0d2ae9b9e36b78d6a","subnet-0f97716901fab29c8"],"tags":{"Cluster":"infraforge-dev","Environment":"dev","Tenant":"platform"},"tags_all":{"Cluster":"infraforge-dev","Environment":"dev","ManagedBy":"OpenTofu","Owner":"gokhan@infraforge.io","Platform":"InfraForge","Tenant":"platform"},"timeouts":{"create":null,"delete":null}},"sensitive_attributes":[],"private":"eyJlMmJmYjczMC1lY2FhLTExZTYtOGY4OC0zNDM2M2JjN2M0YzAiOnsiY3JlYXRlIjo2MDAwMDAwMDAwMDAsImRlbGV0ZSI6NjAwMDAwMDAwMDAwfX0=","dependencies":["aws_kms_key.eks","aws_security_group.vpc_endpoints","aws_vpc_endpoint.ec2","aws_vpc_endpoint.ecr_api","aws_vpc_endpoint.ecr_dkr","aws_vpc_endpoint.sts","data.aws_availability_zones.available","module.eks.aws_cloudwatch_log_group.this","module.eks.aws_eks_cluster.this","module.eks.aws_iam_policy.cni_ipv6_policy","module.eks.aws_iam_role.this","module.eks.aws_iam_role_policy_attachment.this","module.eks.aws_security_group.cluster","module.eks.aws_security_group.node","module.eks.aws_security_group_rule.cluster","module.eks.aws_security_group_rule.node","module.eks.data.aws_caller_identity.current","module.eks.data.aws_iam_policy_document.assume_role_policy","module.eks.data.aws_iam_policy_document.cni_ipv6_policy","module.eks.data.aws_iam_session_context.current","module.eks.data.aws_partition.current","module.eks.module.fargate_profile.aws_iam_role.this","module.eks.module.fargate_profile.data.aws_iam_policy_document.assume_role_policy","module.eks.module.kms.aws_kms_external_key.this","module.eks.module.kms.aws_kms_key.this","module.eks.module.kms.aws_kms_replica_external_key.this","module.eks.module.kms.aws_kms_replica_key.this","module.eks.module.kms.data.aws_caller_identity.current","module.eks.module.kms.data.aws_iam_policy_document.this","module.eks.module.kms.data.aws_partition.current","module.eks.time_sleep.this","module.vpc.aws_subnet.private","module.vpc.aws_vpc.this","module.vpc.aws_vpc_ipv4_cidr_block_association.this"]}]},{"module":"module.eks.module.fargate_profile[\"system\"]","mode":"managed","type":"aws_iam_role","name":"this","provider":"provider[\"registry.opentofu.org/hashicorp/aws\"]","instances":[{"index_key":0,"schema_version":0,"attributes":{"arn":"arn:aws:iam::715841344657:role/system-20251217170752623600000006","assume_role_policy":"{\"Statement\":[{\"Action\":\"sts:AssumeRole\",\"Effect\":\"Allow\",\"Principal\":{\"Service\":\"eks-fargate-pods.amazonaws.com\"}}],\"Version\":\"2012-10-17\"}","create_date":"2025-12-17T17:07:53Z","description":"Fargate profile IAM role","force_detach_policies":true,"id":"system-20251217170752623600000006","inline_policy":[],"managed_policy_arns":["arn:aws:iam::aws:policy/AmazonEKSFargatePodExecutionRolePolicy","arn:aws:iam::aws:policy/AmazonEKS_CNI_Policy"],"max_session_duration":3600,"name":"system-20251217170752623600000006","name_prefix":"system-","path":"/","permissions_boundary":"","tags":{"Cluster":"infraforge-dev","Environment":"dev","Tenant":"platform"},"tags_all":{"Cluster":"infraforge-dev","Environment":"dev","ManagedBy":"OpenTofu","Owner":"gokhan@infraforge.io","Platform":"InfraForge","Tenant":"platform"},"unique_id":"AROA2NK3YCSIVLKCLOLPD"},"sensitive_attributes":[],"private":"bnVsbA==","dependencies":["aws_security_group.vpc_endpoints","aws_vpc_endpoint.ec2","aws_vpc_endpoint.ecr_api","aws_vpc_endpoint.ecr_dkr","aws_vpc_endpoint.sts","data.aws_availability_zones.available","module.eks.module.fargate_profile.data.aws_iam_policy_document.assume_role_policy","module.vpc.aws_subnet.private","module.vpc.aws_vpc.this","module.vpc.aws_vpc_ipv4_cidr_block_association.this"]}]},{"module":"module.eks.module.fargate_profile[\"system\"]","mode":"managed","type":"aws_iam_role_policy_attachment","name":"this","provider":"provider[\"registry.opentofu.org/hashicorp/aws\"]","instances":[{"index_key":"arn:aws:iam::aws:policy/AmazonEKSFargatePodExecutionRolePolicy","schema_version":0,"attributes":{"id":"system-20251217170752623600000006-2025121717075414050000000a","policy_arn":"arn:aws:iam::aws:policy/AmazonEKSFargatePodExecutionRolePolicy","role":"system-20251217170752623600000006"},"sensitive_attributes":[],"private":"bnVsbA==","dependencies":["aws_security_group.vpc_endpoints","aws_vpc_endpoint.ec2","aws_vpc_endpoint.ecr_api","aws_vpc_endpoint.ecr_dkr","aws_vpc_endpoint.sts","data.aws_availability_zones.available","module.eks.module.fargate_profile.aws_iam_role.this","module.eks.module.fargate_profile.data.aws_caller_identity.current","module.eks.module.fargate_profile.data.aws_iam_policy_document.assume_role_policy","module.eks.module.fargate_profile.data.aws_partition.current","module.vpc.aws_subnet.private","module.vpc.aws_vpc.this","module.vpc.aws_vpc_ipv4_cidr_block_association.this"]},{"index_key":"arn:aws:iam::aws:policy/AmazonEKS_CNI_Policy","schema_version":0,"attributes":{"id":"system-20251217170752623600000006-20251217170754119300000009","policy_arn":"arn:aws:iam::aws:policy/AmazonEKS_CNI_Policy","role":"system-20251217170752623600000006"},"sensitive_attributes":[],"private":"bnVsbA==","dependencies":["aws_security_group.vpc_endpoints","aws_vpc_endpoint.ec2","aws_vpc_endpoint.ecr_api","aws_vpc_endpoint.ecr_dkr","aws_vpc_endpoint.sts","data.aws_availability_zones.available","module.eks.module.fargate_profile.aws_iam_role.this","module.eks.module.fargate_profile.data.aws_caller_identity.current","module.eks.module.fargate_profile.data.aws_iam_policy_document.assume_role_policy","module.eks.module.fargate_profile.data.aws_partition.current","module.vpc.aws_subnet.private","module.vpc.aws_vpc.this","module.vpc.aws_vpc_ipv4_cidr_block_association.this"]}]},{"module":"module.eks.module.kms","mode":"data","type":"aws_caller_identity","name":"current","provider":"provider[\"registry.opentofu.org/hashicorp/aws\"]","instances":[{"index_key":0,"schema_version":0,"attributes":{"account_id":"715841344657","arn":"arn:aws:iam::715841344657:user/gokhan","id":"715841344657","user_id":"AIDA2NK3YCSIS6IBFCURI"},"sensitive_attributes":[]}]},{"module":"module.eks.module.kms","mode":"data","type":"aws_iam_policy_document","name":"this","provider":"provider[\"registry.opentofu.org/hashicorp/aws\"]","instances":[{"index_key":0,"schema_version":0,"attributes":{"id":"2339894789","json":"{\n  \"Version\": \"2012-10-17\",\n  \"Statement\": [\n    {\n      \"Sid\": \"KeyAdministration\",\n      \"Effect\": \"Allow\",\n      \"Action\": [\n        \"kms:Update*\",\n        \"kms:UntagResource\",\n        \"kms:TagResource\",\n        \"kms:ScheduleKeyDeletion\",\n        \"kms:Revoke*\",\n        \"kms:ReplicateKey\",\n        \"kms:Put*\",\n        \"kms:List*\",\n        \"kms:ImportKeyMaterial\",\n        \"kms:Get*\",\n        \"kms:Enable*\",\n        \"kms:Disable*\",\n        \"kms:Describe*\",\n        \"kms:Delete*\",\n        \"kms:Create*\",\n        \"kms:CancelKeyDeletion\"\n      ],\n      \"Resource\": \"*\",\n      \"Principal\": {\n        \"AWS\": \"arn:aws:iam::715841344657:user/gokhan\"\n      }\n    },\n    {\n      \"Sid\": \"KeyUsage\",\n      \"Effect\": \"Allow\",\n      \"Action\": [\n        \"kms:ReEncrypt*\",\n        \"kms:GenerateDataKey*\",\n        \"kms:Encrypt\",\n        \"kms:DescribeKey\",\n        \"kms:Decrypt\"\n      ],\n      \"Resource\": \"*\",\n      \"Principal\": {\n        \"AWS\": \"arn:aws:iam::715841344657:role/infraforge-dev-cluster-20251217170752618600000003\"\n      }\n    }\n  ]\n}","minified_json":"{\"Version\":\"2012-10-17\",\"Statement\":[{\"Sid\":\"KeyAdministration\",\"Effect\":\"Allow\",\"Action\":[\"kms:Update*\",\"kms:UntagResource\",\"kms:TagResource\",\"kms:ScheduleKeyDeletion\",\"kms:Revoke*\",\"kms:ReplicateKey\",\"kms:Put*\",\"kms:List*\",\"kms:ImportKeyMaterial\",\"kms:Get*\",\"kms:Enable*\",\"kms:Disable*\",\"kms:Describe*\",\"kms:Delete*\",\"kms:Create*\",\"kms:CancelKeyDeletion\"],\"Resource\":\"*\",\"Principal\":{\"AWS\":\"arn:aws:iam::715841344657:user/gokhan\"}},{\"Sid\":\"KeyUsage\",\"Effect\":\"Allow\",\"Action\":[\"kms:ReEncrypt*\",\"kms:GenerateDataKey*\",\"kms:Encrypt\",\"kms:DescribeKey\",\"kms:Decrypt\"],\"Resource\":\"*\",\"Principal\":{\"AWS\":\"arn:aws:iam::715841344657:role/infraforge-dev-cluster-20251217170752618600000003\"}}]}","override_json":null,"override_policy_documents":null,"policy_id":null,"source_json":null,"source_policy_documents":null,"statement":[{"actions":["kms:CancelKeyDeletion","kms:Create*","kms:Delete*","kms:Describe*","kms:Disable*","kms:Enable*","kms:Get*","kms:ImportKeyMaterial","kms:List*","kms:Put*","kms:ReplicateKey","kms:Revoke*","kms:ScheduleKeyDeletion","kms:TagResource","kms:UntagResource","kms:Update*"],"condition":[],"effect":"Allow","not_actions":[],"not_principals":[],"not_resources":[],"principals":[{"identifiers":["arn:aws:iam::715841344657:user/gokhan"],"type":"AWS"}],"resources":["*"],"sid":"KeyAdministration"},{"actions":["kms:Decrypt","kms:DescribeKey","kms:Encrypt","kms:GenerateDataKey*","kms:ReEncrypt*"],"condition":[],"effect":"Allow","not_actions":[],"not_principals":[],"not_resources":[],"principals":[{"identifiers":["arn:aws:iam::715841344657:role/infraforge-dev-cluster-20251217170752618600000003"],"type":"AWS"}],"resources":["*"],"sid":"KeyUsage"}],"version":"2012-10-17"},"sensitive_attributes":[]}]},{"module":"module.eks.module.kms","mode":"data","type":"aws_partition","name":"current","provider":"provider[\"registry.opentofu.org/hashicorp/aws\"]","instances":[{"index_key":0,"schema_version":0,"attributes":{"dns_suffix":"amazonaws.com","id":"aws","partition":"aws","reverse_dns_prefix":"com.amazonaws"},"sensitive_attributes":[]}]},{"module":"module.eks.module.kms","mode":"managed","type":"aws_kms_alias","name":"this","provider":"provider[\"registry.opentofu.org/hashicorp/aws\"]","instances":[{"index_key":"cluster","schema_version":0,"attributes":{"arn":"arn:aws:kms:eu-west-1:715841344657:alias/eks/infraforge-dev","id":"alias/eks/infraforge-dev","name":"alias/eks/infraforge-dev","name_prefix":"","target_key_arn":"arn:aws:kms:eu-west-1:715841344657:key/cefb2c2d-7827-48b1-9381-d6581ea7b1f2","target_key_id":"cefb2c2d-7827-48b1-9381-d6581ea7b1f2"},"sensitive_attributes":[],"private":"bnVsbA==","dependencies":["aws_kms_key.eks","aws_security_group.vpc_endpoints","aws_vpc_endpoint.ec2","aws_vpc_endpoint.ecr_api","aws_vpc_endpoint.ecr_dkr","aws_vpc_endpoint.sts","data.aws_availability_zones.available","module.eks.aws_iam_role.this","module.eks.data.aws_caller_identity.current","module.eks.data.aws_iam_policy_document.assume_role_policy","module.eks.data.aws_iam_session_context.current","module.eks.data.aws_partition.current","module.eks.module.kms.aws_kms_external_key.this","module.eks.module.kms.aws_kms_key.this","module.eks.module.kms.aws_kms_replica_external_key.this","module.eks.module.kms.aws_kms_replica_key.this","module.eks.module.kms.data.aws_caller_identity.current","module.eks.module.kms.data.aws_iam_policy_document.this","module.eks.module.kms.data.aws_partition.current","module.vpc.aws_subnet.private","module.vpc.aws_vpc.this","module.vpc.aws_vpc_ipv4_cidr_block_association.this"]}]},{"module":"module.eks.module.kms","mode":"managed","type":"aws_kms_external_key","name":"this","provider":"provider[\"registry.opentofu.org/hashicorp/aws\"]","instances":[]},{"module":"module.eks.module.kms","mode":"managed","type":"aws_kms_key","name":"this","provider":"provider[\"registry.opentofu.org/hashicorp/aws\"]","instances":[{"index_key":0,"schema_version":0,"attributes":{"arn":"arn:aws:kms:eu-west-1:715841344657:key/cefb2c2d-7827-48b1-9381-d6581ea7b1f2","bypass_policy_lockout_safety_check":false,"custom_key_store_id":"","customer_master_key_spec":"SYMMETRIC_DEFAULT","deletion_window_in_days":null,"description":"infraforge-dev cluster encryption key","enable_key_rotation":true,"id":"cefb2c2d-7827-48b1-9381-d6581ea7b1f2","is_enabled":true,"key_id":"cefb2c2d-7827-48b1-9381-d6581ea7b1f2","key_usage":"ENCRYPT_DECRYPT","multi_region":false,"policy":"{\"Statement\":[{\"Action\":[\"kms:Update*\",\"kms:UntagResource\",\"kms:TagResource\",\"kms:ScheduleKeyDeletion\",\"kms:Revoke*\",\"kms:ReplicateKey\",\"kms:Put*\",\"kms:List*\",\"kms:ImportKeyMaterial\",\"kms:Get*\",\"kms:Enable*\",\"kms:Disable*\",\"kms:Describe*\",\"kms:Delete*\",\"kms:Create*\",\"kms:CancelKeyDeletion\"],\"Effect\":\"Allow\",\"Principal\":{\"AWS\":\"arn:aws:iam::715841344657:user/gokhan\"},\"Resource\":\"*\",\"Sid\":\"KeyAdministration\"},{\"Action\":[\"kms:ReEncrypt*\",\"kms:GenerateDataKey*\",\"kms:Encrypt\",\"kms:DescribeKey\",\"kms:Decrypt\"],\"Effect\":\"Allow\",\"Principal\":{\"AWS\":\"arn:aws:iam::715841344657:role/infraforge-dev-cluster-20251217170752618600000003\"},\"Resource\":\"*\",\"Sid\":\"KeyUsage\"}],\"Version\":\"2012-10-17\"}","rotation_period_in_days":365,"tags":{"Cluster":"infraforge-dev","Environment":"dev","Tenant":"platform"},"tags_all":{"Cluster":"infraforge-dev","Environment":"dev","ManagedBy":"OpenTofu","Owner":"gokhan@infraforge.io","Platform":"InfraForge","Tenant":"platform"},"timeouts":null,"xks_key_id":""},"sensitive_attributes":[],"private":"eyJlMmJmYjczMC1lY2FhLTExZTYtOGY4OC0zNDM2M2JjN2M0YzAiOnsiY3JlYXRlIjoxMjAwMDAwMDAwMDB9fQ==","dependencies":["aws_kms_key.eks","aws_security_group.vpc_endpoints","aws_vpc_endpoint.ec2","aws_vpc_endpoint.ecr_api","aws_vpc_endpoint.ecr_dkr","aws_vpc_endpoint.sts","data.aws_availability_zones.available","module.eks.aws_iam_role.this","module.eks.data.aws_caller_identity.current","module.eks.data.aws_iam_policy_document.assume_role_policy","module.eks.data.aws_iam_session_context.current","module.eks.data.aws_partition.current","module.eks.module.kms.data.aws_caller_identity.current","module.eks.module.kms.data.aws_iam_policy_document.this","module.eks.module.kms.data.aws_partition.current","module.vpc.aws_subnet.private","module.vpc.aws_vpc.this","module.vpc.aws_vpc_ipv4_cidr_block_association.this"],"create_before_destroy":true}]},{"module":"module.eks.module.kms","mode":"managed","type":"aws_kms_replica_external_key","name":"this","provider":"provider[\"registry.opentofu.org/hashicorp/aws\"]","instances":[]},{"module":"module.eks.module.kms","mode":"managed","type":"aws_kms_replica_key","name":"this","provider":"provider[\"registry.opentofu.org/hashicorp/aws\"]","instances":[]},{"module":"module.vpc","mode":"data","type":"aws_caller_identity","name":"current","provider":"provider[\"registry.opentofu.org/hashicorp/aws\"]","instances":[{"index_key":0,"schema_version":0,"attributes":{"account_id":"715841344657","arn":"arn:aws:iam::715841344657:user/gokhan","id":"715841344657","user_id":"AIDA2NK3YCSIS6IBFCURI"},"sensitive_attributes":[]}]},{"module":"module.vpc","mode":"data","type":"aws_iam_policy_document","name":"flow_log_cloudwatch_assume_role","provider":"provider[\"registry.opentofu.org/hashicorp/aws\"]","instances":[{"index_key":0,"schema_version":0,"attributes":{"id":"1021377347","json":"{\n  \"Version\": \"2012-10-17\",\n  \"Statement\": [\n    {\n      \"Sid\": \"AWSVPCFlowLogsAssumeRole\",\n      \"Effect\": \"Allow\",\n      \"Action\": \"sts:AssumeRole\",\n      \"Principal\": {\n        \"Service\": \"vpc-flow-logs.amazonaws.com\"\n      }\n    }\n  ]\n}","minified_json":"{\"Version\":\"2012-10-17\",\"Statement\":[{\"Sid\":\"AWSVPCFlowLogsAssumeRole\",\"Effect\":\"Allow\",\"Action\":\"sts:AssumeRole\",\"Principal\":{\"Service\":\"vpc-flow-logs.amazonaws.com\"}}]}","override_json":null,"override_policy_documents":null,"policy_id":null,"source_json":null,"source_policy_documents":null,"statement":[{"actions":["sts:AssumeRole"],"condition":[],"effect":"Allow","not_actions":[],"not_principals":[],"not_resources":[],"principals":[{"identifiers":["vpc-flow-logs.amazonaws.com"],"type":"Service"}],"resources":[],"sid":"AWSVPCFlowLogsAssumeRole"}],"version":"2012-10-17"},"sensitive_attributes":[]}]},{"module":"module.vpc","mode":"data","type":"aws_iam_policy_document","name":"vpc_flow_log_cloudwatch","provider":"provider[\"registry.opentofu.org/hashicorp/aws\"]","instances":[{"index_key":0,"schema_version":0,"attributes":{"id":"2841270105","json":"{\n  \"Version\": \"2012-10-17\",\n  \"Statement\": [\n    {\n      \"Sid\": \"AWSVPCFlowLogsPushToCloudWatch\",\n      \"Effect\": \"Allow\",\n      \"Action\": [\n        \"logs:PutLogEvents\",\n        \"logs:DescribeLogStreams\",\n        \"logs:DescribeLogGroups\",\n        \"logs:CreateLogStream\"\n      ],\n      \"Resource\": \"arn:aws:logs:eu-west-1:715841344657:log-group:/aws/vpc-flow-log/vpc-02aecc65be4eab79c:*\"\n    }\n  ]\n}","minified_json":"{\"Version\":\"2012-10-17\",\"Statement\":[{\"Sid\":\"AWSVPCFlowLogsPushToCloudWatch\",\"Effect\":\"Allow\",\"Action\":[\"logs:PutLogEvents\",\"logs:DescribeLogStreams\",\"logs:DescribeLogGroups\",\"logs:CreateLogStream\"],\"Resource\":\"arn:aws:logs:eu-west-1:715841344657:log-group:/aws/vpc-flow-log/vpc-02aecc65be4eab79c:*\"}]}","override_json":null,"override_policy_documents":null,"policy_id":null,"source_json":null,"source_policy_documents":null,"statement":[{"actions":["logs:CreateLogStream","logs:DescribeLogGroups","logs:DescribeLogStreams","logs:PutLogEvents"],"condition":[],"effect":"Allow","not_actions":[],"not_principals":[],"not_resources":[],"principals":[],"resources":["arn:aws:logs:eu-west-1:715841344657:log-group:/aws/vpc-flow-log/vpc-02aecc65be4eab79c:*"],"sid":"AWSVPCFlowLogsPushToCloudWatch"}],"version":"2012-10-17"},"sensitive_attributes":[]}]},{"module":"module.vpc","mode":"data","type":"aws_partition","name":"current","provider":"provider[\"registry.opentofu.org/hashicorp/aws\"]","instances":[{"index_key":0,"schema_version":0,"attributes":{"dns_suffix":"amazonaws.com","id":"aws","partition":"aws","reverse_dns_prefix":"com.amazonaws"},"sensitive_attributes":[]}]},{"module":"module.vpc","mode":"data","type":"aws_region","name":"current","provider":"provider[\"registry.opentofu.org/hashicorp/aws\"]","instances":[{"index_key":0,"schema_version":0,"attributes":{"description":"Europe (Ireland)","endpoint":"ec2.eu-west-1.amazonaws.com","id":"eu-west-1","name":"eu-west-1"},"sensitive_attributes":[]}]},{"module":"module.vpc","mode":"managed","type":"aws_cloudwatch_log_group","name":"flow_log","provider":"provider[\"registry.opentofu.org/hashicorp/aws\"]","instances":[{"index_key":0,"schema_version":0,"attributes":{"arn":"arn:aws:logs:eu-west-1:715841344657:log-group:/aws/vpc-flow-log/vpc-02aecc65be4eab79c","id":"/aws/vpc-flow-log/vpc-02aecc65be4eab79c","kms_key_id":"","log_group_class":"STANDARD","name":"/aws/vpc-flow-log/vpc-02aecc65be4eab79c","name_prefix":"","retention_in_days":0,"skip_destroy":false,"tags":{"Cluster":"infraforge-dev","Environment":"dev","Tenant":"platform","kubernetes.io/cluster/infraforge-dev":"shared"},"tags_all":{"Cluster":"infraforge-dev","Environment":"dev","ManagedBy":"OpenTofu","Owner":"gokhan@infraforge.io","Platform":"InfraForge","Tenant":"platform","kubernetes.io/cluster/infraforge-dev":"shared"}},"sensitive_attributes":[],"private":"bnVsbA==","dependencies":["module.vpc.aws_vpc.this","module.vpc.aws_vpc_ipv4_cidr_block_association.this"]}]},{"module":"module.vpc","mode":"managed","type":"aws_db_subnet_group","name":"database","provider":"provider[\"registry.opentofu.org/hashicorp/aws\"]","instances":[{"index_key":0,"schema_version":0,"attributes":{"arn":"arn:aws:rds:eu-west-1:715841344657:subgrp:infraforge-dev-vpc","description":"Database subnet group for infraforge-dev-vpc","id":"infraforge-dev-vpc","name":"infraforge-dev-vpc","name_prefix":"","subnet_ids":["subnet-0076980beb724a33c","subnet-07f3edf73f72d3ba6","subnet-0963fe39308643c5b"],"supported_network_types":["IPV4"],"tags":{"Cluster":"infraforge-dev","Environment":"dev","Name":"infraforge-dev-vpc","Tenant":"platform","kubernetes.io/cluster/infraforge-dev":"shared"},"tags_all":{"Cluster":"infraforge-dev","Environment":"dev","ManagedBy":"OpenTofu","Name":"infraforge-dev-vpc","Owner":"gokhan@infraforge.io","Platform":"InfraForge","Tenant":"platform","kubernetes.io/cluster/infraforge-dev":"shared"},"vpc_id":"vpc-02aecc65be4eab79c"},"sensitive_attributes":[],"private":"bnVsbA==","dependencies":["data.aws_availability_zones.available","module.vpc.aws_subnet.database","module.vpc.aws_vpc.this","module.vpc.aws_vpc_ipv4_cidr_block_association.this"]}]},{"module":"module.vpc","mode":"managed","type":"aws_default_network_acl","name":"this","provider":"provider[\"registry.opentofu.org/hashicorp/aws\"]","instances":[{"index_key":0,"schema_version":0,"attributes":{"arn":"arn:aws:ec2:eu-west-1:715841344657:network-acl/acl-0417b5d89acaea64b","default_network_acl_id":"acl-0417b5d89acaea64b","egress":[{"action":"allow","cidr_block":"","from_port":0,"icmp_code":0,"icmp_type":0,"ipv6_cidr_block":"::/0","protocol":"-1","rule_no":101,"to_port":0},{"action":"allow","cidr_block":"0.0.0.0/0","from_port":0,"icmp_code":0,"icmp_type":0,"ipv6_cidr_block":"","protocol":"-1","rule_no":100,"to_port":0}],"id":"acl-0417b5d89acaea64b","ingress":[{"action":"allow","cidr_block":"","from_port":0,"icmp_code":0,"icmp_type":0,"ipv6_cidr_block":"::/0","protocol":"-1","rule_no":101,"to_port":0},{"action":"allow","cidr_block":"0.0.0.0/0","from_port":0,"icmp_code":0,"icmp_type":0,"ipv6_cidr_block":"","protocol":"-1","rule_no":100,"to_port":0}],"owner_id":"715841344657","subnet_ids":["subnet-0076980beb724a33c","subnet-0270e2a0b25214ee7","subnet-0457fc5bd24280050","subnet-07335efb572ce6797","subnet-07f3edf73f72d3ba6","subnet-085a97102a8d53877","subnet-0963fe39308643c5b","subnet-0d2ae9b9e36b78d6a","subnet-0f97716901fab29c8"],"tags":{"Cluster":"infraforge-dev","Environment":"dev","Name":"infraforge-dev-vpc-default","Tenant":"platform","kubernetes.io/cluster/infraforge-dev":"shared"},"tags_all":{"Cluster":"infraforge-dev","Environment":"dev","ManagedBy":"OpenTofu","Name":"infraforge-dev-vpc-default","Owner":"gokhan@infraforge.io","Platform":"InfraForge","Tenant":"platform","kubernetes.io/cluster/infraforge-dev":"shared"},"vpc_id":"vpc-02aecc65be4eab79c"},"sensitive_attributes":[],"private":"bnVsbA==","dependencies":["module.vpc.aws_vpc.this"]}]},{"module":"module.vpc","mode":"managed","type":"aws_default_route_table","name":"default","provider":"provider[\"registry.opentofu.org/hashicorp/aws\"]","instances":[{"index_key":0,"schema_version":0,"attributes":{"arn":"arn:aws:ec2:eu-west-1:715841344657:route-table/rtb-04c8a079d9f0c814e","default_route_table_id":"rtb-04c8a079d9f0c814e","id":"rtb-04c8a079d9f0c814e","owner_id":"715841344657","propagating_vgws":[],"route":[],"tags":{"Cluster":"infraforge-dev","Environment":"dev","Name":"infraforge-dev-vpc-default","Tenant":"platform","kubernetes.io/cluster/infraforge-dev":"shared"},"tags_all":{"Cluster":"infraforge-dev","Environment":"dev","ManagedBy":"OpenTofu","Name":"infraforge-dev-vpc-default","Owner":"gokhan@infraforge.io","Platform":"InfraForge","Tenant":"platform","kubernetes.io/cluster/infraforge-dev":"shared"},"timeouts":{"create":"5m","update":"5m"},"vpc_id":"vpc-02aecc65be4eab79c"},"sensitive_attributes":[],"private":"eyJlMmJmYjczMC1lY2FhLTExZTYtOGY4OC0zNDM2M2JjN2M0YzAiOnsiY3JlYXRlIjozMDAwMDAwMDAwMDAsInVwZGF0ZSI6MzAwMDAwMDAwMDAwfX0=","dependencies":["module.vpc.aws_vpc.this"]}]},{"module":"module.vpc","mode":"managed","type":"aws_default_security_group","name":"this","provider":"provider[\"registry.opentofu.org/hashicorp/aws\"]","instances":[{"index_key":0,"schema_version":1,"attributes":{"arn":"arn:aws:ec2:eu-west-1:715841344657:security-group/sg-0a71adffcb737b7be","description":"default VPC security group","egress":[],"id":"sg-0a71adffcb737b7be","ingress":[],"name":"default","name_prefix":"","owner_id":"715841344657","revoke_rules_on_delete":false,"tags":{"Cluster":"infraforge-dev","Environment":"dev","Name":"infraforge-dev-vpc-default","Tenant":"platform","kubernetes.io/cluster/infraforge-dev":"shared"},"tags_all":{"Cluster":"infraforge-dev","Environment":"dev","ManagedBy":"OpenTofu","Name":"infraforge-dev-vpc-default","Owner":"gokhan@infraforge.io","Platform":"InfraForge","Tenant":"platform","kubernetes.io/cluster/infraforge-dev":"shared"},"vpc_id":"vpc-02aecc65be4eab79c"},"sensitive_attributes":[],"private":"eyJzY2hlbWFfdmVyc2lvbiI6IjEifQ==","dependencies":["module.vpc.aws_vpc.this"]}]},{"module":"module.vpc","mode":"managed","type":"aws_eip","name":"nat","provider":"provider[\"registry.opentofu.org/hashicorp/aws\"]","instances":[{"index_key":0,"schema_version":0,"attributes":{"address":null,"allocation_id":"eipalloc-0882a1798fb2f63a5","arn":"arn:aws:ec2:eu-west-1:715841344657:elastic-ip/eipalloc-0882a1798fb2f63a5","associate_with_private_ip":null,"association_id":"eipassoc-093c65a7b027910cf","carrier_ip":"","customer_owned_ip":"","customer_owned_ipv4_pool":"","domain":"vpc","id":"eipalloc-0882a1798fb2f63a5","instance":"","ipam_pool_id":null,"network_border_group":"eu-west-1","network_interface":"eni-04851403bc7829001","private_dns":"ip-10-0-100-105.eu-west-1.compute.internal","private_ip":"10.0.100.105","ptr_record":"","public_dns":"ec2-34-251-214-246.eu-west-1.compute.amazonaws.com","public_ip":"34.251.214.246","public_ipv4_pool":"amazon","tags":{"Cluster":"infraforge-dev","Environment":"dev","Name":"infraforge-dev-vpc-eu-west-1a","Tenant":"platform","kubernetes.io/cluster/infraforge-dev":"shared"},"tags_all":{"Cluster":"infraforge-dev","Environment":"dev","ManagedBy":"OpenTofu","Name":"infraforge-dev-vpc-eu-west-1a","Owner":"gokhan@infraforge.io","Platform":"InfraForge","Tenant":"platform","kubernetes.io/cluster/infraforge-dev":"shared"},"timeouts":null,"vpc":true},"sensitive_attributes":[],"private":"eyJlMmJmYjczMC1lY2FhLTExZTYtOGY4OC0zNDM2M2JjN2M0YzAiOnsiZGVsZXRlIjoxODAwMDAwMDAwMDAsInJlYWQiOjkwMDAwMDAwMDAwMCwidXBkYXRlIjozMDAwMDAwMDAwMDB9fQ==","dependencies":["data.aws_availability_zones.available","module.vpc.aws_internet_gateway.this","module.vpc.aws_vpc.this","module.vpc.aws_vpc_ipv4_cidr_block_association.this"]}]},{"module":"module.vpc","mode":"managed","type":"aws_flow_log","name":"this","provider":"provider[\"registry.opentofu.org/hashicorp/aws\"]","instances":[{"index_key":0,"schema_version":0,"attributes":{"arn":"arn:aws:ec2:eu-west-1:715841344657:vpc-flow-log/fl-04b613010c8866abe","deliver_cross_account_role":"","destination_options":[],"eni_id":null,"iam_role_arn":"arn:aws:iam::715841344657:role/vpc-flow-log-role-20251217164416803300000001","id":"fl-04b613010c8866abe","log_destination":"arn:aws:logs:eu-west-1:715841344657:log-group:/aws/vpc-flow-log/vpc-02aecc65be4eab79c","log_destination_type":"cloud-watch-logs","log_format":"${version} ${account-id} ${interface-id} ${srcaddr} ${dstaddr} ${srcport} ${dstport} ${protocol} ${packets} ${bytes} ${start} ${end} ${action} ${log-status}","log_group_name":"/aws/vpc-flow-log/vpc-02aecc65be4eab79c","max_aggregation_interval":600,"subnet_id":null,"tags":{"Cluster":"infraforge-dev","Environment":"dev","Tenant":"platform","kubernetes.io/cluster/infraforge-dev":"shared"},"tags_all":{"Cluster":"infraforge-dev","Environment":"dev","ManagedBy":"OpenTofu","Owner":"gokhan@infraforge.io","Platform":"InfraForge","Tenant":"platform","kubernetes.io/cluster/infraforge-dev":"shared"},"traffic_type":"ALL","transit_gateway_attachment_id":null,"transit_gateway_id":null,"vpc_id":"vpc-02aecc65be4eab79c"},"sensitive_attributes":[],"private":"bnVsbA==","dependencies":["module.vpc.aws_cloudwatch_log_group.flow_log","module.vpc.aws_iam_role.vpc_flow_log_cloudwatch","module.vpc.aws_vpc.this","module.vpc.aws_vpc_ipv4_cidr_block_association.this","module.vpc.data.aws_iam_policy_document.flow_log_cloudwatch_assume_role"]}]},{"module":"module.vpc","mode":"managed","type":"aws_iam_policy","name":"vpc_flow_log_cloudwatch","provider":"provider[\"registry.opentofu.org/hashicorp/aws\"]","instances":[{"index_key":0,"schema_version":0,"attributes":{"arn":"arn:aws:iam::715841344657:policy/vpc-flow-log-to-cloudwatch-20251217164431366900000005","attachment_count":1,"description":"","id":"arn:aws:iam::715841344657:policy/vpc-flow-log-to-cloudwatch-20251217164431366900000005","name":"vpc-flow-log-to-cloudwatch-20251217164431366900000005","name_prefix":"vpc-flow-log-to-cloudwatch-","path":"/","policy":"{\"Statement\":[{\"Action\":[\"logs:PutLogEvents\",\"logs:DescribeLogStreams\",\"logs:DescribeLogGroups\",\"logs:CreateLogStream\"],\"Effect\":\"Allow\",\"Resource\":\"arn:aws:logs:eu-west-1:715841344657:log-group:/aws/vpc-flow-log/vpc-02aecc65be4eab79c:*\",\"Sid\":\"AWSVPCFlowLogsPushToCloudWatch\"}],\"Version\":\"2012-10-17\"}","policy_id":"ANPA2NK3YCSIQWU3UZEKA","tags":{"Cluster":"infraforge-dev","Environment":"dev","Tenant":"platform","kubernetes.io/cluster/infraforge-dev":"shared"},"tags_all":{"Cluster":"infraforge-dev","Environment":"dev","ManagedBy":"OpenTofu","Owner":"gokhan@infraforge.io","Platform":"InfraForge","Tenant":"platform","kubernetes.io/cluster/infraforge-dev":"shared"}},"sensitive_attributes":[],"private":"bnVsbA==","dependencies":["module.vpc.aws_cloudwatch_log_group.flow_log","module.vpc.aws_vpc.this","module.vpc.aws_vpc_ipv4_cidr_block_association.this","module.vpc.data.aws_caller_identity.current","module.vpc.data.aws_iam_policy_document.vpc_flow_log_cloudwatch","module.vpc.data.aws_partition.current","module.vpc.data.aws_region.current"]}]},{"module":"module.vpc","mode":"managed","type":"aws_iam_role","name":"vpc_flow_log_cloudwatch","provider":"provider[\"registry.opentofu.org/hashicorp/aws\"]","instances":[{"index_key":0,"schema_version":0,"attributes":{"arn":"arn:aws:iam::715841344657:role/vpc-flow-log-role-20251217164416803300000001","assume_role_policy":"{\"Statement\":[{\"Action\":\"sts:AssumeRole\",\"Effect\":\"Allow\",\"Principal\":{\"Service\":\"vpc-flow-logs.amazonaws.com\"},\"Sid\":\"AWSVPCFlowLogsAssumeRole\"}],\"Version\":\"2012-10-17\"}","create_date":"2025-12-17T16:44:17Z","description":"","force_detach_policies":false,"id":"vpc-flow-log-role-20251217164416803300000001","inline_policy":[],"managed_policy_arns":["arn:aws:iam::715841344657:policy/vpc-flow-log-to-cloudwatch-20251217164431366900000005"],"max_session_duration":3600,"name":"vpc-flow-log-role-20251217164416803300000001","name_prefix":"vpc-flow-log-role-","path":"/","permissions_boundary":"","tags":{"Cluster":"infraforge-dev","Environment":"dev","Tenant":"platform","kubernetes.io/cluster/infraforge-dev":"shared"},"tags_all":{"Cluster":"infraforge-dev","Environment":"dev","ManagedBy":"OpenTofu","Owner":"gokhan@infraforge.io","Platform":"InfraForge","Tenant":"platform","kubernetes.io/cluster/infraforge-dev":"shared"},"unique_id":"AROA2NK3YCSI47XNW7LD4"},"sensitive_attributes":[],"private":"bnVsbA==","dependencies":["module.vpc.data.aws_iam_policy_document.flow_log_cloudwatch_assume_role"]}]},{"module":"module.vpc","mode":"managed","type":"aws_iam_role_policy_attachment","name":"vpc_flow_log_cloudwatch","provider":"provider[\"registry.opentofu.org/hashicorp/aws\"]","instances":[{"index_key":0,"schema_version":0,"attributes":{"id":"vpc-flow-log-role-20251217164416803300000001-20251217164432289400000006","policy_arn":"arn:aws:iam::715841344657:policy/vpc-flow-log-to-cloudwatch-20251217164431366900000005","role":"vpc-flow-log-role-20251217164416803300000001"},"sensitive_attributes":[],"private":"bnVsbA==","dependencies":["module.vpc.aws_cloudwatch_log_group.flow_log","module.vpc.aws_iam_policy.vpc_flow_log_cloudwatch","module.vpc.aws_iam_role.vpc_flow_log_cloudwatch","module.vpc.aws_vpc.this","module.vpc.aws_vpc_ipv4_cidr_block_association.this","module.vpc.data.aws_caller_identity.current","module.vpc.data.aws_iam_policy_document.flow_log_cloudwatch_assume_role","module.vpc.data.aws_iam_policy_document.vpc_flow_log_cloudwatch","module.vpc.data.aws_partition.current","module.vpc.data.aws_region.current"]}]},{"module":"module.vpc","mode":"managed","type":"aws_internet_gateway","name":"this","provider":"provider[\"registry.opentofu.org/hashicorp/aws\"]","instances":[{"index_key":0,"schema_version":0,"attributes":{"arn":"arn:aws:ec2:eu-west-1:715841344657:internet-gateway/igw-0af875bccf123c7f4","id":"igw-0af875bccf123c7f4","owner_id":"715841344657","tags":{"Cluster":"infraforge-dev","Environment":"dev","Name":"infraforge-dev-vpc","Tenant":"platform","kubernetes.io/cluster/infraforge-dev":"shared"},"tags_all":{"Cluster":"infraforge-dev","Environment":"dev","ManagedBy":"OpenTofu","Name":"infraforge-dev-vpc","Owner":"gokhan@infraforge.io","Platform":"InfraForge","Tenant":"platform","kubernetes.io/cluster/infraforge-dev":"shared"},"timeouts":null,"vpc_id":"vpc-02aecc65be4eab79c"},"sensitive_attributes":[],"private":"eyJlMmJmYjczMC1lY2FhLTExZTYtOGY4OC0zNDM2M2JjN2M0YzAiOnsiY3JlYXRlIjoxMjAwMDAwMDAwMDAwLCJkZWxldGUiOjEyMDAwMDAwMDAwMDAsInVwZGF0ZSI6MTIwMDAwMDAwMDAwMH19","dependencies":["data.aws_availability_zones.available","module.vpc.aws_vpc.this","module.vpc.aws_vpc_ipv4_cidr_block_association.this"]}]},{"module":"module.vpc","mode":"managed","type":"aws_nat_gateway","name":"this","provider":"provider[\"registry.opentofu.org/hashicorp/aws\"]","instances":[{"index_key":0,"schema_version":0,"attributes":{"allocation_id":"eipalloc-0882a1798fb2f63a5","association_id":"eipassoc-093c65a7b027910cf","connectivity_type":"public","id":"nat-0170a690ae1827861","network_interface_id":"eni-04851403bc7829001","private_ip":"10.0.100.105","public_ip":"34.251.214.246","secondary_allocation_ids":[],"secondary_private_ip_address_count":0,"secondary_private_ip_addresses":[],"subnet_id":"subnet-085a97102a8d53877","tags":{"Cluster":"infraforge-dev","Environment":"dev","Name":"infraforge-dev-vpc-eu-west-1a","Tenant":"platform","kubernetes.io/cluster/infraforge-dev":"shared"},"tags_all":{"Cluster":"infraforge-dev","Environment":"dev","ManagedBy":"OpenTofu","Name":"infraforge-dev-vpc-eu-west-1a","Owner":"gokhan@infraforge.io","Platform":"InfraForge","Tenant":"platform","kubernetes.io/cluster/infraforge-dev":"shared"},"timeouts":null},"sensitive_attributes":[],"private":"eyJlMmJmYjczMC1lY2FhLTExZTYtOGY4OC0zNDM2M2JjN2M0YzAiOnsiY3JlYXRlIjo2MDAwMDAwMDAwMDAsImRlbGV0ZSI6MTgwMDAwMDAwMDAwMCwidXBkYXRlIjo2MDAwMDAwMDAwMDB9fQ==","dependencies":["data.aws_availability_zones.available","module.vpc.aws_eip.nat","module.vpc.aws_internet_gateway.this","module.vpc.aws_subnet.public","module.vpc.aws_vpc.this","module.vpc.aws_vpc_ipv4_cidr_block_association.this"]}]},{"module":"module.vpc","mode":"managed","type":"aws_route","name":"private_nat_gateway","provider":"provider[\"registry.opentofu.org/hashicorp/aws\"]","instances":[{"index_key":0,"schema_version":0,"attributes":{"carrier_gateway_id":"","core_network_arn":"","destination_cidr_block":"0.0.0.0/0","destination_ipv6_cidr_block":"","destination_prefix_list_id":"","egress_only_gateway_id":"","gateway_id":"","id":"r-rtb-0b6e76b6d97ba3be61080289494","instance_id":"","instance_owner_id":"","local_gateway_id":"","nat_gateway_id":"nat-0170a690ae1827861","network_interface_id":"","origin":"CreateRoute","route_table_id":"rtb-0b6e76b6d97ba3be6","state":"active","timeouts":{"create":"5m","delete":null,"update":null},"transit_gateway_id":"","vpc_endpoint_id":"","vpc_peering_connection_id":""},"sensitive_attributes":[],"private":"eyJlMmJmYjczMC1lY2FhLTExZTYtOGY4OC0zNDM2M2JjN2M0YzAiOnsiY3JlYXRlIjozMDAwMDAwMDAwMDAsImRlbGV0ZSI6MzAwMDAwMDAwMDAwLCJ1cGRhdGUiOjEyMDAwMDAwMDAwMH19","dependencies":["data.aws_availability_zones.available","module.vpc.aws_eip.nat","module.vpc.aws_internet_gateway.this","module.vpc.aws_nat_gateway.this","module.vpc.aws_route_table.private","module.vpc.aws_subnet.public","module.vpc.aws_vpc.this","module.vpc.aws_vpc_ipv4_cidr_block_association.this"]}]},{"module":"module.vpc","mode":"managed","type":"aws_route","name":"public_internet_gateway","provider":"provider[\"registry.opentofu.org/hashicorp/aws\"]","instances":[{"index_key":0,"schema_version":0,"attributes":{"carrier_gateway_id":"","core_network_arn":"","destination_cidr_block":"0.0.0.0/0","destination_ipv6_cidr_block":"","destination_prefix_list_id":"","egress_only_gateway_id":"","gateway_id":"igw-0af875bccf123c7f4","id":"r-rtb-026f55e0e62d903931080289494","instance_id":"","instance_owner_id":"","local_gateway_id":"","nat_gateway_id":"","network_interface_id":"","origin":"CreateRoute","route_table_id":"rtb-026f55e0e62d90393","state":"active","timeouts":{"create":"5m","delete":null,"update":null},"transit_gateway_id":"","vpc_endpoint_id":"","vpc_peering_connection_id":""},"sensitive_attributes":[],"private":"eyJlMmJmYjczMC1lY2FhLTExZTYtOGY4OC0zNDM2M2JjN2M0YzAiOnsiY3JlYXRlIjozMDAwMDAwMDAwMDAsImRlbGV0ZSI6MzAwMDAwMDAwMDAwLCJ1cGRhdGUiOjEyMDAwMDAwMDAwMH19","dependencies":["data.aws_availability_zones.available","module.vpc.aws_internet_gateway.this","module.vpc.aws_route_table.public","module.vpc.aws_vpc.this","module.vpc.aws_vpc_ipv4_cidr_block_association.this"]}]},{"module":"module.vpc","mode":"managed","type":"aws_route_table","name":"private","provider":"provider[\"registry.opentofu.org/hashicorp/aws\"]","instances":[{"index_key":0,"schema_version":0,"attributes":{"arn":"arn:aws:ec2:eu-west-1:715841344657:route-table/rtb-0b6e76b6d97ba3be6","id":"rtb-0b6e76b6d97ba3be6","owner_id":"715841344657","propagating_vgws":[],"route":[{"carrier_gateway_id":"","cidr_block":"0.0.0.0/0","core_network_arn":"","destination_prefix_list_id":"","egress_only_gateway_id":"","gateway_id":"","ipv6_cidr_block":"","local_gateway_id":"","nat_gateway_id":"nat-0170a690ae1827861","network_interface_id":"","transit_gateway_id":"","vpc_endpoint_id":"","vpc_peering_connection_id":""}],"tags":{"Cluster":"infraforge-dev","Environment":"dev","Name":"infraforge-dev-vpc-private","Tenant":"platform","kubernetes.io/cluster/infraforge-dev":"shared"},"tags_all":{"Cluster":"infraforge-dev","Environment":"dev","ManagedBy":"OpenTofu","Name":"infraforge-dev-vpc-private","Owner":"gokhan@infraforge.io","Platform":"InfraForge","Tenant":"platform","kubernetes.io/cluster/infraforge-dev":"shared"},"timeouts":null,"vpc_id":"vpc-02aecc65be4eab79c"},"sensitive_attributes":[],"private":"eyJlMmJmYjczMC1lY2FhLTExZTYtOGY4OC0zNDM2M2JjN2M0YzAiOnsiY3JlYXRlIjozMDAwMDAwMDAwMDAsImRlbGV0ZSI6MzAwMDAwMDAwMDAwLCJ1cGRhdGUiOjEyMDAwMDAwMDAwMH19","dependencies":["data.aws_availability_zones.available","module.vpc.aws_vpc.this","module.vpc.aws_vpc_ipv4_cidr_block_association.this"]}]},{"module":"module.vpc","mode":"managed","type":"aws_route_table","name":"public","provider":"provider[\"registry.opentofu.org/hashicorp/aws\"]","instances":[{"index_key":0,"schema_version":0,"attributes":{"arn":"arn:aws:ec2:eu-west-1:715841344657:route-table/rtb-026f55e0e62d90393","id":"rtb-026f55e0e62d90393","owner_id":"715841344657","propagating_vgws":[],"route":[{"carrier_gateway_id":"","cidr_block":"0.0.0.0/0","core_network_arn":"","destination_prefix_list_id":"","egress_only_gateway_id":"","gateway_id":"igw-0af875bccf123c7f4","ipv6_cidr_block":"","local_gateway_id":"","nat_gateway_id":"","network_interface_id":"","transit_gateway_id":"","vpc_endpoint_id":"","vpc_peering_connection_id":""}],"tags":{"Cluster":"infraforge-dev","Environment":"dev","Name":"infraforge-dev-vpc-public","Tenant":"platform","kubernetes.io/cluster/infraforge-dev":"shared"},"tags_all":{"Cluster":"infraforge-dev","Environment":"dev","ManagedBy":"OpenTofu","Name":"infraforge-dev-vpc-public","Owner":"gokhan@infraforge.io","Platform":"InfraForge","Tenant":"platform","kubernetes.io/cluster/infraforge-dev":"shared"},"timeouts":null,"vpc_id":"vpc-02aecc65be4eab79c"},"sensitive_attributes":[],"private":"eyJlMmJmYjczMC1lY2FhLTExZTYtOGY4OC0zNDM2M2JjN2M0YzAiOnsiY3JlYXRlIjozMDAwMDAwMDAwMDAsImRlbGV0ZSI6MzAwMDAwMDAwMDAwLCJ1cGRhdGUiOjEyMDAwMDAwMDAwMH19","dependencies":["data.aws_availability_zones.available","module.vpc.aws_vpc.this","module.vpc.aws_vpc_ipv4_cidr_block_association.this"]}]},{"module":"module.vpc","mode":"managed","type":"aws_route_table_association","name":"database","provider":"provider[\"registry.opentofu.org/hashicorp/aws\"]","instances":[{"index_key":0,"schema_version":0,"attributes":{"gateway_id":"","id":"rtbassoc-0ff62d183965c3e04","route_table_id":"rtb-0b6e76b6d97ba3be6","subnet_id":"subnet-07f3edf73f72d3ba6","timeouts":null},"sensitive_attributes":[],"private":"eyJlMmJmYjczMC1lY2FhLTExZTYtOGY4OC0zNDM2M2JjN2M0YzAiOnsiY3JlYXRlIjozMDAwMDAwMDAwMDAsImRlbGV0ZSI6MzAwMDAwMDAwMDAwLCJ1cGRhdGUiOjEyMDAwMDAwMDAwMH19","dependencies":["data.aws_availability_zones.available","module.vpc.aws_route_table.database","module.vpc.aws_route_table.private","module.vpc.aws_subnet.database","module.vpc.aws_vpc.this","module.vpc.aws_vpc_ipv4_cidr_block_association.this"]},{"index_key":1,"schema_version":0,"attributes":{"gateway_id":"","id":"rtbassoc-0a1c29b9ffccd5334","route_table_id":"rtb-0b6e76b6d97ba3be6","subnet_id":"subnet-0963fe39308643c5b","timeouts":null},"sensitive_attributes":[],"private":"eyJlMmJmYjczMC1lY2FhLTExZTYtOGY4OC0zNDM2M2JjN2M0YzAiOnsiY3JlYXRlIjozMDAwMDAwMDAwMDAsImRlbGV0ZSI6MzAwMDAwMDAwMDAwLCJ1cGRhdGUiOjEyMDAwMDAwMDAwMH19","dependencies":["data.aws_availability_zones.available","module.vpc.aws_route_table.database","module.vpc.aws_route_table.private","module.vpc.aws_subnet.database","module.vpc.aws_vpc.this","module.vpc.aws_vpc_ipv4_cidr_block_association.this"]},{"index_key":2,"schema_version":0,"attributes":{"gateway_id":"","id":"rtbassoc-0e52afb5c1a0790b3","route_table_id":"rtb-0b6e76b6d97ba3be6","subnet_id":"subnet-0076980beb724a33c","timeouts":null},"sensitive_attributes":[],"private":"eyJlMmJmYjczMC1lY2FhLTExZTYtOGY4OC0zNDM2M2JjN2M0YzAiOnsiY3JlYXRlIjozMDAwMDAwMDAwMDAsImRlbGV0ZSI6MzAwMDAwMDAwMDAwLCJ1cGRhdGUiOjEyMDAwMDAwMDAwMH19","dependencies":["data.aws_availability_zones.available","module.vpc.aws_route_table.database","module.vpc.aws_route_table.private","module.vpc.aws_subnet.database","module.vpc.aws_vpc.this","module.vpc.aws_vpc_ipv4_cidr_block_association.this"]}]},{"module":"module.vpc","mode":"managed","type":"aws_route_table_association","name":"private","provider":"provider[\"registry.opentofu.org/hashicorp/aws\"]","instances":[{"index_key":0,"schema_version":0,"attributes":{"gateway_id":"","id":"rtbassoc-051e8465a059c4ad7","route_table_id":"rtb-0b6e76b6d97ba3be6","subnet_id":"subnet-0f97716901fab29c8","timeouts":null},"sensitive_attributes":[],"private":"eyJlMmJmYjczMC1lY2FhLTExZTYtOGY4OC0zNDM2M2JjN2M0YzAiOnsiY3JlYXRlIjozMDAwMDAwMDAwMDAsImRlbGV0ZSI6MzAwMDAwMDAwMDAwLCJ1cGRhdGUiOjEyMDAwMDAwMDAwMH19","dependencies":["data.aws_availability_zones.available","module.vpc.aws_route_table.private","module.vpc.aws_subnet.private","module.vpc.aws_vpc.this","module.vpc.aws_vpc_ipv4_cidr_block_association.this"]},{"index_key":1,"schema_version":0,"attributes":{"gateway_id":"","id":"rtbassoc-00b250cc91ce00637","route_table_id":"rtb-0b6e76b6d97ba3be6","subnet_id":"subnet-0d2ae9b9e36b78d6a","timeouts":null},"sensitive_attributes":[],"private":"eyJlMmJmYjczMC1lY2FhLTExZTYtOGY4OC0zNDM2M2JjN2M0YzAiOnsiY3JlYXRlIjozMDAwMDAwMDAwMDAsImRlbGV0ZSI6MzAwMDAwMDAwMDAwLCJ1cGRhdGUiOjEyMDAwMDAwMDAwMH19","dependencies":["data.aws_availability_zones.available","module.vpc.aws_route_table.private","module.vpc.aws_subnet.private","module.vpc.aws_vpc.this","module.vpc.aws_vpc_ipv4_cidr_block_association.this"]},{"index_key":2,"schema_version":0,"attributes":{"gateway_id":"","id":"rtbassoc-0468c37be337aec93","route_table_id":"rtb-0b6e76b6d97ba3be6","subnet_id":"subnet-0457fc5bd24280050","timeouts":null},"sensitive_attributes":[],"private":"eyJlMmJmYjczMC1lY2FhLTExZTYtOGY4OC0zNDM2M2JjN2M0YzAiOnsiY3JlYXRlIjozMDAwMDAwMDAwMDAsImRlbGV0ZSI6MzAwMDAwMDAwMDAwLCJ1cGRhdGUiOjEyMDAwMDAwMDAwMH19","dependencies":["data.aws_availability_zones.available","module.vpc.aws_route_table.private","module.vpc.aws_subnet.private","module.vpc.aws_vpc.this","module.vpc.aws_vpc_ipv4_cidr_block_association.this"]}]},{"module":"module.vpc","mode":"managed","type":"aws_route_table_association","name":"public","provider":"provider[\"registry.opentofu.org/hashicorp/aws\"]","instances":[{"index_key":0,"schema_version":0,"attributes":{"gateway_id":"","id":"rtbassoc-0e360f73a525cb9a4","route_table_id":"rtb-026f55e0e62d90393","subnet_id":"subnet-085a97102a8d53877","timeouts":null},"sensitive_attributes":[],"private":"eyJlMmJmYjczMC1lY2FhLTExZTYtOGY4OC0zNDM2M2JjN2M0YzAiOnsiY3JlYXRlIjozMDAwMDAwMDAwMDAsImRlbGV0ZSI6MzAwMDAwMDAwMDAwLCJ1cGRhdGUiOjEyMDAwMDAwMDAwMH19","dependencies":["data.aws_availability_zones.available","module.vpc.aws_route_table.public","module.vpc.aws_subnet.public","module.vpc.aws_vpc.this","module.vpc.aws_vpc_ipv4_cidr_block_association.this"]},{"index_key":1,"schema_version":0,"attributes":{"gateway_id":"","id":"rtbassoc-09907922629a98161","route_table_id":"rtb-026f55e0e62d90393","subnet_id":"subnet-0270e2a0b25214ee7","timeouts":null},"sensitive_attributes":[],"private":"eyJlMmJmYjczMC1lY2FhLTExZTYtOGY4OC0zNDM2M2JjN2M0YzAiOnsiY3JlYXRlIjozMDAwMDAwMDAwMDAsImRlbGV0ZSI6MzAwMDAwMDAwMDAwLCJ1cGRhdGUiOjEyMDAwMDAwMDAwMH19","dependencies":["data.aws_availability_zones.available","module.vpc.aws_route_table.public","module.vpc.aws_subnet.public","module.vpc.aws_vpc.this","module.vpc.aws_vpc_ipv4_cidr_block_association.this"]},{"index_key":2,"schema_version":0,"attributes":{"gateway_id":"","id":"rtbassoc-0e4c04b4e1394c367","route_table_id":"rtb-026f55e0e62d90393","subnet_id":"subnet-07335efb572ce6797","timeouts":null},"sensitive_attributes":[],"private":"eyJlMmJmYjczMC1lY2FhLTExZTYtOGY4OC0zNDM2M2JjN2M0YzAiOnsiY3JlYXRlIjozMDAwMDAwMDAwMDAsImRlbGV0ZSI6MzAwMDAwMDAwMDAwLCJ1cGRhdGUiOjEyMDAwMDAwMDAwMH19","dependencies":["data.aws_availability_zones.available","module.vpc.aws_route_table.public","module.vpc.aws_subnet.public","module.vpc.aws_vpc.this","module.vpc.aws_vpc_ipv4_cidr_block_association.this"]}]},{"module":"module.vpc","mode":"managed","type":"aws_subnet","name":"database","provider":"provider[\"registry.opentofu.org/hashicorp/aws\"]","instances":[{"index_key":0,"schema_version":1,"attributes":{"arn":"arn:aws:ec2:eu-west-1:715841344657:subnet/subnet-07f3edf73f72d3ba6","assign_ipv6_address_on_creation":false,"availability_zone":"eu-west-1a","availability_zone_id":"euw1-az3","cidr_block":"10.0.200.0/24","customer_owned_ipv4_pool":"","enable_dns64":false,"enable_lni_at_device_index":0,"enable_resource_name_dns_a_record_on_launch":false,"enable_resource_name_dns_aaaa_record_on_launch":false,"id":"subnet-07f3edf73f72d3ba6","ipv6_cidr_block":"","ipv6_cidr_block_association_id":"","ipv6_native":false,"map_customer_owned_ip_on_launch":false,"map_public_ip_on_launch":false,"outpost_arn":"","owner_id":"715841344657","private_dns_hostname_type_on_launch":"ip-name","tags":{"Cluster":"infraforge-dev","Environment":"dev","Name":"infraforge-dev-vpc-db-eu-west-1a","Tenant":"platform","kubernetes.io/cluster/infraforge-dev":"shared"},"tags_all":{"Cluster":"infraforge-dev","Environment":"dev","ManagedBy":"OpenTofu","Name":"infraforge-dev-vpc-db-eu-west-1a","Owner":"gokhan@infraforge.io","Platform":"InfraForge","Tenant":"platform","kubernetes.io/cluster/infraforge-dev":"shared"},"timeouts":null,"vpc_id":"vpc-02aecc65be4eab79c"},"sensitive_attributes":[],"private":"eyJlMmJmYjczMC1lY2FhLTExZTYtOGY4OC0zNDM2M2JjN2M0YzAiOnsiY3JlYXRlIjo2MDAwMDAwMDAwMDAsImRlbGV0ZSI6MTIwMDAwMDAwMDAwMH0sInNjaGVtYV92ZXJzaW9uIjoiMSJ9","dependencies":["data.aws_availability_zones.available","module.vpc.aws_vpc.this","module.vpc.aws_vpc_ipv4_cidr_block_association.this"]},{"index_key":1,"schema_version":1,"attributes":{"arn":"arn:aws:ec2:eu-west-1:715841344657:subnet/subnet-0963fe39308643c5b","assign_ipv6_address_on_creation":false,"availability_zone":"eu-west-1b","availability_zone_id":"euw1-az1","cidr_block":"10.0.201.0/24","customer_owned_ipv4_pool":"","enable_dns64":false,"enable_lni_at_device_index":0,"enable_resource_name_dns_a_record_on_launch":false,"enable_resource_name_dns_aaaa_record_on_launch":false,"id":"subnet-0963fe39308643c5b","ipv6_cidr_block":"","ipv6_cidr_block_association_id":"","ipv6_native":false,"map_customer_owned_ip_on_launch":false,"map_public_ip_on_launch":false,"outpost_arn":"","owner_id":"715841344657","private_dns_hostname_type_on_launch":"ip-name","tags":{"Cluster":"infraforge-dev","Environment":"dev","Name":"infraforge-dev-vpc-db-eu-west-1b","Tenant":"platform","kubernetes.io/cluster/infraforge-dev":"shared"},"tags_all":{"Cluster":"infraforge-dev","Environment":"dev","ManagedBy":"OpenTofu","Name":"infraforge-dev-vpc-db-eu-west-1b","Owner":"gokhan@infraforge.io","Platform":"InfraForge","Tenant":"platform","kubernetes.io/cluster/infraforge-dev":"shared"},"timeouts":null,"vpc_id":"vpc-02aecc65be4eab79c"},"sensitive_attributes":[],"private":"eyJlMmJmYjczMC1lY2FhLTExZTYtOGY4OC0zNDM2M2JjN2M0YzAiOnsiY3JlYXRlIjo2MDAwMDAwMDAwMDAsImRlbGV0ZSI6MTIwMDAwMDAwMDAwMH0sInNjaGVtYV92ZXJzaW9uIjoiMSJ9","dependencies":["data.aws_availability_zones.available","module.vpc.aws_vpc.this","module.vpc.aws_vpc_ipv4_cidr_block_association.this"]},{"index_key":2,"schema_version":1,"attributes":{"arn":"arn:aws:ec2:eu-west-1:715841344657:subnet/subnet-0076980beb724a33c","assign_ipv6_address_on_creation":false,"availability_zone":"eu-west-1c","availability_zone_id":"euw1-az2","cidr_block":"10.0.202.0/24","customer_owned_ipv4_pool":"","enable_dns64":false,"enable_lni_at_device_index":0,"enable_resource_name_dns_a_record_on_launch":false,"enable_resource_name_dns_aaaa_record_on_launch":false,"id":"subnet-0076980beb724a33c","ipv6_cidr_block":"","ipv6_cidr_block_association_id":"","ipv6_native":false,"map_customer_owned_ip_on_launch":false,"map_public_ip_on_launch":false,"outpost_arn":"","owner_id":"715841344657","private_dns_hostname_type_on_launch":"ip-name","tags":{"Cluster":"infraforge-dev","Environment":"dev","Name":"infraforge-dev-vpc-db-eu-west-1c","Tenant":"platform","kubernetes.io/cluster/infraforge-dev":"shared"},"tags_all":{"Cluster":"infraforge-dev","Environment":"dev","ManagedBy":"OpenTofu","Name":"infraforge-dev-vpc-db-eu-west-1c","Owner":"gokhan@infraforge.io","Platform":"InfraForge","Tenant":"platform","kubernetes.io/cluster/infraforge-dev":"shared"},"timeouts":null,"vpc_id":"vpc-02aecc65be4eab79c"},"sensitive_attributes":[],"private":"eyJlMmJmYjczMC1lY2FhLTExZTYtOGY4OC0zNDM2M2JjN2M0YzAiOnsiY3JlYXRlIjo2MDAwMDAwMDAwMDAsImRlbGV0ZSI6MTIwMDAwMDAwMDAwMH0sInNjaGVtYV92ZXJzaW9uIjoiMSJ9","dependencies":["data.aws_availability_zones.available","module.vpc.aws_vpc.this","module.vpc.aws_vpc_ipv4_cidr_block_association.this"]}]},{"module":"module.vpc","mode":"managed","type":"aws_subnet","name":"private","provider":"provider[\"registry.opentofu.org/hashicorp/aws\"]","instances":[{"index_key":0,"schema_version":1,"attributes":{"arn":"arn:aws:ec2:eu-west-1:715841344657:subnet/subnet-0f97716901fab29c8","assign_ipv6_address_on_creation":false,"availability_zone":"eu-west-1a","availability_zone_id":"euw1-az3","cidr_block":"10.0.0.0/20","customer_owned_ipv4_pool":"","enable_dns64":false,"enable_lni_at_device_index":0,"enable_resource_name_dns_a_record_on_launch":false,"enable_resource_name_dns_aaaa_record_on_launch":false,"id":"subnet-0f97716901fab29c8","ipv6_cidr_block":"","ipv6_cidr_block_association_id":"","ipv6_native":false,"map_customer_owned_ip_on_launch":false,"map_public_ip_on_launch":false,"outpost_arn":"","owner_id":"715841344657","private_dns_hostname_type_on_launch":"ip-name","tags":{"Cluster":"infraforge-dev","Environment":"dev","Name":"infraforge-dev-vpc-private-eu-west-1a","Tenant":"platform","kubernetes.io/cluster/infraforge-dev":"shared","kubernetes.io/role/internal-elb":"1"},"tags_all":{"Cluster":"infraforge-dev","Environment":"dev","ManagedBy":"OpenTofu","Name":"infraforge-dev-vpc-private-eu-west-1a","Owner":"gokhan@infraforge.io","Platform":"InfraForge","Tenant":"platform","kubernetes.io/cluster/infraforge-dev":"shared","kubernetes.io/role/internal-elb":"1"},"timeouts":null,"vpc_id":"vpc-02aecc65be4eab79c"},"sensitive_attributes":[],"private":"eyJlMmJmYjczMC1lY2FhLTExZTYtOGY4OC0zNDM2M2JjN2M0YzAiOnsiY3JlYXRlIjo2MDAwMDAwMDAwMDAsImRlbGV0ZSI6MTIwMDAwMDAwMDAwMH0sInNjaGVtYV92ZXJzaW9uIjoiMSJ9","dependencies":["data.aws_availability_zones.available","module.vpc.aws_vpc.this","module.vpc.aws_vpc_ipv4_cidr_block_association.this"],"create_before_destroy":true},{"index_key":1,"schema_version":1,"attributes":{"arn":"arn:aws:ec2:eu-west-1:715841344657:subnet/subnet-0d2ae9b9e36b78d6a","assign_ipv6_address_on_creation":false,"availability_zone":"eu-west-1b","availability_zone_id":"euw1-az1","cidr_block":"10.0.16.0/20","customer_owned_ipv4_pool":"","enable_dns64":false,"enable_lni_at_device_index":0,"enable_resource_name_dns_a_record_on_launch":false,"enable_resource_name_dns_aaaa_record_on_launch":false,"id":"subnet-0d2ae9b9e36b78d6a","ipv6_cidr_block":"","ipv6_cidr_block_association_id":"","ipv6_native":false,"map_customer_owned_ip_on_launch":false,"map_public_ip_on_launch":false,"outpost_arn":"","owner_id":"715841344657","private_dns_hostname_type_on_launch":"ip-name","tags":{"Cluster":"infraforge-dev","Environment":"dev","Name":"infraforge-dev-vpc-private-eu-west-1b","Tenant":"platform","kubernetes.io/cluster/infraforge-dev":"shared","kubernetes.io/role/internal-elb":"1"},"tags_all":{"Cluster":"infraforge-dev","Environment":"dev","ManagedBy":"OpenTofu","Name":"infraforge-dev-vpc-private-eu-west-1b","Owner":"gokhan@infraforge.io","Platform":"InfraForge","Tenant":"platform","kubernetes.io/cluster/infraforge-dev":"shared","kubernetes.io/role/internal-elb":"1"},"timeouts":null,"vpc_id":"vpc-02aecc65be4eab79c"},"sensitive_attributes":[],"private":"eyJlMmJmYjczMC1lY2FhLTExZTYtOGY4OC0zNDM2M2JjN2M0YzAiOnsiY3JlYXRlIjo2MDAwMDAwMDAwMDAsImRlbGV0ZSI6MTIwMDAwMDAwMDAwMH0sInNjaGVtYV92ZXJzaW9uIjoiMSJ9","dependencies":["data.aws_availability_zones.available","module.vpc.aws_vpc.this","module.vpc.aws_vpc_ipv4_cidr_block_association.this"],"create_before_destroy":true},{"index_key":2,"schema_version":1,"attributes":{"arn":"arn:aws:ec2:eu-west-1:715841344657:subnet/subnet-0457fc5bd24280050","assign_ipv6_address_on_creation":false,"availability_zone":"eu-west-1c","availability_zone_id":"euw1-az2","cidr_block":"10.0.32.0/20","customer_owned_ipv4_pool":"","enable_dns64":false,"enable_lni_at_device_index":0,"enable_resource_name_dns_a_record_on_launch":false,"enable_resource_name_dns_aaaa_record_on_launch":false,"id":"subnet-0457fc5bd24280050","ipv6_cidr_block":"","ipv6_cidr_block_association_id":"","ipv6_native":false,"map_customer_owned_ip_on_launch":false,"map_public_ip_on_launch":false,"outpost_arn":"","owner_id":"715841344657","private_dns_hostname_type_on_launch":"ip-name","tags":{"Cluster":"infraforge-dev","Environment":"dev","Name":"infraforge-dev-vpc-private-eu-west-1c","Tenant":"platform","kubernetes.io/cluster/infraforge-dev":"shared","kubernetes.io/role/internal-elb":"1"},"tags_all":{"Cluster":"infraforge-dev","Environment":"dev","ManagedBy":"OpenTofu","Name":"infraforge-dev-vpc-private-eu-west-1c","Owner":"gokhan@infraforge.io","Platform":"InfraForge","Tenant":"platform","kubernetes.io/cluster/infraforge-dev":"shared","kubernetes.io/role/internal-elb":"1"},"timeouts":null,"vpc_id":"vpc-02aecc65be4eab79c"},"sensitive_attributes":[],"private":"eyJlMmJmYjczMC1lY2FhLTExZTYtOGY4OC0zNDM2M2JjN2M0YzAiOnsiY3JlYXRlIjo2MDAwMDAwMDAwMDAsImRlbGV0ZSI6MTIwMDAwMDAwMDAwMH0sInNjaGVtYV92ZXJzaW9uIjoiMSJ9","dependencies":["data.aws_availability_zones.available","module.vpc.aws_vpc.this","module.vpc.aws_vpc_ipv4_cidr_block_association.this"],"create_before_destroy":true}]},{"module":"module.vpc","mode":"managed","type":"aws_subnet","name":"public","provider":"provider[\"registry.opentofu.org/hashicorp/aws\"]","instances":[{"index_key":0,"schema_version":1,"attributes":{"arn":"arn:aws:ec2:eu-west-1:715841344657:subnet/subnet-085a97102a8d53877","assign_ipv6_address_on_creation":false,"availability_zone":"eu-west-1a","availability_zone_id":"euw1-az3","cidr_block":"10.0.100.0/24","customer_owned_ipv4_pool":"","enable_dns64":false,"enable_lni_at_device_index":0,"enable_resource_name_dns_a_record_on_launch":false,"enable_resource_name_dns_aaaa_record_on_launch":false,"id":"subnet-085a97102a8d53877","ipv6_cidr_block":"","ipv6_cidr_block_association_id":"","ipv6_native":false,"map_customer_owned_ip_on_launch":false,"map_public_ip_on_launch":false,"outpost_arn":"","owner_id":"715841344657","private_dns_hostname_type_on_launch":"ip-name","tags":{"Cluster":"infraforge-dev","Environment":"dev","Name":"infraforge-dev-vpc-public-eu-west-1a","Tenant":"platform","kubernetes.io/cluster/infraforge-dev":"shared","kubernetes.io/role/elb":"1"},"tags_all":{"Cluster":"infraforge-dev","Environment":"dev","ManagedBy":"OpenTofu","Name":"infraforge-dev-vpc-public-eu-west-1a","Owner":"gokhan@infraforge.io","Platform":"InfraForge","Tenant":"platform","kubernetes.io/cluster/infraforge-dev":"shared","kubernetes.io/role/elb":"1"},"timeouts":null,"vpc_id":"vpc-02aecc65be4eab79c"},"sensitive_attributes":[],"private":"eyJlMmJmYjczMC1lY2FhLTExZTYtOGY4OC0zNDM2M2JjN2M0YzAiOnsiY3JlYXRlIjo2MDAwMDAwMDAwMDAsImRlbGV0ZSI6MTIwMDAwMDAwMDAwMH0sInNjaGVtYV92ZXJzaW9uIjoiMSJ9","dependencies":["data.aws_availability_zones.available","module.vpc.aws_vpc.this","module.vpc.aws_vpc_ipv4_cidr_block_association.this"]},{"index_key":1,"schema_version":1,"attributes":{"arn":"arn:aws:ec2:eu-west-1:715841344657:subnet/subnet-0270e2a0b25214ee7","assign_ipv6_address_on_creation":false,"availability_zone":"eu-west-1b","availability_zone_id":"euw1-az1","cidr_block":"10.0.101.0/24","customer_owned_ipv4_pool":"","enable_dns64":false,"enable_lni_at_device_index":0,"enable_resource_name_dns_a_record_on_launch":false,"enable_resource_name_dns_aaaa_record_on_launch":false,"id":"subnet-0270e2a0b25214ee7","ipv6_cidr_block":"","ipv6_cidr_block_association_id":"","ipv6_native":false,"map_customer_owned_ip_on_launch":false,"map_public_ip_on_launch":false,"outpost_arn":"","owner_id":"715841344657","private_dns_hostname_type_on_launch":"ip-name","tags":{"Cluster":"infraforge-dev","Environment":"dev","Name":"infraforge-dev-vpc-public-eu-west-1b","Tenant":"platform","kubernetes.io/cluster/infraforge-dev":"shared","kubernetes.io/role/elb":"1"},"tags_all":{"Cluster":"infraforge-dev","Environment":"dev","ManagedBy":"OpenTofu","Name":"infraforge-dev-vpc-public-eu-west-1b","Owner":"gokhan@infraforge.io","Platform":"InfraForge","Tenant":"platform","kubernetes.io/cluster/infraforge-dev":"shared","kubernetes.io/role/elb":"1"},"timeouts":null,"vpc_id":"vpc-02aecc65be4eab79c"},"sensitive_attributes":[],"private":"eyJlMmJmYjczMC1lY2FhLTExZTYtOGY4OC0zNDM2M2JjN2M0YzAiOnsiY3JlYXRlIjo2MDAwMDAwMDAwMDAsImRlbGV0ZSI6MTIwMDAwMDAwMDAwMH0sInNjaGVtYV92ZXJzaW9uIjoiMSJ9","dependencies":["data.aws_availability_zones.available","module.vpc.aws_vpc.this","module.vpc.aws_vpc_ipv4_cidr_block_association.this"]},{"index_key":2,"schema_version":1,"attributes":{"arn":"arn:aws:ec2:eu-west-1:715841344657:subnet/subnet-07335efb572ce6797","assign_ipv6_address_on_creation":false,"availability_zone":"eu-west-1c","availability_zone_id":"euw1-az2","cidr_block":"10.0.102.0/24","customer_owned_ipv4_pool":"","enable_dns64":false,"enable_lni_at_device_index":0,"enable_resource_name_dns_a_record_on_launch":false,"enable_resource_name_dns_aaaa_record_on_launch":false,"id":"subnet-07335efb572ce6797","ipv6_cidr_block":"","ipv6_cidr_block_association_id":"","ipv6_native":false,"map_customer_owned_ip_on_launch":false,"map_public_ip_on_launch":false,"outpost_arn":"","owner_id":"715841344657","private_dns_hostname_type_on_launch":"ip-name","tags":{"Cluster":"infraforge-dev","Environment":"dev","Name":"infraforge-dev-vpc-public-eu-west-1c","Tenant":"platform","kubernetes.io/cluster/infraforge-dev":"shared","kubernetes.io/role/elb":"1"},"tags_all":{"Cluster":"infraforge-dev","Environment":"dev","ManagedBy":"OpenTofu","Name":"infraforge-dev-vpc-public-eu-west-1c","Owner":"gokhan@infraforge.io","Platform":"InfraForge","Tenant":"platform","kubernetes.io/cluster/infraforge-dev":"shared","kubernetes.io/role/elb":"1"},"timeouts":null,"vpc_id":"vpc-02aecc65be4eab79c"},"sensitive_attributes":[],"private":"eyJlMmJmYjczMC1lY2FhLTExZTYtOGY4OC0zNDM2M2JjN2M0YzAiOnsiY3JlYXRlIjo2MDAwMDAwMDAwMDAsImRlbGV0ZSI6MTIwMDAwMDAwMDAwMH0sInNjaGVtYV92ZXJzaW9uIjoiMSJ9","dependencies":["data.aws_availability_zones.available","module.vpc.aws_vpc.this","module.vpc.aws_vpc_ipv4_cidr_block_association.this"]}]},{"module":"module.vpc","mode":"managed","type":"aws_vpc","name":"this","provider":"provider[\"registry.opentofu.org/hashicorp/aws\"]","instances":[{"index_key":0,"schema_version":1,"attributes":{"arn":"arn:aws:ec2:eu-west-1:715841344657:vpc/vpc-02aecc65be4eab79c","assign_generated_ipv6_cidr_block":false,"cidr_block":"10.0.0.0/16","default_network_acl_id":"acl-0417b5d89acaea64b","default_route_table_id":"rtb-04c8a079d9f0c814e","default_security_group_id":"sg-0a71adffcb737b7be","dhcp_options_id":"dopt-06f15415cd5444efc","enable_dns_hostnames":true,"enable_dns_support":true,"enable_network_address_usage_metrics":false,"id":"vpc-02aecc65be4eab79c","instance_tenancy":"default","ipv4_ipam_pool_id":null,"ipv4_netmask_length":null,"ipv6_association_id":"","ipv6_cidr_block":"","ipv6_cidr_block_network_border_group":"","ipv6_ipam_pool_id":"","ipv6_netmask_length":0,"main_route_table_id":"rtb-04c8a079d9f0c814e","owner_id":"715841344657","tags":{"Cluster":"infraforge-dev","Environment":"dev","Name":"infraforge-dev-vpc","Tenant":"platform","kubernetes.io/cluster/infraforge-dev":"shared"},"tags_all":{"Cluster":"infraforge-dev","Environment":"dev","ManagedBy":"OpenTofu","Name":"infraforge-dev-vpc","Owner":"gokhan@infraforge.io","Platform":"InfraForge","Tenant":"platform","kubernetes.io/cluster/infraforge-dev":"shared"}},"sensitive_attributes":[],"private":"eyJzY2hlbWFfdmVyc2lvbiI6IjEifQ==","create_before_destroy":true}]},{"module":"module.vpc","mode":"managed","type":"aws_vpc_ipv4_cidr_block_association","name":"this","provider":"provider[\"registry.opentofu.org/hashicorp/aws\"]","instances":[]}],"check_results":null}
